{
  "version": 4,
  "terraform_version": "1.12.2",
  "serial": 65,
  "lineage": "8511ea83-34b5-8172-9db1-da38d642e7f5",
  "outputs": {
    "apps_url": {
      "value": {
        "app01": "https://app01.apps.internal.",
        "app02": "https://app02.apps.internal.",
        "app03": "https://app03.apps.internal.",
        "app04": "https://app04.apps.internal.",
        "app05": "https://app05.apps.internal.",
        "app06": "https://app06.apps.internal."
      },
      "type": [
        "object",
        {
          "app01": "string",
          "app02": "string",
          "app03": "string",
          "app04": "string",
          "app05": "string",
          "app06": "string"
        }
      ]
    },
    "custom_domain_name": {
      "value": "apps.internal",
      "type": "string"
    }
  },
  "resources": [
    {
      "mode": "data",
      "type": "azurerm_client_config",
      "name": "current",
      "provider": "provider[\"registry.terraform.io/hashicorp/azurerm\"]",
      "instances": [
        {
          "schema_version": 0,
          "attributes": {
            "client_id": "04b07795-8ddb-461a-bbee-02f9e1bf7b46",
            "id": "Y2xpZW50Q29uZmlncy9jbGllbnRJZD0wNGIwNzc5NS04ZGRiLTQ2MWEtYmJlZS0wMmY5ZTFiZjdiNDY7b2JqZWN0SWQ9ODE3M2M0NWQtMDM1ZS00NjkyLThmNDAtNTQwY2Q1ZmMwZjE4O3N1YnNjcmlwdGlvbklkPWRjZWY3MDA5LTZiOTQtNDM4Mi1hZmRjLTE3ZWIxNjBkNzA5YTt0ZW5hbnRJZD05MzEzOWQxZS1hM2MxLTRkNzgtOWVkNS04NzhiZTA5MGViYTQ=",
            "object_id": "8173c45d-035e-4692-8f40-540cd5fc0f18",
            "subscription_id": "dcef7009-6b94-4382-afdc-17eb160d709a",
            "tenant_id": "93139d1e-a3c1-4d78-9ed5-878be090eba4",
            "timeouts": null
          },
          "sensitive_attributes": [],
          "identity_schema_version": 0
        }
      ]
    },
    {
      "mode": "managed",
      "type": "azurerm_application_gateway",
      "name": "appgateway",
      "provider": "provider[\"registry.terraform.io/hashicorp/azurerm\"]",
      "instances": [
        {
          "schema_version": 0,
          "attributes": {
            "authentication_certificate": [],
            "autoscale_configuration": [],
            "backend_address_pool": [
              {
                "fqdns": [
                  "inspector-gadget-app01.agreeablebush-62315513.swedencentral.azurecontainerapps.io"
                ],
                "id": "/subscriptions/dcef7009-6b94-4382-afdc-17eb160d709a/resourceGroups/rg-aca-dns-24/providers/Microsoft.Network/applicationGateways/appgateway/backendAddressPools/backend-address-pool-app01",
                "ip_addresses": [],
                "name": "backend-address-pool-app01"
              },
              {
                "fqdns": [
                  "inspector-gadget-app02.bravedune-9bec4906.swedencentral.azurecontainerapps.io"
                ],
                "id": "/subscriptions/dcef7009-6b94-4382-afdc-17eb160d709a/resourceGroups/rg-aca-dns-24/providers/Microsoft.Network/applicationGateways/appgateway/backendAddressPools/backend-address-pool-app02",
                "ip_addresses": [],
                "name": "backend-address-pool-app02"
              },
              {
                "fqdns": [
                  "inspector-gadget-app03.whiteforest-af6e3688.swedencentral.azurecontainerapps.io"
                ],
                "id": "/subscriptions/dcef7009-6b94-4382-afdc-17eb160d709a/resourceGroups/rg-aca-dns-24/providers/Microsoft.Network/applicationGateways/appgateway/backendAddressPools/backend-address-pool-app03",
                "ip_addresses": [],
                "name": "backend-address-pool-app03"
              },
              {
                "fqdns": [
                  "inspector-gadget-app04.whitemoss-8cd86d1f.swedencentral.azurecontainerapps.io"
                ],
                "id": "/subscriptions/dcef7009-6b94-4382-afdc-17eb160d709a/resourceGroups/rg-aca-dns-24/providers/Microsoft.Network/applicationGateways/appgateway/backendAddressPools/backend-address-pool-app04",
                "ip_addresses": [],
                "name": "backend-address-pool-app04"
              },
              {
                "fqdns": [
                  "inspector-gadget-app05.politeforest-9a7fb338.swedencentral.azurecontainerapps.io"
                ],
                "id": "/subscriptions/dcef7009-6b94-4382-afdc-17eb160d709a/resourceGroups/rg-aca-dns-24/providers/Microsoft.Network/applicationGateways/appgateway/backendAddressPools/backend-address-pool-app05",
                "ip_addresses": [],
                "name": "backend-address-pool-app05"
              },
              {
                "fqdns": [
                  "inspector-gadget-app06.bravebush-70d00ca1.swedencentral.azurecontainerapps.io"
                ],
                "id": "/subscriptions/dcef7009-6b94-4382-afdc-17eb160d709a/resourceGroups/rg-aca-dns-24/providers/Microsoft.Network/applicationGateways/appgateway/backendAddressPools/backend-address-pool-app06",
                "ip_addresses": [],
                "name": "backend-address-pool-app06"
              }
            ],
            "backend_http_settings": [
              {
                "affinity_cookie_name": "ApplicationGatewayAffinity",
                "authentication_certificate": [],
                "connection_draining": [],
                "cookie_based_affinity": "Disabled",
                "host_name": "",
                "id": "/subscriptions/dcef7009-6b94-4382-afdc-17eb160d709a/resourceGroups/rg-aca-dns-24/providers/Microsoft.Network/applicationGateways/appgateway/backendHttpSettingsCollection/backend-http-settings-https",
                "name": "backend-http-settings-https",
                "path": "",
                "pick_host_name_from_backend_address": true,
                "port": 443,
                "probe_id": "/subscriptions/dcef7009-6b94-4382-afdc-17eb160d709a/resourceGroups/rg-aca-dns-24/providers/Microsoft.Network/applicationGateways/appgateway/probes/http-health-probe",
                "probe_name": "http-health-probe",
                "protocol": "Https",
                "request_timeout": 20,
                "trusted_root_certificate_names": []
              }
            ],
            "custom_error_configuration": [],
            "enable_http2": false,
            "fips_enabled": false,
            "firewall_policy_id": "",
            "force_firewall_policy_association": false,
            "frontend_ip_configuration": [
              {
                "id": "/subscriptions/dcef7009-6b94-4382-afdc-17eb160d709a/resourceGroups/rg-aca-dns-24/providers/Microsoft.Network/applicationGateways/appgateway/frontendIPConfigurations/frontend-ip-configuration",
                "name": "frontend-ip-configuration",
                "private_ip_address": "",
                "private_ip_address_allocation": "Dynamic",
                "private_link_configuration_id": "",
                "private_link_configuration_name": "",
                "public_ip_address_id": "/subscriptions/dcef7009-6b94-4382-afdc-17eb160d709a/resourceGroups/rg-aca-dns-24/providers/Microsoft.Network/publicIPAddresses/pip-appgateway",
                "subnet_id": ""
              },
              {
                "id": "/subscriptions/dcef7009-6b94-4382-afdc-17eb160d709a/resourceGroups/rg-aca-dns-24/providers/Microsoft.Network/applicationGateways/appgateway/frontendIPConfigurations/frontend-private-ip-configuration",
                "name": "frontend-private-ip-configuration",
                "private_ip_address": "10.0.0.10",
                "private_ip_address_allocation": "Static",
                "private_link_configuration_id": "",
                "private_link_configuration_name": "",
                "public_ip_address_id": "",
                "subnet_id": "/subscriptions/dcef7009-6b94-4382-afdc-17eb160d709a/resourceGroups/rg-aca-dns-24/providers/Microsoft.Network/virtualNetworks/vnet-internal/subnets/snet-appgw"
              }
            ],
            "frontend_port": [
              {
                "id": "/subscriptions/dcef7009-6b94-4382-afdc-17eb160d709a/resourceGroups/rg-aca-dns-24/providers/Microsoft.Network/applicationGateways/appgateway/frontendPorts/frontend-port-http",
                "name": "frontend-port-http",
                "port": 80
              },
              {
                "id": "/subscriptions/dcef7009-6b94-4382-afdc-17eb160d709a/resourceGroups/rg-aca-dns-24/providers/Microsoft.Network/applicationGateways/appgateway/frontendPorts/frontend-port-https",
                "name": "frontend-port-https",
                "port": 443
              }
            ],
            "gateway_ip_configuration": [
              {
                "id": "/subscriptions/dcef7009-6b94-4382-afdc-17eb160d709a/resourceGroups/rg-aca-dns-24/providers/Microsoft.Network/applicationGateways/appgateway/gatewayIPConfigurations/appgateway-ip-configuration",
                "name": "appgateway-ip-configuration",
                "subnet_id": "/subscriptions/dcef7009-6b94-4382-afdc-17eb160d709a/resourceGroups/rg-aca-dns-24/providers/Microsoft.Network/virtualNetworks/vnet-internal/subnets/snet-appgw"
              }
            ],
            "global": [],
            "http_listener": [
              {
                "custom_error_configuration": [],
                "firewall_policy_id": "",
                "frontend_ip_configuration_id": "/subscriptions/dcef7009-6b94-4382-afdc-17eb160d709a/resourceGroups/rg-aca-dns-24/providers/Microsoft.Network/applicationGateways/appgateway/frontendIPConfigurations/frontend-private-ip-configuration",
                "frontend_ip_configuration_name": "frontend-private-ip-configuration",
                "frontend_port_id": "/subscriptions/dcef7009-6b94-4382-afdc-17eb160d709a/resourceGroups/rg-aca-dns-24/providers/Microsoft.Network/applicationGateways/appgateway/frontendPorts/frontend-port-http",
                "frontend_port_name": "frontend-port-http",
                "host_name": "app01.apps.internal",
                "host_names": [],
                "id": "/subscriptions/dcef7009-6b94-4382-afdc-17eb160d709a/resourceGroups/rg-aca-dns-24/providers/Microsoft.Network/applicationGateways/appgateway/httpListeners/listener-http-app01",
                "name": "listener-http-app01",
                "protocol": "Http",
                "require_sni": false,
                "ssl_certificate_id": "",
                "ssl_certificate_name": "",
                "ssl_profile_id": "",
                "ssl_profile_name": ""
              },
              {
                "custom_error_configuration": [],
                "firewall_policy_id": "",
                "frontend_ip_configuration_id": "/subscriptions/dcef7009-6b94-4382-afdc-17eb160d709a/resourceGroups/rg-aca-dns-24/providers/Microsoft.Network/applicationGateways/appgateway/frontendIPConfigurations/frontend-private-ip-configuration",
                "frontend_ip_configuration_name": "frontend-private-ip-configuration",
                "frontend_port_id": "/subscriptions/dcef7009-6b94-4382-afdc-17eb160d709a/resourceGroups/rg-aca-dns-24/providers/Microsoft.Network/applicationGateways/appgateway/frontendPorts/frontend-port-http",
                "frontend_port_name": "frontend-port-http",
                "host_name": "app02.apps.internal",
                "host_names": [],
                "id": "/subscriptions/dcef7009-6b94-4382-afdc-17eb160d709a/resourceGroups/rg-aca-dns-24/providers/Microsoft.Network/applicationGateways/appgateway/httpListeners/listener-http-app02",
                "name": "listener-http-app02",
                "protocol": "Http",
                "require_sni": false,
                "ssl_certificate_id": "",
                "ssl_certificate_name": "",
                "ssl_profile_id": "",
                "ssl_profile_name": ""
              },
              {
                "custom_error_configuration": [],
                "firewall_policy_id": "",
                "frontend_ip_configuration_id": "/subscriptions/dcef7009-6b94-4382-afdc-17eb160d709a/resourceGroups/rg-aca-dns-24/providers/Microsoft.Network/applicationGateways/appgateway/frontendIPConfigurations/frontend-private-ip-configuration",
                "frontend_ip_configuration_name": "frontend-private-ip-configuration",
                "frontend_port_id": "/subscriptions/dcef7009-6b94-4382-afdc-17eb160d709a/resourceGroups/rg-aca-dns-24/providers/Microsoft.Network/applicationGateways/appgateway/frontendPorts/frontend-port-http",
                "frontend_port_name": "frontend-port-http",
                "host_name": "app03.apps.internal",
                "host_names": [],
                "id": "/subscriptions/dcef7009-6b94-4382-afdc-17eb160d709a/resourceGroups/rg-aca-dns-24/providers/Microsoft.Network/applicationGateways/appgateway/httpListeners/listener-http-app03",
                "name": "listener-http-app03",
                "protocol": "Http",
                "require_sni": false,
                "ssl_certificate_id": "",
                "ssl_certificate_name": "",
                "ssl_profile_id": "",
                "ssl_profile_name": ""
              },
              {
                "custom_error_configuration": [],
                "firewall_policy_id": "",
                "frontend_ip_configuration_id": "/subscriptions/dcef7009-6b94-4382-afdc-17eb160d709a/resourceGroups/rg-aca-dns-24/providers/Microsoft.Network/applicationGateways/appgateway/frontendIPConfigurations/frontend-private-ip-configuration",
                "frontend_ip_configuration_name": "frontend-private-ip-configuration",
                "frontend_port_id": "/subscriptions/dcef7009-6b94-4382-afdc-17eb160d709a/resourceGroups/rg-aca-dns-24/providers/Microsoft.Network/applicationGateways/appgateway/frontendPorts/frontend-port-http",
                "frontend_port_name": "frontend-port-http",
                "host_name": "app04.apps.internal",
                "host_names": [],
                "id": "/subscriptions/dcef7009-6b94-4382-afdc-17eb160d709a/resourceGroups/rg-aca-dns-24/providers/Microsoft.Network/applicationGateways/appgateway/httpListeners/listener-http-app04",
                "name": "listener-http-app04",
                "protocol": "Http",
                "require_sni": false,
                "ssl_certificate_id": "",
                "ssl_certificate_name": "",
                "ssl_profile_id": "",
                "ssl_profile_name": ""
              },
              {
                "custom_error_configuration": [],
                "firewall_policy_id": "",
                "frontend_ip_configuration_id": "/subscriptions/dcef7009-6b94-4382-afdc-17eb160d709a/resourceGroups/rg-aca-dns-24/providers/Microsoft.Network/applicationGateways/appgateway/frontendIPConfigurations/frontend-private-ip-configuration",
                "frontend_ip_configuration_name": "frontend-private-ip-configuration",
                "frontend_port_id": "/subscriptions/dcef7009-6b94-4382-afdc-17eb160d709a/resourceGroups/rg-aca-dns-24/providers/Microsoft.Network/applicationGateways/appgateway/frontendPorts/frontend-port-http",
                "frontend_port_name": "frontend-port-http",
                "host_name": "app05.apps.internal",
                "host_names": [],
                "id": "/subscriptions/dcef7009-6b94-4382-afdc-17eb160d709a/resourceGroups/rg-aca-dns-24/providers/Microsoft.Network/applicationGateways/appgateway/httpListeners/listener-http-app05",
                "name": "listener-http-app05",
                "protocol": "Http",
                "require_sni": false,
                "ssl_certificate_id": "",
                "ssl_certificate_name": "",
                "ssl_profile_id": "",
                "ssl_profile_name": ""
              },
              {
                "custom_error_configuration": [],
                "firewall_policy_id": "",
                "frontend_ip_configuration_id": "/subscriptions/dcef7009-6b94-4382-afdc-17eb160d709a/resourceGroups/rg-aca-dns-24/providers/Microsoft.Network/applicationGateways/appgateway/frontendIPConfigurations/frontend-private-ip-configuration",
                "frontend_ip_configuration_name": "frontend-private-ip-configuration",
                "frontend_port_id": "/subscriptions/dcef7009-6b94-4382-afdc-17eb160d709a/resourceGroups/rg-aca-dns-24/providers/Microsoft.Network/applicationGateways/appgateway/frontendPorts/frontend-port-http",
                "frontend_port_name": "frontend-port-http",
                "host_name": "app06.apps.internal",
                "host_names": [],
                "id": "/subscriptions/dcef7009-6b94-4382-afdc-17eb160d709a/resourceGroups/rg-aca-dns-24/providers/Microsoft.Network/applicationGateways/appgateway/httpListeners/listener-http-app06",
                "name": "listener-http-app06",
                "protocol": "Http",
                "require_sni": false,
                "ssl_certificate_id": "",
                "ssl_certificate_name": "",
                "ssl_profile_id": "",
                "ssl_profile_name": ""
              },
              {
                "custom_error_configuration": [],
                "firewall_policy_id": "",
                "frontend_ip_configuration_id": "/subscriptions/dcef7009-6b94-4382-afdc-17eb160d709a/resourceGroups/rg-aca-dns-24/providers/Microsoft.Network/applicationGateways/appgateway/frontendIPConfigurations/frontend-private-ip-configuration",
                "frontend_ip_configuration_name": "frontend-private-ip-configuration",
                "frontend_port_id": "/subscriptions/dcef7009-6b94-4382-afdc-17eb160d709a/resourceGroups/rg-aca-dns-24/providers/Microsoft.Network/applicationGateways/appgateway/frontendPorts/frontend-port-https",
                "frontend_port_name": "frontend-port-https",
                "host_name": "app01.apps.internal",
                "host_names": [],
                "id": "/subscriptions/dcef7009-6b94-4382-afdc-17eb160d709a/resourceGroups/rg-aca-dns-24/providers/Microsoft.Network/applicationGateways/appgateway/httpListeners/listener-https-app01",
                "name": "listener-https-app01",
                "protocol": "Https",
                "require_sni": false,
                "ssl_certificate_id": "/subscriptions/dcef7009-6b94-4382-afdc-17eb160d709a/resourceGroups/rg-aca-dns-24/providers/Microsoft.Network/applicationGateways/appgateway/sslCertificates/app01-apps-internal",
                "ssl_certificate_name": "app01-apps-internal",
                "ssl_profile_id": "",
                "ssl_profile_name": ""
              },
              {
                "custom_error_configuration": [],
                "firewall_policy_id": "",
                "frontend_ip_configuration_id": "/subscriptions/dcef7009-6b94-4382-afdc-17eb160d709a/resourceGroups/rg-aca-dns-24/providers/Microsoft.Network/applicationGateways/appgateway/frontendIPConfigurations/frontend-private-ip-configuration",
                "frontend_ip_configuration_name": "frontend-private-ip-configuration",
                "frontend_port_id": "/subscriptions/dcef7009-6b94-4382-afdc-17eb160d709a/resourceGroups/rg-aca-dns-24/providers/Microsoft.Network/applicationGateways/appgateway/frontendPorts/frontend-port-https",
                "frontend_port_name": "frontend-port-https",
                "host_name": "app02.apps.internal",
                "host_names": [],
                "id": "/subscriptions/dcef7009-6b94-4382-afdc-17eb160d709a/resourceGroups/rg-aca-dns-24/providers/Microsoft.Network/applicationGateways/appgateway/httpListeners/listener-https-app02",
                "name": "listener-https-app02",
                "protocol": "Https",
                "require_sni": false,
                "ssl_certificate_id": "/subscriptions/dcef7009-6b94-4382-afdc-17eb160d709a/resourceGroups/rg-aca-dns-24/providers/Microsoft.Network/applicationGateways/appgateway/sslCertificates/app02-apps-internal",
                "ssl_certificate_name": "app02-apps-internal",
                "ssl_profile_id": "",
                "ssl_profile_name": ""
              },
              {
                "custom_error_configuration": [],
                "firewall_policy_id": "",
                "frontend_ip_configuration_id": "/subscriptions/dcef7009-6b94-4382-afdc-17eb160d709a/resourceGroups/rg-aca-dns-24/providers/Microsoft.Network/applicationGateways/appgateway/frontendIPConfigurations/frontend-private-ip-configuration",
                "frontend_ip_configuration_name": "frontend-private-ip-configuration",
                "frontend_port_id": "/subscriptions/dcef7009-6b94-4382-afdc-17eb160d709a/resourceGroups/rg-aca-dns-24/providers/Microsoft.Network/applicationGateways/appgateway/frontendPorts/frontend-port-https",
                "frontend_port_name": "frontend-port-https",
                "host_name": "app03.apps.internal",
                "host_names": [],
                "id": "/subscriptions/dcef7009-6b94-4382-afdc-17eb160d709a/resourceGroups/rg-aca-dns-24/providers/Microsoft.Network/applicationGateways/appgateway/httpListeners/listener-https-app03",
                "name": "listener-https-app03",
                "protocol": "Https",
                "require_sni": false,
                "ssl_certificate_id": "/subscriptions/dcef7009-6b94-4382-afdc-17eb160d709a/resourceGroups/rg-aca-dns-24/providers/Microsoft.Network/applicationGateways/appgateway/sslCertificates/app03-apps-internal",
                "ssl_certificate_name": "app03-apps-internal",
                "ssl_profile_id": "",
                "ssl_profile_name": ""
              },
              {
                "custom_error_configuration": [],
                "firewall_policy_id": "",
                "frontend_ip_configuration_id": "/subscriptions/dcef7009-6b94-4382-afdc-17eb160d709a/resourceGroups/rg-aca-dns-24/providers/Microsoft.Network/applicationGateways/appgateway/frontendIPConfigurations/frontend-private-ip-configuration",
                "frontend_ip_configuration_name": "frontend-private-ip-configuration",
                "frontend_port_id": "/subscriptions/dcef7009-6b94-4382-afdc-17eb160d709a/resourceGroups/rg-aca-dns-24/providers/Microsoft.Network/applicationGateways/appgateway/frontendPorts/frontend-port-https",
                "frontend_port_name": "frontend-port-https",
                "host_name": "app04.apps.internal",
                "host_names": [],
                "id": "/subscriptions/dcef7009-6b94-4382-afdc-17eb160d709a/resourceGroups/rg-aca-dns-24/providers/Microsoft.Network/applicationGateways/appgateway/httpListeners/listener-https-app04",
                "name": "listener-https-app04",
                "protocol": "Https",
                "require_sni": false,
                "ssl_certificate_id": "/subscriptions/dcef7009-6b94-4382-afdc-17eb160d709a/resourceGroups/rg-aca-dns-24/providers/Microsoft.Network/applicationGateways/appgateway/sslCertificates/app04-apps-internal",
                "ssl_certificate_name": "app04-apps-internal",
                "ssl_profile_id": "",
                "ssl_profile_name": ""
              },
              {
                "custom_error_configuration": [],
                "firewall_policy_id": "",
                "frontend_ip_configuration_id": "/subscriptions/dcef7009-6b94-4382-afdc-17eb160d709a/resourceGroups/rg-aca-dns-24/providers/Microsoft.Network/applicationGateways/appgateway/frontendIPConfigurations/frontend-private-ip-configuration",
                "frontend_ip_configuration_name": "frontend-private-ip-configuration",
                "frontend_port_id": "/subscriptions/dcef7009-6b94-4382-afdc-17eb160d709a/resourceGroups/rg-aca-dns-24/providers/Microsoft.Network/applicationGateways/appgateway/frontendPorts/frontend-port-https",
                "frontend_port_name": "frontend-port-https",
                "host_name": "app05.apps.internal",
                "host_names": [],
                "id": "/subscriptions/dcef7009-6b94-4382-afdc-17eb160d709a/resourceGroups/rg-aca-dns-24/providers/Microsoft.Network/applicationGateways/appgateway/httpListeners/listener-https-app05",
                "name": "listener-https-app05",
                "protocol": "Https",
                "require_sni": false,
                "ssl_certificate_id": "/subscriptions/dcef7009-6b94-4382-afdc-17eb160d709a/resourceGroups/rg-aca-dns-24/providers/Microsoft.Network/applicationGateways/appgateway/sslCertificates/app05-apps-internal",
                "ssl_certificate_name": "app05-apps-internal",
                "ssl_profile_id": "",
                "ssl_profile_name": ""
              },
              {
                "custom_error_configuration": [],
                "firewall_policy_id": "",
                "frontend_ip_configuration_id": "/subscriptions/dcef7009-6b94-4382-afdc-17eb160d709a/resourceGroups/rg-aca-dns-24/providers/Microsoft.Network/applicationGateways/appgateway/frontendIPConfigurations/frontend-private-ip-configuration",
                "frontend_ip_configuration_name": "frontend-private-ip-configuration",
                "frontend_port_id": "/subscriptions/dcef7009-6b94-4382-afdc-17eb160d709a/resourceGroups/rg-aca-dns-24/providers/Microsoft.Network/applicationGateways/appgateway/frontendPorts/frontend-port-https",
                "frontend_port_name": "frontend-port-https",
                "host_name": "app06.apps.internal",
                "host_names": [],
                "id": "/subscriptions/dcef7009-6b94-4382-afdc-17eb160d709a/resourceGroups/rg-aca-dns-24/providers/Microsoft.Network/applicationGateways/appgateway/httpListeners/listener-https-app06",
                "name": "listener-https-app06",
                "protocol": "Https",
                "require_sni": false,
                "ssl_certificate_id": "/subscriptions/dcef7009-6b94-4382-afdc-17eb160d709a/resourceGroups/rg-aca-dns-24/providers/Microsoft.Network/applicationGateways/appgateway/sslCertificates/app06-apps-internal",
                "ssl_certificate_name": "app06-apps-internal",
                "ssl_profile_id": "",
                "ssl_profile_name": ""
              }
            ],
            "id": "/subscriptions/dcef7009-6b94-4382-afdc-17eb160d709a/resourceGroups/rg-aca-dns-24/providers/Microsoft.Network/applicationGateways/appgateway",
            "identity": [
              {
                "identity_ids": [
                  "/subscriptions/dcef7009-6b94-4382-afdc-17eb160d709a/resourceGroups/rg-aca-dns-24/providers/Microsoft.ManagedIdentity/userAssignedIdentities/identity-appgw"
                ],
                "principal_id": "",
                "tenant_id": "",
                "type": "UserAssigned"
              }
            ],
            "location": "swedencentral",
            "name": "appgateway",
            "private_endpoint_connection": [],
            "private_link_configuration": [],
            "probe": [
              {
                "host": "",
                "id": "/subscriptions/dcef7009-6b94-4382-afdc-17eb160d709a/resourceGroups/rg-aca-dns-24/providers/Microsoft.Network/applicationGateways/appgateway/probes/http-health-probe",
                "interval": 30,
                "match": [
                  {
                    "body": "",
                    "status_code": [
                      "200-399"
                    ]
                  }
                ],
                "minimum_servers": 0,
                "name": "http-health-probe",
                "path": "/",
                "pick_host_name_from_backend_http_settings": true,
                "port": 0,
                "protocol": "Https",
                "timeout": 30,
                "unhealthy_threshold": 3
              }
            ],
            "redirect_configuration": [
              {
                "id": "/subscriptions/dcef7009-6b94-4382-afdc-17eb160d709a/resourceGroups/rg-aca-dns-24/providers/Microsoft.Network/applicationGateways/appgateway/redirectConfigurations/redirect-configuration-app01",
                "include_path": true,
                "include_query_string": true,
                "name": "redirect-configuration-app01",
                "redirect_type": "Permanent",
                "target_listener_id": "/subscriptions/dcef7009-6b94-4382-afdc-17eb160d709a/resourceGroups/rg-aca-dns-24/providers/Microsoft.Network/applicationGateways/appgateway/httpListeners/listener-https-app01",
                "target_listener_name": "listener-https-app01",
                "target_url": ""
              },
              {
                "id": "/subscriptions/dcef7009-6b94-4382-afdc-17eb160d709a/resourceGroups/rg-aca-dns-24/providers/Microsoft.Network/applicationGateways/appgateway/redirectConfigurations/redirect-configuration-app02",
                "include_path": true,
                "include_query_string": true,
                "name": "redirect-configuration-app02",
                "redirect_type": "Permanent",
                "target_listener_id": "/subscriptions/dcef7009-6b94-4382-afdc-17eb160d709a/resourceGroups/rg-aca-dns-24/providers/Microsoft.Network/applicationGateways/appgateway/httpListeners/listener-https-app02",
                "target_listener_name": "listener-https-app02",
                "target_url": ""
              },
              {
                "id": "/subscriptions/dcef7009-6b94-4382-afdc-17eb160d709a/resourceGroups/rg-aca-dns-24/providers/Microsoft.Network/applicationGateways/appgateway/redirectConfigurations/redirect-configuration-app03",
                "include_path": true,
                "include_query_string": true,
                "name": "redirect-configuration-app03",
                "redirect_type": "Permanent",
                "target_listener_id": "/subscriptions/dcef7009-6b94-4382-afdc-17eb160d709a/resourceGroups/rg-aca-dns-24/providers/Microsoft.Network/applicationGateways/appgateway/httpListeners/listener-https-app03",
                "target_listener_name": "listener-https-app03",
                "target_url": ""
              },
              {
                "id": "/subscriptions/dcef7009-6b94-4382-afdc-17eb160d709a/resourceGroups/rg-aca-dns-24/providers/Microsoft.Network/applicationGateways/appgateway/redirectConfigurations/redirect-configuration-app04",
                "include_path": true,
                "include_query_string": true,
                "name": "redirect-configuration-app04",
                "redirect_type": "Permanent",
                "target_listener_id": "/subscriptions/dcef7009-6b94-4382-afdc-17eb160d709a/resourceGroups/rg-aca-dns-24/providers/Microsoft.Network/applicationGateways/appgateway/httpListeners/listener-https-app04",
                "target_listener_name": "listener-https-app04",
                "target_url": ""
              },
              {
                "id": "/subscriptions/dcef7009-6b94-4382-afdc-17eb160d709a/resourceGroups/rg-aca-dns-24/providers/Microsoft.Network/applicationGateways/appgateway/redirectConfigurations/redirect-configuration-app05",
                "include_path": true,
                "include_query_string": true,
                "name": "redirect-configuration-app05",
                "redirect_type": "Permanent",
                "target_listener_id": "/subscriptions/dcef7009-6b94-4382-afdc-17eb160d709a/resourceGroups/rg-aca-dns-24/providers/Microsoft.Network/applicationGateways/appgateway/httpListeners/listener-https-app05",
                "target_listener_name": "listener-https-app05",
                "target_url": ""
              },
              {
                "id": "/subscriptions/dcef7009-6b94-4382-afdc-17eb160d709a/resourceGroups/rg-aca-dns-24/providers/Microsoft.Network/applicationGateways/appgateway/redirectConfigurations/redirect-configuration-app06",
                "include_path": true,
                "include_query_string": true,
                "name": "redirect-configuration-app06",
                "redirect_type": "Permanent",
                "target_listener_id": "/subscriptions/dcef7009-6b94-4382-afdc-17eb160d709a/resourceGroups/rg-aca-dns-24/providers/Microsoft.Network/applicationGateways/appgateway/httpListeners/listener-https-app06",
                "target_listener_name": "listener-https-app06",
                "target_url": ""
              }
            ],
            "request_routing_rule": [
              {
                "backend_address_pool_id": "",
                "backend_address_pool_name": "",
                "backend_http_settings_id": "",
                "backend_http_settings_name": "",
                "http_listener_id": "/subscriptions/dcef7009-6b94-4382-afdc-17eb160d709a/resourceGroups/rg-aca-dns-24/providers/Microsoft.Network/applicationGateways/appgateway/httpListeners/listener-http-app01",
                "http_listener_name": "listener-http-app01",
                "id": "/subscriptions/dcef7009-6b94-4382-afdc-17eb160d709a/resourceGroups/rg-aca-dns-24/providers/Microsoft.Network/applicationGateways/appgateway/requestRoutingRules/request-routing-rule-http-app01",
                "name": "request-routing-rule-http-app01",
                "priority": 100,
                "redirect_configuration_id": "/subscriptions/dcef7009-6b94-4382-afdc-17eb160d709a/resourceGroups/rg-aca-dns-24/providers/Microsoft.Network/applicationGateways/appgateway/redirectConfigurations/redirect-configuration-app01",
                "redirect_configuration_name": "redirect-configuration-app01",
                "rewrite_rule_set_id": "",
                "rewrite_rule_set_name": "",
                "rule_type": "Basic",
                "url_path_map_id": "",
                "url_path_map_name": ""
              },
              {
                "backend_address_pool_id": "",
                "backend_address_pool_name": "",
                "backend_http_settings_id": "",
                "backend_http_settings_name": "",
                "http_listener_id": "/subscriptions/dcef7009-6b94-4382-afdc-17eb160d709a/resourceGroups/rg-aca-dns-24/providers/Microsoft.Network/applicationGateways/appgateway/httpListeners/listener-http-app02",
                "http_listener_name": "listener-http-app02",
                "id": "/subscriptions/dcef7009-6b94-4382-afdc-17eb160d709a/resourceGroups/rg-aca-dns-24/providers/Microsoft.Network/applicationGateways/appgateway/requestRoutingRules/request-routing-rule-http-app02",
                "name": "request-routing-rule-http-app02",
                "priority": 200,
                "redirect_configuration_id": "/subscriptions/dcef7009-6b94-4382-afdc-17eb160d709a/resourceGroups/rg-aca-dns-24/providers/Microsoft.Network/applicationGateways/appgateway/redirectConfigurations/redirect-configuration-app02",
                "redirect_configuration_name": "redirect-configuration-app02",
                "rewrite_rule_set_id": "",
                "rewrite_rule_set_name": "",
                "rule_type": "Basic",
                "url_path_map_id": "",
                "url_path_map_name": ""
              },
              {
                "backend_address_pool_id": "",
                "backend_address_pool_name": "",
                "backend_http_settings_id": "",
                "backend_http_settings_name": "",
                "http_listener_id": "/subscriptions/dcef7009-6b94-4382-afdc-17eb160d709a/resourceGroups/rg-aca-dns-24/providers/Microsoft.Network/applicationGateways/appgateway/httpListeners/listener-http-app03",
                "http_listener_name": "listener-http-app03",
                "id": "/subscriptions/dcef7009-6b94-4382-afdc-17eb160d709a/resourceGroups/rg-aca-dns-24/providers/Microsoft.Network/applicationGateways/appgateway/requestRoutingRules/request-routing-rule-http-app03",
                "name": "request-routing-rule-http-app03",
                "priority": 300,
                "redirect_configuration_id": "/subscriptions/dcef7009-6b94-4382-afdc-17eb160d709a/resourceGroups/rg-aca-dns-24/providers/Microsoft.Network/applicationGateways/appgateway/redirectConfigurations/redirect-configuration-app03",
                "redirect_configuration_name": "redirect-configuration-app03",
                "rewrite_rule_set_id": "",
                "rewrite_rule_set_name": "",
                "rule_type": "Basic",
                "url_path_map_id": "",
                "url_path_map_name": ""
              },
              {
                "backend_address_pool_id": "",
                "backend_address_pool_name": "",
                "backend_http_settings_id": "",
                "backend_http_settings_name": "",
                "http_listener_id": "/subscriptions/dcef7009-6b94-4382-afdc-17eb160d709a/resourceGroups/rg-aca-dns-24/providers/Microsoft.Network/applicationGateways/appgateway/httpListeners/listener-http-app04",
                "http_listener_name": "listener-http-app04",
                "id": "/subscriptions/dcef7009-6b94-4382-afdc-17eb160d709a/resourceGroups/rg-aca-dns-24/providers/Microsoft.Network/applicationGateways/appgateway/requestRoutingRules/request-routing-rule-http-app04",
                "name": "request-routing-rule-http-app04",
                "priority": 400,
                "redirect_configuration_id": "/subscriptions/dcef7009-6b94-4382-afdc-17eb160d709a/resourceGroups/rg-aca-dns-24/providers/Microsoft.Network/applicationGateways/appgateway/redirectConfigurations/redirect-configuration-app04",
                "redirect_configuration_name": "redirect-configuration-app04",
                "rewrite_rule_set_id": "",
                "rewrite_rule_set_name": "",
                "rule_type": "Basic",
                "url_path_map_id": "",
                "url_path_map_name": ""
              },
              {
                "backend_address_pool_id": "",
                "backend_address_pool_name": "",
                "backend_http_settings_id": "",
                "backend_http_settings_name": "",
                "http_listener_id": "/subscriptions/dcef7009-6b94-4382-afdc-17eb160d709a/resourceGroups/rg-aca-dns-24/providers/Microsoft.Network/applicationGateways/appgateway/httpListeners/listener-http-app05",
                "http_listener_name": "listener-http-app05",
                "id": "/subscriptions/dcef7009-6b94-4382-afdc-17eb160d709a/resourceGroups/rg-aca-dns-24/providers/Microsoft.Network/applicationGateways/appgateway/requestRoutingRules/request-routing-rule-http-app05",
                "name": "request-routing-rule-http-app05",
                "priority": 500,
                "redirect_configuration_id": "/subscriptions/dcef7009-6b94-4382-afdc-17eb160d709a/resourceGroups/rg-aca-dns-24/providers/Microsoft.Network/applicationGateways/appgateway/redirectConfigurations/redirect-configuration-app05",
                "redirect_configuration_name": "redirect-configuration-app05",
                "rewrite_rule_set_id": "",
                "rewrite_rule_set_name": "",
                "rule_type": "Basic",
                "url_path_map_id": "",
                "url_path_map_name": ""
              },
              {
                "backend_address_pool_id": "",
                "backend_address_pool_name": "",
                "backend_http_settings_id": "",
                "backend_http_settings_name": "",
                "http_listener_id": "/subscriptions/dcef7009-6b94-4382-afdc-17eb160d709a/resourceGroups/rg-aca-dns-24/providers/Microsoft.Network/applicationGateways/appgateway/httpListeners/listener-http-app06",
                "http_listener_name": "listener-http-app06",
                "id": "/subscriptions/dcef7009-6b94-4382-afdc-17eb160d709a/resourceGroups/rg-aca-dns-24/providers/Microsoft.Network/applicationGateways/appgateway/requestRoutingRules/request-routing-rule-http-app06",
                "name": "request-routing-rule-http-app06",
                "priority": 600,
                "redirect_configuration_id": "/subscriptions/dcef7009-6b94-4382-afdc-17eb160d709a/resourceGroups/rg-aca-dns-24/providers/Microsoft.Network/applicationGateways/appgateway/redirectConfigurations/redirect-configuration-app06",
                "redirect_configuration_name": "redirect-configuration-app06",
                "rewrite_rule_set_id": "",
                "rewrite_rule_set_name": "",
                "rule_type": "Basic",
                "url_path_map_id": "",
                "url_path_map_name": ""
              },
              {
                "backend_address_pool_id": "/subscriptions/dcef7009-6b94-4382-afdc-17eb160d709a/resourceGroups/rg-aca-dns-24/providers/Microsoft.Network/applicationGateways/appgateway/backendAddressPools/backend-address-pool-app01",
                "backend_address_pool_name": "backend-address-pool-app01",
                "backend_http_settings_id": "/subscriptions/dcef7009-6b94-4382-afdc-17eb160d709a/resourceGroups/rg-aca-dns-24/providers/Microsoft.Network/applicationGateways/appgateway/backendHttpSettingsCollection/backend-http-settings-https",
                "backend_http_settings_name": "backend-http-settings-https",
                "http_listener_id": "/subscriptions/dcef7009-6b94-4382-afdc-17eb160d709a/resourceGroups/rg-aca-dns-24/providers/Microsoft.Network/applicationGateways/appgateway/httpListeners/listener-https-app01",
                "http_listener_name": "listener-https-app01",
                "id": "/subscriptions/dcef7009-6b94-4382-afdc-17eb160d709a/resourceGroups/rg-aca-dns-24/providers/Microsoft.Network/applicationGateways/appgateway/requestRoutingRules/request-routing-rule-https-app01",
                "name": "request-routing-rule-https-app01",
                "priority": 101,
                "redirect_configuration_id": "",
                "redirect_configuration_name": "",
                "rewrite_rule_set_id": "",
                "rewrite_rule_set_name": "",
                "rule_type": "Basic",
                "url_path_map_id": "",
                "url_path_map_name": ""
              },
              {
                "backend_address_pool_id": "/subscriptions/dcef7009-6b94-4382-afdc-17eb160d709a/resourceGroups/rg-aca-dns-24/providers/Microsoft.Network/applicationGateways/appgateway/backendAddressPools/backend-address-pool-app02",
                "backend_address_pool_name": "backend-address-pool-app02",
                "backend_http_settings_id": "/subscriptions/dcef7009-6b94-4382-afdc-17eb160d709a/resourceGroups/rg-aca-dns-24/providers/Microsoft.Network/applicationGateways/appgateway/backendHttpSettingsCollection/backend-http-settings-https",
                "backend_http_settings_name": "backend-http-settings-https",
                "http_listener_id": "/subscriptions/dcef7009-6b94-4382-afdc-17eb160d709a/resourceGroups/rg-aca-dns-24/providers/Microsoft.Network/applicationGateways/appgateway/httpListeners/listener-https-app02",
                "http_listener_name": "listener-https-app02",
                "id": "/subscriptions/dcef7009-6b94-4382-afdc-17eb160d709a/resourceGroups/rg-aca-dns-24/providers/Microsoft.Network/applicationGateways/appgateway/requestRoutingRules/request-routing-rule-https-app02",
                "name": "request-routing-rule-https-app02",
                "priority": 201,
                "redirect_configuration_id": "",
                "redirect_configuration_name": "",
                "rewrite_rule_set_id": "",
                "rewrite_rule_set_name": "",
                "rule_type": "Basic",
                "url_path_map_id": "",
                "url_path_map_name": ""
              },
              {
                "backend_address_pool_id": "/subscriptions/dcef7009-6b94-4382-afdc-17eb160d709a/resourceGroups/rg-aca-dns-24/providers/Microsoft.Network/applicationGateways/appgateway/backendAddressPools/backend-address-pool-app03",
                "backend_address_pool_name": "backend-address-pool-app03",
                "backend_http_settings_id": "/subscriptions/dcef7009-6b94-4382-afdc-17eb160d709a/resourceGroups/rg-aca-dns-24/providers/Microsoft.Network/applicationGateways/appgateway/backendHttpSettingsCollection/backend-http-settings-https",
                "backend_http_settings_name": "backend-http-settings-https",
                "http_listener_id": "/subscriptions/dcef7009-6b94-4382-afdc-17eb160d709a/resourceGroups/rg-aca-dns-24/providers/Microsoft.Network/applicationGateways/appgateway/httpListeners/listener-https-app03",
                "http_listener_name": "listener-https-app03",
                "id": "/subscriptions/dcef7009-6b94-4382-afdc-17eb160d709a/resourceGroups/rg-aca-dns-24/providers/Microsoft.Network/applicationGateways/appgateway/requestRoutingRules/request-routing-rule-https-app03",
                "name": "request-routing-rule-https-app03",
                "priority": 301,
                "redirect_configuration_id": "",
                "redirect_configuration_name": "",
                "rewrite_rule_set_id": "",
                "rewrite_rule_set_name": "",
                "rule_type": "Basic",
                "url_path_map_id": "",
                "url_path_map_name": ""
              },
              {
                "backend_address_pool_id": "/subscriptions/dcef7009-6b94-4382-afdc-17eb160d709a/resourceGroups/rg-aca-dns-24/providers/Microsoft.Network/applicationGateways/appgateway/backendAddressPools/backend-address-pool-app04",
                "backend_address_pool_name": "backend-address-pool-app04",
                "backend_http_settings_id": "/subscriptions/dcef7009-6b94-4382-afdc-17eb160d709a/resourceGroups/rg-aca-dns-24/providers/Microsoft.Network/applicationGateways/appgateway/backendHttpSettingsCollection/backend-http-settings-https",
                "backend_http_settings_name": "backend-http-settings-https",
                "http_listener_id": "/subscriptions/dcef7009-6b94-4382-afdc-17eb160d709a/resourceGroups/rg-aca-dns-24/providers/Microsoft.Network/applicationGateways/appgateway/httpListeners/listener-https-app04",
                "http_listener_name": "listener-https-app04",
                "id": "/subscriptions/dcef7009-6b94-4382-afdc-17eb160d709a/resourceGroups/rg-aca-dns-24/providers/Microsoft.Network/applicationGateways/appgateway/requestRoutingRules/request-routing-rule-https-app04",
                "name": "request-routing-rule-https-app04",
                "priority": 401,
                "redirect_configuration_id": "",
                "redirect_configuration_name": "",
                "rewrite_rule_set_id": "",
                "rewrite_rule_set_name": "",
                "rule_type": "Basic",
                "url_path_map_id": "",
                "url_path_map_name": ""
              },
              {
                "backend_address_pool_id": "/subscriptions/dcef7009-6b94-4382-afdc-17eb160d709a/resourceGroups/rg-aca-dns-24/providers/Microsoft.Network/applicationGateways/appgateway/backendAddressPools/backend-address-pool-app05",
                "backend_address_pool_name": "backend-address-pool-app05",
                "backend_http_settings_id": "/subscriptions/dcef7009-6b94-4382-afdc-17eb160d709a/resourceGroups/rg-aca-dns-24/providers/Microsoft.Network/applicationGateways/appgateway/backendHttpSettingsCollection/backend-http-settings-https",
                "backend_http_settings_name": "backend-http-settings-https",
                "http_listener_id": "/subscriptions/dcef7009-6b94-4382-afdc-17eb160d709a/resourceGroups/rg-aca-dns-24/providers/Microsoft.Network/applicationGateways/appgateway/httpListeners/listener-https-app05",
                "http_listener_name": "listener-https-app05",
                "id": "/subscriptions/dcef7009-6b94-4382-afdc-17eb160d709a/resourceGroups/rg-aca-dns-24/providers/Microsoft.Network/applicationGateways/appgateway/requestRoutingRules/request-routing-rule-https-app05",
                "name": "request-routing-rule-https-app05",
                "priority": 501,
                "redirect_configuration_id": "",
                "redirect_configuration_name": "",
                "rewrite_rule_set_id": "",
                "rewrite_rule_set_name": "",
                "rule_type": "Basic",
                "url_path_map_id": "",
                "url_path_map_name": ""
              },
              {
                "backend_address_pool_id": "/subscriptions/dcef7009-6b94-4382-afdc-17eb160d709a/resourceGroups/rg-aca-dns-24/providers/Microsoft.Network/applicationGateways/appgateway/backendAddressPools/backend-address-pool-app06",
                "backend_address_pool_name": "backend-address-pool-app06",
                "backend_http_settings_id": "/subscriptions/dcef7009-6b94-4382-afdc-17eb160d709a/resourceGroups/rg-aca-dns-24/providers/Microsoft.Network/applicationGateways/appgateway/backendHttpSettingsCollection/backend-http-settings-https",
                "backend_http_settings_name": "backend-http-settings-https",
                "http_listener_id": "/subscriptions/dcef7009-6b94-4382-afdc-17eb160d709a/resourceGroups/rg-aca-dns-24/providers/Microsoft.Network/applicationGateways/appgateway/httpListeners/listener-https-app06",
                "http_listener_name": "listener-https-app06",
                "id": "/subscriptions/dcef7009-6b94-4382-afdc-17eb160d709a/resourceGroups/rg-aca-dns-24/providers/Microsoft.Network/applicationGateways/appgateway/requestRoutingRules/request-routing-rule-https-app06",
                "name": "request-routing-rule-https-app06",
                "priority": 601,
                "redirect_configuration_id": "",
                "redirect_configuration_name": "",
                "rewrite_rule_set_id": "",
                "rewrite_rule_set_name": "",
                "rule_type": "Basic",
                "url_path_map_id": "",
                "url_path_map_name": ""
              }
            ],
            "resource_group_name": "rg-aca-dns-24",
            "rewrite_rule_set": [],
            "sku": [
              {
                "capacity": 1,
                "name": "Standard_v2",
                "tier": "Standard_v2"
              }
            ],
            "ssl_certificate": [
              {
                "data": "",
                "id": "/subscriptions/dcef7009-6b94-4382-afdc-17eb160d709a/resourceGroups/rg-aca-dns-24/providers/Microsoft.Network/applicationGateways/appgateway/sslCertificates/app01-apps-internal",
                "key_vault_secret_id": "https://kv-appgw-u8b26.vault.azure.net/secrets/app01-apps-internal/db84f4a335ad45fdb09a8acd788daa2d",
                "name": "app01-apps-internal",
                "password": "",
                "public_cert_data": ""
              },
              {
                "data": "",
                "id": "/subscriptions/dcef7009-6b94-4382-afdc-17eb160d709a/resourceGroups/rg-aca-dns-24/providers/Microsoft.Network/applicationGateways/appgateway/sslCertificates/app02-apps-internal",
                "key_vault_secret_id": "https://kv-appgw-u8b26.vault.azure.net/secrets/app02-apps-internal/6819b24f591649999a740e7ac2371529",
                "name": "app02-apps-internal",
                "password": "",
                "public_cert_data": ""
              },
              {
                "data": "",
                "id": "/subscriptions/dcef7009-6b94-4382-afdc-17eb160d709a/resourceGroups/rg-aca-dns-24/providers/Microsoft.Network/applicationGateways/appgateway/sslCertificates/app03-apps-internal",
                "key_vault_secret_id": "https://kv-appgw-u8b26.vault.azure.net/secrets/app03-apps-internal/8e73b6308ab4478ca17280a9109a1624",
                "name": "app03-apps-internal",
                "password": "",
                "public_cert_data": ""
              },
              {
                "data": "",
                "id": "/subscriptions/dcef7009-6b94-4382-afdc-17eb160d709a/resourceGroups/rg-aca-dns-24/providers/Microsoft.Network/applicationGateways/appgateway/sslCertificates/app04-apps-internal",
                "key_vault_secret_id": "https://kv-appgw-u8b26.vault.azure.net/secrets/app04-apps-internal/58f38c27b12742b4b6908edbdd64059b",
                "name": "app04-apps-internal",
                "password": "",
                "public_cert_data": ""
              },
              {
                "data": "",
                "id": "/subscriptions/dcef7009-6b94-4382-afdc-17eb160d709a/resourceGroups/rg-aca-dns-24/providers/Microsoft.Network/applicationGateways/appgateway/sslCertificates/app05-apps-internal",
                "key_vault_secret_id": "https://kv-appgw-u8b26.vault.azure.net/secrets/app05-apps-internal/0a93703c58ef42aea0fe11bf8a0c2c76",
                "name": "app05-apps-internal",
                "password": "",
                "public_cert_data": ""
              },
              {
                "data": "",
                "id": "/subscriptions/dcef7009-6b94-4382-afdc-17eb160d709a/resourceGroups/rg-aca-dns-24/providers/Microsoft.Network/applicationGateways/appgateway/sslCertificates/app06-apps-internal",
                "key_vault_secret_id": "https://kv-appgw-u8b26.vault.azure.net/secrets/app06-apps-internal/c59737db09974331a49de8e3dce71799",
                "name": "app06-apps-internal",
                "password": "",
                "public_cert_data": ""
              }
            ],
            "ssl_policy": [
              {
                "cipher_suites": [],
                "disabled_protocols": [],
                "min_protocol_version": "",
                "policy_name": "AppGwSslPolicy20220101",
                "policy_type": "Predefined"
              }
            ],
            "ssl_profile": [],
            "tags": {},
            "timeouts": null,
            "trusted_client_certificate": [],
            "trusted_root_certificate": [],
            "url_path_map": [],
            "waf_configuration": [],
            "zones": []
          },
          "sensitive_attributes": [
            [
              {
                "type": "get_attr",
                "value": "ssl_certificate"
              }
            ]
          ],
          "identity_schema_version": 0,
          "identity": {
            "name": "appgateway",
            "resource_group_name": "rg-aca-dns-24",
            "subscription_id": "dcef7009-6b94-4382-afdc-17eb160d709a"
          },
          "private": "eyJlMmJmYjczMC1lY2FhLTExZTYtOGY4OC0zNDM2M2JjN2M0YzAiOnsiY3JlYXRlIjo1NDAwMDAwMDAwMDAwLCJkZWxldGUiOjU0MDAwMDAwMDAwMDAsInJlYWQiOjMwMDAwMDAwMDAwMCwidXBkYXRlIjo1NDAwMDAwMDAwMDAwfX0=",
          "dependencies": [
            "azurerm_container_app.app",
            "azurerm_container_app_environment.env",
            "azurerm_key_vault.keyvault",
            "azurerm_key_vault_certificate.cert",
            "azurerm_public_ip.pip-appgateway",
            "azurerm_resource_group.rg",
            "azurerm_role_assignment.role-certificates-officer",
            "azurerm_subnet.snet-aca",
            "azurerm_subnet.snet-appgw",
            "azurerm_user_assigned_identity.identity-appgw",
            "azurerm_virtual_network.vnet",
            "data.azurerm_client_config.current",
            "random_string.random"
          ]
        }
      ]
    },
    {
      "mode": "managed",
      "type": "azurerm_bastion_host",
      "name": "bastion",
      "provider": "provider[\"registry.terraform.io/hashicorp/azurerm\"]",
      "instances": [
        {
          "schema_version": 0,
          "attributes": {
            "copy_paste_enabled": true,
            "dns_name": "bst-eff9c2ff-857f-40dc-9bfb-e3d1bf3c812b.bastion.azure.com",
            "file_copy_enabled": false,
            "id": "/subscriptions/dcef7009-6b94-4382-afdc-17eb160d709a/resourceGroups/rg-aca-dns-24/providers/Microsoft.Network/bastionHosts/bastion",
            "ip_configuration": [
              {
                "name": "configuration",
                "public_ip_address_id": "/subscriptions/dcef7009-6b94-4382-afdc-17eb160d709a/resourceGroups/rg-aca-dns-24/providers/Microsoft.Network/publicIPAddresses/pip-bastion",
                "subnet_id": "/subscriptions/dcef7009-6b94-4382-afdc-17eb160d709a/resourceGroups/rg-aca-dns-24/providers/Microsoft.Network/virtualNetworks/vnet-internal/subnets/AzureBastionSubnet"
              }
            ],
            "ip_connect_enabled": false,
            "kerberos_enabled": false,
            "location": "swedencentral",
            "name": "bastion",
            "resource_group_name": "rg-aca-dns-24",
            "scale_units": 2,
            "session_recording_enabled": false,
            "shareable_link_enabled": false,
            "sku": "Basic",
            "tags": {},
            "timeouts": null,
            "tunneling_enabled": false,
            "virtual_network_id": "",
            "zones": []
          },
          "sensitive_attributes": [],
          "identity_schema_version": 0,
          "identity": {
            "name": "bastion",
            "resource_group_name": "rg-aca-dns-24",
            "subscription_id": "dcef7009-6b94-4382-afdc-17eb160d709a"
          },
          "private": "eyJlMmJmYjczMC1lY2FhLTExZTYtOGY4OC0zNDM2M2JjN2M0YzAiOnsiY3JlYXRlIjoxODAwMDAwMDAwMDAwLCJkZWxldGUiOjE4MDAwMDAwMDAwMDAsInJlYWQiOjMwMDAwMDAwMDAwMCwidXBkYXRlIjoxODAwMDAwMDAwMDAwfX0=",
          "dependencies": [
            "azurerm_public_ip.pip-bastion",
            "azurerm_resource_group.rg",
            "azurerm_subnet.snet-bastion",
            "azurerm_virtual_network.vnet"
          ]
        }
      ]
    },
    {
      "mode": "managed",
      "type": "azurerm_container_app",
      "name": "app",
      "provider": "provider[\"registry.terraform.io/hashicorp/azurerm\"]",
      "instances": [
        {
          "index_key": "app01",
          "schema_version": 0,
          "attributes": {
            "container_app_environment_id": "/subscriptions/dcef7009-6b94-4382-afdc-17eb160d709a/resourceGroups/rg-aca-dns-24/providers/Microsoft.App/managedEnvironments/aca-env-app01",
            "custom_domain_verification_id": "12A824F56ADC4DBFA2BAB33D11CF904692CB9810204E47093CF78548458D595C",
            "dapr": [],
            "id": "/subscriptions/dcef7009-6b94-4382-afdc-17eb160d709a/resourceGroups/rg-aca-dns-24/providers/Microsoft.App/containerApps/inspector-gadget-app01",
            "identity": [],
            "ingress": [
              {
                "allow_insecure_connections": false,
                "client_certificate_mode": "",
                "cors": [],
                "custom_domain": [],
                "exposed_port": 0,
                "external_enabled": true,
                "fqdn": "inspector-gadget-app01.agreeablebush-62315513.swedencentral.azurecontainerapps.io",
                "ip_security_restriction": [],
                "target_port": 80,
                "traffic_weight": [
                  {
                    "label": "",
                    "latest_revision": true,
                    "percentage": 100,
                    "revision_suffix": ""
                  }
                ],
                "transport": "auto"
              }
            ],
            "latest_revision_fqdn": "inspector-gadget-app01--fpnelrj.agreeablebush-62315513.swedencentral.azurecontainerapps.io",
            "latest_revision_name": "inspector-gadget-app01--fpnelrj",
            "location": "swedencentral",
            "max_inactive_revisions": 0,
            "name": "inspector-gadget-app01",
            "outbound_ip_addresses": [
              "135.116.11.156",
              "74.241.210.89"
            ],
            "registry": [],
            "resource_group_name": "rg-aca-dns-24",
            "revision_mode": "Single",
            "secret": [],
            "tags": {},
            "template": [
              {
                "azure_queue_scale_rule": [],
                "container": [
                  {
                    "args": [],
                    "command": [],
                    "cpu": 0.25,
                    "env": [],
                    "ephemeral_storage": "1Gi",
                    "image": "jelledruyts/inspectorgadget",
                    "liveness_probe": [],
                    "memory": "0.5Gi",
                    "name": "inspector-gadget",
                    "readiness_probe": [],
                    "startup_probe": [],
                    "volume_mounts": []
                  }
                ],
                "custom_scale_rule": [],
                "http_scale_rule": [],
                "init_container": [],
                "max_replicas": 3,
                "min_replicas": 1,
                "revision_suffix": "",
                "tcp_scale_rule": [],
                "termination_grace_period_seconds": 0,
                "volume": []
              }
            ],
            "timeouts": null,
            "workload_profile_name": "profile-D4"
          },
          "sensitive_attributes": [
            [
              {
                "type": "get_attr",
                "value": "custom_domain_verification_id"
              }
            ]
          ],
          "identity_schema_version": 0,
          "private": "eyJlMmJmYjczMC1lY2FhLTExZTYtOGY4OC0zNDM2M2JjN2M0YzAiOnsiY3JlYXRlIjoxODAwMDAwMDAwMDAwLCJkZWxldGUiOjE4MDAwMDAwMDAwMDAsInJlYWQiOjMwMDAwMDAwMDAwMCwidXBkYXRlIjoxODAwMDAwMDAwMDAwfX0=",
          "dependencies": [
            "azurerm_container_app_environment.env",
            "azurerm_resource_group.rg",
            "azurerm_subnet.snet-aca",
            "azurerm_virtual_network.vnet"
          ]
        },
        {
          "index_key": "app02",
          "schema_version": 0,
          "attributes": {
            "container_app_environment_id": "/subscriptions/dcef7009-6b94-4382-afdc-17eb160d709a/resourceGroups/rg-aca-dns-24/providers/Microsoft.App/managedEnvironments/aca-env-app02",
            "custom_domain_verification_id": "12A824F56ADC4DBFA2BAB33D11CF904692CB9810204E47093CF78548458D595C",
            "dapr": [],
            "id": "/subscriptions/dcef7009-6b94-4382-afdc-17eb160d709a/resourceGroups/rg-aca-dns-24/providers/Microsoft.App/containerApps/inspector-gadget-app02",
            "identity": [],
            "ingress": [
              {
                "allow_insecure_connections": false,
                "client_certificate_mode": "",
                "cors": [],
                "custom_domain": [],
                "exposed_port": 0,
                "external_enabled": true,
                "fqdn": "inspector-gadget-app02.bravedune-9bec4906.swedencentral.azurecontainerapps.io",
                "ip_security_restriction": [],
                "target_port": 80,
                "traffic_weight": [
                  {
                    "label": "",
                    "latest_revision": true,
                    "percentage": 100,
                    "revision_suffix": ""
                  }
                ],
                "transport": "auto"
              }
            ],
            "latest_revision_fqdn": "inspector-gadget-app02--k63l4ku.bravedune-9bec4906.swedencentral.azurecontainerapps.io",
            "latest_revision_name": "inspector-gadget-app02--k63l4ku",
            "location": "swedencentral",
            "max_inactive_revisions": 0,
            "name": "inspector-gadget-app02",
            "outbound_ip_addresses": [
              "9.223.23.50",
              "135.225.1.162"
            ],
            "registry": [],
            "resource_group_name": "rg-aca-dns-24",
            "revision_mode": "Single",
            "secret": [],
            "tags": {},
            "template": [
              {
                "azure_queue_scale_rule": [],
                "container": [
                  {
                    "args": [],
                    "command": [],
                    "cpu": 0.25,
                    "env": [],
                    "ephemeral_storage": "1Gi",
                    "image": "jelledruyts/inspectorgadget",
                    "liveness_probe": [],
                    "memory": "0.5Gi",
                    "name": "inspector-gadget",
                    "readiness_probe": [],
                    "startup_probe": [],
                    "volume_mounts": []
                  }
                ],
                "custom_scale_rule": [],
                "http_scale_rule": [],
                "init_container": [],
                "max_replicas": 3,
                "min_replicas": 1,
                "revision_suffix": "",
                "tcp_scale_rule": [],
                "termination_grace_period_seconds": 0,
                "volume": []
              }
            ],
            "timeouts": null,
            "workload_profile_name": "profile-D4"
          },
          "sensitive_attributes": [
            [
              {
                "type": "get_attr",
                "value": "custom_domain_verification_id"
              }
            ]
          ],
          "identity_schema_version": 0,
          "private": "eyJlMmJmYjczMC1lY2FhLTExZTYtOGY4OC0zNDM2M2JjN2M0YzAiOnsiY3JlYXRlIjoxODAwMDAwMDAwMDAwLCJkZWxldGUiOjE4MDAwMDAwMDAwMDAsInJlYWQiOjMwMDAwMDAwMDAwMCwidXBkYXRlIjoxODAwMDAwMDAwMDAwfX0=",
          "dependencies": [
            "azurerm_container_app_environment.env",
            "azurerm_resource_group.rg",
            "azurerm_subnet.snet-aca",
            "azurerm_virtual_network.vnet"
          ]
        },
        {
          "index_key": "app03",
          "schema_version": 0,
          "attributes": {
            "container_app_environment_id": "/subscriptions/dcef7009-6b94-4382-afdc-17eb160d709a/resourceGroups/rg-aca-dns-24/providers/Microsoft.App/managedEnvironments/aca-env-app03",
            "custom_domain_verification_id": "12A824F56ADC4DBFA2BAB33D11CF904692CB9810204E47093CF78548458D595C",
            "dapr": [],
            "id": "/subscriptions/dcef7009-6b94-4382-afdc-17eb160d709a/resourceGroups/rg-aca-dns-24/providers/Microsoft.App/containerApps/inspector-gadget-app03",
            "identity": [],
            "ingress": [
              {
                "allow_insecure_connections": false,
                "client_certificate_mode": "",
                "cors": [],
                "custom_domain": [],
                "exposed_port": 0,
                "external_enabled": true,
                "fqdn": "inspector-gadget-app03.whiteforest-af6e3688.swedencentral.azurecontainerapps.io",
                "ip_security_restriction": [],
                "target_port": 80,
                "traffic_weight": [
                  {
                    "label": "",
                    "latest_revision": true,
                    "percentage": 100,
                    "revision_suffix": ""
                  }
                ],
                "transport": "auto"
              }
            ],
            "latest_revision_fqdn": "inspector-gadget-app03--i3c7dfq.whiteforest-af6e3688.swedencentral.azurecontainerapps.io",
            "latest_revision_name": "inspector-gadget-app03--i3c7dfq",
            "location": "swedencentral",
            "max_inactive_revisions": 0,
            "name": "inspector-gadget-app03",
            "outbound_ip_addresses": [
              "74.241.218.81",
              "135.116.48.218"
            ],
            "registry": [],
            "resource_group_name": "rg-aca-dns-24",
            "revision_mode": "Single",
            "secret": [],
            "tags": {},
            "template": [
              {
                "azure_queue_scale_rule": [],
                "container": [
                  {
                    "args": [],
                    "command": [],
                    "cpu": 0.25,
                    "env": [],
                    "ephemeral_storage": "1Gi",
                    "image": "jelledruyts/inspectorgadget",
                    "liveness_probe": [],
                    "memory": "0.5Gi",
                    "name": "inspector-gadget",
                    "readiness_probe": [],
                    "startup_probe": [],
                    "volume_mounts": []
                  }
                ],
                "custom_scale_rule": [],
                "http_scale_rule": [],
                "init_container": [],
                "max_replicas": 3,
                "min_replicas": 1,
                "revision_suffix": "",
                "tcp_scale_rule": [],
                "termination_grace_period_seconds": 0,
                "volume": []
              }
            ],
            "timeouts": null,
            "workload_profile_name": "profile-D4"
          },
          "sensitive_attributes": [
            [
              {
                "type": "get_attr",
                "value": "custom_domain_verification_id"
              }
            ]
          ],
          "identity_schema_version": 0,
          "private": "eyJlMmJmYjczMC1lY2FhLTExZTYtOGY4OC0zNDM2M2JjN2M0YzAiOnsiY3JlYXRlIjoxODAwMDAwMDAwMDAwLCJkZWxldGUiOjE4MDAwMDAwMDAwMDAsInJlYWQiOjMwMDAwMDAwMDAwMCwidXBkYXRlIjoxODAwMDAwMDAwMDAwfX0=",
          "dependencies": [
            "azurerm_container_app_environment.env",
            "azurerm_resource_group.rg",
            "azurerm_subnet.snet-aca",
            "azurerm_virtual_network.vnet"
          ]
        },
        {
          "index_key": "app04",
          "schema_version": 0,
          "attributes": {
            "container_app_environment_id": "/subscriptions/dcef7009-6b94-4382-afdc-17eb160d709a/resourceGroups/rg-aca-dns-24/providers/Microsoft.App/managedEnvironments/aca-env-app04",
            "custom_domain_verification_id": "12A824F56ADC4DBFA2BAB33D11CF904692CB9810204E47093CF78548458D595C",
            "dapr": [],
            "id": "/subscriptions/dcef7009-6b94-4382-afdc-17eb160d709a/resourceGroups/rg-aca-dns-24/providers/Microsoft.App/containerApps/inspector-gadget-app04",
            "identity": [],
            "ingress": [
              {
                "allow_insecure_connections": false,
                "client_certificate_mode": "",
                "cors": [],
                "custom_domain": [],
                "exposed_port": 0,
                "external_enabled": true,
                "fqdn": "inspector-gadget-app04.whitemoss-8cd86d1f.swedencentral.azurecontainerapps.io",
                "ip_security_restriction": [],
                "target_port": 80,
                "traffic_weight": [
                  {
                    "label": "",
                    "latest_revision": true,
                    "percentage": 100,
                    "revision_suffix": ""
                  }
                ],
                "transport": "auto"
              }
            ],
            "latest_revision_fqdn": "inspector-gadget-app04--o0o5vsg.whitemoss-8cd86d1f.swedencentral.azurecontainerapps.io",
            "latest_revision_name": "inspector-gadget-app04--o0o5vsg",
            "location": "swedencentral",
            "max_inactive_revisions": 0,
            "name": "inspector-gadget-app04",
            "outbound_ip_addresses": [
              "4.225.0.105",
              "4.225.82.136"
            ],
            "registry": [],
            "resource_group_name": "rg-aca-dns-24",
            "revision_mode": "Single",
            "secret": [],
            "tags": {},
            "template": [
              {
                "azure_queue_scale_rule": [],
                "container": [
                  {
                    "args": [],
                    "command": [],
                    "cpu": 0.25,
                    "env": [],
                    "ephemeral_storage": "1Gi",
                    "image": "jelledruyts/inspectorgadget",
                    "liveness_probe": [],
                    "memory": "0.5Gi",
                    "name": "inspector-gadget",
                    "readiness_probe": [],
                    "startup_probe": [],
                    "volume_mounts": []
                  }
                ],
                "custom_scale_rule": [],
                "http_scale_rule": [],
                "init_container": [],
                "max_replicas": 3,
                "min_replicas": 1,
                "revision_suffix": "",
                "tcp_scale_rule": [],
                "termination_grace_period_seconds": 0,
                "volume": []
              }
            ],
            "timeouts": null,
            "workload_profile_name": "profile-D4"
          },
          "sensitive_attributes": [
            [
              {
                "type": "get_attr",
                "value": "custom_domain_verification_id"
              }
            ]
          ],
          "identity_schema_version": 0,
          "private": "eyJlMmJmYjczMC1lY2FhLTExZTYtOGY4OC0zNDM2M2JjN2M0YzAiOnsiY3JlYXRlIjoxODAwMDAwMDAwMDAwLCJkZWxldGUiOjE4MDAwMDAwMDAwMDAsInJlYWQiOjMwMDAwMDAwMDAwMCwidXBkYXRlIjoxODAwMDAwMDAwMDAwfX0=",
          "dependencies": [
            "azurerm_container_app_environment.env",
            "azurerm_resource_group.rg",
            "azurerm_subnet.snet-aca",
            "azurerm_virtual_network.vnet"
          ]
        },
        {
          "index_key": "app05",
          "schema_version": 0,
          "attributes": {
            "container_app_environment_id": "/subscriptions/dcef7009-6b94-4382-afdc-17eb160d709a/resourceGroups/rg-aca-dns-24/providers/Microsoft.App/managedEnvironments/aca-env-app05",
            "custom_domain_verification_id": "12A824F56ADC4DBFA2BAB33D11CF904692CB9810204E47093CF78548458D595C",
            "dapr": [],
            "id": "/subscriptions/dcef7009-6b94-4382-afdc-17eb160d709a/resourceGroups/rg-aca-dns-24/providers/Microsoft.App/containerApps/inspector-gadget-app05",
            "identity": [],
            "ingress": [
              {
                "allow_insecure_connections": false,
                "client_certificate_mode": "",
                "cors": [],
                "custom_domain": [],
                "exposed_port": 0,
                "external_enabled": true,
                "fqdn": "inspector-gadget-app05.politeforest-9a7fb338.swedencentral.azurecontainerapps.io",
                "ip_security_restriction": [],
                "target_port": 80,
                "traffic_weight": [
                  {
                    "label": "",
                    "latest_revision": true,
                    "percentage": 100,
                    "revision_suffix": ""
                  }
                ],
                "transport": "auto"
              }
            ],
            "latest_revision_fqdn": "inspector-gadget-app05--fpglk12.politeforest-9a7fb338.swedencentral.azurecontainerapps.io",
            "latest_revision_name": "inspector-gadget-app05--fpglk12",
            "location": "swedencentral",
            "max_inactive_revisions": 0,
            "name": "inspector-gadget-app05",
            "outbound_ip_addresses": [
              "4.225.0.138",
              "135.225.1.161"
            ],
            "registry": [],
            "resource_group_name": "rg-aca-dns-24",
            "revision_mode": "Single",
            "secret": [],
            "tags": {},
            "template": [
              {
                "azure_queue_scale_rule": [],
                "container": [
                  {
                    "args": [],
                    "command": [],
                    "cpu": 0.25,
                    "env": [],
                    "ephemeral_storage": "1Gi",
                    "image": "jelledruyts/inspectorgadget",
                    "liveness_probe": [],
                    "memory": "0.5Gi",
                    "name": "inspector-gadget",
                    "readiness_probe": [],
                    "startup_probe": [],
                    "volume_mounts": []
                  }
                ],
                "custom_scale_rule": [],
                "http_scale_rule": [],
                "init_container": [],
                "max_replicas": 3,
                "min_replicas": 1,
                "revision_suffix": "",
                "tcp_scale_rule": [],
                "termination_grace_period_seconds": 0,
                "volume": []
              }
            ],
            "timeouts": null,
            "workload_profile_name": "profile-D4"
          },
          "sensitive_attributes": [
            [
              {
                "type": "get_attr",
                "value": "custom_domain_verification_id"
              }
            ]
          ],
          "identity_schema_version": 0,
          "private": "eyJlMmJmYjczMC1lY2FhLTExZTYtOGY4OC0zNDM2M2JjN2M0YzAiOnsiY3JlYXRlIjoxODAwMDAwMDAwMDAwLCJkZWxldGUiOjE4MDAwMDAwMDAwMDAsInJlYWQiOjMwMDAwMDAwMDAwMCwidXBkYXRlIjoxODAwMDAwMDAwMDAwfX0=",
          "dependencies": [
            "azurerm_container_app_environment.env",
            "azurerm_resource_group.rg",
            "azurerm_subnet.snet-aca",
            "azurerm_virtual_network.vnet"
          ]
        },
        {
          "index_key": "app06",
          "schema_version": 0,
          "attributes": {
            "container_app_environment_id": "/subscriptions/dcef7009-6b94-4382-afdc-17eb160d709a/resourceGroups/rg-aca-dns-24/providers/Microsoft.App/managedEnvironments/aca-env-app06",
            "custom_domain_verification_id": "12A824F56ADC4DBFA2BAB33D11CF904692CB9810204E47093CF78548458D595C",
            "dapr": [],
            "id": "/subscriptions/dcef7009-6b94-4382-afdc-17eb160d709a/resourceGroups/rg-aca-dns-24/providers/Microsoft.App/containerApps/inspector-gadget-app06",
            "identity": [],
            "ingress": [
              {
                "allow_insecure_connections": false,
                "client_certificate_mode": "",
                "cors": [],
                "custom_domain": [],
                "exposed_port": 0,
                "external_enabled": true,
                "fqdn": "inspector-gadget-app06.bravebush-70d00ca1.swedencentral.azurecontainerapps.io",
                "ip_security_restriction": [],
                "target_port": 80,
                "traffic_weight": [
                  {
                    "label": "",
                    "latest_revision": true,
                    "percentage": 100,
                    "revision_suffix": ""
                  }
                ],
                "transport": "auto"
              }
            ],
            "latest_revision_fqdn": "inspector-gadget-app06--p8pftks.bravebush-70d00ca1.swedencentral.azurecontainerapps.io",
            "latest_revision_name": "inspector-gadget-app06--p8pftks",
            "location": "swedencentral",
            "max_inactive_revisions": 0,
            "name": "inspector-gadget-app06",
            "outbound_ip_addresses": [
              "9.223.22.98",
              "135.116.10.206"
            ],
            "registry": [],
            "resource_group_name": "rg-aca-dns-24",
            "revision_mode": "Single",
            "secret": [],
            "tags": {},
            "template": [
              {
                "azure_queue_scale_rule": [],
                "container": [
                  {
                    "args": [],
                    "command": [],
                    "cpu": 0.25,
                    "env": [],
                    "ephemeral_storage": "1Gi",
                    "image": "jelledruyts/inspectorgadget",
                    "liveness_probe": [],
                    "memory": "0.5Gi",
                    "name": "inspector-gadget",
                    "readiness_probe": [],
                    "startup_probe": [],
                    "volume_mounts": []
                  }
                ],
                "custom_scale_rule": [],
                "http_scale_rule": [],
                "init_container": [],
                "max_replicas": 3,
                "min_replicas": 1,
                "revision_suffix": "",
                "tcp_scale_rule": [],
                "termination_grace_period_seconds": 0,
                "volume": []
              }
            ],
            "timeouts": null,
            "workload_profile_name": "profile-D4"
          },
          "sensitive_attributes": [
            [
              {
                "type": "get_attr",
                "value": "custom_domain_verification_id"
              }
            ]
          ],
          "identity_schema_version": 0,
          "private": "eyJlMmJmYjczMC1lY2FhLTExZTYtOGY4OC0zNDM2M2JjN2M0YzAiOnsiY3JlYXRlIjoxODAwMDAwMDAwMDAwLCJkZWxldGUiOjE4MDAwMDAwMDAwMDAsInJlYWQiOjMwMDAwMDAwMDAwMCwidXBkYXRlIjoxODAwMDAwMDAwMDAwfX0=",
          "dependencies": [
            "azurerm_container_app_environment.env",
            "azurerm_resource_group.rg",
            "azurerm_subnet.snet-aca",
            "azurerm_virtual_network.vnet"
          ]
        }
      ]
    },
    {
      "mode": "managed",
      "type": "azurerm_container_app_environment",
      "name": "env",
      "provider": "provider[\"registry.terraform.io/hashicorp/azurerm\"]",
      "instances": [
        {
          "index_key": "app01",
          "schema_version": 0,
          "attributes": {
            "custom_domain_verification_id": "12A824F56ADC4DBFA2BAB33D11CF904692CB9810204E47093CF78548458D595C",
            "dapr_application_insights_connection_string": "",
            "default_domain": "agreeablebush-62315513.swedencentral.azurecontainerapps.io",
            "docker_bridge_cidr": "",
            "id": "/subscriptions/dcef7009-6b94-4382-afdc-17eb160d709a/resourceGroups/rg-aca-dns-24/providers/Microsoft.App/managedEnvironments/aca-env-app01",
            "identity": [],
            "infrastructure_resource_group_name": "ME_aca-env-app01_rg-aca-dns-24_swedencentral",
            "infrastructure_subnet_id": "/subscriptions/dcef7009-6b94-4382-afdc-17eb160d709a/resourceGroups/rg-aca-dns-24/providers/Microsoft.Network/virtualNetworks/vnet-internal/subnets/snet-aca-app01",
            "internal_load_balancer_enabled": true,
            "location": "swedencentral",
            "log_analytics_workspace_id": "",
            "logs_destination": "",
            "mutual_tls_enabled": false,
            "name": "aca-env-app01",
            "platform_reserved_cidr": "",
            "platform_reserved_dns_ip_address": "",
            "resource_group_name": "rg-aca-dns-24",
            "static_ip_address": "10.0.1.141",
            "tags": {},
            "timeouts": null,
            "workload_profile": [
              {
                "maximum_count": 0,
                "minimum_count": 0,
                "name": "Consumption",
                "workload_profile_type": "Consumption"
              },
              {
                "maximum_count": 1,
                "minimum_count": 1,
                "name": "profile-D4",
                "workload_profile_type": "D4"
              }
            ],
            "zone_redundancy_enabled": true
          },
          "sensitive_attributes": [
            [
              {
                "type": "get_attr",
                "value": "dapr_application_insights_connection_string"
              }
            ]
          ],
          "identity_schema_version": 0,
          "private": "eyJlMmJmYjczMC1lY2FhLTExZTYtOGY4OC0zNDM2M2JjN2M0YzAiOnsiY3JlYXRlIjoxODAwMDAwMDAwMDAwLCJkZWxldGUiOjE4MDAwMDAwMDAwMDAsInJlYWQiOjMwMDAwMDAwMDAwMCwidXBkYXRlIjoxODAwMDAwMDAwMDAwfX0=",
          "dependencies": [
            "azurerm_resource_group.rg",
            "azurerm_subnet.snet-aca",
            "azurerm_virtual_network.vnet"
          ]
        },
        {
          "index_key": "app02",
          "schema_version": 0,
          "attributes": {
            "custom_domain_verification_id": "12A824F56ADC4DBFA2BAB33D11CF904692CB9810204E47093CF78548458D595C",
            "dapr_application_insights_connection_string": "",
            "default_domain": "bravedune-9bec4906.swedencentral.azurecontainerapps.io",
            "docker_bridge_cidr": "",
            "id": "/subscriptions/dcef7009-6b94-4382-afdc-17eb160d709a/resourceGroups/rg-aca-dns-24/providers/Microsoft.App/managedEnvironments/aca-env-app02",
            "identity": [],
            "infrastructure_resource_group_name": "ME_aca-env-app02_rg-aca-dns-24_swedencentral",
            "infrastructure_subnet_id": "/subscriptions/dcef7009-6b94-4382-afdc-17eb160d709a/resourceGroups/rg-aca-dns-24/providers/Microsoft.Network/virtualNetworks/vnet-internal/subnets/snet-aca-app02",
            "internal_load_balancer_enabled": true,
            "location": "swedencentral",
            "log_analytics_workspace_id": "",
            "logs_destination": "",
            "mutual_tls_enabled": false,
            "name": "aca-env-app02",
            "platform_reserved_cidr": "",
            "platform_reserved_dns_ip_address": "",
            "resource_group_name": "rg-aca-dns-24",
            "static_ip_address": "10.0.2.154",
            "tags": {},
            "timeouts": null,
            "workload_profile": [
              {
                "maximum_count": 0,
                "minimum_count": 0,
                "name": "Consumption",
                "workload_profile_type": "Consumption"
              },
              {
                "maximum_count": 1,
                "minimum_count": 1,
                "name": "profile-D4",
                "workload_profile_type": "D4"
              }
            ],
            "zone_redundancy_enabled": true
          },
          "sensitive_attributes": [
            [
              {
                "type": "get_attr",
                "value": "dapr_application_insights_connection_string"
              }
            ]
          ],
          "identity_schema_version": 0,
          "private": "eyJlMmJmYjczMC1lY2FhLTExZTYtOGY4OC0zNDM2M2JjN2M0YzAiOnsiY3JlYXRlIjoxODAwMDAwMDAwMDAwLCJkZWxldGUiOjE4MDAwMDAwMDAwMDAsInJlYWQiOjMwMDAwMDAwMDAwMCwidXBkYXRlIjoxODAwMDAwMDAwMDAwfX0=",
          "dependencies": [
            "azurerm_resource_group.rg",
            "azurerm_subnet.snet-aca",
            "azurerm_virtual_network.vnet"
          ]
        },
        {
          "index_key": "app03",
          "schema_version": 0,
          "attributes": {
            "custom_domain_verification_id": "12A824F56ADC4DBFA2BAB33D11CF904692CB9810204E47093CF78548458D595C",
            "dapr_application_insights_connection_string": "",
            "default_domain": "whiteforest-af6e3688.swedencentral.azurecontainerapps.io",
            "docker_bridge_cidr": "",
            "id": "/subscriptions/dcef7009-6b94-4382-afdc-17eb160d709a/resourceGroups/rg-aca-dns-24/providers/Microsoft.App/managedEnvironments/aca-env-app03",
            "identity": [],
            "infrastructure_resource_group_name": "ME_aca-env-app03_rg-aca-dns-24_swedencentral",
            "infrastructure_subnet_id": "/subscriptions/dcef7009-6b94-4382-afdc-17eb160d709a/resourceGroups/rg-aca-dns-24/providers/Microsoft.Network/virtualNetworks/vnet-internal/subnets/snet-aca-app03",
            "internal_load_balancer_enabled": true,
            "location": "swedencentral",
            "log_analytics_workspace_id": "",
            "logs_destination": "",
            "mutual_tls_enabled": false,
            "name": "aca-env-app03",
            "platform_reserved_cidr": "",
            "platform_reserved_dns_ip_address": "",
            "resource_group_name": "rg-aca-dns-24",
            "static_ip_address": "10.0.3.105",
            "tags": {},
            "timeouts": null,
            "workload_profile": [
              {
                "maximum_count": 0,
                "minimum_count": 0,
                "name": "Consumption",
                "workload_profile_type": "Consumption"
              },
              {
                "maximum_count": 1,
                "minimum_count": 1,
                "name": "profile-D4",
                "workload_profile_type": "D4"
              }
            ],
            "zone_redundancy_enabled": true
          },
          "sensitive_attributes": [
            [
              {
                "type": "get_attr",
                "value": "dapr_application_insights_connection_string"
              }
            ]
          ],
          "identity_schema_version": 0,
          "private": "eyJlMmJmYjczMC1lY2FhLTExZTYtOGY4OC0zNDM2M2JjN2M0YzAiOnsiY3JlYXRlIjoxODAwMDAwMDAwMDAwLCJkZWxldGUiOjE4MDAwMDAwMDAwMDAsInJlYWQiOjMwMDAwMDAwMDAwMCwidXBkYXRlIjoxODAwMDAwMDAwMDAwfX0=",
          "dependencies": [
            "azurerm_resource_group.rg",
            "azurerm_subnet.snet-aca",
            "azurerm_virtual_network.vnet"
          ]
        },
        {
          "index_key": "app04",
          "schema_version": 0,
          "attributes": {
            "custom_domain_verification_id": "12A824F56ADC4DBFA2BAB33D11CF904692CB9810204E47093CF78548458D595C",
            "dapr_application_insights_connection_string": "",
            "default_domain": "whitemoss-8cd86d1f.swedencentral.azurecontainerapps.io",
            "docker_bridge_cidr": "",
            "id": "/subscriptions/dcef7009-6b94-4382-afdc-17eb160d709a/resourceGroups/rg-aca-dns-24/providers/Microsoft.App/managedEnvironments/aca-env-app04",
            "identity": [],
            "infrastructure_resource_group_name": "ME_aca-env-app04_rg-aca-dns-24_swedencentral",
            "infrastructure_subnet_id": "/subscriptions/dcef7009-6b94-4382-afdc-17eb160d709a/resourceGroups/rg-aca-dns-24/providers/Microsoft.Network/virtualNetworks/vnet-internal/subnets/snet-aca-app04",
            "internal_load_balancer_enabled": true,
            "location": "swedencentral",
            "log_analytics_workspace_id": "",
            "logs_destination": "",
            "mutual_tls_enabled": false,
            "name": "aca-env-app04",
            "platform_reserved_cidr": "",
            "platform_reserved_dns_ip_address": "",
            "resource_group_name": "rg-aca-dns-24",
            "static_ip_address": "10.0.4.179",
            "tags": {},
            "timeouts": null,
            "workload_profile": [
              {
                "maximum_count": 0,
                "minimum_count": 0,
                "name": "Consumption",
                "workload_profile_type": "Consumption"
              },
              {
                "maximum_count": 1,
                "minimum_count": 1,
                "name": "profile-D4",
                "workload_profile_type": "D4"
              }
            ],
            "zone_redundancy_enabled": true
          },
          "sensitive_attributes": [
            [
              {
                "type": "get_attr",
                "value": "dapr_application_insights_connection_string"
              }
            ]
          ],
          "identity_schema_version": 0,
          "private": "eyJlMmJmYjczMC1lY2FhLTExZTYtOGY4OC0zNDM2M2JjN2M0YzAiOnsiY3JlYXRlIjoxODAwMDAwMDAwMDAwLCJkZWxldGUiOjE4MDAwMDAwMDAwMDAsInJlYWQiOjMwMDAwMDAwMDAwMCwidXBkYXRlIjoxODAwMDAwMDAwMDAwfX0=",
          "dependencies": [
            "azurerm_resource_group.rg",
            "azurerm_subnet.snet-aca",
            "azurerm_virtual_network.vnet"
          ]
        },
        {
          "index_key": "app05",
          "schema_version": 0,
          "attributes": {
            "custom_domain_verification_id": "12A824F56ADC4DBFA2BAB33D11CF904692CB9810204E47093CF78548458D595C",
            "dapr_application_insights_connection_string": "",
            "default_domain": "politeforest-9a7fb338.swedencentral.azurecontainerapps.io",
            "docker_bridge_cidr": "",
            "id": "/subscriptions/dcef7009-6b94-4382-afdc-17eb160d709a/resourceGroups/rg-aca-dns-24/providers/Microsoft.App/managedEnvironments/aca-env-app05",
            "identity": [],
            "infrastructure_resource_group_name": "ME_aca-env-app05_rg-aca-dns-24_swedencentral",
            "infrastructure_subnet_id": "/subscriptions/dcef7009-6b94-4382-afdc-17eb160d709a/resourceGroups/rg-aca-dns-24/providers/Microsoft.Network/virtualNetworks/vnet-internal/subnets/snet-aca-app05",
            "internal_load_balancer_enabled": true,
            "location": "swedencentral",
            "log_analytics_workspace_id": "",
            "logs_destination": "",
            "mutual_tls_enabled": false,
            "name": "aca-env-app05",
            "platform_reserved_cidr": "",
            "platform_reserved_dns_ip_address": "",
            "resource_group_name": "rg-aca-dns-24",
            "static_ip_address": "10.0.5.148",
            "tags": {},
            "timeouts": null,
            "workload_profile": [
              {
                "maximum_count": 0,
                "minimum_count": 0,
                "name": "Consumption",
                "workload_profile_type": "Consumption"
              },
              {
                "maximum_count": 1,
                "minimum_count": 1,
                "name": "profile-D4",
                "workload_profile_type": "D4"
              }
            ],
            "zone_redundancy_enabled": true
          },
          "sensitive_attributes": [
            [
              {
                "type": "get_attr",
                "value": "dapr_application_insights_connection_string"
              }
            ]
          ],
          "identity_schema_version": 0,
          "private": "eyJlMmJmYjczMC1lY2FhLTExZTYtOGY4OC0zNDM2M2JjN2M0YzAiOnsiY3JlYXRlIjoxODAwMDAwMDAwMDAwLCJkZWxldGUiOjE4MDAwMDAwMDAwMDAsInJlYWQiOjMwMDAwMDAwMDAwMCwidXBkYXRlIjoxODAwMDAwMDAwMDAwfX0=",
          "dependencies": [
            "azurerm_resource_group.rg",
            "azurerm_subnet.snet-aca",
            "azurerm_virtual_network.vnet"
          ]
        },
        {
          "index_key": "app06",
          "schema_version": 0,
          "attributes": {
            "custom_domain_verification_id": "12A824F56ADC4DBFA2BAB33D11CF904692CB9810204E47093CF78548458D595C",
            "dapr_application_insights_connection_string": "",
            "default_domain": "bravebush-70d00ca1.swedencentral.azurecontainerapps.io",
            "docker_bridge_cidr": "",
            "id": "/subscriptions/dcef7009-6b94-4382-afdc-17eb160d709a/resourceGroups/rg-aca-dns-24/providers/Microsoft.App/managedEnvironments/aca-env-app06",
            "identity": [],
            "infrastructure_resource_group_name": "ME_aca-env-app06_rg-aca-dns-24_swedencentral",
            "infrastructure_subnet_id": "/subscriptions/dcef7009-6b94-4382-afdc-17eb160d709a/resourceGroups/rg-aca-dns-24/providers/Microsoft.Network/virtualNetworks/vnet-internal/subnets/snet-aca-app06",
            "internal_load_balancer_enabled": true,
            "location": "swedencentral",
            "log_analytics_workspace_id": "",
            "logs_destination": "",
            "mutual_tls_enabled": false,
            "name": "aca-env-app06",
            "platform_reserved_cidr": "",
            "platform_reserved_dns_ip_address": "",
            "resource_group_name": "rg-aca-dns-24",
            "static_ip_address": "10.0.6.199",
            "tags": {},
            "timeouts": null,
            "workload_profile": [
              {
                "maximum_count": 0,
                "minimum_count": 0,
                "name": "Consumption",
                "workload_profile_type": "Consumption"
              },
              {
                "maximum_count": 1,
                "minimum_count": 1,
                "name": "profile-D4",
                "workload_profile_type": "D4"
              }
            ],
            "zone_redundancy_enabled": true
          },
          "sensitive_attributes": [
            [
              {
                "type": "get_attr",
                "value": "dapr_application_insights_connection_string"
              }
            ]
          ],
          "identity_schema_version": 0,
          "private": "eyJlMmJmYjczMC1lY2FhLTExZTYtOGY4OC0zNDM2M2JjN2M0YzAiOnsiY3JlYXRlIjoxODAwMDAwMDAwMDAwLCJkZWxldGUiOjE4MDAwMDAwMDAwMDAsInJlYWQiOjMwMDAwMDAwMDAwMCwidXBkYXRlIjoxODAwMDAwMDAwMDAwfX0=",
          "dependencies": [
            "azurerm_resource_group.rg",
            "azurerm_subnet.snet-aca",
            "azurerm_virtual_network.vnet"
          ]
        }
      ]
    },
    {
      "mode": "managed",
      "type": "azurerm_key_vault",
      "name": "keyvault",
      "provider": "provider[\"registry.terraform.io/hashicorp/azurerm\"]",
      "instances": [
        {
          "schema_version": 2,
          "attributes": {
            "access_policy": [],
            "contact": [],
            "enable_rbac_authorization": true,
            "enabled_for_deployment": false,
            "enabled_for_disk_encryption": false,
            "enabled_for_template_deployment": false,
            "id": "/subscriptions/dcef7009-6b94-4382-afdc-17eb160d709a/resourceGroups/rg-aca-dns-24/providers/Microsoft.KeyVault/vaults/kv-appgw-u8b26",
            "location": "swedencentral",
            "name": "kv-appgw-u8b26",
            "network_acls": [
              {
                "bypass": "AzureServices",
                "default_action": "Allow",
                "ip_rules": [],
                "virtual_network_subnet_ids": []
              }
            ],
            "public_network_access_enabled": true,
            "purge_protection_enabled": false,
            "resource_group_name": "rg-aca-dns-24",
            "sku_name": "standard",
            "soft_delete_retention_days": 7,
            "tags": {},
            "tenant_id": "93139d1e-a3c1-4d78-9ed5-878be090eba4",
            "timeouts": null,
            "vault_uri": "https://kv-appgw-u8b26.vault.azure.net/"
          },
          "sensitive_attributes": [],
          "identity_schema_version": 0,
          "private": "eyJlMmJmYjczMC1lY2FhLTExZTYtOGY4OC0zNDM2M2JjN2M0YzAiOnsiY3JlYXRlIjoxODAwMDAwMDAwMDAwLCJkZWxldGUiOjE4MDAwMDAwMDAwMDAsInJlYWQiOjMwMDAwMDAwMDAwMCwidXBkYXRlIjoxODAwMDAwMDAwMDAwfSwic2NoZW1hX3ZlcnNpb24iOiIyIn0=",
          "dependencies": [
            "azurerm_resource_group.rg",
            "data.azurerm_client_config.current",
            "random_string.random"
          ]
        }
      ]
    },
    {
      "mode": "managed",
      "type": "azurerm_key_vault_certificate",
      "name": "cert",
      "provider": "provider[\"registry.terraform.io/hashicorp/azurerm\"]",
      "instances": [
        {
          "index_key": "app01",
          "schema_version": 0,
          "attributes": {
            "certificate": [],
            "certificate_attribute": [
              {
                "created": "2025-08-04T09:15:39Z",
                "enabled": true,
                "expires": "2026-08-04T09:15:39Z",
                "not_before": "2025-08-04T09:05:39Z",
                "recovery_level": "CustomizedRecoverable+Purgeable",
                "updated": "2025-08-04T09:15:39Z"
              }
            ],
            "certificate_data": "3082035A30820242A00302010202105718187D8C4E423DB421221AFC7B58F0300D06092A864886F70D01010B0500301E311C301A0603550403131361707030312E617070732E696E7465726E616C301E170D3235303830343039303533395A170D3236303830343039313533395A301E311C301A0603550403131361707030312E617070732E696E7465726E616C30820122300D06092A864886F70D01010105000382010F003082010A0282010100A18621339708B513B7313B6B77FBA8F7E0F5814D5DB49660DB69FDC5A26101E72666912E56F59A7ECDCB20BBB702F47A848AB20148E719E910619CA2536B973DC957762981091DE6EF7E705C9FA3AB71F8CFE76285081E41FB7E550DC597DB5A39C8B64448B1D525C50D9536A4748D2B70D72A965D6F3D266D85399493CBBCFBB615B28D3735BF3FF1EEFED165CCB0308C53C1205B38D9FEEEBC9582C821D3B51F8AD73702058049F94537A769826FDE05067E9C1D7D07D527D137837404C1AA029D347CE59DC4F27F9927CF794AB702DD62BEAE5EC42415B298CD0551667FA143F615447904565565A30A2472D4CDAC6E1FAAE47B781F07CB6FB1F60477475D0203010001A38193308190300E0603551D0F0101FF0404030205A030090603551D130402300030130603551D25040C300A06082B06010505070301301E0603551D1104173015821361707030312E617070732E696E7465726E616C301F0603551D230418301680141200D8A6F8A2342B27745DD671E4374438C25377301D0603551D0E041604141200D8A6F8A2342B27745DD671E4374438C25377300D06092A864886F70D01010B0500038201010034178544A646C3FF2EFC4115DA30829E7535CFB5A201090D03BA6B35364BEE14D77DC3D7FC5CA7756EAF4E5E81435DDA0930BBA95900482854087F7E3D27DD82DDA5D8142142EE7CB201C9940720FD8E586317C04FC64B50F3374757CBE140EE2BB7E3E8BDD9D5535195D70CF9033D2226094BB370002CEB65CD4418B93B6FD3061E824F175AC0B025C02B57FFA74366A76C39996274884C77D3B2A55DB8AA2C04ABF25C39764CB11DD4E5FDFAFF7C0CBE6544D9C6412A35ED2AC5C3E47BE1460891BAF1CBD0E4680F5D0EB1BF2D733734C770677A80EE17AD0931EF132B5F0529130D93938DEA2231B1781A6E654756EFAFE4706DD0A27FF37EFEC771FAC211",
            "certificate_data_base64": "MIIDWjCCAkKgAwIBAgIQVxgYfYxOQj20ISIa/HtY8DANBgkqhkiG9w0BAQsFADAeMRwwGgYDVQQDExNhcHAwMS5hcHBzLmludGVybmFsMB4XDTI1MDgwNDA5MDUzOVoXDTI2MDgwNDA5MTUzOVowHjEcMBoGA1UEAxMTYXBwMDEuYXBwcy5pbnRlcm5hbDCCASIwDQYJKoZIhvcNAQEBBQADggEPADCCAQoCggEBAKGGITOXCLUTtzE7a3f7qPfg9YFNXbSWYNtp/cWiYQHnJmaRLlb1mn7NyyC7twL0eoSKsgFI5xnpEGGcolNrlz3JV3YpgQkd5u9+cFyfo6tx+M/nYoUIHkH7flUNxZfbWjnItkRIsdUlxQ2VNqR0jStw1yqWXW89Jm2FOZSTy7z7thWyjTc1vz/x7v7RZcywMIxTwSBbONn+7ryVgsgh07Ufitc3AgWASflFN6dpgm/eBQZ+nB19B9Un0TeDdATBqgKdNHzlncTyf5knz3lKtwLdYr6uXsQkFbKYzQVRZn+hQ/YVRHkEVlVlowokctTNrG4fquR7eB8Hy2+x9gR3R10CAwEAAaOBkzCBkDAOBgNVHQ8BAf8EBAMCBaAwCQYDVR0TBAIwADATBgNVHSUEDDAKBggrBgEFBQcDATAeBgNVHREEFzAVghNhcHAwMS5hcHBzLmludGVybmFsMB8GA1UdIwQYMBaAFBIA2Kb4ojQrJ3Rd1nHkN0Q4wlN3MB0GA1UdDgQWBBQSANim+KI0Kyd0XdZx5DdEOMJTdzANBgkqhkiG9w0BAQsFAAOCAQEANBeFRKZGw/8u/EEV2jCCnnU1z7WiAQkNA7prNTZL7hTXfcPX/FyndW6vTl6BQ13aCTC7qVkASChUCH9+PSfdgt2l2BQhQu58sgHJlAcg/Y5YYxfAT8ZLUPM3R1fL4UDuK7fj6L3Z1VNRldcM+QM9IiYJS7NwACzrZc1EGLk7b9MGHoJPF1rAsCXAK1f/p0Nmp2w5mWJ0iEx307KlXbiqLASr8lw5dkyxHdTl/fr/fAy+ZUTZxkEqNe0qxcPke+FGCJG68cvQ5GgPXQ6xvy1zNzTHcGd6gO4XrQkx7xMrXwUpEw2Tk43qIjGxeBpuZUdW76/kcG3Qon/zfv7HcfrCEQ==",
            "certificate_policy": [
              {
                "issuer_parameters": [
                  {
                    "name": "Self"
                  }
                ],
                "key_properties": [
                  {
                    "curve": "",
                    "exportable": true,
                    "key_size": 2048,
                    "key_type": "RSA",
                    "reuse_key": true
                  }
                ],
                "lifetime_action": [
                  {
                    "action": [
                      {
                        "action_type": "AutoRenew"
                      }
                    ],
                    "trigger": [
                      {
                        "days_before_expiry": 30,
                        "lifetime_percentage": 0
                      }
                    ]
                  }
                ],
                "secret_properties": [
                  {
                    "content_type": "application/x-pkcs12"
                  }
                ],
                "x509_certificate_properties": [
                  {
                    "extended_key_usage": [
                      "1.3.6.1.5.5.7.3.1"
                    ],
                    "key_usage": [
                      "digitalSignature",
                      "keyEncipherment"
                    ],
                    "subject": "CN=app01.apps.internal",
                    "subject_alternative_names": [
                      {
                        "dns_names": [
                          "app01.apps.internal"
                        ],
                        "emails": [],
                        "upns": []
                      }
                    ],
                    "validity_in_months": 12
                  }
                ]
              }
            ],
            "id": "https://kv-appgw-u8b26.vault.azure.net/certificates/app01-apps-internal/db84f4a335ad45fdb09a8acd788daa2d",
            "key_vault_id": "/subscriptions/dcef7009-6b94-4382-afdc-17eb160d709a/resourceGroups/rg-aca-dns-24/providers/Microsoft.KeyVault/vaults/kv-appgw-u8b26",
            "name": "app01-apps-internal",
            "resource_manager_id": "/subscriptions/dcef7009-6b94-4382-afdc-17eb160d709a/resourceGroups/rg-aca-dns-24/providers/Microsoft.KeyVault/vaults/kv-appgw-u8b26/certificates/app01-apps-internal/versions/db84f4a335ad45fdb09a8acd788daa2d",
            "resource_manager_versionless_id": "/subscriptions/dcef7009-6b94-4382-afdc-17eb160d709a/resourceGroups/rg-aca-dns-24/providers/Microsoft.KeyVault/vaults/kv-appgw-u8b26/certificates/app01-apps-internal",
            "secret_id": "https://kv-appgw-u8b26.vault.azure.net/secrets/app01-apps-internal/db84f4a335ad45fdb09a8acd788daa2d",
            "tags": {},
            "thumbprint": "36243F26FD73C64BF6B26615D90E7D7DAAE8D9C2",
            "timeouts": null,
            "version": "db84f4a335ad45fdb09a8acd788daa2d",
            "versionless_id": "https://kv-appgw-u8b26.vault.azure.net/certificates/app01-apps-internal",
            "versionless_secret_id": "https://kv-appgw-u8b26.vault.azure.net/secrets/app01-apps-internal"
          },
          "sensitive_attributes": [],
          "identity_schema_version": 0,
          "private": "eyJlMmJmYjczMC1lY2FhLTExZTYtOGY4OC0zNDM2M2JjN2M0YzAiOnsiY3JlYXRlIjozNjAwMDAwMDAwMDAwLCJkZWxldGUiOjE4MDAwMDAwMDAwMDAsInJlYWQiOjE4MDAwMDAwMDAwMDAsInVwZGF0ZSI6MTgwMDAwMDAwMDAwMH19",
          "dependencies": [
            "azurerm_key_vault.keyvault",
            "azurerm_resource_group.rg",
            "azurerm_role_assignment.role-certificates-officer",
            "data.azurerm_client_config.current",
            "random_string.random"
          ]
        },
        {
          "index_key": "app02",
          "schema_version": 0,
          "attributes": {
            "certificate": [],
            "certificate_attribute": [
              {
                "created": "2025-08-04T09:15:29Z",
                "enabled": true,
                "expires": "2026-08-04T09:15:29Z",
                "not_before": "2025-08-04T09:05:29Z",
                "recovery_level": "CustomizedRecoverable+Purgeable",
                "updated": "2025-08-04T09:15:29Z"
              }
            ],
            "certificate_data": "3082035A30820242A00302010202107E0D74F5622D43909F52CDFF28302E50300D06092A864886F70D01010B0500301E311C301A0603550403131361707030322E617070732E696E7465726E616C301E170D3235303830343039303532395A170D3236303830343039313532395A301E311C301A0603550403131361707030322E617070732E696E7465726E616C30820122300D06092A864886F70D01010105000382010F003082010A0282010100C4D18B09B19A4225E30FB6F241A1102C7F89243343D5E102FD9D2A08ECE6F465D5835173453F00656B2F447E6952701A643B19447F5F325FADBF61DB582FAB267A7F6E0F8B69C0CA4F3ACFFCB7A14F1B44BB720B72DDA6ACC38B6651BC4987DD3D4A479BF52A314B4ED8B341F9C02C84EAB652AD693746F94177EB5737B57159EDD801C38A4758A73E5BAFAC433E153C413215D3A59ADAFEB302DB48645F231AFB372191C5B9DFE9E642975E029BAE3DFA5202A27C98A2C171D97074D81E23AB56834E93AEFA1E066235358BD450C6173D866CB439D01567B3F40BF2A7F669C2BE8D6ED36758CAF355A0C0A10481205B02A0E6810152CE53682668C8E18C5BED0203010001A38193308190300E0603551D0F0101FF0404030205A030090603551D130402300030130603551D25040C300A06082B06010505070301301E0603551D1104173015821361707030322E617070732E696E7465726E616C301F0603551D230418301680143657D563BD920E0A885B2B4EF85180B4E68475C0301D0603551D0E041604143657D563BD920E0A885B2B4EF85180B4E68475C0300D06092A864886F70D01010B0500038201010006894263E8F7ED2B9ECF6960294B76566FB533F5470994350D1BE4C53E5231811C60E6EE333F5708F4CA15C54D13C80EAEA9B3D2F4271903101FA5FD37477F95CF6A3AE10353C374DD7CD7C98B48C6281F988243EBC52F69452FEECDC93054604ED96653C93AE80429BBE013363AAF91861793CB2298719C9890E4442D41A2409277071B41E3FB9BB74C87755048729ADEA1EE170DC86330B0EAB407CD52B2CD91029713AA1ECEC7CCD58F5656FE9D676ABC14F683646C3BA6316EB3BF010C916723D073309632834584CE9596297C7223A3ED37278C21AAF448FE215646404556939EA16AFE623A85CAFCAE9F561BEDE31BEB6F6D31B78C5642A12EC256928E",
            "certificate_data_base64": "MIIDWjCCAkKgAwIBAgIQfg109WItQ5CfUs3/KDAuUDANBgkqhkiG9w0BAQsFADAeMRwwGgYDVQQDExNhcHAwMi5hcHBzLmludGVybmFsMB4XDTI1MDgwNDA5MDUyOVoXDTI2MDgwNDA5MTUyOVowHjEcMBoGA1UEAxMTYXBwMDIuYXBwcy5pbnRlcm5hbDCCASIwDQYJKoZIhvcNAQEBBQADggEPADCCAQoCggEBAMTRiwmxmkIl4w+28kGhECx/iSQzQ9XhAv2dKgjs5vRl1YNRc0U/AGVrL0R+aVJwGmQ7GUR/XzJfrb9h21gvqyZ6f24Pi2nAyk86z/y3oU8bRLtyC3LdpqzDi2ZRvEmH3T1KR5v1KjFLTtizQfnALITqtlKtaTdG+UF361c3tXFZ7dgBw4pHWKc+W6+sQz4VPEEyFdOlmtr+swLbSGRfIxr7NyGRxbnf6eZCl14Cm649+lIConyYosFx2XB02B4jq1aDTpOu+h4GYjU1i9RQxhc9hmy0OdAVZ7P0C/Kn9mnCvo1u02dYyvNVoMChBIEgWwKg5oEBUs5TaCZoyOGMW+0CAwEAAaOBkzCBkDAOBgNVHQ8BAf8EBAMCBaAwCQYDVR0TBAIwADATBgNVHSUEDDAKBggrBgEFBQcDATAeBgNVHREEFzAVghNhcHAwMi5hcHBzLmludGVybmFsMB8GA1UdIwQYMBaAFDZX1WO9kg4KiFsrTvhRgLTmhHXAMB0GA1UdDgQWBBQ2V9VjvZIOCohbK074UYC05oR1wDANBgkqhkiG9w0BAQsFAAOCAQEABolCY+j37Suez2lgKUt2Vm+1M/VHCZQ1DRvkxT5SMYEcYObuMz9XCPTKFcVNE8gOrqmz0vQnGQMQH6X9N0d/lc9qOuEDU8N03XzXyYtIxigfmIJD68UvaUUv7s3JMFRgTtlmU8k66AQpu+ATNjqvkYYXk8simHGcmJDkRC1BokCSdwcbQeP7m7dMh3VQSHKa3qHuFw3IYzCw6rQHzVKyzZEClxOqHs7HzNWPVlb+nWdqvBT2g2RsO6YxbrO/AQyRZyPQczCWMoNFhM6Vlil8ciOj7TcnjCGq9Ej+IVZGQEVWk56hav5iOoXK/K6fVhvt4xvrb20xt4xWQqEuwlaSjg==",
            "certificate_policy": [
              {
                "issuer_parameters": [
                  {
                    "name": "Self"
                  }
                ],
                "key_properties": [
                  {
                    "curve": "",
                    "exportable": true,
                    "key_size": 2048,
                    "key_type": "RSA",
                    "reuse_key": true
                  }
                ],
                "lifetime_action": [
                  {
                    "action": [
                      {
                        "action_type": "AutoRenew"
                      }
                    ],
                    "trigger": [
                      {
                        "days_before_expiry": 30,
                        "lifetime_percentage": 0
                      }
                    ]
                  }
                ],
                "secret_properties": [
                  {
                    "content_type": "application/x-pkcs12"
                  }
                ],
                "x509_certificate_properties": [
                  {
                    "extended_key_usage": [
                      "1.3.6.1.5.5.7.3.1"
                    ],
                    "key_usage": [
                      "digitalSignature",
                      "keyEncipherment"
                    ],
                    "subject": "CN=app02.apps.internal",
                    "subject_alternative_names": [
                      {
                        "dns_names": [
                          "app02.apps.internal"
                        ],
                        "emails": [],
                        "upns": []
                      }
                    ],
                    "validity_in_months": 12
                  }
                ]
              }
            ],
            "id": "https://kv-appgw-u8b26.vault.azure.net/certificates/app02-apps-internal/6819b24f591649999a740e7ac2371529",
            "key_vault_id": "/subscriptions/dcef7009-6b94-4382-afdc-17eb160d709a/resourceGroups/rg-aca-dns-24/providers/Microsoft.KeyVault/vaults/kv-appgw-u8b26",
            "name": "app02-apps-internal",
            "resource_manager_id": "/subscriptions/dcef7009-6b94-4382-afdc-17eb160d709a/resourceGroups/rg-aca-dns-24/providers/Microsoft.KeyVault/vaults/kv-appgw-u8b26/certificates/app02-apps-internal/versions/6819b24f591649999a740e7ac2371529",
            "resource_manager_versionless_id": "/subscriptions/dcef7009-6b94-4382-afdc-17eb160d709a/resourceGroups/rg-aca-dns-24/providers/Microsoft.KeyVault/vaults/kv-appgw-u8b26/certificates/app02-apps-internal",
            "secret_id": "https://kv-appgw-u8b26.vault.azure.net/secrets/app02-apps-internal/6819b24f591649999a740e7ac2371529",
            "tags": {},
            "thumbprint": "8E92A96F5437FEECAC5024D7D6769293221803AB",
            "timeouts": null,
            "version": "6819b24f591649999a740e7ac2371529",
            "versionless_id": "https://kv-appgw-u8b26.vault.azure.net/certificates/app02-apps-internal",
            "versionless_secret_id": "https://kv-appgw-u8b26.vault.azure.net/secrets/app02-apps-internal"
          },
          "sensitive_attributes": [],
          "identity_schema_version": 0,
          "private": "eyJlMmJmYjczMC1lY2FhLTExZTYtOGY4OC0zNDM2M2JjN2M0YzAiOnsiY3JlYXRlIjozNjAwMDAwMDAwMDAwLCJkZWxldGUiOjE4MDAwMDAwMDAwMDAsInJlYWQiOjE4MDAwMDAwMDAwMDAsInVwZGF0ZSI6MTgwMDAwMDAwMDAwMH19",
          "dependencies": [
            "azurerm_key_vault.keyvault",
            "azurerm_resource_group.rg",
            "azurerm_role_assignment.role-certificates-officer",
            "data.azurerm_client_config.current",
            "random_string.random"
          ]
        },
        {
          "index_key": "app03",
          "schema_version": 0,
          "attributes": {
            "certificate": [],
            "certificate_attribute": [
              {
                "created": "2025-08-04T09:15:32Z",
                "enabled": true,
                "expires": "2026-08-04T09:15:32Z",
                "not_before": "2025-08-04T09:05:32Z",
                "recovery_level": "CustomizedRecoverable+Purgeable",
                "updated": "2025-08-04T09:15:32Z"
              }
            ],
            "certificate_data": "3082035A30820242A003020102021025E17DD6536F4853A4C23D7F3BDBEA99300D06092A864886F70D01010B0500301E311C301A0603550403131361707030332E617070732E696E7465726E616C301E170D3235303830343039303533325A170D3236303830343039313533325A301E311C301A0603550403131361707030332E617070732E696E7465726E616C30820122300D06092A864886F70D01010105000382010F003082010A0282010100A7341394B8E5F3069C50C0C138562DDB9F95B9580CFC685EA0F6B474E18E9BF6E4943CBD8968A154B3F73DD7CDA8A1929DD3A9EFE64C329BCE79D021AA7C1A56ADEE3BF14B0667BBD540237CD9954524E617666D0D30622219D27BCA286D681345FE71998FA387F8C3078C781425C297B84E81E2906D01AF19C7098104A8DEA387112632FACFEDCBFC25467E4D586F2B4434CEAA42002199A5B0FF3B03C42B46F5936911705D5D20766E7931047EFB9380305044A9C9AFE6C11AB58F6EAD30EA17787CC3EF702478D65D548FB558D3E80830E5585C0369BB039C68C3E834C509734E00AE3E873DA8DD67714E96158E944E71C94FB8E6CED9B51FE15E1CBC8DF50203010001A38193308190300E0603551D0F0101FF0404030205A030090603551D130402300030130603551D25040C300A06082B06010505070301301E0603551D1104173015821361707030332E617070732E696E7465726E616C301F0603551D230418301680140FB5095AD54D1E5AC13622DDB293712A71942209301D0603551D0E041604140FB5095AD54D1E5AC13622DDB293712A71942209300D06092A864886F70D01010B050003820101004E8868C05B9B3F2A7A05A4455FE373BF6A002EFB3EAF9EA97AEC474D42CB0B2E7F26BB8E5AECD3D31C4A305E647A334B744946A00BDCE21830F6DF4055C51BFE8856FD3259C5D7EF906A68335F0327BFB21C47637F0BD443AC0BCD677F657833AAD87BEC2C5CF5F0D79B0202A8A3E370D7C50EE302273F404673AB72021955880E0F1C741529FF53BB9E2E81D6565773C82A07285C1D90FDDC74BE31CB66628411A5416D2377DF3D46ABDE5817BA651B6F1F0927CD2399F69AC5FA0233BC7043ED0AD4C6EBC9FF29611FC0E5E8E592781974E6B3F44897B9EA3CBE63BEDFC556B76F261498E62DA261758E5C09CC58B30B3A1A5AA1B6AF7F0E3AC93AC4502D26",
            "certificate_data_base64": "MIIDWjCCAkKgAwIBAgIQJeF91lNvSFOkwj1/O9vqmTANBgkqhkiG9w0BAQsFADAeMRwwGgYDVQQDExNhcHAwMy5hcHBzLmludGVybmFsMB4XDTI1MDgwNDA5MDUzMloXDTI2MDgwNDA5MTUzMlowHjEcMBoGA1UEAxMTYXBwMDMuYXBwcy5pbnRlcm5hbDCCASIwDQYJKoZIhvcNAQEBBQADggEPADCCAQoCggEBAKc0E5S45fMGnFDAwThWLduflblYDPxoXqD2tHThjpv25JQ8vYlooVSz9z3Xzaihkp3Tqe/mTDKbznnQIap8Glat7jvxSwZnu9VAI3zZlUUk5hdmbQ0wYiIZ0nvKKG1oE0X+cZmPo4f4wweMeBQlwpe4ToHikG0BrxnHCYEEqN6jhxEmMvrP7cv8JUZ+TVhvK0Q0zqpCACGZpbD/OwPEK0b1k2kRcF1dIHZueTEEfvuTgDBQRKnJr+bBGrWPbq0w6hd4fMPvcCR41l1Uj7VY0+gIMOVYXANpuwOcaMPoNMUJc04Arj6HPajdZ3FOlhWOlE5xyU+45s7ZtR/hXhy8jfUCAwEAAaOBkzCBkDAOBgNVHQ8BAf8EBAMCBaAwCQYDVR0TBAIwADATBgNVHSUEDDAKBggrBgEFBQcDATAeBgNVHREEFzAVghNhcHAwMy5hcHBzLmludGVybmFsMB8GA1UdIwQYMBaAFA+1CVrVTR5awTYi3bKTcSpxlCIJMB0GA1UdDgQWBBQPtQla1U0eWsE2It2yk3EqcZQiCTANBgkqhkiG9w0BAQsFAAOCAQEATohowFubPyp6BaRFX+Nzv2oALvs+r56peuxHTULLCy5/JruOWuzT0xxKMF5kejNLdElGoAvc4hgw9t9AVcUb/ohW/TJZxdfvkGpoM18DJ7+yHEdjfwvUQ6wLzWd/ZXgzqth77Cxc9fDXmwICqKPjcNfFDuMCJz9ARnOrcgIZVYgODxx0FSn/U7ueLoHWVldzyCoHKFwdkP3cdL4xy2ZihBGlQW0jd989RqveWBe6ZRtvHwknzSOZ9prF+gIzvHBD7QrUxuvJ/ylhH8Dl6OWSeBl05rP0SJe56jy+Y77fxVa3byYUmOYtomF1jlwJzFizCzoaWqG2r38OOsk6xFAtJg==",
            "certificate_policy": [
              {
                "issuer_parameters": [
                  {
                    "name": "Self"
                  }
                ],
                "key_properties": [
                  {
                    "curve": "",
                    "exportable": true,
                    "key_size": 2048,
                    "key_type": "RSA",
                    "reuse_key": true
                  }
                ],
                "lifetime_action": [
                  {
                    "action": [
                      {
                        "action_type": "AutoRenew"
                      }
                    ],
                    "trigger": [
                      {
                        "days_before_expiry": 30,
                        "lifetime_percentage": 0
                      }
                    ]
                  }
                ],
                "secret_properties": [
                  {
                    "content_type": "application/x-pkcs12"
                  }
                ],
                "x509_certificate_properties": [
                  {
                    "extended_key_usage": [
                      "1.3.6.1.5.5.7.3.1"
                    ],
                    "key_usage": [
                      "digitalSignature",
                      "keyEncipherment"
                    ],
                    "subject": "CN=app03.apps.internal",
                    "subject_alternative_names": [
                      {
                        "dns_names": [
                          "app03.apps.internal"
                        ],
                        "emails": [],
                        "upns": []
                      }
                    ],
                    "validity_in_months": 12
                  }
                ]
              }
            ],
            "id": "https://kv-appgw-u8b26.vault.azure.net/certificates/app03-apps-internal/8e73b6308ab4478ca17280a9109a1624",
            "key_vault_id": "/subscriptions/dcef7009-6b94-4382-afdc-17eb160d709a/resourceGroups/rg-aca-dns-24/providers/Microsoft.KeyVault/vaults/kv-appgw-u8b26",
            "name": "app03-apps-internal",
            "resource_manager_id": "/subscriptions/dcef7009-6b94-4382-afdc-17eb160d709a/resourceGroups/rg-aca-dns-24/providers/Microsoft.KeyVault/vaults/kv-appgw-u8b26/certificates/app03-apps-internal/versions/8e73b6308ab4478ca17280a9109a1624",
            "resource_manager_versionless_id": "/subscriptions/dcef7009-6b94-4382-afdc-17eb160d709a/resourceGroups/rg-aca-dns-24/providers/Microsoft.KeyVault/vaults/kv-appgw-u8b26/certificates/app03-apps-internal",
            "secret_id": "https://kv-appgw-u8b26.vault.azure.net/secrets/app03-apps-internal/8e73b6308ab4478ca17280a9109a1624",
            "tags": {},
            "thumbprint": "FEC7A3BA2E4279F669B5696A9796437C31BA257A",
            "timeouts": null,
            "version": "8e73b6308ab4478ca17280a9109a1624",
            "versionless_id": "https://kv-appgw-u8b26.vault.azure.net/certificates/app03-apps-internal",
            "versionless_secret_id": "https://kv-appgw-u8b26.vault.azure.net/secrets/app03-apps-internal"
          },
          "sensitive_attributes": [],
          "identity_schema_version": 0,
          "private": "eyJlMmJmYjczMC1lY2FhLTExZTYtOGY4OC0zNDM2M2JjN2M0YzAiOnsiY3JlYXRlIjozNjAwMDAwMDAwMDAwLCJkZWxldGUiOjE4MDAwMDAwMDAwMDAsInJlYWQiOjE4MDAwMDAwMDAwMDAsInVwZGF0ZSI6MTgwMDAwMDAwMDAwMH19",
          "dependencies": [
            "azurerm_key_vault.keyvault",
            "azurerm_resource_group.rg",
            "azurerm_role_assignment.role-certificates-officer",
            "data.azurerm_client_config.current",
            "random_string.random"
          ]
        },
        {
          "index_key": "app04",
          "schema_version": 0,
          "attributes": {
            "certificate": [],
            "certificate_attribute": [
              {
                "created": "2025-08-04T09:15:11Z",
                "enabled": true,
                "expires": "2026-08-04T09:15:11Z",
                "not_before": "2025-08-04T09:05:11Z",
                "recovery_level": "CustomizedRecoverable+Purgeable",
                "updated": "2025-08-04T09:15:11Z"
              }
            ],
            "certificate_data": "3082035A30820242A00302010202100E0DDDFCE548444491EED9D29C996B4F300D06092A864886F70D01010B0500301E311C301A0603550403131361707030342E617070732E696E7465726E616C301E170D3235303830343039303531315A170D3236303830343039313531315A301E311C301A0603550403131361707030342E617070732E696E7465726E616C30820122300D06092A864886F70D01010105000382010F003082010A0282010100CFDF80F6C3FE9813CC7EE10B66E8B259F9A175C0C2C2BA4E7CD590376DE02ADF736B8704B461B15787EE7DD99378FD911DFFC2E1112BA21A9624E326B03812250DAD6D5B757239A9DB533844FF0563B3250E727FC4780F76FEA0B22857E8852771B2F6FF442AC4F7E77E87D0D2C9971E14C3DEB78B11579BB018CD53946DA7147279CA3A620E732F0CE0607FC88021824A7A7D61062292FF1F1C9DA3DF49D5E58039B35A30D3C45604B056A0178B039F7B3D66DEDC3C44F9E9697E1ADC95FB8BE0EF75022B92F09C83BBC3950C6A0F43D2CCF5402FB11427887469F0293143A5D89AC0E09033532143BF7BF92259951D32EA375D880EADABC9331781A34A04C50203010001A38193308190300E0603551D0F0101FF0404030205A030090603551D130402300030130603551D25040C300A06082B06010505070301301E0603551D1104173015821361707030342E617070732E696E7465726E616C301F0603551D23041830168014932CA280A20E271C29A7563C4D54D6916847DC4C301D0603551D0E04160414932CA280A20E271C29A7563C4D54D6916847DC4C300D06092A864886F70D01010B05000382010100C48F58D02667623E63DB7FF69E99D106FAEA8607E8A1EF4A0F6A6AE32674701B1B224CEB7E806CF561D720B5C404A07EBD9E4A461146D8B9937E2A6689B13FED1FF108CC38CA7FE33F1660B8A54B934A9EE3898404B7ECFDAD655969838C8F020B11BE828BFB687266D4901FFFD5E38EA0365B831D2C29A7EE0E3B4C2428403B03C1B24C21785C492A46BD6C2CD6D0268E1B882C9DDE5B341D472C4C7F8DC716393AE9D1A6F9A2488D93B919944A5FE5F0D9CC0B8B30C1BC81836EA96F5ED439029AEC651D0A0D85BDD21E1F623CF29BD46B61626395750448E90A9F4A654131C8253567F28CEA736B5E3FC7B32316D3717314E47821B7C672BBA7D25D248FAE",
            "certificate_data_base64": "MIIDWjCCAkKgAwIBAgIQDg3d/OVIRESR7tnSnJlrTzANBgkqhkiG9w0BAQsFADAeMRwwGgYDVQQDExNhcHAwNC5hcHBzLmludGVybmFsMB4XDTI1MDgwNDA5MDUxMVoXDTI2MDgwNDA5MTUxMVowHjEcMBoGA1UEAxMTYXBwMDQuYXBwcy5pbnRlcm5hbDCCASIwDQYJKoZIhvcNAQEBBQADggEPADCCAQoCggEBAM/fgPbD/pgTzH7hC2bosln5oXXAwsK6TnzVkDdt4Crfc2uHBLRhsVeH7n3Zk3j9kR3/wuERK6IaliTjJrA4EiUNrW1bdXI5qdtTOET/BWOzJQ5yf8R4D3b+oLIoV+iFJ3Gy9v9EKsT3536H0NLJlx4Uw963ixFXm7AYzVOUbacUcnnKOmIOcy8M4GB/yIAhgkp6fWEGIpL/Hxydo99J1eWAObNaMNPEVgSwVqAXiwOfez1m3tw8RPnpaX4a3JX7i+DvdQIrkvCcg7vDlQxqD0PSzPVAL7EUJ4h0afApMUOl2JrA4JAzUyFDv3v5IlmVHTLqN12IDq2ryTMXgaNKBMUCAwEAAaOBkzCBkDAOBgNVHQ8BAf8EBAMCBaAwCQYDVR0TBAIwADATBgNVHSUEDDAKBggrBgEFBQcDATAeBgNVHREEFzAVghNhcHAwNC5hcHBzLmludGVybmFsMB8GA1UdIwQYMBaAFJMsooCiDiccKadWPE1U1pFoR9xMMB0GA1UdDgQWBBSTLKKAog4nHCmnVjxNVNaRaEfcTDANBgkqhkiG9w0BAQsFAAOCAQEAxI9Y0CZnYj5j23/2npnRBvrqhgfooe9KD2pq4yZ0cBsbIkzrfoBs9WHXILXEBKB+vZ5KRhFG2LmTfipmibE/7R/xCMw4yn/jPxZguKVLk0qe44mEBLfs/a1lWWmDjI8CCxG+gov7aHJm1JAf/9XjjqA2W4MdLCmn7g47TCQoQDsDwbJMIXhcSSpGvWws1tAmjhuILJ3eWzQdRyxMf43HFjk66dGm+aJIjZO5GZRKX+Xw2cwLizDBvIGDbqlvXtQ5AprsZR0KDYW90h4fYjzym9RrYWJjlXUESOkKn0plQTHIJTVn8ozqc2teP8ezIxbTcXMU5Hght8Zyu6fSXSSPrg==",
            "certificate_policy": [
              {
                "issuer_parameters": [
                  {
                    "name": "Self"
                  }
                ],
                "key_properties": [
                  {
                    "curve": "",
                    "exportable": true,
                    "key_size": 2048,
                    "key_type": "RSA",
                    "reuse_key": true
                  }
                ],
                "lifetime_action": [
                  {
                    "action": [
                      {
                        "action_type": "AutoRenew"
                      }
                    ],
                    "trigger": [
                      {
                        "days_before_expiry": 30,
                        "lifetime_percentage": 0
                      }
                    ]
                  }
                ],
                "secret_properties": [
                  {
                    "content_type": "application/x-pkcs12"
                  }
                ],
                "x509_certificate_properties": [
                  {
                    "extended_key_usage": [
                      "1.3.6.1.5.5.7.3.1"
                    ],
                    "key_usage": [
                      "digitalSignature",
                      "keyEncipherment"
                    ],
                    "subject": "CN=app04.apps.internal",
                    "subject_alternative_names": [
                      {
                        "dns_names": [
                          "app04.apps.internal"
                        ],
                        "emails": [],
                        "upns": []
                      }
                    ],
                    "validity_in_months": 12
                  }
                ]
              }
            ],
            "id": "https://kv-appgw-u8b26.vault.azure.net/certificates/app04-apps-internal/58f38c27b12742b4b6908edbdd64059b",
            "key_vault_id": "/subscriptions/dcef7009-6b94-4382-afdc-17eb160d709a/resourceGroups/rg-aca-dns-24/providers/Microsoft.KeyVault/vaults/kv-appgw-u8b26",
            "name": "app04-apps-internal",
            "resource_manager_id": "/subscriptions/dcef7009-6b94-4382-afdc-17eb160d709a/resourceGroups/rg-aca-dns-24/providers/Microsoft.KeyVault/vaults/kv-appgw-u8b26/certificates/app04-apps-internal/versions/58f38c27b12742b4b6908edbdd64059b",
            "resource_manager_versionless_id": "/subscriptions/dcef7009-6b94-4382-afdc-17eb160d709a/resourceGroups/rg-aca-dns-24/providers/Microsoft.KeyVault/vaults/kv-appgw-u8b26/certificates/app04-apps-internal",
            "secret_id": "https://kv-appgw-u8b26.vault.azure.net/secrets/app04-apps-internal/58f38c27b12742b4b6908edbdd64059b",
            "tags": {},
            "thumbprint": "80633108537358B34969DE90ED81EF3B89D9B72B",
            "timeouts": null,
            "version": "58f38c27b12742b4b6908edbdd64059b",
            "versionless_id": "https://kv-appgw-u8b26.vault.azure.net/certificates/app04-apps-internal",
            "versionless_secret_id": "https://kv-appgw-u8b26.vault.azure.net/secrets/app04-apps-internal"
          },
          "sensitive_attributes": [],
          "identity_schema_version": 0,
          "private": "eyJlMmJmYjczMC1lY2FhLTExZTYtOGY4OC0zNDM2M2JjN2M0YzAiOnsiY3JlYXRlIjozNjAwMDAwMDAwMDAwLCJkZWxldGUiOjE4MDAwMDAwMDAwMDAsInJlYWQiOjE4MDAwMDAwMDAwMDAsInVwZGF0ZSI6MTgwMDAwMDAwMDAwMH19",
          "dependencies": [
            "azurerm_key_vault.keyvault",
            "azurerm_resource_group.rg",
            "azurerm_role_assignment.role-certificates-officer",
            "data.azurerm_client_config.current",
            "random_string.random"
          ]
        },
        {
          "index_key": "app05",
          "schema_version": 0,
          "attributes": {
            "certificate": [],
            "certificate_attribute": [
              {
                "created": "2025-08-04T09:15:29Z",
                "enabled": true,
                "expires": "2026-08-04T09:15:28Z",
                "not_before": "2025-08-04T09:05:28Z",
                "recovery_level": "CustomizedRecoverable+Purgeable",
                "updated": "2025-08-04T09:15:29Z"
              }
            ],
            "certificate_data": "3082035A30820242A0030201020210112F6AF7F7884C5AA4DEE79B8AC2354E300D06092A864886F70D01010B0500301E311C301A0603550403131361707030352E617070732E696E7465726E616C301E170D3235303830343039303532385A170D3236303830343039313532385A301E311C301A0603550403131361707030352E617070732E696E7465726E616C30820122300D06092A864886F70D01010105000382010F003082010A0282010100BE2A134564301F913659183E1C4056A1005277141F5D0188A8582212981FF2B912BFB3F5B19FE3C8A1B1E5B33E16006CEB5603AB49ED0411EB83040D2C994A77F23621A69BC2F194C242B4801268F8202C4527B9D5BD5C37C55D5776E7223909CEECB8E10FA8EA01822D5EAB88E36ABE380B7C66564A6E9CEC37B45237692C94EA5F7F216E9F7C4CA847F93330F71E231E4488347FB90B8B913BA686A1149E4C93AAC833879865893916B522258671282E58650EB33F34575057B83BB0FE2AC78EC0C62B60F7BD475614E5199E624571201200772489905E8952188FCD5816E18A557B481118310FF45DD9B07CBCB886244C5813C5B86F41E4E9DDC8AE0C90410203010001A38193308190300E0603551D0F0101FF0404030205A030090603551D130402300030130603551D25040C300A06082B06010505070301301E0603551D1104173015821361707030352E617070732E696E7465726E616C301F0603551D23041830168014E4EC05E51EFD5F70591B38C0B9E5B68BDF86E4E6301D0603551D0E04160414E4EC05E51EFD5F70591B38C0B9E5B68BDF86E4E6300D06092A864886F70D01010B05000382010100B66B029BCE3C2A2BCC28CB92CCE028FF549F1733D5C9BAF534F3B546F93E7A9FEF95BCEA6391B72872702D15EDDFD72AD2A05A12A06854971EBC2BDBA7A4AD6E1816A82954D62B59906BAA53E7B26A206C363CD0BCE7EADE8675DE1F00BCFBEF59622D39025160DA1FDE68172698E10C549B66E9B1A7A250EC0AFDB2B587C28A592D7A16C718980314E3BD81A58C94A3356A14B561C3C9030AAA5AE93F982A89854B74AD5FB0B1FD93ADAA9BE645CAF4917EDFF6DB841950E4CB4C4404171035DADDEBFC7CABCFA8A9CCEAEAE1C81254F761486DA0D8521CA1B3A0E105778D4C5C97B9AEA697977741D47D7D10759B618537BE1F69C050299020F40F52B0C40F",
            "certificate_data_base64": "MIIDWjCCAkKgAwIBAgIQES9q9/eITFqk3uebisI1TjANBgkqhkiG9w0BAQsFADAeMRwwGgYDVQQDExNhcHAwNS5hcHBzLmludGVybmFsMB4XDTI1MDgwNDA5MDUyOFoXDTI2MDgwNDA5MTUyOFowHjEcMBoGA1UEAxMTYXBwMDUuYXBwcy5pbnRlcm5hbDCCASIwDQYJKoZIhvcNAQEBBQADggEPADCCAQoCggEBAL4qE0VkMB+RNlkYPhxAVqEAUncUH10BiKhYIhKYH/K5Er+z9bGf48ihseWzPhYAbOtWA6tJ7QQR64MEDSyZSnfyNiGmm8LxlMJCtIASaPggLEUnudW9XDfFXVd25yI5Cc7suOEPqOoBgi1eq4jjar44C3xmVkpunOw3tFI3aSyU6l9/IW6ffEyoR/kzMPceIx5EiDR/uQuLkTumhqEUnkyTqsgzh5hliTkWtSIlhnEoLlhlDrM/NFdQV7g7sP4qx47Axitg971HVhTlGZ5iRXEgEgB3JImQXolSGI/NWBbhilV7SBEYMQ/0XdmwfLy4hiRMWBPFuG9B5OndyK4MkEECAwEAAaOBkzCBkDAOBgNVHQ8BAf8EBAMCBaAwCQYDVR0TBAIwADATBgNVHSUEDDAKBggrBgEFBQcDATAeBgNVHREEFzAVghNhcHAwNS5hcHBzLmludGVybmFsMB8GA1UdIwQYMBaAFOTsBeUe/V9wWRs4wLnltovfhuTmMB0GA1UdDgQWBBTk7AXlHv1fcFkbOMC55baL34bk5jANBgkqhkiG9w0BAQsFAAOCAQEAtmsCm848KivMKMuSzOAo/1SfFzPVybr1NPO1Rvk+ep/vlbzqY5G3KHJwLRXt39cq0qBaEqBoVJcevCvbp6StbhgWqClU1itZkGuqU+eyaiBsNjzQvOfq3oZ13h8AvPvvWWItOQJRYNof3mgXJpjhDFSbZumxp6JQ7Ar9srWHwopZLXoWxxiYAxTjvYGljJSjNWoUtWHDyQMKqlrpP5gqiYVLdK1fsLH9k62qm+ZFyvSRft/224QZUOTLTEQEFxA12t3r/Hyrz6ipzOrq4cgSVPdhSG2g2FIcobOg4QV3jUxcl7muppeXd0HUfX0QdZthhTe+H2nAUCmQIPQPUrDEDw==",
            "certificate_policy": [
              {
                "issuer_parameters": [
                  {
                    "name": "Self"
                  }
                ],
                "key_properties": [
                  {
                    "curve": "",
                    "exportable": true,
                    "key_size": 2048,
                    "key_type": "RSA",
                    "reuse_key": true
                  }
                ],
                "lifetime_action": [
                  {
                    "action": [
                      {
                        "action_type": "AutoRenew"
                      }
                    ],
                    "trigger": [
                      {
                        "days_before_expiry": 30,
                        "lifetime_percentage": 0
                      }
                    ]
                  }
                ],
                "secret_properties": [
                  {
                    "content_type": "application/x-pkcs12"
                  }
                ],
                "x509_certificate_properties": [
                  {
                    "extended_key_usage": [
                      "1.3.6.1.5.5.7.3.1"
                    ],
                    "key_usage": [
                      "digitalSignature",
                      "keyEncipherment"
                    ],
                    "subject": "CN=app05.apps.internal",
                    "subject_alternative_names": [
                      {
                        "dns_names": [
                          "app05.apps.internal"
                        ],
                        "emails": [],
                        "upns": []
                      }
                    ],
                    "validity_in_months": 12
                  }
                ]
              }
            ],
            "id": "https://kv-appgw-u8b26.vault.azure.net/certificates/app05-apps-internal/0a93703c58ef42aea0fe11bf8a0c2c76",
            "key_vault_id": "/subscriptions/dcef7009-6b94-4382-afdc-17eb160d709a/resourceGroups/rg-aca-dns-24/providers/Microsoft.KeyVault/vaults/kv-appgw-u8b26",
            "name": "app05-apps-internal",
            "resource_manager_id": "/subscriptions/dcef7009-6b94-4382-afdc-17eb160d709a/resourceGroups/rg-aca-dns-24/providers/Microsoft.KeyVault/vaults/kv-appgw-u8b26/certificates/app05-apps-internal/versions/0a93703c58ef42aea0fe11bf8a0c2c76",
            "resource_manager_versionless_id": "/subscriptions/dcef7009-6b94-4382-afdc-17eb160d709a/resourceGroups/rg-aca-dns-24/providers/Microsoft.KeyVault/vaults/kv-appgw-u8b26/certificates/app05-apps-internal",
            "secret_id": "https://kv-appgw-u8b26.vault.azure.net/secrets/app05-apps-internal/0a93703c58ef42aea0fe11bf8a0c2c76",
            "tags": {},
            "thumbprint": "6642B99A496328D9C5B4F2491B2792B5E973AA26",
            "timeouts": null,
            "version": "0a93703c58ef42aea0fe11bf8a0c2c76",
            "versionless_id": "https://kv-appgw-u8b26.vault.azure.net/certificates/app05-apps-internal",
            "versionless_secret_id": "https://kv-appgw-u8b26.vault.azure.net/secrets/app05-apps-internal"
          },
          "sensitive_attributes": [],
          "identity_schema_version": 0,
          "private": "eyJlMmJmYjczMC1lY2FhLTExZTYtOGY4OC0zNDM2M2JjN2M0YzAiOnsiY3JlYXRlIjozNjAwMDAwMDAwMDAwLCJkZWxldGUiOjE4MDAwMDAwMDAwMDAsInJlYWQiOjE4MDAwMDAwMDAwMDAsInVwZGF0ZSI6MTgwMDAwMDAwMDAwMH19",
          "dependencies": [
            "azurerm_key_vault.keyvault",
            "azurerm_resource_group.rg",
            "azurerm_role_assignment.role-certificates-officer",
            "data.azurerm_client_config.current",
            "random_string.random"
          ]
        },
        {
          "index_key": "app06",
          "schema_version": 0,
          "attributes": {
            "certificate": [],
            "certificate_attribute": [
              {
                "created": "2025-08-04T09:15:11Z",
                "enabled": true,
                "expires": "2026-08-04T09:15:10Z",
                "not_before": "2025-08-04T09:05:10Z",
                "recovery_level": "CustomizedRecoverable+Purgeable",
                "updated": "2025-08-04T09:15:11Z"
              }
            ],
            "certificate_data": "3082035A30820242A00302010202105E61C178DF234A7F8577DA34341AFFFF300D06092A864886F70D01010B0500301E311C301A0603550403131361707030362E617070732E696E7465726E616C301E170D3235303830343039303531305A170D3236303830343039313531305A301E311C301A0603550403131361707030362E617070732E696E7465726E616C30820122300D06092A864886F70D01010105000382010F003082010A0282010100E671A35FEBCB867C3927ECCC50CEEF3F4DED5642F073F4F93BAF9EA9ACFDAAF138E76DE70A04DBF72D3F47E96B672B3EFB55F222E3D0485E908393E082220B54EABE7FD76969089F9232B62767190956B303A64E23D3FB3C8164128B90DC307F48F5581168FA5585FF824CB57162D668EA64A68108C94AE1DCE6C2F8C95445B7F7A3BF20A449D7882D59AFD1433FF6506C60F35705B7BD7D445C491E6EFCDCFE507F687A278E76DB506A9BF528CDB282B1BDD8BF91F96A419283AC1A7A80DEAD2FCF20DAA144248E0E9BFDB9181B47C2689FFC97CAC9EF3BFFF5CE9EC56C7E210AAEB8FEC14201CB79A99BEADA27FF5D6EFD52E89F1AAF4FBBAC61A3602847D90203010001A38193308190300E0603551D0F0101FF0404030205A030090603551D130402300030130603551D25040C300A06082B06010505070301301E0603551D1104173015821361707030362E617070732E696E7465726E616C301F0603551D23041830168014A4A439C5AD9EDEFBCAF95E570209294284A16A77301D0603551D0E04160414A4A439C5AD9EDEFBCAF95E570209294284A16A77300D06092A864886F70D01010B05000382010100E4387EB181C960B4A30F7A8A1DF8F74C5EFF998BF4CE36D05FFCC8409E8FF4B98E5F1305B41162C19EF90DB2B1930DC95A5206DCEA34546CC4F4F3A390532C308EF1ACCB8D8972D85406FC4D839935C0BE4C9520F22F21CA6B71E715290CDD67B7C07B19E2D9420B7CE03A65B0D71FD27626CC7B340AF6C95A65B9E6FB9F607DCDBB3159446A60768298B295E9E0B8901954CE602E7175BAD5A4EA65DC7CEFD5767777C6C98ACFE0B66AD6E4224DFBF7F2DC9033F1CE2785DB1DF765D4F1F83CDA1AA8B17D2FC6A6FF3C58AA162FF993EA412B445DA938BB1D6F0784079953076C1A1FB962BC99250095BF98C1D39E1F6D645CF0B47505B7174C9B1007C35125",
            "certificate_data_base64": "MIIDWjCCAkKgAwIBAgIQXmHBeN8jSn+Fd9o0NBr//zANBgkqhkiG9w0BAQsFADAeMRwwGgYDVQQDExNhcHAwNi5hcHBzLmludGVybmFsMB4XDTI1MDgwNDA5MDUxMFoXDTI2MDgwNDA5MTUxMFowHjEcMBoGA1UEAxMTYXBwMDYuYXBwcy5pbnRlcm5hbDCCASIwDQYJKoZIhvcNAQEBBQADggEPADCCAQoCggEBAOZxo1/ry4Z8OSfszFDO7z9N7VZC8HP0+Tuvnqms/arxOOdt5woE2/ctP0fpa2crPvtV8iLj0EhekIOT4IIiC1Tqvn/XaWkIn5IytidnGQlWswOmTiPT+zyBZBKLkNwwf0j1WBFo+lWF/4JMtXFi1mjqZKaBCMlK4dzmwvjJVEW396O/IKRJ14gtWa/RQz/2UGxg81cFt719RFxJHm783P5Qf2h6J45221Bqm/UozbKCsb3Yv5H5akGSg6waeoDerS/PINqhRCSODpv9uRgbR8Jon/yXysnvO//1zp7FbH4hCq64/sFCAct5qZvq2if/XW79UuifGq9Pu6xho2AoR9kCAwEAAaOBkzCBkDAOBgNVHQ8BAf8EBAMCBaAwCQYDVR0TBAIwADATBgNVHSUEDDAKBggrBgEFBQcDATAeBgNVHREEFzAVghNhcHAwNi5hcHBzLmludGVybmFsMB8GA1UdIwQYMBaAFKSkOcWtnt77yvleVwIJKUKEoWp3MB0GA1UdDgQWBBSkpDnFrZ7e+8r5XlcCCSlChKFqdzANBgkqhkiG9w0BAQsFAAOCAQEA5Dh+sYHJYLSjD3qKHfj3TF7/mYv0zjbQX/zIQJ6P9LmOXxMFtBFiwZ75DbKxkw3JWlIG3Oo0VGzE9POjkFMsMI7xrMuNiXLYVAb8TYOZNcC+TJUg8i8hymtx5xUpDN1nt8B7GeLZQgt84DplsNcf0nYmzHs0CvbJWmW55vufYH3NuzFZRGpgdoKYspXp4LiQGVTOYC5xdbrVpOpl3Hzv1XZ3d8bJis/gtmrW5CJN+/fy3JAz8c4nhdsd92XU8fg82hqosX0vxqb/PFiqFi/5k+pBK0RdqTi7HW8HhAeZUwdsGh+5YryZJQCVv5jB054fbWRc8LR1BbcXTJsQB8NRJQ==",
            "certificate_policy": [
              {
                "issuer_parameters": [
                  {
                    "name": "Self"
                  }
                ],
                "key_properties": [
                  {
                    "curve": "",
                    "exportable": true,
                    "key_size": 2048,
                    "key_type": "RSA",
                    "reuse_key": true
                  }
                ],
                "lifetime_action": [
                  {
                    "action": [
                      {
                        "action_type": "AutoRenew"
                      }
                    ],
                    "trigger": [
                      {
                        "days_before_expiry": 30,
                        "lifetime_percentage": 0
                      }
                    ]
                  }
                ],
                "secret_properties": [
                  {
                    "content_type": "application/x-pkcs12"
                  }
                ],
                "x509_certificate_properties": [
                  {
                    "extended_key_usage": [
                      "1.3.6.1.5.5.7.3.1"
                    ],
                    "key_usage": [
                      "digitalSignature",
                      "keyEncipherment"
                    ],
                    "subject": "CN=app06.apps.internal",
                    "subject_alternative_names": [
                      {
                        "dns_names": [
                          "app06.apps.internal"
                        ],
                        "emails": [],
                        "upns": []
                      }
                    ],
                    "validity_in_months": 12
                  }
                ]
              }
            ],
            "id": "https://kv-appgw-u8b26.vault.azure.net/certificates/app06-apps-internal/c59737db09974331a49de8e3dce71799",
            "key_vault_id": "/subscriptions/dcef7009-6b94-4382-afdc-17eb160d709a/resourceGroups/rg-aca-dns-24/providers/Microsoft.KeyVault/vaults/kv-appgw-u8b26",
            "name": "app06-apps-internal",
            "resource_manager_id": "/subscriptions/dcef7009-6b94-4382-afdc-17eb160d709a/resourceGroups/rg-aca-dns-24/providers/Microsoft.KeyVault/vaults/kv-appgw-u8b26/certificates/app06-apps-internal/versions/c59737db09974331a49de8e3dce71799",
            "resource_manager_versionless_id": "/subscriptions/dcef7009-6b94-4382-afdc-17eb160d709a/resourceGroups/rg-aca-dns-24/providers/Microsoft.KeyVault/vaults/kv-appgw-u8b26/certificates/app06-apps-internal",
            "secret_id": "https://kv-appgw-u8b26.vault.azure.net/secrets/app06-apps-internal/c59737db09974331a49de8e3dce71799",
            "tags": {},
            "thumbprint": "DAEF54FACCD21AD700F4CDBEF9656C1A18F667A3",
            "timeouts": null,
            "version": "c59737db09974331a49de8e3dce71799",
            "versionless_id": "https://kv-appgw-u8b26.vault.azure.net/certificates/app06-apps-internal",
            "versionless_secret_id": "https://kv-appgw-u8b26.vault.azure.net/secrets/app06-apps-internal"
          },
          "sensitive_attributes": [],
          "identity_schema_version": 0,
          "private": "eyJlMmJmYjczMC1lY2FhLTExZTYtOGY4OC0zNDM2M2JjN2M0YzAiOnsiY3JlYXRlIjozNjAwMDAwMDAwMDAwLCJkZWxldGUiOjE4MDAwMDAwMDAwMDAsInJlYWQiOjE4MDAwMDAwMDAwMDAsInVwZGF0ZSI6MTgwMDAwMDAwMDAwMH19",
          "dependencies": [
            "azurerm_key_vault.keyvault",
            "azurerm_resource_group.rg",
            "azurerm_role_assignment.role-certificates-officer",
            "data.azurerm_client_config.current",
            "random_string.random"
          ]
        }
      ]
    },
    {
      "mode": "managed",
      "type": "azurerm_network_interface",
      "name": "nic-vm-windows",
      "provider": "provider[\"registry.terraform.io/hashicorp/azurerm\"]",
      "instances": [
        {
          "schema_version": 0,
          "attributes": {
            "accelerated_networking_enabled": false,
            "applied_dns_servers": [],
            "auxiliary_mode": "",
            "auxiliary_sku": "",
            "dns_servers": [],
            "edge_zone": "",
            "id": "/subscriptions/dcef7009-6b94-4382-afdc-17eb160d709a/resourceGroups/rg-aca-dns-24/providers/Microsoft.Network/networkInterfaces/nic-vm-windows",
            "internal_dns_name_label": "",
            "internal_domain_name_suffix": "2yg5ugzcu3nefcebuueok45p2b.gvxx.internal.cloudapp.net",
            "ip_configuration": [
              {
                "gateway_load_balancer_frontend_ip_configuration_id": "",
                "name": "internal",
                "primary": true,
                "private_ip_address": "10.0.251.4",
                "private_ip_address_allocation": "Dynamic",
                "private_ip_address_version": "IPv4",
                "public_ip_address_id": "",
                "subnet_id": "/subscriptions/dcef7009-6b94-4382-afdc-17eb160d709a/resourceGroups/rg-aca-dns-24/providers/Microsoft.Network/virtualNetworks/vnet-internal/subnets/snet-jumpbox"
              }
            ],
            "ip_forwarding_enabled": false,
            "location": "swedencentral",
            "mac_address": "7C-1E-52-40-3D-4A",
            "name": "nic-vm-windows",
            "private_ip_address": "10.0.251.4",
            "private_ip_addresses": [
              "10.0.251.4"
            ],
            "resource_group_name": "rg-aca-dns-24",
            "tags": {},
            "timeouts": null,
            "virtual_machine_id": "/subscriptions/dcef7009-6b94-4382-afdc-17eb160d709a/resourceGroups/rg-aca-dns-24/providers/Microsoft.Compute/virtualMachines/vm-windows-w11"
          },
          "sensitive_attributes": [],
          "identity_schema_version": 0,
          "identity": {
            "name": "nic-vm-windows",
            "resource_group_name": "rg-aca-dns-24",
            "subscription_id": "dcef7009-6b94-4382-afdc-17eb160d709a"
          },
          "private": "eyJlMmJmYjczMC1lY2FhLTExZTYtOGY4OC0zNDM2M2JjN2M0YzAiOnsiY3JlYXRlIjoxODAwMDAwMDAwMDAwLCJkZWxldGUiOjE4MDAwMDAwMDAwMDAsInJlYWQiOjMwMDAwMDAwMDAwMCwidXBkYXRlIjoxODAwMDAwMDAwMDAwfX0=",
          "dependencies": [
            "azurerm_resource_group.rg",
            "azurerm_subnet.snet-jumpbox",
            "azurerm_virtual_network.vnet"
          ]
        }
      ]
    },
    {
      "mode": "managed",
      "type": "azurerm_private_dns_a_record",
      "name": "a-record-app",
      "provider": "provider[\"registry.terraform.io/hashicorp/azurerm\"]",
      "instances": [
        {
          "index_key": "app01",
          "schema_version": 0,
          "attributes": {
            "fqdn": "app01.apps.internal.",
            "id": "/subscriptions/dcef7009-6b94-4382-afdc-17eb160d709a/resourceGroups/rg-aca-dns-24/providers/Microsoft.Network/privateDnsZones/apps.internal/A/app01",
            "name": "app01",
            "records": [
              "10.0.0.10"
            ],
            "resource_group_name": "rg-aca-dns-24",
            "tags": {},
            "timeouts": null,
            "ttl": 300,
            "zone_name": "apps.internal"
          },
          "sensitive_attributes": [],
          "identity_schema_version": 0,
          "private": "eyJlMmJmYjczMC1lY2FhLTExZTYtOGY4OC0zNDM2M2JjN2M0YzAiOnsiY3JlYXRlIjoxODAwMDAwMDAwMDAwLCJkZWxldGUiOjE4MDAwMDAwMDAwMDAsInJlYWQiOjMwMDAwMDAwMDAwMCwidXBkYXRlIjoxODAwMDAwMDAwMDAwfX0=",
          "dependencies": [
            "azurerm_private_dns_zone.private-dns-zone-apps",
            "azurerm_resource_group.rg"
          ]
        },
        {
          "index_key": "app02",
          "schema_version": 0,
          "attributes": {
            "fqdn": "app02.apps.internal.",
            "id": "/subscriptions/dcef7009-6b94-4382-afdc-17eb160d709a/resourceGroups/rg-aca-dns-24/providers/Microsoft.Network/privateDnsZones/apps.internal/A/app02",
            "name": "app02",
            "records": [
              "10.0.0.10"
            ],
            "resource_group_name": "rg-aca-dns-24",
            "tags": {},
            "timeouts": null,
            "ttl": 300,
            "zone_name": "apps.internal"
          },
          "sensitive_attributes": [],
          "identity_schema_version": 0,
          "private": "eyJlMmJmYjczMC1lY2FhLTExZTYtOGY4OC0zNDM2M2JjN2M0YzAiOnsiY3JlYXRlIjoxODAwMDAwMDAwMDAwLCJkZWxldGUiOjE4MDAwMDAwMDAwMDAsInJlYWQiOjMwMDAwMDAwMDAwMCwidXBkYXRlIjoxODAwMDAwMDAwMDAwfX0=",
          "dependencies": [
            "azurerm_private_dns_zone.private-dns-zone-apps",
            "azurerm_resource_group.rg"
          ]
        },
        {
          "index_key": "app03",
          "schema_version": 0,
          "attributes": {
            "fqdn": "app03.apps.internal.",
            "id": "/subscriptions/dcef7009-6b94-4382-afdc-17eb160d709a/resourceGroups/rg-aca-dns-24/providers/Microsoft.Network/privateDnsZones/apps.internal/A/app03",
            "name": "app03",
            "records": [
              "10.0.0.10"
            ],
            "resource_group_name": "rg-aca-dns-24",
            "tags": {},
            "timeouts": null,
            "ttl": 300,
            "zone_name": "apps.internal"
          },
          "sensitive_attributes": [],
          "identity_schema_version": 0,
          "private": "eyJlMmJmYjczMC1lY2FhLTExZTYtOGY4OC0zNDM2M2JjN2M0YzAiOnsiY3JlYXRlIjoxODAwMDAwMDAwMDAwLCJkZWxldGUiOjE4MDAwMDAwMDAwMDAsInJlYWQiOjMwMDAwMDAwMDAwMCwidXBkYXRlIjoxODAwMDAwMDAwMDAwfX0=",
          "dependencies": [
            "azurerm_private_dns_zone.private-dns-zone-apps",
            "azurerm_resource_group.rg"
          ]
        },
        {
          "index_key": "app04",
          "schema_version": 0,
          "attributes": {
            "fqdn": "app04.apps.internal.",
            "id": "/subscriptions/dcef7009-6b94-4382-afdc-17eb160d709a/resourceGroups/rg-aca-dns-24/providers/Microsoft.Network/privateDnsZones/apps.internal/A/app04",
            "name": "app04",
            "records": [
              "10.0.0.10"
            ],
            "resource_group_name": "rg-aca-dns-24",
            "tags": {},
            "timeouts": null,
            "ttl": 300,
            "zone_name": "apps.internal"
          },
          "sensitive_attributes": [],
          "identity_schema_version": 0,
          "private": "eyJlMmJmYjczMC1lY2FhLTExZTYtOGY4OC0zNDM2M2JjN2M0YzAiOnsiY3JlYXRlIjoxODAwMDAwMDAwMDAwLCJkZWxldGUiOjE4MDAwMDAwMDAwMDAsInJlYWQiOjMwMDAwMDAwMDAwMCwidXBkYXRlIjoxODAwMDAwMDAwMDAwfX0=",
          "dependencies": [
            "azurerm_private_dns_zone.private-dns-zone-apps",
            "azurerm_resource_group.rg"
          ]
        },
        {
          "index_key": "app05",
          "schema_version": 0,
          "attributes": {
            "fqdn": "app05.apps.internal.",
            "id": "/subscriptions/dcef7009-6b94-4382-afdc-17eb160d709a/resourceGroups/rg-aca-dns-24/providers/Microsoft.Network/privateDnsZones/apps.internal/A/app05",
            "name": "app05",
            "records": [
              "10.0.0.10"
            ],
            "resource_group_name": "rg-aca-dns-24",
            "tags": {},
            "timeouts": null,
            "ttl": 300,
            "zone_name": "apps.internal"
          },
          "sensitive_attributes": [],
          "identity_schema_version": 0,
          "private": "eyJlMmJmYjczMC1lY2FhLTExZTYtOGY4OC0zNDM2M2JjN2M0YzAiOnsiY3JlYXRlIjoxODAwMDAwMDAwMDAwLCJkZWxldGUiOjE4MDAwMDAwMDAwMDAsInJlYWQiOjMwMDAwMDAwMDAwMCwidXBkYXRlIjoxODAwMDAwMDAwMDAwfX0=",
          "dependencies": [
            "azurerm_private_dns_zone.private-dns-zone-apps",
            "azurerm_resource_group.rg"
          ]
        },
        {
          "index_key": "app06",
          "schema_version": 0,
          "attributes": {
            "fqdn": "app06.apps.internal.",
            "id": "/subscriptions/dcef7009-6b94-4382-afdc-17eb160d709a/resourceGroups/rg-aca-dns-24/providers/Microsoft.Network/privateDnsZones/apps.internal/A/app06",
            "name": "app06",
            "records": [
              "10.0.0.10"
            ],
            "resource_group_name": "rg-aca-dns-24",
            "tags": {},
            "timeouts": null,
            "ttl": 300,
            "zone_name": "apps.internal"
          },
          "sensitive_attributes": [],
          "identity_schema_version": 0,
          "private": "eyJlMmJmYjczMC1lY2FhLTExZTYtOGY4OC0zNDM2M2JjN2M0YzAiOnsiY3JlYXRlIjoxODAwMDAwMDAwMDAwLCJkZWxldGUiOjE4MDAwMDAwMDAwMDAsInJlYWQiOjMwMDAwMDAwMDAwMCwidXBkYXRlIjoxODAwMDAwMDAwMDAwfX0=",
          "dependencies": [
            "azurerm_private_dns_zone.private-dns-zone-apps",
            "azurerm_resource_group.rg"
          ]
        }
      ]
    },
    {
      "mode": "managed",
      "type": "azurerm_private_dns_a_record",
      "name": "a-record-wild-card",
      "provider": "provider[\"registry.terraform.io/hashicorp/azurerm\"]",
      "instances": [
        {
          "index_key": "app01",
          "schema_version": 0,
          "attributes": {
            "fqdn": "*.agreeablebush-62315513.swedencentral.azurecontainerapps.io.",
            "id": "/subscriptions/dcef7009-6b94-4382-afdc-17eb160d709a/resourceGroups/rg-aca-dns-24/providers/Microsoft.Network/privateDnsZones/swedencentral.azurecontainerapps.io/A/*.agreeablebush-62315513",
            "name": "*.agreeablebush-62315513",
            "records": [
              "10.0.1.141"
            ],
            "resource_group_name": "rg-aca-dns-24",
            "tags": {},
            "timeouts": null,
            "ttl": 300,
            "zone_name": "swedencentral.azurecontainerapps.io"
          },
          "sensitive_attributes": [],
          "identity_schema_version": 0,
          "private": "eyJlMmJmYjczMC1lY2FhLTExZTYtOGY4OC0zNDM2M2JjN2M0YzAiOnsiY3JlYXRlIjoxODAwMDAwMDAwMDAwLCJkZWxldGUiOjE4MDAwMDAwMDAwMDAsInJlYWQiOjMwMDAwMDAwMDAwMCwidXBkYXRlIjoxODAwMDAwMDAwMDAwfX0=",
          "dependencies": [
            "azurerm_container_app_environment.env",
            "azurerm_private_dns_zone.private-dns-zone-aca",
            "azurerm_resource_group.rg",
            "azurerm_subnet.snet-aca",
            "azurerm_virtual_network.vnet"
          ]
        },
        {
          "index_key": "app02",
          "schema_version": 0,
          "attributes": {
            "fqdn": "*.bravedune-9bec4906.swedencentral.azurecontainerapps.io.",
            "id": "/subscriptions/dcef7009-6b94-4382-afdc-17eb160d709a/resourceGroups/rg-aca-dns-24/providers/Microsoft.Network/privateDnsZones/swedencentral.azurecontainerapps.io/A/*.bravedune-9bec4906",
            "name": "*.bravedune-9bec4906",
            "records": [
              "10.0.2.154"
            ],
            "resource_group_name": "rg-aca-dns-24",
            "tags": {},
            "timeouts": null,
            "ttl": 300,
            "zone_name": "swedencentral.azurecontainerapps.io"
          },
          "sensitive_attributes": [],
          "identity_schema_version": 0,
          "private": "eyJlMmJmYjczMC1lY2FhLTExZTYtOGY4OC0zNDM2M2JjN2M0YzAiOnsiY3JlYXRlIjoxODAwMDAwMDAwMDAwLCJkZWxldGUiOjE4MDAwMDAwMDAwMDAsInJlYWQiOjMwMDAwMDAwMDAwMCwidXBkYXRlIjoxODAwMDAwMDAwMDAwfX0=",
          "dependencies": [
            "azurerm_container_app_environment.env",
            "azurerm_private_dns_zone.private-dns-zone-aca",
            "azurerm_resource_group.rg",
            "azurerm_subnet.snet-aca",
            "azurerm_virtual_network.vnet"
          ]
        },
        {
          "index_key": "app03",
          "schema_version": 0,
          "attributes": {
            "fqdn": "*.whiteforest-af6e3688.swedencentral.azurecontainerapps.io.",
            "id": "/subscriptions/dcef7009-6b94-4382-afdc-17eb160d709a/resourceGroups/rg-aca-dns-24/providers/Microsoft.Network/privateDnsZones/swedencentral.azurecontainerapps.io/A/*.whiteforest-af6e3688",
            "name": "*.whiteforest-af6e3688",
            "records": [
              "10.0.3.105"
            ],
            "resource_group_name": "rg-aca-dns-24",
            "tags": {},
            "timeouts": null,
            "ttl": 300,
            "zone_name": "swedencentral.azurecontainerapps.io"
          },
          "sensitive_attributes": [],
          "identity_schema_version": 0,
          "private": "eyJlMmJmYjczMC1lY2FhLTExZTYtOGY4OC0zNDM2M2JjN2M0YzAiOnsiY3JlYXRlIjoxODAwMDAwMDAwMDAwLCJkZWxldGUiOjE4MDAwMDAwMDAwMDAsInJlYWQiOjMwMDAwMDAwMDAwMCwidXBkYXRlIjoxODAwMDAwMDAwMDAwfX0=",
          "dependencies": [
            "azurerm_container_app_environment.env",
            "azurerm_private_dns_zone.private-dns-zone-aca",
            "azurerm_resource_group.rg",
            "azurerm_subnet.snet-aca",
            "azurerm_virtual_network.vnet"
          ]
        },
        {
          "index_key": "app04",
          "schema_version": 0,
          "attributes": {
            "fqdn": "*.whitemoss-8cd86d1f.swedencentral.azurecontainerapps.io.",
            "id": "/subscriptions/dcef7009-6b94-4382-afdc-17eb160d709a/resourceGroups/rg-aca-dns-24/providers/Microsoft.Network/privateDnsZones/swedencentral.azurecontainerapps.io/A/*.whitemoss-8cd86d1f",
            "name": "*.whitemoss-8cd86d1f",
            "records": [
              "10.0.4.179"
            ],
            "resource_group_name": "rg-aca-dns-24",
            "tags": {},
            "timeouts": null,
            "ttl": 300,
            "zone_name": "swedencentral.azurecontainerapps.io"
          },
          "sensitive_attributes": [],
          "identity_schema_version": 0,
          "private": "eyJlMmJmYjczMC1lY2FhLTExZTYtOGY4OC0zNDM2M2JjN2M0YzAiOnsiY3JlYXRlIjoxODAwMDAwMDAwMDAwLCJkZWxldGUiOjE4MDAwMDAwMDAwMDAsInJlYWQiOjMwMDAwMDAwMDAwMCwidXBkYXRlIjoxODAwMDAwMDAwMDAwfX0=",
          "dependencies": [
            "azurerm_container_app_environment.env",
            "azurerm_private_dns_zone.private-dns-zone-aca",
            "azurerm_resource_group.rg",
            "azurerm_subnet.snet-aca",
            "azurerm_virtual_network.vnet"
          ]
        },
        {
          "index_key": "app05",
          "schema_version": 0,
          "attributes": {
            "fqdn": "*.politeforest-9a7fb338.swedencentral.azurecontainerapps.io.",
            "id": "/subscriptions/dcef7009-6b94-4382-afdc-17eb160d709a/resourceGroups/rg-aca-dns-24/providers/Microsoft.Network/privateDnsZones/swedencentral.azurecontainerapps.io/A/*.politeforest-9a7fb338",
            "name": "*.politeforest-9a7fb338",
            "records": [
              "10.0.5.148"
            ],
            "resource_group_name": "rg-aca-dns-24",
            "tags": {},
            "timeouts": null,
            "ttl": 300,
            "zone_name": "swedencentral.azurecontainerapps.io"
          },
          "sensitive_attributes": [],
          "identity_schema_version": 0,
          "private": "eyJlMmJmYjczMC1lY2FhLTExZTYtOGY4OC0zNDM2M2JjN2M0YzAiOnsiY3JlYXRlIjoxODAwMDAwMDAwMDAwLCJkZWxldGUiOjE4MDAwMDAwMDAwMDAsInJlYWQiOjMwMDAwMDAwMDAwMCwidXBkYXRlIjoxODAwMDAwMDAwMDAwfX0=",
          "dependencies": [
            "azurerm_container_app_environment.env",
            "azurerm_private_dns_zone.private-dns-zone-aca",
            "azurerm_resource_group.rg",
            "azurerm_subnet.snet-aca",
            "azurerm_virtual_network.vnet"
          ]
        },
        {
          "index_key": "app06",
          "schema_version": 0,
          "attributes": {
            "fqdn": "*.bravebush-70d00ca1.swedencentral.azurecontainerapps.io.",
            "id": "/subscriptions/dcef7009-6b94-4382-afdc-17eb160d709a/resourceGroups/rg-aca-dns-24/providers/Microsoft.Network/privateDnsZones/swedencentral.azurecontainerapps.io/A/*.bravebush-70d00ca1",
            "name": "*.bravebush-70d00ca1",
            "records": [
              "10.0.6.199"
            ],
            "resource_group_name": "rg-aca-dns-24",
            "tags": {},
            "timeouts": null,
            "ttl": 300,
            "zone_name": "swedencentral.azurecontainerapps.io"
          },
          "sensitive_attributes": [],
          "identity_schema_version": 0,
          "private": "eyJlMmJmYjczMC1lY2FhLTExZTYtOGY4OC0zNDM2M2JjN2M0YzAiOnsiY3JlYXRlIjoxODAwMDAwMDAwMDAwLCJkZWxldGUiOjE4MDAwMDAwMDAwMDAsInJlYWQiOjMwMDAwMDAwMDAwMCwidXBkYXRlIjoxODAwMDAwMDAwMDAwfX0=",
          "dependencies": [
            "azurerm_container_app_environment.env",
            "azurerm_private_dns_zone.private-dns-zone-aca",
            "azurerm_resource_group.rg",
            "azurerm_subnet.snet-aca",
            "azurerm_virtual_network.vnet"
          ]
        }
      ]
    },
    {
      "mode": "managed",
      "type": "azurerm_private_dns_zone",
      "name": "private-dns-zone-aca",
      "provider": "provider[\"registry.terraform.io/hashicorp/azurerm\"]",
      "instances": [
        {
          "schema_version": 0,
          "attributes": {
            "id": "/subscriptions/dcef7009-6b94-4382-afdc-17eb160d709a/resourceGroups/rg-aca-dns-24/providers/Microsoft.Network/privateDnsZones/swedencentral.azurecontainerapps.io",
            "max_number_of_record_sets": 25000,
            "max_number_of_virtual_network_links": 1000,
            "max_number_of_virtual_network_links_with_registration": 100,
            "name": "swedencentral.azurecontainerapps.io",
            "number_of_record_sets": 7,
            "resource_group_name": "rg-aca-dns-24",
            "soa_record": [
              {
                "email": "azureprivatedns-host.microsoft.com",
                "expire_time": 2419200,
                "fqdn": "swedencentral.azurecontainerapps.io.",
                "host_name": "azureprivatedns.net",
                "minimum_ttl": 10,
                "refresh_time": 3600,
                "retry_time": 300,
                "serial_number": 1,
                "tags": {},
                "ttl": 3600
              }
            ],
            "tags": {},
            "timeouts": null
          },
          "sensitive_attributes": [],
          "identity_schema_version": 0,
          "identity": {
            "name": "swedencentral.azurecontainerapps.io",
            "resource_group_name": "rg-aca-dns-24",
            "subscription_id": "dcef7009-6b94-4382-afdc-17eb160d709a"
          },
          "private": "eyJlMmJmYjczMC1lY2FhLTExZTYtOGY4OC0zNDM2M2JjN2M0YzAiOnsiY3JlYXRlIjoxODAwMDAwMDAwMDAwLCJkZWxldGUiOjE4MDAwMDAwMDAwMDAsInJlYWQiOjMwMDAwMDAwMDAwMCwidXBkYXRlIjoxODAwMDAwMDAwMDAwfX0=",
          "dependencies": [
            "azurerm_resource_group.rg"
          ]
        }
      ]
    },
    {
      "mode": "managed",
      "type": "azurerm_private_dns_zone",
      "name": "private-dns-zone-apps",
      "provider": "provider[\"registry.terraform.io/hashicorp/azurerm\"]",
      "instances": [
        {
          "schema_version": 0,
          "attributes": {
            "id": "/subscriptions/dcef7009-6b94-4382-afdc-17eb160d709a/resourceGroups/rg-aca-dns-24/providers/Microsoft.Network/privateDnsZones/apps.internal",
            "max_number_of_record_sets": 25000,
            "max_number_of_virtual_network_links": 1000,
            "max_number_of_virtual_network_links_with_registration": 100,
            "name": "apps.internal",
            "number_of_record_sets": 7,
            "resource_group_name": "rg-aca-dns-24",
            "soa_record": [
              {
                "email": "azureprivatedns-host.microsoft.com",
                "expire_time": 2419200,
                "fqdn": "apps.internal.",
                "host_name": "azureprivatedns.net",
                "minimum_ttl": 10,
                "refresh_time": 3600,
                "retry_time": 300,
                "serial_number": 1,
                "tags": {},
                "ttl": 3600
              }
            ],
            "tags": {},
            "timeouts": null
          },
          "sensitive_attributes": [],
          "identity_schema_version": 0,
          "identity": {
            "name": "apps.internal",
            "resource_group_name": "rg-aca-dns-24",
            "subscription_id": "dcef7009-6b94-4382-afdc-17eb160d709a"
          },
          "private": "eyJlMmJmYjczMC1lY2FhLTExZTYtOGY4OC0zNDM2M2JjN2M0YzAiOnsiY3JlYXRlIjoxODAwMDAwMDAwMDAwLCJkZWxldGUiOjE4MDAwMDAwMDAwMDAsInJlYWQiOjMwMDAwMDAwMDAwMCwidXBkYXRlIjoxODAwMDAwMDAwMDAwfX0=",
          "dependencies": [
            "azurerm_resource_group.rg"
          ]
        }
      ]
    },
    {
      "mode": "managed",
      "type": "azurerm_private_dns_zone",
      "name": "private_dns_zone_keyvault",
      "provider": "provider[\"registry.terraform.io/hashicorp/azurerm\"]",
      "instances": [
        {
          "schema_version": 0,
          "attributes": {
            "id": "/subscriptions/dcef7009-6b94-4382-afdc-17eb160d709a/resourceGroups/rg-aca-dns-24/providers/Microsoft.Network/privateDnsZones/privatelink.vaultcore.azure.net",
            "max_number_of_record_sets": 25000,
            "max_number_of_virtual_network_links": 1000,
            "max_number_of_virtual_network_links_with_registration": 100,
            "name": "privatelink.vaultcore.azure.net",
            "number_of_record_sets": 2,
            "resource_group_name": "rg-aca-dns-24",
            "soa_record": [
              {
                "email": "azureprivatedns-host.microsoft.com",
                "expire_time": 2419200,
                "fqdn": "privatelink.vaultcore.azure.net.",
                "host_name": "azureprivatedns.net",
                "minimum_ttl": 10,
                "refresh_time": 3600,
                "retry_time": 300,
                "serial_number": 1,
                "tags": {},
                "ttl": 3600
              }
            ],
            "tags": {},
            "timeouts": null
          },
          "sensitive_attributes": [],
          "identity_schema_version": 0,
          "identity": {
            "name": "privatelink.vaultcore.azure.net",
            "resource_group_name": "rg-aca-dns-24",
            "subscription_id": "dcef7009-6b94-4382-afdc-17eb160d709a"
          },
          "private": "eyJlMmJmYjczMC1lY2FhLTExZTYtOGY4OC0zNDM2M2JjN2M0YzAiOnsiY3JlYXRlIjoxODAwMDAwMDAwMDAwLCJkZWxldGUiOjE4MDAwMDAwMDAwMDAsInJlYWQiOjMwMDAwMDAwMDAwMCwidXBkYXRlIjoxODAwMDAwMDAwMDAwfX0=",
          "dependencies": [
            "azurerm_resource_group.rg"
          ]
        }
      ]
    },
    {
      "mode": "managed",
      "type": "azurerm_private_dns_zone_virtual_network_link",
      "name": "dns-keyvault",
      "provider": "provider[\"registry.terraform.io/hashicorp/azurerm\"]",
      "instances": [
        {
          "schema_version": 0,
          "attributes": {
            "id": "/subscriptions/dcef7009-6b94-4382-afdc-17eb160d709a/resourceGroups/rg-aca-dns-24/providers/Microsoft.Network/privateDnsZones/privatelink.vaultcore.azure.net/virtualNetworkLinks/dns-keyvault",
            "name": "dns-keyvault",
            "private_dns_zone_name": "privatelink.vaultcore.azure.net",
            "registration_enabled": false,
            "resolution_policy": "Default",
            "resource_group_name": "rg-aca-dns-24",
            "tags": {},
            "timeouts": null,
            "virtual_network_id": "/subscriptions/dcef7009-6b94-4382-afdc-17eb160d709a/resourceGroups/rg-aca-dns-24/providers/Microsoft.Network/virtualNetworks/vnet-internal"
          },
          "sensitive_attributes": [],
          "identity_schema_version": 0,
          "identity": {
            "name": "dns-keyvault",
            "private_dns_zone_name": "privatelink.vaultcore.azure.net",
            "resource_group_name": "rg-aca-dns-24",
            "subscription_id": "dcef7009-6b94-4382-afdc-17eb160d709a"
          },
          "private": "eyJlMmJmYjczMC1lY2FhLTExZTYtOGY4OC0zNDM2M2JjN2M0YzAiOnsiY3JlYXRlIjoxODAwMDAwMDAwMDAwLCJkZWxldGUiOjE4MDAwMDAwMDAwMDAsInJlYWQiOjMwMDAwMDAwMDAwMCwidXBkYXRlIjoxODAwMDAwMDAwMDAwfX0=",
          "dependencies": [
            "azurerm_private_dns_zone.private_dns_zone_keyvault",
            "azurerm_resource_group.rg",
            "azurerm_virtual_network.vnet"
          ]
        }
      ]
    },
    {
      "mode": "managed",
      "type": "azurerm_private_dns_zone_virtual_network_link",
      "name": "link-dns-aca-vnet",
      "provider": "provider[\"registry.terraform.io/hashicorp/azurerm\"]",
      "instances": [
        {
          "schema_version": 0,
          "attributes": {
            "id": "/subscriptions/dcef7009-6b94-4382-afdc-17eb160d709a/resourceGroups/rg-aca-dns-24/providers/Microsoft.Network/privateDnsZones/swedencentral.azurecontainerapps.io/virtualNetworkLinks/link-dns-aca-vnet",
            "name": "link-dns-aca-vnet",
            "private_dns_zone_name": "swedencentral.azurecontainerapps.io",
            "registration_enabled": false,
            "resolution_policy": "",
            "resource_group_name": "rg-aca-dns-24",
            "tags": {},
            "timeouts": null,
            "virtual_network_id": "/subscriptions/dcef7009-6b94-4382-afdc-17eb160d709a/resourceGroups/rg-aca-dns-24/providers/Microsoft.Network/virtualNetworks/vnet-internal"
          },
          "sensitive_attributes": [],
          "identity_schema_version": 0,
          "identity": {
            "name": "link-dns-aca-vnet",
            "private_dns_zone_name": "swedencentral.azurecontainerapps.io",
            "resource_group_name": "rg-aca-dns-24",
            "subscription_id": "dcef7009-6b94-4382-afdc-17eb160d709a"
          },
          "private": "eyJlMmJmYjczMC1lY2FhLTExZTYtOGY4OC0zNDM2M2JjN2M0YzAiOnsiY3JlYXRlIjoxODAwMDAwMDAwMDAwLCJkZWxldGUiOjE4MDAwMDAwMDAwMDAsInJlYWQiOjMwMDAwMDAwMDAwMCwidXBkYXRlIjoxODAwMDAwMDAwMDAwfX0=",
          "dependencies": [
            "azurerm_private_dns_zone.private-dns-zone-aca",
            "azurerm_resource_group.rg",
            "azurerm_virtual_network.vnet"
          ]
        }
      ]
    },
    {
      "mode": "managed",
      "type": "azurerm_private_dns_zone_virtual_network_link",
      "name": "link-dns-apps-vnet",
      "provider": "provider[\"registry.terraform.io/hashicorp/azurerm\"]",
      "instances": [
        {
          "schema_version": 0,
          "attributes": {
            "id": "/subscriptions/dcef7009-6b94-4382-afdc-17eb160d709a/resourceGroups/rg-aca-dns-24/providers/Microsoft.Network/privateDnsZones/apps.internal/virtualNetworkLinks/link-dns-apps-vnet",
            "name": "link-dns-apps-vnet",
            "private_dns_zone_name": "apps.internal",
            "registration_enabled": false,
            "resolution_policy": "",
            "resource_group_name": "rg-aca-dns-24",
            "tags": {},
            "timeouts": null,
            "virtual_network_id": "/subscriptions/dcef7009-6b94-4382-afdc-17eb160d709a/resourceGroups/rg-aca-dns-24/providers/Microsoft.Network/virtualNetworks/vnet-internal"
          },
          "sensitive_attributes": [],
          "identity_schema_version": 0,
          "identity": {
            "name": "link-dns-apps-vnet",
            "private_dns_zone_name": "apps.internal",
            "resource_group_name": "rg-aca-dns-24",
            "subscription_id": "dcef7009-6b94-4382-afdc-17eb160d709a"
          },
          "private": "eyJlMmJmYjczMC1lY2FhLTExZTYtOGY4OC0zNDM2M2JjN2M0YzAiOnsiY3JlYXRlIjoxODAwMDAwMDAwMDAwLCJkZWxldGUiOjE4MDAwMDAwMDAwMDAsInJlYWQiOjMwMDAwMDAwMDAwMCwidXBkYXRlIjoxODAwMDAwMDAwMDAwfX0=",
          "dependencies": [
            "azurerm_private_dns_zone.private-dns-zone-apps",
            "azurerm_resource_group.rg",
            "azurerm_virtual_network.vnet"
          ]
        }
      ]
    },
    {
      "mode": "managed",
      "type": "azurerm_private_endpoint",
      "name": "pe-keyvault",
      "provider": "provider[\"registry.terraform.io/hashicorp/azurerm\"]",
      "instances": [
        {
          "schema_version": 0,
          "attributes": {
            "custom_dns_configs": [],
            "custom_network_interface_name": "",
            "id": "/subscriptions/dcef7009-6b94-4382-afdc-17eb160d709a/resourceGroups/rg-aca-dns-24/providers/Microsoft.Network/privateEndpoints/pe-keyvault",
            "ip_configuration": [],
            "location": "swedencentral",
            "name": "pe-keyvault",
            "network_interface": [
              {
                "id": "/subscriptions/dcef7009-6b94-4382-afdc-17eb160d709a/resourceGroups/rg-aca-dns-24/providers/Microsoft.Network/networkInterfaces/pe-keyvault.nic.94501deb-7601-4d10-ac2e-ba56ddff3e32",
                "name": "pe-keyvault.nic.94501deb-7601-4d10-ac2e-ba56ddff3e32"
              }
            ],
            "private_dns_zone_configs": [
              {
                "id": "/subscriptions/dcef7009-6b94-4382-afdc-17eb160d709a/resourceGroups/rg-aca-dns-24/providers/Microsoft.Network/privateEndpoints/pe-keyvault/privateDnsZoneGroups/private-dns-zone-group-keyvault/privateDnsZoneConfigs/privatelink.vaultcore.azure.net",
                "name": "privatelink.vaultcore.azure.net",
                "private_dns_zone_id": "/subscriptions/dcef7009-6b94-4382-afdc-17eb160d709a/resourceGroups/rg-aca-dns-24/providers/Microsoft.Network/privateDnsZones/privatelink.vaultcore.azure.net",
                "record_sets": [
                  {
                    "fqdn": "kv-appgw-u8b26.privatelink.vaultcore.azure.net",
                    "ip_addresses": [
                      "10.0.250.4"
                    ],
                    "name": "kv-appgw-u8b26",
                    "ttl": 10,
                    "type": "A"
                  }
                ]
              }
            ],
            "private_dns_zone_group": [
              {
                "id": "/subscriptions/dcef7009-6b94-4382-afdc-17eb160d709a/resourceGroups/rg-aca-dns-24/providers/Microsoft.Network/privateEndpoints/pe-keyvault/privateDnsZoneGroups/private-dns-zone-group-keyvault",
                "name": "private-dns-zone-group-keyvault",
                "private_dns_zone_ids": [
                  "/subscriptions/dcef7009-6b94-4382-afdc-17eb160d709a/resourceGroups/rg-aca-dns-24/providers/Microsoft.Network/privateDnsZones/privatelink.vaultcore.azure.net"
                ]
              }
            ],
            "private_service_connection": [
              {
                "is_manual_connection": false,
                "name": "connection-keyvault",
                "private_connection_resource_alias": "",
                "private_connection_resource_id": "/subscriptions/dcef7009-6b94-4382-afdc-17eb160d709a/resourceGroups/rg-aca-dns-24/providers/Microsoft.KeyVault/vaults/kv-appgw-u8b26",
                "private_ip_address": "10.0.250.4",
                "request_message": "",
                "subresource_names": [
                  "vault"
                ]
              }
            ],
            "resource_group_name": "rg-aca-dns-24",
            "subnet_id": "/subscriptions/dcef7009-6b94-4382-afdc-17eb160d709a/resourceGroups/rg-aca-dns-24/providers/Microsoft.Network/virtualNetworks/vnet-internal/subnets/snet-pe",
            "tags": {},
            "timeouts": null
          },
          "sensitive_attributes": [],
          "identity_schema_version": 0,
          "identity": {
            "name": "pe-keyvault",
            "resource_group_name": "rg-aca-dns-24",
            "subscription_id": "dcef7009-6b94-4382-afdc-17eb160d709a"
          },
          "private": "eyJlMmJmYjczMC1lY2FhLTExZTYtOGY4OC0zNDM2M2JjN2M0YzAiOnsiY3JlYXRlIjozNjAwMDAwMDAwMDAwLCJkZWxldGUiOjM2MDAwMDAwMDAwMDAsInJlYWQiOjMwMDAwMDAwMDAwMCwidXBkYXRlIjozNjAwMDAwMDAwMDAwfX0=",
          "dependencies": [
            "azurerm_key_vault.keyvault",
            "azurerm_private_dns_zone.private_dns_zone_keyvault",
            "azurerm_resource_group.rg",
            "azurerm_subnet.snet-pe",
            "azurerm_virtual_network.vnet",
            "data.azurerm_client_config.current",
            "random_string.random"
          ]
        }
      ]
    },
    {
      "mode": "managed",
      "type": "azurerm_public_ip",
      "name": "pip-appgateway",
      "provider": "provider[\"registry.terraform.io/hashicorp/azurerm\"]",
      "instances": [
        {
          "schema_version": 0,
          "attributes": {
            "allocation_method": "Static",
            "ddos_protection_mode": "VirtualNetworkInherited",
            "ddos_protection_plan_id": null,
            "domain_name_label": null,
            "domain_name_label_scope": null,
            "edge_zone": "",
            "fqdn": null,
            "id": "/subscriptions/dcef7009-6b94-4382-afdc-17eb160d709a/resourceGroups/rg-aca-dns-24/providers/Microsoft.Network/publicIPAddresses/pip-appgateway",
            "idle_timeout_in_minutes": 4,
            "ip_address": "4.223.162.165",
            "ip_tags": {},
            "ip_version": "IPv4",
            "location": "swedencentral",
            "name": "pip-appgateway",
            "public_ip_prefix_id": null,
            "resource_group_name": "rg-aca-dns-24",
            "reverse_fqdn": null,
            "sku": "Standard",
            "sku_tier": "Regional",
            "tags": {},
            "timeouts": null,
            "zones": []
          },
          "sensitive_attributes": [],
          "identity_schema_version": 0,
          "private": "eyJlMmJmYjczMC1lY2FhLTExZTYtOGY4OC0zNDM2M2JjN2M0YzAiOnsiY3JlYXRlIjoxODAwMDAwMDAwMDAwLCJkZWxldGUiOjE4MDAwMDAwMDAwMDAsInJlYWQiOjMwMDAwMDAwMDAwMCwidXBkYXRlIjoxODAwMDAwMDAwMDAwfX0=",
          "dependencies": [
            "azurerm_resource_group.rg"
          ]
        }
      ]
    },
    {
      "mode": "managed",
      "type": "azurerm_public_ip",
      "name": "pip-bastion",
      "provider": "provider[\"registry.terraform.io/hashicorp/azurerm\"]",
      "instances": [
        {
          "schema_version": 0,
          "attributes": {
            "allocation_method": "Static",
            "ddos_protection_mode": "VirtualNetworkInherited",
            "ddos_protection_plan_id": null,
            "domain_name_label": null,
            "domain_name_label_scope": null,
            "edge_zone": "",
            "fqdn": null,
            "id": "/subscriptions/dcef7009-6b94-4382-afdc-17eb160d709a/resourceGroups/rg-aca-dns-24/providers/Microsoft.Network/publicIPAddresses/pip-bastion",
            "idle_timeout_in_minutes": 4,
            "ip_address": "4.223.106.138",
            "ip_tags": {},
            "ip_version": "IPv4",
            "location": "swedencentral",
            "name": "pip-bastion",
            "public_ip_prefix_id": null,
            "resource_group_name": "rg-aca-dns-24",
            "reverse_fqdn": null,
            "sku": "Standard",
            "sku_tier": "Regional",
            "tags": {},
            "timeouts": null,
            "zones": []
          },
          "sensitive_attributes": [],
          "identity_schema_version": 0,
          "private": "eyJlMmJmYjczMC1lY2FhLTExZTYtOGY4OC0zNDM2M2JjN2M0YzAiOnsiY3JlYXRlIjoxODAwMDAwMDAwMDAwLCJkZWxldGUiOjE4MDAwMDAwMDAwMDAsInJlYWQiOjMwMDAwMDAwMDAwMCwidXBkYXRlIjoxODAwMDAwMDAwMDAwfX0=",
          "dependencies": [
            "azurerm_resource_group.rg"
          ]
        }
      ]
    },
    {
      "mode": "managed",
      "type": "azurerm_resource_group",
      "name": "rg",
      "provider": "provider[\"registry.terraform.io/hashicorp/azurerm\"]",
      "instances": [
        {
          "schema_version": 0,
          "attributes": {
            "id": "/subscriptions/dcef7009-6b94-4382-afdc-17eb160d709a/resourceGroups/rg-aca-dns-24",
            "location": "swedencentral",
            "managed_by": "",
            "name": "rg-aca-dns-24",
            "tags": {},
            "timeouts": null
          },
          "sensitive_attributes": [],
          "identity_schema_version": 0,
          "private": "eyJlMmJmYjczMC1lY2FhLTExZTYtOGY4OC0zNDM2M2JjN2M0YzAiOnsiY3JlYXRlIjo1NDAwMDAwMDAwMDAwLCJkZWxldGUiOjU0MDAwMDAwMDAwMDAsInJlYWQiOjMwMDAwMDAwMDAwMCwidXBkYXRlIjo1NDAwMDAwMDAwMDAwfX0="
        }
      ]
    },
    {
      "mode": "managed",
      "type": "azurerm_role_assignment",
      "name": "identity-appgw-secret-user",
      "provider": "provider[\"registry.terraform.io/hashicorp/azurerm\"]",
      "instances": [
        {
          "schema_version": 0,
          "attributes": {
            "condition": "",
            "condition_version": "",
            "delegated_managed_identity_resource_id": "",
            "description": "",
            "id": "/subscriptions/dcef7009-6b94-4382-afdc-17eb160d709a/resourceGroups/rg-aca-dns-24/providers/Microsoft.KeyVault/vaults/kv-appgw-u8b26/providers/Microsoft.Authorization/roleAssignments/1a7b221e-ce46-1da4-d873-94a7f730f6d7",
            "name": "1a7b221e-ce46-1da4-d873-94a7f730f6d7",
            "principal_id": "21c3a49a-00df-42a7-822d-0369e4ab0aed",
            "principal_type": "ServicePrincipal",
            "role_definition_id": "/subscriptions/dcef7009-6b94-4382-afdc-17eb160d709a/providers/Microsoft.Authorization/roleDefinitions/4633458b-17de-408a-b874-0445c86b69e6",
            "role_definition_name": "Key Vault Secrets User",
            "scope": "/subscriptions/dcef7009-6b94-4382-afdc-17eb160d709a/resourceGroups/rg-aca-dns-24/providers/Microsoft.KeyVault/vaults/kv-appgw-u8b26",
            "skip_service_principal_aad_check": null,
            "timeouts": null
          },
          "sensitive_attributes": [],
          "identity_schema_version": 0,
          "private": "eyJlMmJmYjczMC1lY2FhLTExZTYtOGY4OC0zNDM2M2JjN2M0YzAiOnsiY3JlYXRlIjoxODAwMDAwMDAwMDAwLCJkZWxldGUiOjE4MDAwMDAwMDAwMDAsInJlYWQiOjMwMDAwMDAwMDAwMH19",
          "dependencies": [
            "azurerm_key_vault.keyvault",
            "azurerm_resource_group.rg",
            "azurerm_user_assigned_identity.identity-appgw",
            "data.azurerm_client_config.current",
            "random_string.random"
          ]
        }
      ]
    },
    {
      "mode": "managed",
      "type": "azurerm_role_assignment",
      "name": "role-certificates-officer",
      "provider": "provider[\"registry.terraform.io/hashicorp/azurerm\"]",
      "instances": [
        {
          "schema_version": 0,
          "attributes": {
            "condition": "",
            "condition_version": "",
            "delegated_managed_identity_resource_id": "",
            "description": "",
            "id": "/subscriptions/dcef7009-6b94-4382-afdc-17eb160d709a/resourceGroups/rg-aca-dns-24/providers/Microsoft.KeyVault/vaults/kv-appgw-u8b26/providers/Microsoft.Authorization/roleAssignments/0b4f13bb-9dbd-3a84-7bb4-713cc33743b3",
            "name": "0b4f13bb-9dbd-3a84-7bb4-713cc33743b3",
            "principal_id": "8173c45d-035e-4692-8f40-540cd5fc0f18",
            "principal_type": "User",
            "role_definition_id": "/subscriptions/dcef7009-6b94-4382-afdc-17eb160d709a/providers/Microsoft.Authorization/roleDefinitions/a4417e6f-fecd-4de8-b567-7b0420556985",
            "role_definition_name": "Key Vault Certificates Officer",
            "scope": "/subscriptions/dcef7009-6b94-4382-afdc-17eb160d709a/resourceGroups/rg-aca-dns-24/providers/Microsoft.KeyVault/vaults/kv-appgw-u8b26",
            "skip_service_principal_aad_check": null,
            "timeouts": null
          },
          "sensitive_attributes": [],
          "identity_schema_version": 0,
          "private": "eyJlMmJmYjczMC1lY2FhLTExZTYtOGY4OC0zNDM2M2JjN2M0YzAiOnsiY3JlYXRlIjoxODAwMDAwMDAwMDAwLCJkZWxldGUiOjE4MDAwMDAwMDAwMDAsInJlYWQiOjMwMDAwMDAwMDAwMH19",
          "dependencies": [
            "azurerm_key_vault.keyvault",
            "azurerm_resource_group.rg",
            "data.azurerm_client_config.current",
            "random_string.random"
          ]
        }
      ]
    },
    {
      "mode": "managed",
      "type": "azurerm_subnet",
      "name": "snet-aca",
      "provider": "provider[\"registry.terraform.io/hashicorp/azurerm\"]",
      "instances": [
        {
          "index_key": "app01",
          "schema_version": 0,
          "attributes": {
            "address_prefixes": [
              "10.0.1.0/24"
            ],
            "default_outbound_access_enabled": true,
            "delegation": [
              {
                "name": "delegation",
                "service_delegation": [
                  {
                    "actions": [
                      "Microsoft.Network/virtualNetworks/subnets/join/action"
                    ],
                    "name": "Microsoft.App/environments"
                  }
                ]
              }
            ],
            "id": "/subscriptions/dcef7009-6b94-4382-afdc-17eb160d709a/resourceGroups/rg-aca-dns-24/providers/Microsoft.Network/virtualNetworks/vnet-internal/subnets/snet-aca-app01",
            "ip_address_pool": [],
            "name": "snet-aca-app01",
            "private_endpoint_network_policies": "Disabled",
            "private_link_service_network_policies_enabled": true,
            "resource_group_name": "rg-aca-dns-24",
            "service_endpoint_policy_ids": [],
            "service_endpoints": [],
            "timeouts": null,
            "virtual_network_name": "vnet-internal"
          },
          "sensitive_attributes": [],
          "identity_schema_version": 0,
          "identity": {
            "name": "snet-aca-app01",
            "resource_group_name": "rg-aca-dns-24",
            "subscription_id": "dcef7009-6b94-4382-afdc-17eb160d709a",
            "virtual_network_name": "vnet-internal"
          },
          "private": "eyJlMmJmYjczMC1lY2FhLTExZTYtOGY4OC0zNDM2M2JjN2M0YzAiOnsiY3JlYXRlIjoxODAwMDAwMDAwMDAwLCJkZWxldGUiOjE4MDAwMDAwMDAwMDAsInJlYWQiOjMwMDAwMDAwMDAwMCwidXBkYXRlIjoxODAwMDAwMDAwMDAwfX0=",
          "dependencies": [
            "azurerm_resource_group.rg",
            "azurerm_virtual_network.vnet"
          ]
        },
        {
          "index_key": "app02",
          "schema_version": 0,
          "attributes": {
            "address_prefixes": [
              "10.0.2.0/24"
            ],
            "default_outbound_access_enabled": true,
            "delegation": [
              {
                "name": "delegation",
                "service_delegation": [
                  {
                    "actions": [
                      "Microsoft.Network/virtualNetworks/subnets/join/action"
                    ],
                    "name": "Microsoft.App/environments"
                  }
                ]
              }
            ],
            "id": "/subscriptions/dcef7009-6b94-4382-afdc-17eb160d709a/resourceGroups/rg-aca-dns-24/providers/Microsoft.Network/virtualNetworks/vnet-internal/subnets/snet-aca-app02",
            "ip_address_pool": [],
            "name": "snet-aca-app02",
            "private_endpoint_network_policies": "Disabled",
            "private_link_service_network_policies_enabled": true,
            "resource_group_name": "rg-aca-dns-24",
            "service_endpoint_policy_ids": [],
            "service_endpoints": [],
            "timeouts": null,
            "virtual_network_name": "vnet-internal"
          },
          "sensitive_attributes": [],
          "identity_schema_version": 0,
          "identity": {
            "name": "snet-aca-app02",
            "resource_group_name": "rg-aca-dns-24",
            "subscription_id": "dcef7009-6b94-4382-afdc-17eb160d709a",
            "virtual_network_name": "vnet-internal"
          },
          "private": "eyJlMmJmYjczMC1lY2FhLTExZTYtOGY4OC0zNDM2M2JjN2M0YzAiOnsiY3JlYXRlIjoxODAwMDAwMDAwMDAwLCJkZWxldGUiOjE4MDAwMDAwMDAwMDAsInJlYWQiOjMwMDAwMDAwMDAwMCwidXBkYXRlIjoxODAwMDAwMDAwMDAwfX0=",
          "dependencies": [
            "azurerm_resource_group.rg",
            "azurerm_virtual_network.vnet"
          ]
        },
        {
          "index_key": "app03",
          "schema_version": 0,
          "attributes": {
            "address_prefixes": [
              "10.0.3.0/24"
            ],
            "default_outbound_access_enabled": true,
            "delegation": [
              {
                "name": "delegation",
                "service_delegation": [
                  {
                    "actions": [
                      "Microsoft.Network/virtualNetworks/subnets/join/action"
                    ],
                    "name": "Microsoft.App/environments"
                  }
                ]
              }
            ],
            "id": "/subscriptions/dcef7009-6b94-4382-afdc-17eb160d709a/resourceGroups/rg-aca-dns-24/providers/Microsoft.Network/virtualNetworks/vnet-internal/subnets/snet-aca-app03",
            "ip_address_pool": [],
            "name": "snet-aca-app03",
            "private_endpoint_network_policies": "Disabled",
            "private_link_service_network_policies_enabled": true,
            "resource_group_name": "rg-aca-dns-24",
            "service_endpoint_policy_ids": [],
            "service_endpoints": [],
            "timeouts": null,
            "virtual_network_name": "vnet-internal"
          },
          "sensitive_attributes": [],
          "identity_schema_version": 0,
          "identity": {
            "name": "snet-aca-app03",
            "resource_group_name": "rg-aca-dns-24",
            "subscription_id": "dcef7009-6b94-4382-afdc-17eb160d709a",
            "virtual_network_name": "vnet-internal"
          },
          "private": "eyJlMmJmYjczMC1lY2FhLTExZTYtOGY4OC0zNDM2M2JjN2M0YzAiOnsiY3JlYXRlIjoxODAwMDAwMDAwMDAwLCJkZWxldGUiOjE4MDAwMDAwMDAwMDAsInJlYWQiOjMwMDAwMDAwMDAwMCwidXBkYXRlIjoxODAwMDAwMDAwMDAwfX0=",
          "dependencies": [
            "azurerm_resource_group.rg",
            "azurerm_virtual_network.vnet"
          ]
        },
        {
          "index_key": "app04",
          "schema_version": 0,
          "attributes": {
            "address_prefixes": [
              "10.0.4.0/24"
            ],
            "default_outbound_access_enabled": true,
            "delegation": [
              {
                "name": "delegation",
                "service_delegation": [
                  {
                    "actions": [
                      "Microsoft.Network/virtualNetworks/subnets/join/action"
                    ],
                    "name": "Microsoft.App/environments"
                  }
                ]
              }
            ],
            "id": "/subscriptions/dcef7009-6b94-4382-afdc-17eb160d709a/resourceGroups/rg-aca-dns-24/providers/Microsoft.Network/virtualNetworks/vnet-internal/subnets/snet-aca-app04",
            "ip_address_pool": [],
            "name": "snet-aca-app04",
            "private_endpoint_network_policies": "Disabled",
            "private_link_service_network_policies_enabled": true,
            "resource_group_name": "rg-aca-dns-24",
            "service_endpoint_policy_ids": [],
            "service_endpoints": [],
            "timeouts": null,
            "virtual_network_name": "vnet-internal"
          },
          "sensitive_attributes": [],
          "identity_schema_version": 0,
          "identity": {
            "name": "snet-aca-app04",
            "resource_group_name": "rg-aca-dns-24",
            "subscription_id": "dcef7009-6b94-4382-afdc-17eb160d709a",
            "virtual_network_name": "vnet-internal"
          },
          "private": "eyJlMmJmYjczMC1lY2FhLTExZTYtOGY4OC0zNDM2M2JjN2M0YzAiOnsiY3JlYXRlIjoxODAwMDAwMDAwMDAwLCJkZWxldGUiOjE4MDAwMDAwMDAwMDAsInJlYWQiOjMwMDAwMDAwMDAwMCwidXBkYXRlIjoxODAwMDAwMDAwMDAwfX0=",
          "dependencies": [
            "azurerm_resource_group.rg",
            "azurerm_virtual_network.vnet"
          ]
        },
        {
          "index_key": "app05",
          "schema_version": 0,
          "attributes": {
            "address_prefixes": [
              "10.0.5.0/24"
            ],
            "default_outbound_access_enabled": true,
            "delegation": [
              {
                "name": "delegation",
                "service_delegation": [
                  {
                    "actions": [
                      "Microsoft.Network/virtualNetworks/subnets/join/action"
                    ],
                    "name": "Microsoft.App/environments"
                  }
                ]
              }
            ],
            "id": "/subscriptions/dcef7009-6b94-4382-afdc-17eb160d709a/resourceGroups/rg-aca-dns-24/providers/Microsoft.Network/virtualNetworks/vnet-internal/subnets/snet-aca-app05",
            "ip_address_pool": [],
            "name": "snet-aca-app05",
            "private_endpoint_network_policies": "Disabled",
            "private_link_service_network_policies_enabled": true,
            "resource_group_name": "rg-aca-dns-24",
            "service_endpoint_policy_ids": [],
            "service_endpoints": [],
            "timeouts": null,
            "virtual_network_name": "vnet-internal"
          },
          "sensitive_attributes": [],
          "identity_schema_version": 0,
          "identity": {
            "name": "snet-aca-app05",
            "resource_group_name": "rg-aca-dns-24",
            "subscription_id": "dcef7009-6b94-4382-afdc-17eb160d709a",
            "virtual_network_name": "vnet-internal"
          },
          "private": "eyJlMmJmYjczMC1lY2FhLTExZTYtOGY4OC0zNDM2M2JjN2M0YzAiOnsiY3JlYXRlIjoxODAwMDAwMDAwMDAwLCJkZWxldGUiOjE4MDAwMDAwMDAwMDAsInJlYWQiOjMwMDAwMDAwMDAwMCwidXBkYXRlIjoxODAwMDAwMDAwMDAwfX0=",
          "dependencies": [
            "azurerm_resource_group.rg",
            "azurerm_virtual_network.vnet"
          ]
        },
        {
          "index_key": "app06",
          "schema_version": 0,
          "attributes": {
            "address_prefixes": [
              "10.0.6.0/24"
            ],
            "default_outbound_access_enabled": true,
            "delegation": [
              {
                "name": "delegation",
                "service_delegation": [
                  {
                    "actions": [
                      "Microsoft.Network/virtualNetworks/subnets/join/action"
                    ],
                    "name": "Microsoft.App/environments"
                  }
                ]
              }
            ],
            "id": "/subscriptions/dcef7009-6b94-4382-afdc-17eb160d709a/resourceGroups/rg-aca-dns-24/providers/Microsoft.Network/virtualNetworks/vnet-internal/subnets/snet-aca-app06",
            "ip_address_pool": [],
            "name": "snet-aca-app06",
            "private_endpoint_network_policies": "Disabled",
            "private_link_service_network_policies_enabled": true,
            "resource_group_name": "rg-aca-dns-24",
            "service_endpoint_policy_ids": [],
            "service_endpoints": [],
            "timeouts": null,
            "virtual_network_name": "vnet-internal"
          },
          "sensitive_attributes": [],
          "identity_schema_version": 0,
          "identity": {
            "name": "snet-aca-app06",
            "resource_group_name": "rg-aca-dns-24",
            "subscription_id": "dcef7009-6b94-4382-afdc-17eb160d709a",
            "virtual_network_name": "vnet-internal"
          },
          "private": "eyJlMmJmYjczMC1lY2FhLTExZTYtOGY4OC0zNDM2M2JjN2M0YzAiOnsiY3JlYXRlIjoxODAwMDAwMDAwMDAwLCJkZWxldGUiOjE4MDAwMDAwMDAwMDAsInJlYWQiOjMwMDAwMDAwMDAwMCwidXBkYXRlIjoxODAwMDAwMDAwMDAwfX0=",
          "dependencies": [
            "azurerm_resource_group.rg",
            "azurerm_virtual_network.vnet"
          ]
        }
      ]
    },
    {
      "mode": "managed",
      "type": "azurerm_subnet",
      "name": "snet-appgw",
      "provider": "provider[\"registry.terraform.io/hashicorp/azurerm\"]",
      "instances": [
        {
          "schema_version": 0,
          "attributes": {
            "address_prefixes": [
              "10.0.0.0/24"
            ],
            "default_outbound_access_enabled": true,
            "delegation": [],
            "id": "/subscriptions/dcef7009-6b94-4382-afdc-17eb160d709a/resourceGroups/rg-aca-dns-24/providers/Microsoft.Network/virtualNetworks/vnet-internal/subnets/snet-appgw",
            "ip_address_pool": [],
            "name": "snet-appgw",
            "private_endpoint_network_policies": "Disabled",
            "private_link_service_network_policies_enabled": true,
            "resource_group_name": "rg-aca-dns-24",
            "service_endpoint_policy_ids": [],
            "service_endpoints": [],
            "timeouts": null,
            "virtual_network_name": "vnet-internal"
          },
          "sensitive_attributes": [],
          "identity_schema_version": 0,
          "identity": {
            "name": "snet-appgw",
            "resource_group_name": "rg-aca-dns-24",
            "subscription_id": "dcef7009-6b94-4382-afdc-17eb160d709a",
            "virtual_network_name": "vnet-internal"
          },
          "private": "eyJlMmJmYjczMC1lY2FhLTExZTYtOGY4OC0zNDM2M2JjN2M0YzAiOnsiY3JlYXRlIjoxODAwMDAwMDAwMDAwLCJkZWxldGUiOjE4MDAwMDAwMDAwMDAsInJlYWQiOjMwMDAwMDAwMDAwMCwidXBkYXRlIjoxODAwMDAwMDAwMDAwfX0=",
          "dependencies": [
            "azurerm_resource_group.rg",
            "azurerm_virtual_network.vnet"
          ]
        }
      ]
    },
    {
      "mode": "managed",
      "type": "azurerm_subnet",
      "name": "snet-bastion",
      "provider": "provider[\"registry.terraform.io/hashicorp/azurerm\"]",
      "instances": [
        {
          "schema_version": 0,
          "attributes": {
            "address_prefixes": [
              "10.0.252.0/24"
            ],
            "default_outbound_access_enabled": true,
            "delegation": [],
            "id": "/subscriptions/dcef7009-6b94-4382-afdc-17eb160d709a/resourceGroups/rg-aca-dns-24/providers/Microsoft.Network/virtualNetworks/vnet-internal/subnets/AzureBastionSubnet",
            "ip_address_pool": [],
            "name": "AzureBastionSubnet",
            "private_endpoint_network_policies": "Disabled",
            "private_link_service_network_policies_enabled": true,
            "resource_group_name": "rg-aca-dns-24",
            "service_endpoint_policy_ids": [],
            "service_endpoints": [],
            "timeouts": null,
            "virtual_network_name": "vnet-internal"
          },
          "sensitive_attributes": [],
          "identity_schema_version": 0,
          "identity": {
            "name": "AzureBastionSubnet",
            "resource_group_name": "rg-aca-dns-24",
            "subscription_id": "dcef7009-6b94-4382-afdc-17eb160d709a",
            "virtual_network_name": "vnet-internal"
          },
          "private": "eyJlMmJmYjczMC1lY2FhLTExZTYtOGY4OC0zNDM2M2JjN2M0YzAiOnsiY3JlYXRlIjoxODAwMDAwMDAwMDAwLCJkZWxldGUiOjE4MDAwMDAwMDAwMDAsInJlYWQiOjMwMDAwMDAwMDAwMCwidXBkYXRlIjoxODAwMDAwMDAwMDAwfX0=",
          "dependencies": [
            "azurerm_resource_group.rg",
            "azurerm_virtual_network.vnet"
          ]
        }
      ]
    },
    {
      "mode": "managed",
      "type": "azurerm_subnet",
      "name": "snet-jumpbox",
      "provider": "provider[\"registry.terraform.io/hashicorp/azurerm\"]",
      "instances": [
        {
          "schema_version": 0,
          "attributes": {
            "address_prefixes": [
              "10.0.251.0/24"
            ],
            "default_outbound_access_enabled": true,
            "delegation": [],
            "id": "/subscriptions/dcef7009-6b94-4382-afdc-17eb160d709a/resourceGroups/rg-aca-dns-24/providers/Microsoft.Network/virtualNetworks/vnet-internal/subnets/snet-jumpbox",
            "ip_address_pool": [],
            "name": "snet-jumpbox",
            "private_endpoint_network_policies": "Disabled",
            "private_link_service_network_policies_enabled": true,
            "resource_group_name": "rg-aca-dns-24",
            "service_endpoint_policy_ids": [],
            "service_endpoints": [],
            "timeouts": null,
            "virtual_network_name": "vnet-internal"
          },
          "sensitive_attributes": [],
          "identity_schema_version": 0,
          "identity": {
            "name": "snet-jumpbox",
            "resource_group_name": "rg-aca-dns-24",
            "subscription_id": "dcef7009-6b94-4382-afdc-17eb160d709a",
            "virtual_network_name": "vnet-internal"
          },
          "private": "eyJlMmJmYjczMC1lY2FhLTExZTYtOGY4OC0zNDM2M2JjN2M0YzAiOnsiY3JlYXRlIjoxODAwMDAwMDAwMDAwLCJkZWxldGUiOjE4MDAwMDAwMDAwMDAsInJlYWQiOjMwMDAwMDAwMDAwMCwidXBkYXRlIjoxODAwMDAwMDAwMDAwfX0=",
          "dependencies": [
            "azurerm_resource_group.rg",
            "azurerm_virtual_network.vnet"
          ]
        }
      ]
    },
    {
      "mode": "managed",
      "type": "azurerm_subnet",
      "name": "snet-pe",
      "provider": "provider[\"registry.terraform.io/hashicorp/azurerm\"]",
      "instances": [
        {
          "schema_version": 0,
          "attributes": {
            "address_prefixes": [
              "10.0.250.0/24"
            ],
            "default_outbound_access_enabled": true,
            "delegation": [],
            "id": "/subscriptions/dcef7009-6b94-4382-afdc-17eb160d709a/resourceGroups/rg-aca-dns-24/providers/Microsoft.Network/virtualNetworks/vnet-internal/subnets/snet-pe",
            "ip_address_pool": [],
            "name": "snet-pe",
            "private_endpoint_network_policies": "Disabled",
            "private_link_service_network_policies_enabled": true,
            "resource_group_name": "rg-aca-dns-24",
            "service_endpoint_policy_ids": [],
            "service_endpoints": [],
            "timeouts": null,
            "virtual_network_name": "vnet-internal"
          },
          "sensitive_attributes": [],
          "identity_schema_version": 0,
          "identity": {
            "name": "snet-pe",
            "resource_group_name": "rg-aca-dns-24",
            "subscription_id": "dcef7009-6b94-4382-afdc-17eb160d709a",
            "virtual_network_name": "vnet-internal"
          },
          "private": "eyJlMmJmYjczMC1lY2FhLTExZTYtOGY4OC0zNDM2M2JjN2M0YzAiOnsiY3JlYXRlIjoxODAwMDAwMDAwMDAwLCJkZWxldGUiOjE4MDAwMDAwMDAwMDAsInJlYWQiOjMwMDAwMDAwMDAwMCwidXBkYXRlIjoxODAwMDAwMDAwMDAwfX0=",
          "dependencies": [
            "azurerm_resource_group.rg",
            "azurerm_virtual_network.vnet"
          ]
        }
      ]
    },
    {
      "mode": "managed",
      "type": "azurerm_user_assigned_identity",
      "name": "identity-appgw",
      "provider": "provider[\"registry.terraform.io/hashicorp/azurerm\"]",
      "instances": [
        {
          "schema_version": 1,
          "attributes": {
            "client_id": "73346e14-7a35-44be-9cc5-33bf79f667fc",
            "id": "/subscriptions/dcef7009-6b94-4382-afdc-17eb160d709a/resourceGroups/rg-aca-dns-24/providers/Microsoft.ManagedIdentity/userAssignedIdentities/identity-appgw",
            "location": "swedencentral",
            "name": "identity-appgw",
            "principal_id": "21c3a49a-00df-42a7-822d-0369e4ab0aed",
            "resource_group_name": "rg-aca-dns-24",
            "tags": {},
            "tenant_id": "93139d1e-a3c1-4d78-9ed5-878be090eba4",
            "timeouts": null
          },
          "sensitive_attributes": [],
          "identity_schema_version": 0,
          "private": "eyJlMmJmYjczMC1lY2FhLTExZTYtOGY4OC0zNDM2M2JjN2M0YzAiOnsiY3JlYXRlIjoxODAwMDAwMDAwMDAwLCJkZWxldGUiOjE4MDAwMDAwMDAwMDAsInJlYWQiOjMwMDAwMDAwMDAwMCwidXBkYXRlIjoxODAwMDAwMDAwMDAwfSwic2NoZW1hX3ZlcnNpb24iOiIxIn0=",
          "dependencies": [
            "azurerm_resource_group.rg"
          ]
        }
      ]
    },
    {
      "mode": "managed",
      "type": "azurerm_virtual_network",
      "name": "vnet",
      "provider": "provider[\"registry.terraform.io/hashicorp/azurerm\"]",
      "instances": [
        {
          "schema_version": 0,
          "attributes": {
            "address_space": [
              "10.0.0.0/16"
            ],
            "bgp_community": "",
            "ddos_protection_plan": [],
            "dns_servers": [],
            "edge_zone": "",
            "encryption": [],
            "flow_timeout_in_minutes": 0,
            "guid": "1bfa0de6-a722-425a-8881-a508e57befe1",
            "id": "/subscriptions/dcef7009-6b94-4382-afdc-17eb160d709a/resourceGroups/rg-aca-dns-24/providers/Microsoft.Network/virtualNetworks/vnet-internal",
            "ip_address_pool": [],
            "location": "swedencentral",
            "name": "vnet-internal",
            "private_endpoint_vnet_policies": "Disabled",
            "resource_group_name": "rg-aca-dns-24",
            "subnet": [
              {
                "address_prefixes": [
                  "10.0.0.0/24"
                ],
                "default_outbound_access_enabled": true,
                "delegation": [],
                "id": "/subscriptions/dcef7009-6b94-4382-afdc-17eb160d709a/resourceGroups/rg-aca-dns-24/providers/Microsoft.Network/virtualNetworks/vnet-internal/subnets/snet-appgw",
                "name": "snet-appgw",
                "private_endpoint_network_policies": "Disabled",
                "private_link_service_network_policies_enabled": true,
                "route_table_id": "",
                "security_group": "",
                "service_endpoint_policy_ids": [],
                "service_endpoints": []
              },
              {
                "address_prefixes": [
                  "10.0.1.0/24"
                ],
                "default_outbound_access_enabled": true,
                "delegation": [
                  {
                    "name": "delegation",
                    "service_delegation": [
                      {
                        "actions": [
                          "Microsoft.Network/virtualNetworks/subnets/join/action"
                        ],
                        "name": "Microsoft.App/environments"
                      }
                    ]
                  }
                ],
                "id": "/subscriptions/dcef7009-6b94-4382-afdc-17eb160d709a/resourceGroups/rg-aca-dns-24/providers/Microsoft.Network/virtualNetworks/vnet-internal/subnets/snet-aca-app01",
                "name": "snet-aca-app01",
                "private_endpoint_network_policies": "Disabled",
                "private_link_service_network_policies_enabled": true,
                "route_table_id": "",
                "security_group": "",
                "service_endpoint_policy_ids": [],
                "service_endpoints": []
              },
              {
                "address_prefixes": [
                  "10.0.2.0/24"
                ],
                "default_outbound_access_enabled": true,
                "delegation": [
                  {
                    "name": "delegation",
                    "service_delegation": [
                      {
                        "actions": [
                          "Microsoft.Network/virtualNetworks/subnets/join/action"
                        ],
                        "name": "Microsoft.App/environments"
                      }
                    ]
                  }
                ],
                "id": "/subscriptions/dcef7009-6b94-4382-afdc-17eb160d709a/resourceGroups/rg-aca-dns-24/providers/Microsoft.Network/virtualNetworks/vnet-internal/subnets/snet-aca-app02",
                "name": "snet-aca-app02",
                "private_endpoint_network_policies": "Disabled",
                "private_link_service_network_policies_enabled": true,
                "route_table_id": "",
                "security_group": "",
                "service_endpoint_policy_ids": [],
                "service_endpoints": []
              },
              {
                "address_prefixes": [
                  "10.0.250.0/24"
                ],
                "default_outbound_access_enabled": true,
                "delegation": [],
                "id": "/subscriptions/dcef7009-6b94-4382-afdc-17eb160d709a/resourceGroups/rg-aca-dns-24/providers/Microsoft.Network/virtualNetworks/vnet-internal/subnets/snet-pe",
                "name": "snet-pe",
                "private_endpoint_network_policies": "Disabled",
                "private_link_service_network_policies_enabled": true,
                "route_table_id": "",
                "security_group": "",
                "service_endpoint_policy_ids": [],
                "service_endpoints": []
              },
              {
                "address_prefixes": [
                  "10.0.251.0/24"
                ],
                "default_outbound_access_enabled": true,
                "delegation": [],
                "id": "/subscriptions/dcef7009-6b94-4382-afdc-17eb160d709a/resourceGroups/rg-aca-dns-24/providers/Microsoft.Network/virtualNetworks/vnet-internal/subnets/snet-jumpbox",
                "name": "snet-jumpbox",
                "private_endpoint_network_policies": "Disabled",
                "private_link_service_network_policies_enabled": true,
                "route_table_id": "",
                "security_group": "",
                "service_endpoint_policy_ids": [],
                "service_endpoints": []
              },
              {
                "address_prefixes": [
                  "10.0.252.0/24"
                ],
                "default_outbound_access_enabled": true,
                "delegation": [],
                "id": "/subscriptions/dcef7009-6b94-4382-afdc-17eb160d709a/resourceGroups/rg-aca-dns-24/providers/Microsoft.Network/virtualNetworks/vnet-internal/subnets/AzureBastionSubnet",
                "name": "AzureBastionSubnet",
                "private_endpoint_network_policies": "Disabled",
                "private_link_service_network_policies_enabled": true,
                "route_table_id": "",
                "security_group": "",
                "service_endpoint_policy_ids": [],
                "service_endpoints": []
              },
              {
                "address_prefixes": [
                  "10.0.3.0/24"
                ],
                "default_outbound_access_enabled": true,
                "delegation": [
                  {
                    "name": "delegation",
                    "service_delegation": [
                      {
                        "actions": [
                          "Microsoft.Network/virtualNetworks/subnets/join/action"
                        ],
                        "name": "Microsoft.App/environments"
                      }
                    ]
                  }
                ],
                "id": "/subscriptions/dcef7009-6b94-4382-afdc-17eb160d709a/resourceGroups/rg-aca-dns-24/providers/Microsoft.Network/virtualNetworks/vnet-internal/subnets/snet-aca-app03",
                "name": "snet-aca-app03",
                "private_endpoint_network_policies": "Disabled",
                "private_link_service_network_policies_enabled": true,
                "route_table_id": "",
                "security_group": "",
                "service_endpoint_policy_ids": [],
                "service_endpoints": []
              },
              {
                "address_prefixes": [
                  "10.0.4.0/24"
                ],
                "default_outbound_access_enabled": true,
                "delegation": [
                  {
                    "name": "delegation",
                    "service_delegation": [
                      {
                        "actions": [
                          "Microsoft.Network/virtualNetworks/subnets/join/action"
                        ],
                        "name": "Microsoft.App/environments"
                      }
                    ]
                  }
                ],
                "id": "/subscriptions/dcef7009-6b94-4382-afdc-17eb160d709a/resourceGroups/rg-aca-dns-24/providers/Microsoft.Network/virtualNetworks/vnet-internal/subnets/snet-aca-app04",
                "name": "snet-aca-app04",
                "private_endpoint_network_policies": "Disabled",
                "private_link_service_network_policies_enabled": true,
                "route_table_id": "",
                "security_group": "",
                "service_endpoint_policy_ids": [],
                "service_endpoints": []
              },
              {
                "address_prefixes": [
                  "10.0.5.0/24"
                ],
                "default_outbound_access_enabled": true,
                "delegation": [
                  {
                    "name": "delegation",
                    "service_delegation": [
                      {
                        "actions": [
                          "Microsoft.Network/virtualNetworks/subnets/join/action"
                        ],
                        "name": "Microsoft.App/environments"
                      }
                    ]
                  }
                ],
                "id": "/subscriptions/dcef7009-6b94-4382-afdc-17eb160d709a/resourceGroups/rg-aca-dns-24/providers/Microsoft.Network/virtualNetworks/vnet-internal/subnets/snet-aca-app05",
                "name": "snet-aca-app05",
                "private_endpoint_network_policies": "Disabled",
                "private_link_service_network_policies_enabled": true,
                "route_table_id": "",
                "security_group": "",
                "service_endpoint_policy_ids": [],
                "service_endpoints": []
              },
              {
                "address_prefixes": [
                  "10.0.6.0/24"
                ],
                "default_outbound_access_enabled": true,
                "delegation": [
                  {
                    "name": "delegation",
                    "service_delegation": [
                      {
                        "actions": [
                          "Microsoft.Network/virtualNetworks/subnets/join/action"
                        ],
                        "name": "Microsoft.App/environments"
                      }
                    ]
                  }
                ],
                "id": "/subscriptions/dcef7009-6b94-4382-afdc-17eb160d709a/resourceGroups/rg-aca-dns-24/providers/Microsoft.Network/virtualNetworks/vnet-internal/subnets/snet-aca-app06",
                "name": "snet-aca-app06",
                "private_endpoint_network_policies": "Disabled",
                "private_link_service_network_policies_enabled": true,
                "route_table_id": "",
                "security_group": "",
                "service_endpoint_policy_ids": [],
                "service_endpoints": []
              }
            ],
            "tags": {},
            "timeouts": null
          },
          "sensitive_attributes": [],
          "identity_schema_version": 0,
          "identity": {
            "name": "vnet-internal",
            "resource_group_name": "rg-aca-dns-24",
            "subscription_id": "dcef7009-6b94-4382-afdc-17eb160d709a"
          },
          "private": "eyJlMmJmYjczMC1lY2FhLTExZTYtOGY4OC0zNDM2M2JjN2M0YzAiOnsiY3JlYXRlIjoxODAwMDAwMDAwMDAwLCJkZWxldGUiOjE4MDAwMDAwMDAwMDAsInJlYWQiOjMwMDAwMDAwMDAwMCwidXBkYXRlIjoxODAwMDAwMDAwMDAwfX0=",
          "dependencies": [
            "azurerm_resource_group.rg"
          ]
        }
      ]
    },
    {
      "mode": "managed",
      "type": "azurerm_windows_virtual_machine",
      "name": "jumpbox",
      "provider": "provider[\"registry.terraform.io/hashicorp/azurerm\"]",
      "instances": [
        {
          "schema_version": 0,
          "attributes": {
            "additional_capabilities": [],
            "additional_unattend_content": [],
            "admin_password": "@Aa123456789",
            "admin_username": "azureuser",
            "allow_extension_operations": true,
            "availability_set_id": "",
            "boot_diagnostics": [
              {
                "storage_account_uri": ""
              }
            ],
            "bypass_platform_safety_checks_on_user_schedule_enabled": false,
            "capacity_reservation_group_id": "",
            "computer_name": "vm-windows-w11",
            "custom_data": null,
            "dedicated_host_group_id": "",
            "dedicated_host_id": "",
            "disk_controller_type": "NVMe",
            "edge_zone": "",
            "enable_automatic_updates": true,
            "encryption_at_host_enabled": false,
            "eviction_policy": "Delete",
            "extensions_time_budget": "PT1H30M",
            "gallery_application": [],
            "hotpatching_enabled": false,
            "id": "/subscriptions/dcef7009-6b94-4382-afdc-17eb160d709a/resourceGroups/rg-aca-dns-24/providers/Microsoft.Compute/virtualMachines/vm-windows-w11",
            "identity": [
              {
                "identity_ids": [],
                "principal_id": "325dd2de-788a-46c1-b74f-1c2253f3cbba",
                "tenant_id": "93139d1e-a3c1-4d78-9ed5-878be090eba4",
                "type": "SystemAssigned"
              }
            ],
            "license_type": "",
            "location": "swedencentral",
            "max_bid_price": -1,
            "name": "vm-windows-w11",
            "network_interface_ids": [
              "/subscriptions/dcef7009-6b94-4382-afdc-17eb160d709a/resourceGroups/rg-aca-dns-24/providers/Microsoft.Network/networkInterfaces/nic-vm-windows"
            ],
            "os_disk": [
              {
                "caching": "ReadOnly",
                "diff_disk_settings": [
                  {
                    "option": "Local",
                    "placement": "NvmeDisk"
                  }
                ],
                "disk_encryption_set_id": "",
                "disk_size_gb": 128,
                "id": "/subscriptions/dcef7009-6b94-4382-afdc-17eb160d709a/resourceGroups/rg-aca-dns-24/providers/Microsoft.Compute/disks/os-disk-win11",
                "name": "os-disk-win11",
                "secure_vm_disk_encryption_set_id": "",
                "security_encryption_type": "",
                "storage_account_type": "StandardSSD_LRS",
                "write_accelerator_enabled": false
              }
            ],
            "os_image_notification": [],
            "patch_assessment_mode": "ImageDefault",
            "patch_mode": "AutomaticByOS",
            "plan": [],
            "platform_fault_domain": -1,
            "priority": "Spot",
            "private_ip_address": "10.0.251.4",
            "private_ip_addresses": [
              "10.0.251.4"
            ],
            "provision_vm_agent": true,
            "proximity_placement_group_id": "",
            "public_ip_address": "",
            "public_ip_addresses": [],
            "reboot_setting": "",
            "resource_group_name": "rg-aca-dns-24",
            "secret": [],
            "secure_boot_enabled": false,
            "size": "Standard_D4ads_v6",
            "source_image_id": "",
            "source_image_reference": [
              {
                "offer": "windows-11",
                "publisher": "MicrosoftWindowsDesktop",
                "sku": "win11-24h2-pro",
                "version": "latest"
              }
            ],
            "tags": {},
            "termination_notification": [],
            "timeouts": null,
            "timezone": "",
            "user_data": "",
            "virtual_machine_id": "84f31867-44a5-46bd-ac48-2a9f0735b8e9",
            "virtual_machine_scale_set_id": "",
            "vm_agent_platform_updates_enabled": true,
            "vtpm_enabled": false,
            "winrm_listener": [],
            "zone": ""
          },
          "sensitive_attributes": [
            [
              {
                "type": "get_attr",
                "value": "admin_password"
              }
            ],
            [
              {
                "type": "get_attr",
                "value": "custom_data"
              }
            ]
          ],
          "identity_schema_version": 0,
          "private": "eyJlMmJmYjczMC1lY2FhLTExZTYtOGY4OC0zNDM2M2JjN2M0YzAiOnsiY3JlYXRlIjoyNzAwMDAwMDAwMDAwLCJkZWxldGUiOjI3MDAwMDAwMDAwMDAsInJlYWQiOjMwMDAwMDAwMDAwMCwidXBkYXRlIjoyNzAwMDAwMDAwMDAwfX0=",
          "dependencies": [
            "azurerm_network_interface.nic-vm-windows",
            "azurerm_resource_group.rg",
            "azurerm_subnet.snet-jumpbox",
            "azurerm_virtual_network.vnet"
          ]
        }
      ]
    },
    {
      "mode": "managed",
      "type": "random_string",
      "name": "random",
      "provider": "provider[\"registry.terraform.io/hashicorp/random\"]",
      "instances": [
        {
          "schema_version": 2,
          "attributes": {
            "id": "u8b26",
            "keepers": null,
            "length": 5,
            "lower": true,
            "min_lower": 0,
            "min_numeric": 0,
            "min_special": 0,
            "min_upper": 0,
            "number": true,
            "numeric": true,
            "override_special": null,
            "result": "u8b26",
            "special": false,
            "upper": false
          },
          "sensitive_attributes": [],
          "identity_schema_version": 0
        }
      ]
    }
  ],
  "check_results": null
}
