{
  "version": 4,
  "terraform_version": "1.8.0",
  "serial": 28,
  "lineage": "f71a9ae8-fcad-7d9f-4035-8a57551a6eda",
  "outputs": {
    "app_url": {
      "value": "aca-app-demo--55glxtc.blackriver-e2cf3171.westeurope.azurecontainerapps.io",
      "type": "string"
    },
    "appgw_ip": {
      "value": "20.73.165.188",
      "type": "string"
    },
    "custom_domain_name": {
      "value": "azureapp01.com",
      "type": "string"
    }
  },
  "resources": [
    {
      "mode": "data",
      "type": "azurerm_client_config",
      "name": "current",
      "provider": "provider[\"registry.terraform.io/hashicorp/azurerm\"]",
      "instances": [
        {
          "schema_version": 0,
          "attributes": {
            "client_id": "04b07795-8ddb-461a-bbee-02f9e1bf7b46",
            "id": "Y2xpZW50Q29uZmlncy9jbGllbnRJZD0wNGIwNzc5NS04ZGRiLTQ2MWEtYmJlZS0wMmY5ZTFiZjdiNDY7b2JqZWN0SWQ9MGE4NjQ4YmYtMjhlYy00YTdmLWJlNjUtMGQ2ZDhhMTcyMjgyO3N1YnNjcmlwdGlvbklkPTM4OTc3YjcwLTQ3YmYtNGRhNS1hNDkyLTg4NzEyZmNlODcyNTt0ZW5hbnRJZD1hOGY3ZmFhMS0zZTJlLTRkODQtYTZjYi1kYWY3ZWI5N2Q2ZTQ=",
            "object_id": "0a8648bf-28ec-4a7f-be65-0d6d8a172282",
            "subscription_id": "38977b70-47bf-4da5-a492-88712fce8725",
            "tenant_id": "a8f7faa1-3e2e-4d84-a6cb-daf7eb97d6e4",
            "timeouts": null
          },
          "sensitive_attributes": []
        }
      ]
    },
    {
      "mode": "managed",
      "type": "azurerm_application_gateway",
      "name": "appgateway",
      "provider": "provider[\"registry.terraform.io/hashicorp/azurerm\"]",
      "instances": [
        {
          "schema_version": 0,
          "attributes": {
            "authentication_certificate": [],
            "autoscale_configuration": [],
            "backend_address_pool": [
              {
                "fqdns": [
                  "aca-app-demo--55glxtc.blackriver-e2cf3171.westeurope.azurecontainerapps.io"
                ],
                "id": "/subscriptions/38977b70-47bf-4da5-a492-88712fce8725/resourceGroups/rg-containerapps-internal-appgw/providers/Microsoft.Network/applicationGateways/appgateway/backendAddressPools/backend-address-pool",
                "ip_addresses": [],
                "name": "backend-address-pool"
              }
            ],
            "backend_http_settings": [
              {
                "affinity_cookie_name": "ApplicationGatewayAffinity",
                "authentication_certificate": [],
                "connection_draining": [],
                "cookie_based_affinity": "Disabled",
                "host_name": "",
                "id": "/subscriptions/38977b70-47bf-4da5-a492-88712fce8725/resourceGroups/rg-containerapps-internal-appgw/providers/Microsoft.Network/applicationGateways/appgateway/backendHttpSettingsCollection/backend-http-settings-https",
                "name": "backend-http-settings-https",
                "path": "",
                "pick_host_name_from_backend_address": true,
                "port": 443,
                "probe_id": "/subscriptions/38977b70-47bf-4da5-a492-88712fce8725/resourceGroups/rg-containerapps-internal-appgw/providers/Microsoft.Network/applicationGateways/appgateway/probes/http-health-probe",
                "probe_name": "http-health-probe",
                "protocol": "Https",
                "request_timeout": 20,
                "trusted_root_certificate_names": []
              }
            ],
            "custom_error_configuration": [],
            "enable_http2": false,
            "fips_enabled": false,
            "firewall_policy_id": "",
            "force_firewall_policy_association": false,
            "frontend_ip_configuration": [
              {
                "id": "/subscriptions/38977b70-47bf-4da5-a492-88712fce8725/resourceGroups/rg-containerapps-internal-appgw/providers/Microsoft.Network/applicationGateways/appgateway/frontendIPConfigurations/frontend-ip-configuration",
                "name": "frontend-ip-configuration",
                "private_ip_address": "",
                "private_ip_address_allocation": "Dynamic",
                "private_link_configuration_id": "",
                "private_link_configuration_name": "",
                "public_ip_address_id": "/subscriptions/38977b70-47bf-4da5-a492-88712fce8725/resourceGroups/rg-containerapps-internal-appgw/providers/Microsoft.Network/publicIPAddresses/pip-appgateway",
                "subnet_id": ""
              }
            ],
            "frontend_port": [
              {
                "id": "/subscriptions/38977b70-47bf-4da5-a492-88712fce8725/resourceGroups/rg-containerapps-internal-appgw/providers/Microsoft.Network/applicationGateways/appgateway/frontendPorts/frontend-port-http",
                "name": "frontend-port-http",
                "port": 80
              },
              {
                "id": "/subscriptions/38977b70-47bf-4da5-a492-88712fce8725/resourceGroups/rg-containerapps-internal-appgw/providers/Microsoft.Network/applicationGateways/appgateway/frontendPorts/frontend-port-https",
                "name": "frontend-port-https",
                "port": 443
              }
            ],
            "gateway_ip_configuration": [
              {
                "id": "/subscriptions/38977b70-47bf-4da5-a492-88712fce8725/resourceGroups/rg-containerapps-internal-appgw/providers/Microsoft.Network/applicationGateways/appgateway/gatewayIPConfigurations/appgateway-ip-configuration",
                "name": "appgateway-ip-configuration",
                "subnet_id": "/subscriptions/38977b70-47bf-4da5-a492-88712fce8725/resourceGroups/rg-containerapps-internal-appgw/providers/Microsoft.Network/virtualNetworks/vnet-internal/subnets/subnet-appgw"
              }
            ],
            "global": [],
            "http_listener": [
              {
                "custom_error_configuration": [],
                "firewall_policy_id": "",
                "frontend_ip_configuration_id": "/subscriptions/38977b70-47bf-4da5-a492-88712fce8725/resourceGroups/rg-containerapps-internal-appgw/providers/Microsoft.Network/applicationGateways/appgateway/frontendIPConfigurations/frontend-ip-configuration",
                "frontend_ip_configuration_name": "frontend-ip-configuration",
                "frontend_port_id": "/subscriptions/38977b70-47bf-4da5-a492-88712fce8725/resourceGroups/rg-containerapps-internal-appgw/providers/Microsoft.Network/applicationGateways/appgateway/frontendPorts/frontend-port-http",
                "frontend_port_name": "frontend-port-http",
                "host_name": "",
                "host_names": [],
                "id": "/subscriptions/38977b70-47bf-4da5-a492-88712fce8725/resourceGroups/rg-containerapps-internal-appgw/providers/Microsoft.Network/applicationGateways/appgateway/httpListeners/listener-http",
                "name": "listener-http",
                "protocol": "Http",
                "require_sni": false,
                "ssl_certificate_id": "",
                "ssl_certificate_name": "",
                "ssl_profile_id": "",
                "ssl_profile_name": ""
              },
              {
                "custom_error_configuration": [],
                "firewall_policy_id": "",
                "frontend_ip_configuration_id": "/subscriptions/38977b70-47bf-4da5-a492-88712fce8725/resourceGroups/rg-containerapps-internal-appgw/providers/Microsoft.Network/applicationGateways/appgateway/frontendIPConfigurations/frontend-ip-configuration",
                "frontend_ip_configuration_name": "frontend-ip-configuration",
                "frontend_port_id": "/subscriptions/38977b70-47bf-4da5-a492-88712fce8725/resourceGroups/rg-containerapps-internal-appgw/providers/Microsoft.Network/applicationGateways/appgateway/frontendPorts/frontend-port-https",
                "frontend_port_name": "frontend-port-https",
                "host_name": "",
                "host_names": [],
                "id": "/subscriptions/38977b70-47bf-4da5-a492-88712fce8725/resourceGroups/rg-containerapps-internal-appgw/providers/Microsoft.Network/applicationGateways/appgateway/httpListeners/listener-https",
                "name": "listener-https",
                "protocol": "Https",
                "require_sni": false,
                "ssl_certificate_id": "/subscriptions/38977b70-47bf-4da5-a492-88712fce8725/resourceGroups/rg-containerapps-internal-appgw/providers/Microsoft.Network/applicationGateways/appgateway/sslCertificates/azureapp01.com",
                "ssl_certificate_name": "azureapp01.com",
                "ssl_profile_id": "",
                "ssl_profile_name": ""
              }
            ],
            "id": "/subscriptions/38977b70-47bf-4da5-a492-88712fce8725/resourceGroups/rg-containerapps-internal-appgw/providers/Microsoft.Network/applicationGateways/appgateway",
            "identity": [
              {
                "identity_ids": [
                  "/subscriptions/38977b70-47bf-4da5-a492-88712fce8725/resourceGroups/rg-containerapps-internal-appgw/providers/Microsoft.ManagedIdentity/userAssignedIdentities/identity-appgw"
                ],
                "type": "UserAssigned"
              }
            ],
            "location": "westeurope",
            "name": "appgateway",
            "private_endpoint_connection": [],
            "private_link_configuration": [],
            "probe": [
              {
                "host": "",
                "id": "/subscriptions/38977b70-47bf-4da5-a492-88712fce8725/resourceGroups/rg-containerapps-internal-appgw/providers/Microsoft.Network/applicationGateways/appgateway/probes/http-health-probe",
                "interval": 30,
                "match": [
                  {
                    "body": "",
                    "status_code": [
                      "200-399"
                    ]
                  }
                ],
                "minimum_servers": 0,
                "name": "http-health-probe",
                "path": "/",
                "pick_host_name_from_backend_http_settings": true,
                "port": 0,
                "protocol": "Https",
                "timeout": 30,
                "unhealthy_threshold": 3
              }
            ],
            "redirect_configuration": [
              {
                "id": "/subscriptions/38977b70-47bf-4da5-a492-88712fce8725/resourceGroups/rg-containerapps-internal-appgw/providers/Microsoft.Network/applicationGateways/appgateway/redirectConfigurations/redirect-configuration",
                "include_path": true,
                "include_query_string": true,
                "name": "redirect-configuration",
                "redirect_type": "Permanent",
                "target_listener_id": "/subscriptions/38977b70-47bf-4da5-a492-88712fce8725/resourceGroups/rg-containerapps-internal-appgw/providers/Microsoft.Network/applicationGateways/appgateway/httpListeners/listener-https",
                "target_listener_name": "listener-https",
                "target_url": ""
              }
            ],
            "request_routing_rule": [
              {
                "backend_address_pool_id": "",
                "backend_address_pool_name": "",
                "backend_http_settings_id": "",
                "backend_http_settings_name": "",
                "http_listener_id": "/subscriptions/38977b70-47bf-4da5-a492-88712fce8725/resourceGroups/rg-containerapps-internal-appgw/providers/Microsoft.Network/applicationGateways/appgateway/httpListeners/listener-http",
                "http_listener_name": "listener-http",
                "id": "/subscriptions/38977b70-47bf-4da5-a492-88712fce8725/resourceGroups/rg-containerapps-internal-appgw/providers/Microsoft.Network/applicationGateways/appgateway/requestRoutingRules/request-routing-rule-http",
                "name": "request-routing-rule-http",
                "priority": 1,
                "redirect_configuration_id": "/subscriptions/38977b70-47bf-4da5-a492-88712fce8725/resourceGroups/rg-containerapps-internal-appgw/providers/Microsoft.Network/applicationGateways/appgateway/redirectConfigurations/redirect-configuration",
                "redirect_configuration_name": "redirect-configuration",
                "rewrite_rule_set_id": "",
                "rewrite_rule_set_name": "",
                "rule_type": "Basic",
                "url_path_map_id": "",
                "url_path_map_name": ""
              },
              {
                "backend_address_pool_id": "/subscriptions/38977b70-47bf-4da5-a492-88712fce8725/resourceGroups/rg-containerapps-internal-appgw/providers/Microsoft.Network/applicationGateways/appgateway/backendAddressPools/backend-address-pool",
                "backend_address_pool_name": "backend-address-pool",
                "backend_http_settings_id": "/subscriptions/38977b70-47bf-4da5-a492-88712fce8725/resourceGroups/rg-containerapps-internal-appgw/providers/Microsoft.Network/applicationGateways/appgateway/backendHttpSettingsCollection/backend-http-settings-https",
                "backend_http_settings_name": "backend-http-settings-https",
                "http_listener_id": "/subscriptions/38977b70-47bf-4da5-a492-88712fce8725/resourceGroups/rg-containerapps-internal-appgw/providers/Microsoft.Network/applicationGateways/appgateway/httpListeners/listener-https",
                "http_listener_name": "listener-https",
                "id": "/subscriptions/38977b70-47bf-4da5-a492-88712fce8725/resourceGroups/rg-containerapps-internal-appgw/providers/Microsoft.Network/applicationGateways/appgateway/requestRoutingRules/request-routing-rule-https",
                "name": "request-routing-rule-https",
                "priority": 2,
                "redirect_configuration_id": "",
                "redirect_configuration_name": "",
                "rewrite_rule_set_id": "",
                "rewrite_rule_set_name": "",
                "rule_type": "Basic",
                "url_path_map_id": "",
                "url_path_map_name": ""
              }
            ],
            "resource_group_name": "rg-containerapps-internal-appgw",
            "rewrite_rule_set": [],
            "sku": [
              {
                "capacity": 1,
                "name": "Standard_v2",
                "tier": "Standard_v2"
              }
            ],
            "ssl_certificate": [
              {
                "data": "",
                "id": "/subscriptions/38977b70-47bf-4da5-a492-88712fce8725/resourceGroups/rg-containerapps-internal-appgw/providers/Microsoft.Network/applicationGateways/appgateway/sslCertificates/azureapp01.com",
                "key_vault_secret_id": "https://kv-appgw-2pqub.vault.azure.net/secrets/generated-cert/6e1f27c4833748aa85c51383a638b6fc",
                "name": "azureapp01.com",
                "password": "",
                "public_cert_data": ""
              }
            ],
            "ssl_policy": [
              {
                "cipher_suites": [],
                "disabled_protocols": [],
                "min_protocol_version": "",
                "policy_name": "AppGwSslPolicy20150501",
                "policy_type": "Predefined"
              }
            ],
            "ssl_profile": [],
            "tags": null,
            "timeouts": null,
            "trusted_client_certificate": [],
            "trusted_root_certificate": [],
            "url_path_map": [],
            "waf_configuration": [],
            "zones": null
          },
          "sensitive_attributes": [
            [
              {
                "type": "get_attr",
                "value": "ssl_certificate"
              }
            ]
          ],
          "private": "eyJlMmJmYjczMC1lY2FhLTExZTYtOGY4OC0zNDM2M2JjN2M0YzAiOnsiY3JlYXRlIjo1NDAwMDAwMDAwMDAwLCJkZWxldGUiOjU0MDAwMDAwMDAwMDAsInJlYWQiOjMwMDAwMDAwMDAwMCwidXBkYXRlIjo1NDAwMDAwMDAwMDAwfX0=",
          "dependencies": [
            "azurerm_container_app.app",
            "azurerm_container_app_environment.env",
            "azurerm_key_vault.keyvault",
            "azurerm_key_vault_certificate.local_domain_certs",
            "azurerm_public_ip.pip-appgateway",
            "azurerm_resource_group.rg",
            "azurerm_role_assignment.role-certificates-officer",
            "azurerm_subnet.subnet-appgw",
            "azurerm_subnet.subnet-container-apps",
            "azurerm_user_assigned_identity.identity-appgw",
            "azurerm_virtual_network.vnet",
            "data.azurerm_client_config.current",
            "random_string.random"
          ]
        }
      ]
    },
    {
      "mode": "managed",
      "type": "azurerm_bastion_host",
      "name": "bastion",
      "provider": "provider[\"registry.terraform.io/hashicorp/azurerm\"]",
      "instances": [
        {
          "schema_version": 0,
          "attributes": {
            "copy_paste_enabled": true,
            "dns_name": "bst-42779705-75ce-48f9-bb47-e3e292d44a8c.bastion.azure.com",
            "file_copy_enabled": false,
            "id": "/subscriptions/38977b70-47bf-4da5-a492-88712fce8725/resourceGroups/rg-containerapps-internal-appgw/providers/Microsoft.Network/bastionHosts/bastion",
            "ip_configuration": [
              {
                "name": "configuration",
                "public_ip_address_id": "/subscriptions/38977b70-47bf-4da5-a492-88712fce8725/resourceGroups/rg-containerapps-internal-appgw/providers/Microsoft.Network/publicIPAddresses/pip-bastion",
                "subnet_id": "/subscriptions/38977b70-47bf-4da5-a492-88712fce8725/resourceGroups/rg-containerapps-internal-appgw/providers/Microsoft.Network/virtualNetworks/vnet-internal/subnets/AzureBastionSubnet"
              }
            ],
            "ip_connect_enabled": false,
            "location": "westeurope",
            "name": "bastion",
            "resource_group_name": "rg-containerapps-internal-appgw",
            "scale_units": 2,
            "shareable_link_enabled": false,
            "sku": "Basic",
            "tags": null,
            "timeouts": null,
            "tunneling_enabled": false
          },
          "sensitive_attributes": [],
          "private": "eyJlMmJmYjczMC1lY2FhLTExZTYtOGY4OC0zNDM2M2JjN2M0YzAiOnsiY3JlYXRlIjoxODAwMDAwMDAwMDAwLCJkZWxldGUiOjE4MDAwMDAwMDAwMDAsInJlYWQiOjMwMDAwMDAwMDAwMCwidXBkYXRlIjoxODAwMDAwMDAwMDAwfX0=",
          "dependencies": [
            "azurerm_public_ip.pip-bastion",
            "azurerm_resource_group.rg",
            "azurerm_subnet.subnet-bastion",
            "azurerm_virtual_network.vnet"
          ]
        }
      ]
    },
    {
      "mode": "managed",
      "type": "azurerm_container_app",
      "name": "app",
      "provider": "provider[\"registry.terraform.io/hashicorp/azurerm\"]",
      "instances": [
        {
          "schema_version": 0,
          "attributes": {
            "container_app_environment_id": "/subscriptions/38977b70-47bf-4da5-a492-88712fce8725/resourceGroups/rg-containerapps-internal-appgw/providers/Microsoft.App/managedEnvironments/aca-environment",
            "custom_domain_verification_id": "2AE36349F34CF07C26682CAB69940DF26614B5B61797CA2B82A7EC6564045909",
            "dapr": [],
            "id": "/subscriptions/38977b70-47bf-4da5-a492-88712fce8725/resourceGroups/rg-containerapps-internal-appgw/providers/Microsoft.App/containerApps/aca-app-demo",
            "identity": [],
            "ingress": [
              {
                "allow_insecure_connections": false,
                "custom_domain": [],
                "exposed_port": 0,
                "external_enabled": true,
                "fqdn": "aca-app-demo.blackriver-e2cf3171.westeurope.azurecontainerapps.io",
                "target_port": 80,
                "traffic_weight": [
                  {
                    "label": "",
                    "latest_revision": true,
                    "percentage": 100,
                    "revision_suffix": ""
                  }
                ],
                "transport": "auto"
              }
            ],
            "latest_revision_fqdn": "aca-app-demo--55glxtc.blackriver-e2cf3171.westeurope.azurecontainerapps.io",
            "latest_revision_name": "aca-app-demo--55glxtc",
            "location": "westeurope",
            "name": "aca-app-demo",
            "outbound_ip_addresses": [],
            "registry": [],
            "resource_group_name": "rg-containerapps-internal-appgw",
            "revision_mode": "Single",
            "secret": [],
            "tags": null,
            "template": [
              {
                "azure_queue_scale_rule": [],
                "container": [
                  {
                    "args": null,
                    "command": null,
                    "cpu": 0.25,
                    "env": [],
                    "ephemeral_storage": "1Gi",
                    "image": "mcr.microsoft.com/azuredocs/containerapps-helloworld:latest",
                    "liveness_probe": [],
                    "memory": "0.5Gi",
                    "name": "helloworld-app",
                    "readiness_probe": [],
                    "startup_probe": [],
                    "volume_mounts": []
                  }
                ],
                "custom_scale_rule": [],
                "http_scale_rule": [],
                "init_container": [],
                "max_replicas": 3,
                "min_replicas": 1,
                "revision_suffix": "",
                "tcp_scale_rule": [],
                "volume": []
              }
            ],
            "timeouts": null,
            "workload_profile_name": "profile-D4"
          },
          "sensitive_attributes": [
            [
              {
                "type": "get_attr",
                "value": "custom_domain_verification_id"
              }
            ]
          ],
          "private": "eyJlMmJmYjczMC1lY2FhLTExZTYtOGY4OC0zNDM2M2JjN2M0YzAiOnsiY3JlYXRlIjoxODAwMDAwMDAwMDAwLCJkZWxldGUiOjE4MDAwMDAwMDAwMDAsInJlYWQiOjMwMDAwMDAwMDAwMCwidXBkYXRlIjoxODAwMDAwMDAwMDAwfX0=",
          "dependencies": [
            "azurerm_container_app_environment.env",
            "azurerm_resource_group.rg",
            "azurerm_subnet.subnet-container-apps",
            "azurerm_virtual_network.vnet"
          ]
        }
      ]
    },
    {
      "mode": "managed",
      "type": "azurerm_container_app_environment",
      "name": "env",
      "provider": "provider[\"registry.terraform.io/hashicorp/azurerm\"]",
      "instances": [
        {
          "schema_version": 0,
          "attributes": {
            "dapr_application_insights_connection_string": "",
            "default_domain": "blackriver-e2cf3171.westeurope.azurecontainerapps.io",
            "docker_bridge_cidr": "",
            "id": "/subscriptions/38977b70-47bf-4da5-a492-88712fce8725/resourceGroups/rg-containerapps-internal-appgw/providers/Microsoft.App/managedEnvironments/aca-environment",
            "infrastructure_subnet_id": "/subscriptions/38977b70-47bf-4da5-a492-88712fce8725/resourceGroups/rg-containerapps-internal-appgw/providers/Microsoft.Network/virtualNetworks/vnet-internal/subnets/subnet-container-apps",
            "internal_load_balancer_enabled": true,
            "location": "westeurope",
            "log_analytics_workspace_id": "",
            "name": "aca-environment",
            "platform_reserved_cidr": "",
            "platform_reserved_dns_ip_address": "",
            "resource_group_name": "rg-containerapps-internal-appgw",
            "static_ip_address": "10.0.0.29",
            "tags": null,
            "timeouts": null,
            "workload_profile": [
              {
                "maximum_count": 3,
                "minimum_count": 1,
                "name": "profile-D4",
                "workload_profile_type": "D4"
              }
            ],
            "zone_redundancy_enabled": true
          },
          "sensitive_attributes": [
            [
              {
                "type": "get_attr",
                "value": "dapr_application_insights_connection_string"
              }
            ]
          ],
          "private": "eyJlMmJmYjczMC1lY2FhLTExZTYtOGY4OC0zNDM2M2JjN2M0YzAiOnsiY3JlYXRlIjoxODAwMDAwMDAwMDAwLCJkZWxldGUiOjE4MDAwMDAwMDAwMDAsInJlYWQiOjMwMDAwMDAwMDAwMCwidXBkYXRlIjoxODAwMDAwMDAwMDAwfX0=",
          "dependencies": [
            "azurerm_resource_group.rg",
            "azurerm_subnet.subnet-container-apps",
            "azurerm_virtual_network.vnet"
          ]
        }
      ]
    },
    {
      "mode": "managed",
      "type": "azurerm_dns_a_record",
      "name": "dns_a_record_appgw",
      "provider": "provider[\"registry.terraform.io/hashicorp/azurerm\"]",
      "instances": [
        {
          "schema_version": 1,
          "attributes": {
            "fqdn": "azureapp01.com.",
            "id": "/subscriptions/38977b70-47bf-4da5-a492-88712fce8725/resourceGroups/rg-containerapps-internal-appgw/providers/Microsoft.Network/dnsZones/azureapp01.com/A/@",
            "name": "@",
            "records": [
              "20.73.165.188"
            ],
            "resource_group_name": "rg-containerapps-internal-appgw",
            "tags": null,
            "target_resource_id": "",
            "timeouts": null,
            "ttl": 300,
            "zone_name": "azureapp01.com"
          },
          "sensitive_attributes": [],
          "private": "eyJlMmJmYjczMC1lY2FhLTExZTYtOGY4OC0zNDM2M2JjN2M0YzAiOnsiY3JlYXRlIjoxODAwMDAwMDAwMDAwLCJkZWxldGUiOjE4MDAwMDAwMDAwMDAsInJlYWQiOjMwMDAwMDAwMDAwMCwidXBkYXRlIjoxODAwMDAwMDAwMDAwfSwic2NoZW1hX3ZlcnNpb24iOiIxIn0=",
          "dependencies": [
            "azurerm_dns_zone.dns_zone",
            "azurerm_public_ip.pip-appgateway",
            "azurerm_resource_group.rg"
          ]
        }
      ]
    },
    {
      "mode": "managed",
      "type": "azurerm_dns_zone",
      "name": "dns_zone",
      "provider": "provider[\"registry.terraform.io/hashicorp/azurerm\"]",
      "instances": [
        {
          "schema_version": 2,
          "attributes": {
            "id": "/subscriptions/38977b70-47bf-4da5-a492-88712fce8725/resourceGroups/rg-containerapps-internal-appgw/providers/Microsoft.Network/dnsZones/azureapp01.com",
            "max_number_of_record_sets": 10000,
            "name": "azureapp01.com",
            "name_servers": [
              "ns1-32.azure-dns.com.",
              "ns2-32.azure-dns.net.",
              "ns3-32.azure-dns.org.",
              "ns4-32.azure-dns.info."
            ],
            "number_of_record_sets": 2,
            "resource_group_name": "rg-containerapps-internal-appgw",
            "soa_record": [
              {
                "email": "azuredns-hostmaster.microsoft.com",
                "expire_time": 2419200,
                "fqdn": "azureapp01.com.",
                "host_name": "ns1-32.azure-dns.com.",
                "minimum_ttl": 300,
                "refresh_time": 3600,
                "retry_time": 300,
                "serial_number": 1,
                "tags": {},
                "ttl": 3600
              }
            ],
            "tags": null,
            "timeouts": null
          },
          "sensitive_attributes": [],
          "private": "eyJlMmJmYjczMC1lY2FhLTExZTYtOGY4OC0zNDM2M2JjN2M0YzAiOnsiY3JlYXRlIjoxODAwMDAwMDAwMDAwLCJkZWxldGUiOjE4MDAwMDAwMDAwMDAsInJlYWQiOjMwMDAwMDAwMDAwMCwidXBkYXRlIjoxODAwMDAwMDAwMDAwfSwic2NoZW1hX3ZlcnNpb24iOiIyIn0=",
          "dependencies": [
            "azurerm_resource_group.rg"
          ]
        }
      ]
    },
    {
      "mode": "managed",
      "type": "azurerm_key_vault",
      "name": "keyvault",
      "provider": "provider[\"registry.terraform.io/hashicorp/azurerm\"]",
      "instances": [
        {
          "schema_version": 2,
          "attributes": {
            "access_policy": [],
            "contact": [],
            "enable_rbac_authorization": true,
            "enabled_for_deployment": false,
            "enabled_for_disk_encryption": false,
            "enabled_for_template_deployment": false,
            "id": "/subscriptions/38977b70-47bf-4da5-a492-88712fce8725/resourceGroups/rg-containerapps-internal-appgw/providers/Microsoft.KeyVault/vaults/kv-appgw-2pqub",
            "location": "westeurope",
            "name": "kv-appgw-2pqub",
            "network_acls": [
              {
                "bypass": "AzureServices",
                "default_action": "Allow",
                "ip_rules": [],
                "virtual_network_subnet_ids": []
              }
            ],
            "public_network_access_enabled": true,
            "purge_protection_enabled": false,
            "resource_group_name": "rg-containerapps-internal-appgw",
            "sku_name": "standard",
            "soft_delete_retention_days": 7,
            "tags": null,
            "tenant_id": "a8f7faa1-3e2e-4d84-a6cb-daf7eb97d6e4",
            "timeouts": null,
            "vault_uri": "https://kv-appgw-2pqub.vault.azure.net/"
          },
          "sensitive_attributes": [],
          "private": "eyJlMmJmYjczMC1lY2FhLTExZTYtOGY4OC0zNDM2M2JjN2M0YzAiOnsiY3JlYXRlIjoxODAwMDAwMDAwMDAwLCJkZWxldGUiOjE4MDAwMDAwMDAwMDAsInJlYWQiOjMwMDAwMDAwMDAwMCwidXBkYXRlIjoxODAwMDAwMDAwMDAwfSwic2NoZW1hX3ZlcnNpb24iOiIyIn0=",
          "dependencies": [
            "azurerm_resource_group.rg",
            "data.azurerm_client_config.current",
            "random_string.random"
          ]
        }
      ]
    },
    {
      "mode": "managed",
      "type": "azurerm_key_vault_certificate",
      "name": "local_domain_certs",
      "provider": "provider[\"registry.terraform.io/hashicorp/azurerm\"]",
      "instances": [
        {
          "schema_version": 0,
          "attributes": {
            "certificate": [],
            "certificate_attribute": [
              {
                "created": "2024-04-26T13:05:54Z",
                "enabled": true,
                "expires": "2025-04-26T13:05:54Z",
                "not_before": "2024-04-26T12:55:54Z",
                "recovery_level": "CustomizedRecoverable+Purgeable",
                "updated": "2024-04-26T13:05:54Z"
              }
            ],
            "certificate_data": "3082034B30820233A00302010202101A44952FBD524C84B695FE23F2C2B376300D06092A864886F70D01010B05003019311730150603550403130E617A75726561707030312E636F6D301E170D3234303432363132353535345A170D3235303432363133303535345A3019311730150603550403130E617A75726561707030312E636F6D30820122300D06092A864886F70D01010105000382010F003082010A0282010100D889BE2DD64335E79459FE6B1B9D1A1CFFC8D3528877621517892032A661F45231BBE37E56D1F7C56AAA534C43104328A3EE3F0D1196280F60C63B25533D0E726FAA9D5B3C9968A735D595882D8C7BD8BCBC2AE917367B475BA771AAD040CEF9A292FA8BB5D8DC194B198B412D686127CC1C2BE664BBE76881232619C337045C06C8A9D78D9F6005BB48F21381A6CE036087AFA3693E96FA1A4FC378ED86DA947A873729ED99D34BE18A609A715A277462F0F7CF6895201DC1D9F43EF25F8F590E703DF15AFF9C2DE69528423D040734A13332B016F36A9D6C92075813F843AB7538EACB2668503E3B1886516B39CC12CFDAC3B7F7CC0A8019E575FC68A49B650203010001A3818E30818B300E0603551D0F0101FF0404030205A030090603551D130402300030130603551D25040C300A06082B0601050507030130190603551D1104123010820E617A75726561707030312E636F6D301F0603551D2304183016801427AAB5572BFD3CB8D5AA38591258F6D2ED6A7047301D0603551D0E0416041427AAB5572BFD3CB8D5AA38591258F6D2ED6A7047300D06092A864886F70D01010B05000382010100B77A0E2096B81201B9DC266C6EE22C9FC83F74250A7C1341840ACFC870BC69D52CA27FAB7CFD9B01948D15741C2B5912C00E7DE57900CBA80264AB4BE5D5D224C8D4AB6C331AA7F5347C13A1D3EF2A84BF9C4EF3F0A6B969524F558AC92BF8DC4B5C8B7A1FC79575CA2E676DB342903CEC2E5111F5F74A47D2F215B1CAA7B27B1818F0B5D2692ED958BD0183CF7BC4B7867D6FED0F80A10F53F6F5D4E5AC9954C973AC2FD9BE9A03982B8BEBA7B27D53635F0CA1C827A166138E283DE7B86F5993DADBC5B1EC7D6432CEA9CD25B3D2D3E298686681569C6BDFA6116BA07F9FF4F26830026C89A3E4F7B2F63BD7F69ADA428CA6915DC3AE5EB1D0A16719C3E4E7",
            "certificate_data_base64": "MIIDSzCCAjOgAwIBAgIQGkSVL71STIS2lf4j8sKzdjANBgkqhkiG9w0BAQsFADAZMRcwFQYDVQQDEw5henVyZWFwcDAxLmNvbTAeFw0yNDA0MjYxMjU1NTRaFw0yNTA0MjYxMzA1NTRaMBkxFzAVBgNVBAMTDmF6dXJlYXBwMDEuY29tMIIBIjANBgkqhkiG9w0BAQEFAAOCAQ8AMIIBCgKCAQEA2Im+LdZDNeeUWf5rG50aHP/I01KId2IVF4kgMqZh9FIxu+N+VtH3xWqqU0xDEEMoo+4/DRGWKA9gxjslUz0Ocm+qnVs8mWinNdWViC2Me9i8vCrpFzZ7R1uncarQQM75opL6i7XY3BlLGYtBLWhhJ8wcK+Zku+dogSMmGcM3BFwGyKnXjZ9gBbtI8hOBps4DYIevo2k+lvoaT8N47YbalHqHNyntmdNL4YpgmnFaJ3Ri8PfPaJUgHcHZ9D7yX49ZDnA98Vr/nC3mlShCPQQHNKEzMrAW82qdbJIHWBP4Q6t1OOrLJmhQPjsYhlFrOcwSz9rDt/fMCoAZ5XX8aKSbZQIDAQABo4GOMIGLMA4GA1UdDwEB/wQEAwIFoDAJBgNVHRMEAjAAMBMGA1UdJQQMMAoGCCsGAQUFBwMBMBkGA1UdEQQSMBCCDmF6dXJlYXBwMDEuY29tMB8GA1UdIwQYMBaAFCeqtVcr/Ty41ao4WRJY9tLtanBHMB0GA1UdDgQWBBQnqrVXK/08uNWqOFkSWPbS7WpwRzANBgkqhkiG9w0BAQsFAAOCAQEAt3oOIJa4EgG53CZsbuIsn8g/dCUKfBNBhArPyHC8adUson+rfP2bAZSNFXQcK1kSwA595XkAy6gCZKtL5dXSJMjUq2wzGqf1NHwTodPvKoS/nE7z8Ka5aVJPVYrJK/jcS1yLeh/HlXXKLmdts0KQPOwuURH190pH0vIVscqnsnsYGPC10mku2Vi9AYPPe8S3hn1v7Q+AoQ9T9vXU5ayZVMlzrC/ZvpoDmCuL66eyfVNjXwyhyCehZhOOKD3nuG9Zk9rbxbHsfWQyzqnNJbPS0+KYaGaBVpxr36YRa6B/n/TyaDACbImj5Pey9jvX9praQoymkV3Drl6x0KFnGcPk5w==",
            "certificate_policy": [
              {
                "issuer_parameters": [
                  {
                    "name": "Self"
                  }
                ],
                "key_properties": [
                  {
                    "curve": "",
                    "exportable": true,
                    "key_size": 2048,
                    "key_type": "RSA",
                    "reuse_key": true
                  }
                ],
                "lifetime_action": [
                  {
                    "action": [
                      {
                        "action_type": "AutoRenew"
                      }
                    ],
                    "trigger": [
                      {
                        "days_before_expiry": 30,
                        "lifetime_percentage": 0
                      }
                    ]
                  }
                ],
                "secret_properties": [
                  {
                    "content_type": "application/x-pkcs12"
                  }
                ],
                "x509_certificate_properties": [
                  {
                    "extended_key_usage": [
                      "1.3.6.1.5.5.7.3.1"
                    ],
                    "key_usage": [
                      "digitalSignature",
                      "keyEncipherment"
                    ],
                    "subject": "CN=azureapp01.com",
                    "subject_alternative_names": [
                      {
                        "dns_names": [
                          "azureapp01.com"
                        ],
                        "emails": null,
                        "upns": null
                      }
                    ],
                    "validity_in_months": 12
                  }
                ]
              }
            ],
            "id": "https://kv-appgw-2pqub.vault.azure.net/certificates/generated-cert/6e1f27c4833748aa85c51383a638b6fc",
            "key_vault_id": "/subscriptions/38977b70-47bf-4da5-a492-88712fce8725/resourceGroups/rg-containerapps-internal-appgw/providers/Microsoft.KeyVault/vaults/kv-appgw-2pqub",
            "name": "generated-cert",
            "resource_manager_id": "/subscriptions/38977b70-47bf-4da5-a492-88712fce8725/resourceGroups/rg-containerapps-internal-appgw/providers/Microsoft.KeyVault/vaults/kv-appgw-2pqub/certificates/generated-cert/versions/6e1f27c4833748aa85c51383a638b6fc",
            "resource_manager_versionless_id": "/subscriptions/38977b70-47bf-4da5-a492-88712fce8725/resourceGroups/rg-containerapps-internal-appgw/providers/Microsoft.KeyVault/vaults/kv-appgw-2pqub/certificates/generated-cert",
            "secret_id": "https://kv-appgw-2pqub.vault.azure.net/secrets/generated-cert/6e1f27c4833748aa85c51383a638b6fc",
            "tags": null,
            "thumbprint": "4EC9025A30F3FB4FC18D4C22A80E87C5C0D10B41",
            "timeouts": null,
            "version": "6e1f27c4833748aa85c51383a638b6fc",
            "versionless_id": "https://kv-appgw-2pqub.vault.azure.net/certificates/generated-cert",
            "versionless_secret_id": "https://kv-appgw-2pqub.vault.azure.net/secrets/generated-cert"
          },
          "sensitive_attributes": [],
          "private": "eyJlMmJmYjczMC1lY2FhLTExZTYtOGY4OC0zNDM2M2JjN2M0YzAiOnsiY3JlYXRlIjozNjAwMDAwMDAwMDAwLCJkZWxldGUiOjE4MDAwMDAwMDAwMDAsInJlYWQiOjE4MDAwMDAwMDAwMDAsInVwZGF0ZSI6MTgwMDAwMDAwMDAwMH19",
          "dependencies": [
            "azurerm_key_vault.keyvault",
            "azurerm_resource_group.rg",
            "azurerm_role_assignment.role-certificates-officer",
            "data.azurerm_client_config.current",
            "random_string.random"
          ]
        }
      ]
    },
    {
      "mode": "managed",
      "type": "azurerm_network_interface",
      "name": "nic-vm-windows",
      "provider": "provider[\"registry.terraform.io/hashicorp/azurerm\"]",
      "instances": [
        {
          "schema_version": 0,
          "attributes": {
            "applied_dns_servers": [],
            "auxiliary_mode": "",
            "auxiliary_sku": "",
            "dns_servers": [],
            "edge_zone": "",
            "enable_accelerated_networking": false,
            "enable_ip_forwarding": false,
            "id": "/subscriptions/38977b70-47bf-4da5-a492-88712fce8725/resourceGroups/rg-containerapps-internal-appgw/providers/Microsoft.Network/networkInterfaces/nic-vm-windows",
            "internal_dns_name_label": "",
            "internal_domain_name_suffix": "xcifkifl4yzufjadazmggybpwd.ax.internal.cloudapp.net",
            "ip_configuration": [
              {
                "gateway_load_balancer_frontend_ip_configuration_id": "",
                "name": "internal",
                "primary": true,
                "private_ip_address": "10.0.2.4",
                "private_ip_address_allocation": "Dynamic",
                "private_ip_address_version": "IPv4",
                "public_ip_address_id": "",
                "subnet_id": "/subscriptions/38977b70-47bf-4da5-a492-88712fce8725/resourceGroups/rg-containerapps-internal-appgw/providers/Microsoft.Network/virtualNetworks/vnet-internal/subnets/subnet-jumpbox"
              }
            ],
            "location": "westeurope",
            "mac_address": "",
            "name": "nic-vm-windows",
            "private_ip_address": "10.0.2.4",
            "private_ip_addresses": [
              "10.0.2.4"
            ],
            "resource_group_name": "rg-containerapps-internal-appgw",
            "tags": null,
            "timeouts": null,
            "virtual_machine_id": ""
          },
          "sensitive_attributes": [],
          "private": "eyJlMmJmYjczMC1lY2FhLTExZTYtOGY4OC0zNDM2M2JjN2M0YzAiOnsiY3JlYXRlIjoxODAwMDAwMDAwMDAwLCJkZWxldGUiOjE4MDAwMDAwMDAwMDAsInJlYWQiOjMwMDAwMDAwMDAwMCwidXBkYXRlIjoxODAwMDAwMDAwMDAwfX0=",
          "dependencies": [
            "azurerm_resource_group.rg",
            "azurerm_subnet.subnet-jumpbox",
            "azurerm_virtual_network.vnet"
          ]
        }
      ]
    },
    {
      "mode": "managed",
      "type": "azurerm_private_dns_a_record",
      "name": "a-record",
      "provider": "provider[\"registry.terraform.io/hashicorp/azurerm\"]",
      "instances": [
        {
          "schema_version": 0,
          "attributes": {
            "fqdn": "blackriver-e2cf3171.westeurope.azurecontainerapps.io.",
            "id": "/subscriptions/38977b70-47bf-4da5-a492-88712fce8725/resourceGroups/rg-containerapps-internal-appgw/providers/Microsoft.Network/privateDnsZones/blackriver-e2cf3171.westeurope.azurecontainerapps.io/A/@",
            "name": "@",
            "records": [
              "10.0.0.29"
            ],
            "resource_group_name": "rg-containerapps-internal-appgw",
            "tags": null,
            "timeouts": null,
            "ttl": 300,
            "zone_name": "blackriver-e2cf3171.westeurope.azurecontainerapps.io"
          },
          "sensitive_attributes": [],
          "private": "eyJlMmJmYjczMC1lY2FhLTExZTYtOGY4OC0zNDM2M2JjN2M0YzAiOnsiY3JlYXRlIjoxODAwMDAwMDAwMDAwLCJkZWxldGUiOjE4MDAwMDAwMDAwMDAsInJlYWQiOjMwMDAwMDAwMDAwMCwidXBkYXRlIjoxODAwMDAwMDAwMDAwfX0=",
          "dependencies": [
            "azurerm_container_app_environment.env",
            "azurerm_private_dns_zone.private-dns-zone",
            "azurerm_resource_group.rg",
            "azurerm_subnet.subnet-container-apps",
            "azurerm_virtual_network.vnet"
          ]
        }
      ]
    },
    {
      "mode": "managed",
      "type": "azurerm_private_dns_a_record",
      "name": "a-record-wild-card",
      "provider": "provider[\"registry.terraform.io/hashicorp/azurerm\"]",
      "instances": [
        {
          "schema_version": 0,
          "attributes": {
            "fqdn": "*.blackriver-e2cf3171.westeurope.azurecontainerapps.io.",
            "id": "/subscriptions/38977b70-47bf-4da5-a492-88712fce8725/resourceGroups/rg-containerapps-internal-appgw/providers/Microsoft.Network/privateDnsZones/blackriver-e2cf3171.westeurope.azurecontainerapps.io/A/*",
            "name": "*",
            "records": [
              "10.0.0.29"
            ],
            "resource_group_name": "rg-containerapps-internal-appgw",
            "tags": null,
            "timeouts": null,
            "ttl": 300,
            "zone_name": "blackriver-e2cf3171.westeurope.azurecontainerapps.io"
          },
          "sensitive_attributes": [],
          "private": "eyJlMmJmYjczMC1lY2FhLTExZTYtOGY4OC0zNDM2M2JjN2M0YzAiOnsiY3JlYXRlIjoxODAwMDAwMDAwMDAwLCJkZWxldGUiOjE4MDAwMDAwMDAwMDAsInJlYWQiOjMwMDAwMDAwMDAwMCwidXBkYXRlIjoxODAwMDAwMDAwMDAwfX0=",
          "dependencies": [
            "azurerm_container_app_environment.env",
            "azurerm_private_dns_zone.private-dns-zone",
            "azurerm_resource_group.rg",
            "azurerm_subnet.subnet-container-apps",
            "azurerm_virtual_network.vnet"
          ]
        }
      ]
    },
    {
      "mode": "managed",
      "type": "azurerm_private_dns_zone",
      "name": "private-dns-zone",
      "provider": "provider[\"registry.terraform.io/hashicorp/azurerm\"]",
      "instances": [
        {
          "schema_version": 0,
          "attributes": {
            "id": "/subscriptions/38977b70-47bf-4da5-a492-88712fce8725/resourceGroups/rg-containerapps-internal-appgw/providers/Microsoft.Network/privateDnsZones/blackriver-e2cf3171.westeurope.azurecontainerapps.io",
            "max_number_of_record_sets": 25000,
            "max_number_of_virtual_network_links": 1000,
            "max_number_of_virtual_network_links_with_registration": 100,
            "name": "blackriver-e2cf3171.westeurope.azurecontainerapps.io",
            "number_of_record_sets": 1,
            "resource_group_name": "rg-containerapps-internal-appgw",
            "soa_record": [
              {
                "email": "azureprivatedns-host.microsoft.com",
                "expire_time": 2419200,
                "fqdn": "blackriver-e2cf3171.westeurope.azurecontainerapps.io.",
                "host_name": "azureprivatedns.net",
                "minimum_ttl": 10,
                "refresh_time": 3600,
                "retry_time": 300,
                "serial_number": 1,
                "tags": {},
                "ttl": 3600
              }
            ],
            "tags": null,
            "timeouts": null
          },
          "sensitive_attributes": [],
          "private": "eyJlMmJmYjczMC1lY2FhLTExZTYtOGY4OC0zNDM2M2JjN2M0YzAiOnsiY3JlYXRlIjoxODAwMDAwMDAwMDAwLCJkZWxldGUiOjE4MDAwMDAwMDAwMDAsInJlYWQiOjMwMDAwMDAwMDAwMCwidXBkYXRlIjoxODAwMDAwMDAwMDAwfX0=",
          "dependencies": [
            "azurerm_container_app_environment.env",
            "azurerm_resource_group.rg",
            "azurerm_subnet.subnet-container-apps",
            "azurerm_virtual_network.vnet"
          ]
        }
      ]
    },
    {
      "mode": "managed",
      "type": "azurerm_private_dns_zone_virtual_network_link",
      "name": "link-dns-vnet",
      "provider": "provider[\"registry.terraform.io/hashicorp/azurerm\"]",
      "instances": [
        {
          "schema_version": 0,
          "attributes": {
            "id": "/subscriptions/38977b70-47bf-4da5-a492-88712fce8725/resourceGroups/rg-containerapps-internal-appgw/providers/Microsoft.Network/privateDnsZones/blackriver-e2cf3171.westeurope.azurecontainerapps.io/virtualNetworkLinks/link-dns-vnet",
            "name": "link-dns-vnet",
            "private_dns_zone_name": "blackriver-e2cf3171.westeurope.azurecontainerapps.io",
            "registration_enabled": false,
            "resource_group_name": "rg-containerapps-internal-appgw",
            "tags": null,
            "timeouts": null,
            "virtual_network_id": "/subscriptions/38977b70-47bf-4da5-a492-88712fce8725/resourceGroups/rg-containerapps-internal-appgw/providers/Microsoft.Network/virtualNetworks/vnet-internal"
          },
          "sensitive_attributes": [],
          "private": "eyJlMmJmYjczMC1lY2FhLTExZTYtOGY4OC0zNDM2M2JjN2M0YzAiOnsiY3JlYXRlIjoxODAwMDAwMDAwMDAwLCJkZWxldGUiOjE4MDAwMDAwMDAwMDAsInJlYWQiOjMwMDAwMDAwMDAwMCwidXBkYXRlIjoxODAwMDAwMDAwMDAwfX0=",
          "dependencies": [
            "azurerm_container_app_environment.env",
            "azurerm_private_dns_zone.private-dns-zone",
            "azurerm_resource_group.rg",
            "azurerm_subnet.subnet-container-apps",
            "azurerm_virtual_network.vnet"
          ]
        }
      ]
    },
    {
      "mode": "managed",
      "type": "azurerm_public_ip",
      "name": "pip-appgateway",
      "provider": "provider[\"registry.terraform.io/hashicorp/azurerm\"]",
      "instances": [
        {
          "schema_version": 0,
          "attributes": {
            "allocation_method": "Static",
            "ddos_protection_mode": "VirtualNetworkInherited",
            "ddos_protection_plan_id": null,
            "domain_name_label": null,
            "edge_zone": "",
            "fqdn": null,
            "id": "/subscriptions/38977b70-47bf-4da5-a492-88712fce8725/resourceGroups/rg-containerapps-internal-appgw/providers/Microsoft.Network/publicIPAddresses/pip-appgateway",
            "idle_timeout_in_minutes": 4,
            "ip_address": "20.73.165.188",
            "ip_tags": null,
            "ip_version": "IPv4",
            "location": "westeurope",
            "name": "pip-appgateway",
            "public_ip_prefix_id": null,
            "resource_group_name": "rg-containerapps-internal-appgw",
            "reverse_fqdn": null,
            "sku": "Standard",
            "sku_tier": "Regional",
            "tags": null,
            "timeouts": null,
            "zones": null
          },
          "sensitive_attributes": [],
          "private": "eyJlMmJmYjczMC1lY2FhLTExZTYtOGY4OC0zNDM2M2JjN2M0YzAiOnsiY3JlYXRlIjoxODAwMDAwMDAwMDAwLCJkZWxldGUiOjE4MDAwMDAwMDAwMDAsInJlYWQiOjMwMDAwMDAwMDAwMCwidXBkYXRlIjoxODAwMDAwMDAwMDAwfX0=",
          "dependencies": [
            "azurerm_resource_group.rg"
          ]
        }
      ]
    },
    {
      "mode": "managed",
      "type": "azurerm_public_ip",
      "name": "pip-bastion",
      "provider": "provider[\"registry.terraform.io/hashicorp/azurerm\"]",
      "instances": [
        {
          "schema_version": 0,
          "attributes": {
            "allocation_method": "Static",
            "ddos_protection_mode": "VirtualNetworkInherited",
            "ddos_protection_plan_id": null,
            "domain_name_label": null,
            "edge_zone": "",
            "fqdn": null,
            "id": "/subscriptions/38977b70-47bf-4da5-a492-88712fce8725/resourceGroups/rg-containerapps-internal-appgw/providers/Microsoft.Network/publicIPAddresses/pip-bastion",
            "idle_timeout_in_minutes": 4,
            "ip_address": "20.73.165.128",
            "ip_tags": null,
            "ip_version": "IPv4",
            "location": "westeurope",
            "name": "pip-bastion",
            "public_ip_prefix_id": null,
            "resource_group_name": "rg-containerapps-internal-appgw",
            "reverse_fqdn": null,
            "sku": "Standard",
            "sku_tier": "Regional",
            "tags": null,
            "timeouts": null,
            "zones": null
          },
          "sensitive_attributes": [],
          "private": "eyJlMmJmYjczMC1lY2FhLTExZTYtOGY4OC0zNDM2M2JjN2M0YzAiOnsiY3JlYXRlIjoxODAwMDAwMDAwMDAwLCJkZWxldGUiOjE4MDAwMDAwMDAwMDAsInJlYWQiOjMwMDAwMDAwMDAwMCwidXBkYXRlIjoxODAwMDAwMDAwMDAwfX0=",
          "dependencies": [
            "azurerm_resource_group.rg"
          ]
        }
      ]
    },
    {
      "mode": "managed",
      "type": "azurerm_resource_group",
      "name": "rg",
      "provider": "provider[\"registry.terraform.io/hashicorp/azurerm\"]",
      "instances": [
        {
          "schema_version": 0,
          "attributes": {
            "id": "/subscriptions/38977b70-47bf-4da5-a492-88712fce8725/resourceGroups/rg-containerapps-internal-appgw",
            "location": "westeurope",
            "managed_by": "",
            "name": "rg-containerapps-internal-appgw",
            "tags": null,
            "timeouts": null
          },
          "sensitive_attributes": [],
          "private": "eyJlMmJmYjczMC1lY2FhLTExZTYtOGY4OC0zNDM2M2JjN2M0YzAiOnsiY3JlYXRlIjo1NDAwMDAwMDAwMDAwLCJkZWxldGUiOjU0MDAwMDAwMDAwMDAsInJlYWQiOjMwMDAwMDAwMDAwMCwidXBkYXRlIjo1NDAwMDAwMDAwMDAwfX0="
        }
      ]
    },
    {
      "mode": "managed",
      "type": "azurerm_role_assignment",
      "name": "identity-appgw-secret-user",
      "provider": "provider[\"registry.terraform.io/hashicorp/azurerm\"]",
      "instances": [
        {
          "schema_version": 0,
          "attributes": {
            "condition": "",
            "condition_version": "",
            "delegated_managed_identity_resource_id": "",
            "description": "",
            "id": "/subscriptions/38977b70-47bf-4da5-a492-88712fce8725/resourceGroups/rg-containerapps-internal-appgw/providers/Microsoft.KeyVault/vaults/kv-appgw-2pqub/providers/Microsoft.Authorization/roleAssignments/fcf05d22-1e8d-4049-173a-afbed61c84b2",
            "name": "fcf05d22-1e8d-4049-173a-afbed61c84b2",
            "principal_id": "900c5da1-1bbf-44ab-9221-8bcfddb3a68a",
            "principal_type": "ServicePrincipal",
            "role_definition_id": "/subscriptions/38977b70-47bf-4da5-a492-88712fce8725/providers/Microsoft.Authorization/roleDefinitions/4633458b-17de-408a-b874-0445c86b69e6",
            "role_definition_name": "Key Vault Secrets User",
            "scope": "/subscriptions/38977b70-47bf-4da5-a492-88712fce8725/resourceGroups/rg-containerapps-internal-appgw/providers/Microsoft.KeyVault/vaults/kv-appgw-2pqub",
            "skip_service_principal_aad_check": null,
            "timeouts": null
          },
          "sensitive_attributes": [],
          "private": "eyJlMmJmYjczMC1lY2FhLTExZTYtOGY4OC0zNDM2M2JjN2M0YzAiOnsiY3JlYXRlIjoxODAwMDAwMDAwMDAwLCJkZWxldGUiOjE4MDAwMDAwMDAwMDAsInJlYWQiOjMwMDAwMDAwMDAwMH19",
          "dependencies": [
            "azurerm_key_vault.keyvault",
            "azurerm_resource_group.rg",
            "azurerm_user_assigned_identity.identity-appgw",
            "data.azurerm_client_config.current",
            "random_string.random"
          ]
        }
      ]
    },
    {
      "mode": "managed",
      "type": "azurerm_role_assignment",
      "name": "role-certificates-officer",
      "provider": "provider[\"registry.terraform.io/hashicorp/azurerm\"]",
      "instances": [
        {
          "schema_version": 0,
          "attributes": {
            "condition": "",
            "condition_version": "",
            "delegated_managed_identity_resource_id": "",
            "description": "",
            "id": "/subscriptions/38977b70-47bf-4da5-a492-88712fce8725/resourceGroups/rg-containerapps-internal-appgw/providers/Microsoft.KeyVault/vaults/kv-appgw-2pqub/providers/Microsoft.Authorization/roleAssignments/fb98d212-308f-5d27-e685-bcb0b4e23c05",
            "name": "fb98d212-308f-5d27-e685-bcb0b4e23c05",
            "principal_id": "0a8648bf-28ec-4a7f-be65-0d6d8a172282",
            "principal_type": "User",
            "role_definition_id": "/subscriptions/38977b70-47bf-4da5-a492-88712fce8725/providers/Microsoft.Authorization/roleDefinitions/a4417e6f-fecd-4de8-b567-7b0420556985",
            "role_definition_name": "Key Vault Certificates Officer",
            "scope": "/subscriptions/38977b70-47bf-4da5-a492-88712fce8725/resourceGroups/rg-containerapps-internal-appgw/providers/Microsoft.KeyVault/vaults/kv-appgw-2pqub",
            "skip_service_principal_aad_check": null,
            "timeouts": null
          },
          "sensitive_attributes": [],
          "private": "eyJlMmJmYjczMC1lY2FhLTExZTYtOGY4OC0zNDM2M2JjN2M0YzAiOnsiY3JlYXRlIjoxODAwMDAwMDAwMDAwLCJkZWxldGUiOjE4MDAwMDAwMDAwMDAsInJlYWQiOjMwMDAwMDAwMDAwMH19",
          "dependencies": [
            "azurerm_key_vault.keyvault",
            "azurerm_resource_group.rg",
            "data.azurerm_client_config.current",
            "random_string.random"
          ]
        }
      ]
    },
    {
      "mode": "managed",
      "type": "azurerm_subnet",
      "name": "subnet-appgw",
      "provider": "provider[\"registry.terraform.io/hashicorp/azurerm\"]",
      "instances": [
        {
          "schema_version": 0,
          "attributes": {
            "address_prefixes": [
              "10.0.1.0/24"
            ],
            "delegation": [],
            "enforce_private_link_endpoint_network_policies": false,
            "enforce_private_link_service_network_policies": false,
            "id": "/subscriptions/38977b70-47bf-4da5-a492-88712fce8725/resourceGroups/rg-containerapps-internal-appgw/providers/Microsoft.Network/virtualNetworks/vnet-internal/subnets/subnet-appgw",
            "name": "subnet-appgw",
            "private_endpoint_network_policies_enabled": true,
            "private_link_service_network_policies_enabled": true,
            "resource_group_name": "rg-containerapps-internal-appgw",
            "service_endpoint_policy_ids": null,
            "service_endpoints": null,
            "timeouts": null,
            "virtual_network_name": "vnet-internal"
          },
          "sensitive_attributes": [],
          "private": "eyJlMmJmYjczMC1lY2FhLTExZTYtOGY4OC0zNDM2M2JjN2M0YzAiOnsiY3JlYXRlIjoxODAwMDAwMDAwMDAwLCJkZWxldGUiOjE4MDAwMDAwMDAwMDAsInJlYWQiOjMwMDAwMDAwMDAwMCwidXBkYXRlIjoxODAwMDAwMDAwMDAwfX0=",
          "dependencies": [
            "azurerm_resource_group.rg",
            "azurerm_virtual_network.vnet"
          ]
        }
      ]
    },
    {
      "mode": "managed",
      "type": "azurerm_subnet",
      "name": "subnet-bastion",
      "provider": "provider[\"registry.terraform.io/hashicorp/azurerm\"]",
      "instances": [
        {
          "schema_version": 0,
          "attributes": {
            "address_prefixes": [
              "10.0.3.0/24"
            ],
            "delegation": [],
            "enforce_private_link_endpoint_network_policies": false,
            "enforce_private_link_service_network_policies": false,
            "id": "/subscriptions/38977b70-47bf-4da5-a492-88712fce8725/resourceGroups/rg-containerapps-internal-appgw/providers/Microsoft.Network/virtualNetworks/vnet-internal/subnets/AzureBastionSubnet",
            "name": "AzureBastionSubnet",
            "private_endpoint_network_policies_enabled": true,
            "private_link_service_network_policies_enabled": true,
            "resource_group_name": "rg-containerapps-internal-appgw",
            "service_endpoint_policy_ids": null,
            "service_endpoints": null,
            "timeouts": null,
            "virtual_network_name": "vnet-internal"
          },
          "sensitive_attributes": [],
          "private": "eyJlMmJmYjczMC1lY2FhLTExZTYtOGY4OC0zNDM2M2JjN2M0YzAiOnsiY3JlYXRlIjoxODAwMDAwMDAwMDAwLCJkZWxldGUiOjE4MDAwMDAwMDAwMDAsInJlYWQiOjMwMDAwMDAwMDAwMCwidXBkYXRlIjoxODAwMDAwMDAwMDAwfX0=",
          "dependencies": [
            "azurerm_resource_group.rg",
            "azurerm_virtual_network.vnet"
          ]
        }
      ]
    },
    {
      "mode": "managed",
      "type": "azurerm_subnet",
      "name": "subnet-container-apps",
      "provider": "provider[\"registry.terraform.io/hashicorp/azurerm\"]",
      "instances": [
        {
          "schema_version": 0,
          "attributes": {
            "address_prefixes": [
              "10.0.0.0/27"
            ],
            "delegation": [
              {
                "name": "delegation",
                "service_delegation": [
                  {
                    "actions": [
                      "Microsoft.Network/virtualNetworks/subnets/join/action"
                    ],
                    "name": "Microsoft.App/environments"
                  }
                ]
              }
            ],
            "enforce_private_link_endpoint_network_policies": false,
            "enforce_private_link_service_network_policies": false,
            "id": "/subscriptions/38977b70-47bf-4da5-a492-88712fce8725/resourceGroups/rg-containerapps-internal-appgw/providers/Microsoft.Network/virtualNetworks/vnet-internal/subnets/subnet-container-apps",
            "name": "subnet-container-apps",
            "private_endpoint_network_policies_enabled": true,
            "private_link_service_network_policies_enabled": true,
            "resource_group_name": "rg-containerapps-internal-appgw",
            "service_endpoint_policy_ids": null,
            "service_endpoints": null,
            "timeouts": null,
            "virtual_network_name": "vnet-internal"
          },
          "sensitive_attributes": [],
          "private": "eyJlMmJmYjczMC1lY2FhLTExZTYtOGY4OC0zNDM2M2JjN2M0YzAiOnsiY3JlYXRlIjoxODAwMDAwMDAwMDAwLCJkZWxldGUiOjE4MDAwMDAwMDAwMDAsInJlYWQiOjMwMDAwMDAwMDAwMCwidXBkYXRlIjoxODAwMDAwMDAwMDAwfX0=",
          "dependencies": [
            "azurerm_resource_group.rg",
            "azurerm_virtual_network.vnet"
          ]
        }
      ]
    },
    {
      "mode": "managed",
      "type": "azurerm_subnet",
      "name": "subnet-jumpbox",
      "provider": "provider[\"registry.terraform.io/hashicorp/azurerm\"]",
      "instances": [
        {
          "schema_version": 0,
          "attributes": {
            "address_prefixes": [
              "10.0.2.0/24"
            ],
            "delegation": [],
            "enforce_private_link_endpoint_network_policies": false,
            "enforce_private_link_service_network_policies": false,
            "id": "/subscriptions/38977b70-47bf-4da5-a492-88712fce8725/resourceGroups/rg-containerapps-internal-appgw/providers/Microsoft.Network/virtualNetworks/vnet-internal/subnets/subnet-jumpbox",
            "name": "subnet-jumpbox",
            "private_endpoint_network_policies_enabled": true,
            "private_link_service_network_policies_enabled": true,
            "resource_group_name": "rg-containerapps-internal-appgw",
            "service_endpoint_policy_ids": null,
            "service_endpoints": null,
            "timeouts": null,
            "virtual_network_name": "vnet-internal"
          },
          "sensitive_attributes": [],
          "private": "eyJlMmJmYjczMC1lY2FhLTExZTYtOGY4OC0zNDM2M2JjN2M0YzAiOnsiY3JlYXRlIjoxODAwMDAwMDAwMDAwLCJkZWxldGUiOjE4MDAwMDAwMDAwMDAsInJlYWQiOjMwMDAwMDAwMDAwMCwidXBkYXRlIjoxODAwMDAwMDAwMDAwfX0=",
          "dependencies": [
            "azurerm_resource_group.rg",
            "azurerm_virtual_network.vnet"
          ]
        }
      ]
    },
    {
      "mode": "managed",
      "type": "azurerm_user_assigned_identity",
      "name": "identity-appgw",
      "provider": "provider[\"registry.terraform.io/hashicorp/azurerm\"]",
      "instances": [
        {
          "schema_version": 1,
          "attributes": {
            "client_id": "ae9e8f11-b355-41d3-a319-36a1f541db20",
            "id": "/subscriptions/38977b70-47bf-4da5-a492-88712fce8725/resourceGroups/rg-containerapps-internal-appgw/providers/Microsoft.ManagedIdentity/userAssignedIdentities/identity-appgw",
            "location": "westeurope",
            "name": "identity-appgw",
            "principal_id": "900c5da1-1bbf-44ab-9221-8bcfddb3a68a",
            "resource_group_name": "rg-containerapps-internal-appgw",
            "tags": null,
            "tenant_id": "a8f7faa1-3e2e-4d84-a6cb-daf7eb97d6e4",
            "timeouts": null
          },
          "sensitive_attributes": [],
          "private": "eyJlMmJmYjczMC1lY2FhLTExZTYtOGY4OC0zNDM2M2JjN2M0YzAiOnsiY3JlYXRlIjoxODAwMDAwMDAwMDAwLCJkZWxldGUiOjE4MDAwMDAwMDAwMDAsInJlYWQiOjMwMDAwMDAwMDAwMCwidXBkYXRlIjoxODAwMDAwMDAwMDAwfSwic2NoZW1hX3ZlcnNpb24iOiIxIn0=",
          "dependencies": [
            "azurerm_resource_group.rg"
          ]
        }
      ]
    },
    {
      "mode": "managed",
      "type": "azurerm_virtual_network",
      "name": "vnet",
      "provider": "provider[\"registry.terraform.io/hashicorp/azurerm\"]",
      "instances": [
        {
          "schema_version": 0,
          "attributes": {
            "address_space": [
              "10.0.0.0/16"
            ],
            "bgp_community": "",
            "ddos_protection_plan": [],
            "dns_servers": [],
            "edge_zone": "",
            "encryption": [],
            "flow_timeout_in_minutes": 0,
            "guid": "205590b8-f6ab-4233-a403-065863602fb3",
            "id": "/subscriptions/38977b70-47bf-4da5-a492-88712fce8725/resourceGroups/rg-containerapps-internal-appgw/providers/Microsoft.Network/virtualNetworks/vnet-internal",
            "location": "westeurope",
            "name": "vnet-internal",
            "resource_group_name": "rg-containerapps-internal-appgw",
            "subnet": [],
            "tags": null,
            "timeouts": null
          },
          "sensitive_attributes": [],
          "private": "eyJlMmJmYjczMC1lY2FhLTExZTYtOGY4OC0zNDM2M2JjN2M0YzAiOnsiY3JlYXRlIjoxODAwMDAwMDAwMDAwLCJkZWxldGUiOjE4MDAwMDAwMDAwMDAsInJlYWQiOjMwMDAwMDAwMDAwMCwidXBkYXRlIjoxODAwMDAwMDAwMDAwfX0=",
          "dependencies": [
            "azurerm_resource_group.rg"
          ]
        }
      ]
    },
    {
      "mode": "managed",
      "type": "azurerm_windows_virtual_machine",
      "name": "vm-windows",
      "provider": "provider[\"registry.terraform.io/hashicorp/azurerm\"]",
      "instances": [
        {
          "schema_version": 0,
          "attributes": {
            "additional_capabilities": [],
            "additional_unattend_content": [],
            "admin_password": "@Aa123456789",
            "admin_username": "azureuser",
            "allow_extension_operations": true,
            "availability_set_id": "",
            "boot_diagnostics": [
              {
                "storage_account_uri": ""
              }
            ],
            "bypass_platform_safety_checks_on_user_schedule_enabled": false,
            "capacity_reservation_group_id": "",
            "computer_name": "vm-windows-w11",
            "custom_data": null,
            "dedicated_host_group_id": "",
            "dedicated_host_id": "",
            "edge_zone": "",
            "enable_automatic_updates": true,
            "encryption_at_host_enabled": false,
            "eviction_policy": "",
            "extensions_time_budget": "PT1H30M",
            "gallery_application": [],
            "hotpatching_enabled": false,
            "id": "/subscriptions/38977b70-47bf-4da5-a492-88712fce8725/resourceGroups/rg-containerapps-internal-appgw/providers/Microsoft.Compute/virtualMachines/vm-windows-w11",
            "identity": [],
            "license_type": "",
            "location": "westeurope",
            "max_bid_price": -1,
            "name": "vm-windows-w11",
            "network_interface_ids": [
              "/subscriptions/38977b70-47bf-4da5-a492-88712fce8725/resourceGroups/rg-containerapps-internal-appgw/providers/Microsoft.Network/networkInterfaces/nic-vm-windows"
            ],
            "os_disk": [
              {
                "caching": "ReadWrite",
                "diff_disk_settings": [],
                "disk_encryption_set_id": "",
                "disk_size_gb": 127,
                "name": "vm-windows-w11_OsDisk_1_c10e33e9f05e474592726a7ea6620742",
                "secure_vm_disk_encryption_set_id": "",
                "security_encryption_type": "",
                "storage_account_type": "Standard_LRS",
                "write_accelerator_enabled": false
              }
            ],
            "patch_assessment_mode": "ImageDefault",
            "patch_mode": "AutomaticByOS",
            "plan": [],
            "platform_fault_domain": -1,
            "priority": "Regular",
            "private_ip_address": "10.0.2.4",
            "private_ip_addresses": [
              "10.0.2.4"
            ],
            "provision_vm_agent": true,
            "proximity_placement_group_id": "",
            "public_ip_address": "",
            "public_ip_addresses": [],
            "reboot_setting": "",
            "resource_group_name": "rg-containerapps-internal-appgw",
            "secret": [],
            "secure_boot_enabled": false,
            "size": "Standard_B2als_v2",
            "source_image_id": "",
            "source_image_reference": [
              {
                "offer": "windows-11",
                "publisher": "MicrosoftWindowsDesktop",
                "sku": "win11-23h2-pro",
                "version": "latest"
              }
            ],
            "tags": null,
            "termination_notification": null,
            "timeouts": null,
            "timezone": "",
            "user_data": "",
            "virtual_machine_id": "ee154964-2c6d-4624-8b1b-f1270cccc06c",
            "virtual_machine_scale_set_id": "",
            "vtpm_enabled": false,
            "winrm_listener": [],
            "zone": ""
          },
          "sensitive_attributes": [
            [
              {
                "type": "get_attr",
                "value": "admin_password"
              }
            ],
            [
              {
                "type": "get_attr",
                "value": "custom_data"
              }
            ]
          ],
          "private": "eyJlMmJmYjczMC1lY2FhLTExZTYtOGY4OC0zNDM2M2JjN2M0YzAiOnsiY3JlYXRlIjoyNzAwMDAwMDAwMDAwLCJkZWxldGUiOjI3MDAwMDAwMDAwMDAsInJlYWQiOjMwMDAwMDAwMDAwMCwidXBkYXRlIjoyNzAwMDAwMDAwMDAwfX0=",
          "dependencies": [
            "azurerm_network_interface.nic-vm-windows",
            "azurerm_resource_group.rg",
            "azurerm_subnet.subnet-jumpbox",
            "azurerm_virtual_network.vnet"
          ]
        }
      ]
    },
    {
      "mode": "managed",
      "type": "random_string",
      "name": "random",
      "provider": "provider[\"registry.terraform.io/hashicorp/random\"]",
      "instances": [
        {
          "schema_version": 2,
          "attributes": {
            "id": "2pqub",
            "keepers": null,
            "length": 5,
            "lower": true,
            "min_lower": 0,
            "min_numeric": 0,
            "min_special": 0,
            "min_upper": 0,
            "number": true,
            "numeric": true,
            "override_special": null,
            "result": "2pqub",
            "special": false,
            "upper": false
          },
          "sensitive_attributes": []
        }
      ]
    },
    {
      "module": "module.appservice_domain",
      "mode": "managed",
      "type": "azapi_resource",
      "name": "appservice_domain",
      "provider": "provider[\"registry.terraform.io/azure/azapi\"]",
      "instances": [
        {
          "schema_version": 0,
          "attributes": {
            "body": "{\"properties\":{\"autoRenew\":false,\"consent\":{\"agreedAt\":\"2024-01-01T9:00:00.000Z\",\"agreedBy\":\"2a04:cec0:11d9:24c8:8898:3820:8631:d83\",\"agreementKeys\":[\"DNRA\"]},\"contactAdmin\":{\"addressMailing\":{\"address1\":\"1 Microsoft Way\",\"city\":\"Redmond\",\"country\":\"US\",\"postalCode\":\"98052\",\"state\":\"WA\"},\"email\":\"youremail@email.com\",\"nameFirst\":\"FirstName\",\"nameLast\":\"LastName\",\"phone\":\"+33.762954328\"},\"contactBilling\":{\"addressMailing\":{\"address1\":\"1 Microsoft Way\",\"city\":\"Redmond\",\"country\":\"US\",\"postalCode\":\"98052\",\"state\":\"WA\"},\"email\":\"youremail@email.com\",\"nameFirst\":\"FirstName\",\"nameLast\":\"LastName\",\"phone\":\"+33.762954328\"},\"contactRegistrant\":{\"addressMailing\":{\"address1\":\"1 Microsoft Way\",\"city\":\"Redmond\",\"country\":\"US\",\"postalCode\":\"98052\",\"state\":\"WA\"},\"email\":\"youremail@email.com\",\"nameFirst\":\"FirstName\",\"nameLast\":\"LastName\",\"phone\":\"+33.762954328\"},\"contactTech\":{\"addressMailing\":{\"address1\":\"1 Microsoft Way\",\"city\":\"Redmond\",\"country\":\"US\",\"postalCode\":\"98052\",\"state\":\"WA\"},\"email\":\"youremail@email.com\",\"nameFirst\":\"FirstName\",\"nameLast\":\"LastName\",\"phone\":\"+33.762954328\"},\"dnsType\":\"AzureDns\",\"dnsZoneId\":\"/subscriptions/38977b70-47bf-4da5-a492-88712fce8725/resourceGroups/rg-containerapps-internal-appgw/providers/Microsoft.Network/dnsZones/azureapp01.com\",\"privacy\":false}}",
            "id": "/subscriptions/38977b70-47bf-4da5-a492-88712fce8725/resourceGroups/rg-containerapps-internal-appgw/providers/Microsoft.DomainRegistration/domains/azureapp01.com",
            "identity": [],
            "ignore_body_changes": null,
            "ignore_casing": false,
            "ignore_missing_property": true,
            "location": "global",
            "locks": null,
            "name": "azureapp01.com",
            "output": "{\"id\":\"/subscriptions/38977b70-47bf-4da5-a492-88712fce8725/resourceGroups/rg-containerapps-internal-appgw/providers/Microsoft.DomainRegistration/domains/azureapp01.com\",\"location\":\"global\",\"name\":\"azureapp01.com\",\"properties\":{\"autoRenew\":false,\"createdTime\":\"2024-04-26T08:03:08\",\"dnsType\":\"AzureDns\",\"dnsZoneId\":\"/subscriptions/38977b70-47bf-4da5-a492-88712fce8725/resourceGroups/rg-containerapps-internal-appgw/providers/Microsoft.Network/dnsZones/azureapp01.com\",\"domainNotRenewableReasons\":[\"ExpirationNotInRenewalTimeRange\",\"RegistrationStatusNotSupportedForRenewal\"],\"expirationTime\":\"2025-04-26T08:03:08\",\"isSoftDeleted\":false,\"managedHostNames\":[],\"nameServers\":[\"ns1-32.azure-dns.com\",\"ns2-32.azure-dns.net\",\"ns3-32.azure-dns.org\",\"ns4-32.azure-dns.info\"],\"privacy\":false,\"provisioningState\":\"Succeeded\",\"readyForDnsRecordManagement\":false,\"registrationStatus\":\"Awaiting\"},\"type\":\"Microsoft.DomainRegistration/domains\"}",
            "parent_id": "/subscriptions/38977b70-47bf-4da5-a492-88712fce8725/resourceGroups/rg-containerapps-internal-appgw",
            "removing_special_chars": false,
            "response_export_values": [
              "*"
            ],
            "schema_validation_enabled": true,
            "tags": {},
            "timeouts": null,
            "type": "Microsoft.DomainRegistration/domains@2022-09-01"
          },
          "sensitive_attributes": [],
          "private": "eyJlMmJmYjczMC1lY2FhLTExZTYtOGY4OC0zNDM2M2JjN2M0YzAiOnsiY3JlYXRlIjoxODAwMDAwMDAwMDAwLCJkZWxldGUiOjE4MDAwMDAwMDAwMDAsInJlYWQiOjMwMDAwMDAwMDAwMCwidXBkYXRlIjoxODAwMDAwMDAwMDAwfX0=",
          "dependencies": [
            "azurerm_dns_zone.dns_zone",
            "azurerm_resource_group.rg"
          ]
        }
      ]
    }
  ],
  "check_results": [
    {
      "object_kind": "var",
      "config_addr": "var.custom_domain_name",
      "status": "pass",
      "objects": [
        {
          "object_addr": "var.custom_domain_name",
          "status": "pass"
        }
      ]
    },
    {
      "object_kind": "var",
      "config_addr": "module.appservice_domain.var.custom_domain_name",
      "status": "pass",
      "objects": [
        {
          "object_addr": "module.appservice_domain.var.custom_domain_name",
          "status": "pass"
        }
      ]
    }
  ]
}
