Microsoft Visual Studio Solution File, Format Version 12.00
# Visual Studio Version 17
VisualStudioVersion = 17.5.2.0
MinimumVisualStudioVersion = 10.0.40219.1
Project("{2150E333-8FDC-42A3-9474-1A3956D46DE8}") = "backend_api", "backend_api", "{0DBBB92B-E9C1-4326-1190-FB1105D89267}"
EndProject
Project("{FAE04EC0-301F-11D3-BF4B-00C04F79EFBC}") = "albumapi_csharp", "backend_api\backend_api_csharp\albumapi_csharp.csproj", "{6F98B748-249F-F4DB-A5AF-8CEF7052950F}"
EndProject
Global
	GlobalSection(SolutionConfigurationPlatforms) = preSolution
		Debug|Any CPU = Debug|Any CPU
		Release|Any CPU = Release|Any CPU
	EndGlobalSection
	GlobalSection(ProjectConfigurationPlatforms) = postSolution
		{6F98B748-249F-F4DB-A5AF-8CEF7052950F}.Debug|Any CPU.ActiveCfg = Debug|Any CPU
		{6F98B748-249F-F4DB-A5AF-8CEF7052950F}.Debug|Any CPU.Build.0 = Debug|Any CPU
		{6F98B748-249F-F4DB-A5AF-8CEF7052950F}.Release|Any CPU.ActiveCfg = Release|Any CPU
		{6F98B748-249F-F4DB-A5AF-8CEF7052950F}.Release|Any CPU.Build.0 = Release|Any CPU
	EndGlobalSection
	GlobalSection(SolutionProperties) = preSolution
		HideSolutionNode = FALSE
	EndGlobalSection
	GlobalSection(NestedProjects) = preSolution
		{6F98B748-249F-F4DB-A5AF-8CEF7052950F} = {0DBBB92B-E9C1-4326-1190-FB1105D89267}
	EndGlobalSection
	GlobalSection(ExtensibilityGlobals) = postSolution
		SolutionGuid = {8C80DB23-0FE5-46AF-8592-A5F5BC25C9FA}
	EndGlobalSection
EndGlobal
