{
  "version": 4,
  "terraform_version": "1.14.0",
  "serial": 248,
  "lineage": "8c31b1d7-2616-9871-5a8c-4ff767dd3b6d",
  "outputs": {
    "aca_inspector_gadget_fqdn": {
      "value": "inspector-gadget.livelypond-c563d156.swedencentral.azurecontainerapps.io",
      "type": "string"
    },
    "aca_nginx_fqdn": {
      "value": "nginx.livelypond-c563d156.swedencentral.azurecontainerapps.io",
      "type": "string"
    },
    "appgw_public_ip": {
      "value": "135.225.4.219",
      "type": "string"
    },
    "custom_domain_name": {
      "value": "aca-apps.com",
      "type": "string"
    },
    "vm_private_ip": {
      "value": "10.0.3.4",
      "type": "string"
    }
  },
  "resources": [
    {
      "mode": "data",
      "type": "azurerm_client_config",
      "name": "current",
      "provider": "provider[\"registry.terraform.io/hashicorp/azurerm\"]",
      "instances": [
        {
          "schema_version": 0,
          "attributes": {
            "client_id": "04b07795-8ddb-461a-bbee-02f9e1bf7b46",
            "id": "Y2xpZW50Q29uZmlncy9jbGllbnRJZD0wNGIwNzc5NS04ZGRiLTQ2MWEtYmJlZS0wMmY5ZTFiZjdiNDY7b2JqZWN0SWQ9ODE3M2M0NWQtMDM1ZS00NjkyLThmNDAtNTQwY2Q1ZmMwZjE4O3N1YnNjcmlwdGlvbklkPWRjZWY3MDA5LTZiOTQtNDM4Mi1hZmRjLTE3ZWIxNjBkNzA5YTt0ZW5hbnRJZD05MzEzOWQxZS1hM2MxLTRkNzgtOWVkNS04NzhiZTA5MGViYTQ=",
            "object_id": "8173c45d-035e-4692-8f40-540cd5fc0f18",
            "subscription_id": "dcef7009-6b94-4382-afdc-17eb160d709a",
            "tenant_id": "93139d1e-a3c1-4d78-9ed5-878be090eba4",
            "timeouts": null
          },
          "sensitive_attributes": [],
          "identity_schema_version": 0
        }
      ]
    },
    {
      "mode": "managed",
      "type": "azurerm_application_gateway",
      "name": "appgateway",
      "provider": "provider[\"registry.terraform.io/hashicorp/azurerm\"]",
      "instances": [
        {
          "schema_version": 0,
          "attributes": {
            "authentication_certificate": [],
            "autoscale_configuration": [],
            "backend_address_pool": [
              {
                "fqdns": [
                  "inspector-gadget.livelypond-c563d156.swedencentral.azurecontainerapps.io"
                ],
                "id": "/subscriptions/dcef7009-6b94-4382-afdc-17eb160d709a/resourceGroups/rg-aca-dns-appgw-27/providers/Microsoft.Network/applicationGateways/appgateway/backendAddressPools/backend-address-pool",
                "ip_addresses": [],
                "name": "backend-address-pool"
              }
            ],
            "backend_http_settings": [
              {
                "affinity_cookie_name": "ApplicationGatewayAffinity",
                "authentication_certificate": [],
                "connection_draining": [],
                "cookie_based_affinity": "Disabled",
                "dedicated_backend_connection_enabled": false,
                "host_name": "",
                "id": "/subscriptions/dcef7009-6b94-4382-afdc-17eb160d709a/resourceGroups/rg-aca-dns-appgw-27/providers/Microsoft.Network/applicationGateways/appgateway/backendHttpSettingsCollection/backend-http-settings-https",
                "name": "backend-http-settings-https",
                "path": "",
                "pick_host_name_from_backend_address": true,
                "port": 443,
                "probe_id": "/subscriptions/dcef7009-6b94-4382-afdc-17eb160d709a/resourceGroups/rg-aca-dns-appgw-27/providers/Microsoft.Network/applicationGateways/appgateway/probes/http-health-probe",
                "probe_name": "http-health-probe",
                "protocol": "Https",
                "request_timeout": 20,
                "trusted_root_certificate_names": []
              }
            ],
            "custom_error_configuration": [],
            "enable_http2": false,
            "fips_enabled": false,
            "firewall_policy_id": "",
            "force_firewall_policy_association": false,
            "frontend_ip_configuration": [
              {
                "id": "/subscriptions/dcef7009-6b94-4382-afdc-17eb160d709a/resourceGroups/rg-aca-dns-appgw-27/providers/Microsoft.Network/applicationGateways/appgateway/frontendIPConfigurations/frontend-public-ip-configuration",
                "name": "frontend-public-ip-configuration",
                "private_ip_address": "",
                "private_ip_address_allocation": "Dynamic",
                "private_link_configuration_id": "",
                "private_link_configuration_name": "",
                "public_ip_address_id": "/subscriptions/dcef7009-6b94-4382-afdc-17eb160d709a/resourceGroups/rg-aca-dns-appgw-27/providers/Microsoft.Network/publicIPAddresses/pip-appgateway",
                "subnet_id": ""
              }
            ],
            "frontend_port": [
              {
                "id": "/subscriptions/dcef7009-6b94-4382-afdc-17eb160d709a/resourceGroups/rg-aca-dns-appgw-27/providers/Microsoft.Network/applicationGateways/appgateway/frontendPorts/frontend-port-http",
                "name": "frontend-port-http",
                "port": 80
              },
              {
                "id": "/subscriptions/dcef7009-6b94-4382-afdc-17eb160d709a/resourceGroups/rg-aca-dns-appgw-27/providers/Microsoft.Network/applicationGateways/appgateway/frontendPorts/frontend-port-https",
                "name": "frontend-port-https",
                "port": 443
              }
            ],
            "gateway_ip_configuration": [
              {
                "id": "/subscriptions/dcef7009-6b94-4382-afdc-17eb160d709a/resourceGroups/rg-aca-dns-appgw-27/providers/Microsoft.Network/applicationGateways/appgateway/gatewayIPConfigurations/appgateway-ip-configuration",
                "name": "appgateway-ip-configuration",
                "subnet_id": "/subscriptions/dcef7009-6b94-4382-afdc-17eb160d709a/resourceGroups/rg-aca-dns-appgw-27/providers/Microsoft.Network/virtualNetworks/vnet-internal/subnets/snet-appgw"
              }
            ],
            "global": [],
            "http_listener": [
              {
                "custom_error_configuration": [],
                "firewall_policy_id": "",
                "frontend_ip_configuration_id": "/subscriptions/dcef7009-6b94-4382-afdc-17eb160d709a/resourceGroups/rg-aca-dns-appgw-27/providers/Microsoft.Network/applicationGateways/appgateway/frontendIPConfigurations/frontend-public-ip-configuration",
                "frontend_ip_configuration_name": "frontend-public-ip-configuration",
                "frontend_port_id": "/subscriptions/dcef7009-6b94-4382-afdc-17eb160d709a/resourceGroups/rg-aca-dns-appgw-27/providers/Microsoft.Network/applicationGateways/appgateway/frontendPorts/frontend-port-http",
                "frontend_port_name": "frontend-port-http",
                "host_name": "aca-apps.com",
                "host_names": [],
                "id": "/subscriptions/dcef7009-6b94-4382-afdc-17eb160d709a/resourceGroups/rg-aca-dns-appgw-27/providers/Microsoft.Network/applicationGateways/appgateway/httpListeners/listener-http",
                "name": "listener-http",
                "protocol": "Http",
                "require_sni": false,
                "ssl_certificate_id": "",
                "ssl_certificate_name": "",
                "ssl_profile_id": "",
                "ssl_profile_name": ""
              },
              {
                "custom_error_configuration": [],
                "firewall_policy_id": "",
                "frontend_ip_configuration_id": "/subscriptions/dcef7009-6b94-4382-afdc-17eb160d709a/resourceGroups/rg-aca-dns-appgw-27/providers/Microsoft.Network/applicationGateways/appgateway/frontendIPConfigurations/frontend-public-ip-configuration",
                "frontend_ip_configuration_name": "frontend-public-ip-configuration",
                "frontend_port_id": "/subscriptions/dcef7009-6b94-4382-afdc-17eb160d709a/resourceGroups/rg-aca-dns-appgw-27/providers/Microsoft.Network/applicationGateways/appgateway/frontendPorts/frontend-port-https",
                "frontend_port_name": "frontend-port-https",
                "host_name": "aca-apps.com",
                "host_names": [],
                "id": "/subscriptions/dcef7009-6b94-4382-afdc-17eb160d709a/resourceGroups/rg-aca-dns-appgw-27/providers/Microsoft.Network/applicationGateways/appgateway/httpListeners/listener-https",
                "name": "listener-https",
                "protocol": "Https",
                "require_sni": false,
                "ssl_certificate_id": "/subscriptions/dcef7009-6b94-4382-afdc-17eb160d709a/resourceGroups/rg-aca-dns-appgw-27/providers/Microsoft.Network/applicationGateways/appgateway/sslCertificates/aca-apps-com",
                "ssl_certificate_name": "aca-apps-com",
                "ssl_profile_id": "",
                "ssl_profile_name": ""
              }
            ],
            "id": "/subscriptions/dcef7009-6b94-4382-afdc-17eb160d709a/resourceGroups/rg-aca-dns-appgw-27/providers/Microsoft.Network/applicationGateways/appgateway",
            "identity": [
              {
                "identity_ids": [
                  "/subscriptions/dcef7009-6b94-4382-afdc-17eb160d709a/resourceGroups/rg-aca-dns-appgw-27/providers/Microsoft.ManagedIdentity/userAssignedIdentities/identity-appgw"
                ],
                "principal_id": "",
                "tenant_id": "",
                "type": "UserAssigned"
              }
            ],
            "location": "swedencentral",
            "name": "appgateway",
            "private_endpoint_connection": [],
            "private_link_configuration": [],
            "probe": [
              {
                "host": "",
                "id": "/subscriptions/dcef7009-6b94-4382-afdc-17eb160d709a/resourceGroups/rg-aca-dns-appgw-27/providers/Microsoft.Network/applicationGateways/appgateway/probes/http-health-probe",
                "interval": 30,
                "match": [
                  {
                    "body": "",
                    "status_code": [
                      "200-399"
                    ]
                  }
                ],
                "minimum_servers": 0,
                "name": "http-health-probe",
                "path": "/",
                "pick_host_name_from_backend_http_settings": true,
                "port": 0,
                "protocol": "Https",
                "timeout": 30,
                "unhealthy_threshold": 3
              }
            ],
            "redirect_configuration": [
              {
                "id": "/subscriptions/dcef7009-6b94-4382-afdc-17eb160d709a/resourceGroups/rg-aca-dns-appgw-27/providers/Microsoft.Network/applicationGateways/appgateway/redirectConfigurations/redirect-configuration",
                "include_path": true,
                "include_query_string": true,
                "name": "redirect-configuration",
                "redirect_type": "Permanent",
                "target_listener_id": "/subscriptions/dcef7009-6b94-4382-afdc-17eb160d709a/resourceGroups/rg-aca-dns-appgw-27/providers/Microsoft.Network/applicationGateways/appgateway/httpListeners/listener-https",
                "target_listener_name": "listener-https",
                "target_url": ""
              }
            ],
            "request_routing_rule": [
              {
                "backend_address_pool_id": "",
                "backend_address_pool_name": "",
                "backend_http_settings_id": "",
                "backend_http_settings_name": "",
                "http_listener_id": "/subscriptions/dcef7009-6b94-4382-afdc-17eb160d709a/resourceGroups/rg-aca-dns-appgw-27/providers/Microsoft.Network/applicationGateways/appgateway/httpListeners/listener-http",
                "http_listener_name": "listener-http",
                "id": "/subscriptions/dcef7009-6b94-4382-afdc-17eb160d709a/resourceGroups/rg-aca-dns-appgw-27/providers/Microsoft.Network/applicationGateways/appgateway/requestRoutingRules/request-routing-rule-http",
                "name": "request-routing-rule-http",
                "priority": 100,
                "redirect_configuration_id": "/subscriptions/dcef7009-6b94-4382-afdc-17eb160d709a/resourceGroups/rg-aca-dns-appgw-27/providers/Microsoft.Network/applicationGateways/appgateway/redirectConfigurations/redirect-configuration",
                "redirect_configuration_name": "redirect-configuration",
                "rewrite_rule_set_id": "",
                "rewrite_rule_set_name": "",
                "rule_type": "Basic",
                "url_path_map_id": "",
                "url_path_map_name": ""
              },
              {
                "backend_address_pool_id": "/subscriptions/dcef7009-6b94-4382-afdc-17eb160d709a/resourceGroups/rg-aca-dns-appgw-27/providers/Microsoft.Network/applicationGateways/appgateway/backendAddressPools/backend-address-pool",
                "backend_address_pool_name": "backend-address-pool",
                "backend_http_settings_id": "/subscriptions/dcef7009-6b94-4382-afdc-17eb160d709a/resourceGroups/rg-aca-dns-appgw-27/providers/Microsoft.Network/applicationGateways/appgateway/backendHttpSettingsCollection/backend-http-settings-https",
                "backend_http_settings_name": "backend-http-settings-https",
                "http_listener_id": "/subscriptions/dcef7009-6b94-4382-afdc-17eb160d709a/resourceGroups/rg-aca-dns-appgw-27/providers/Microsoft.Network/applicationGateways/appgateway/httpListeners/listener-https",
                "http_listener_name": "listener-https",
                "id": "/subscriptions/dcef7009-6b94-4382-afdc-17eb160d709a/resourceGroups/rg-aca-dns-appgw-27/providers/Microsoft.Network/applicationGateways/appgateway/requestRoutingRules/request-routing-rule-https",
                "name": "request-routing-rule-https",
                "priority": 200,
                "redirect_configuration_id": "",
                "redirect_configuration_name": "",
                "rewrite_rule_set_id": "",
                "rewrite_rule_set_name": "",
                "rule_type": "Basic",
                "url_path_map_id": "",
                "url_path_map_name": ""
              }
            ],
            "resource_group_name": "rg-aca-dns-appgw-27",
            "rewrite_rule_set": [],
            "sku": [
              {
                "capacity": 1,
                "name": "Standard_v2",
                "tier": "Standard_v2"
              }
            ],
            "ssl_certificate": [
              {
                "data": "",
                "id": "/subscriptions/dcef7009-6b94-4382-afdc-17eb160d709a/resourceGroups/rg-aca-dns-appgw-27/providers/Microsoft.Network/applicationGateways/appgateway/sslCertificates/aca-apps-com",
                "key_vault_secret_id": "https://kv-appgw-s5bot.vault.azure.net/secrets/aca-apps-com/02071e72d3234602a05df706405dc596",
                "name": "aca-apps-com",
                "password": "",
                "public_cert_data": ""
              }
            ],
            "ssl_policy": [
              {
                "cipher_suites": [],
                "disabled_protocols": [],
                "min_protocol_version": "",
                "policy_name": "AppGwSslPolicy20220101",
                "policy_type": "Predefined"
              }
            ],
            "ssl_profile": [],
            "tags": null,
            "timeouts": null,
            "trusted_client_certificate": [],
            "trusted_root_certificate": [],
            "url_path_map": [],
            "waf_configuration": [],
            "zones": [
              "1",
              "2",
              "3"
            ]
          },
          "sensitive_attributes": [
            [
              {
                "type": "get_attr",
                "value": "ssl_certificate"
              }
            ]
          ],
          "identity_schema_version": 0,
          "identity": {
            "name": "appgateway",
            "resource_group_name": "rg-aca-dns-appgw-27",
            "subscription_id": "dcef7009-6b94-4382-afdc-17eb160d709a"
          },
          "private": "eyJlMmJmYjczMC1lY2FhLTExZTYtOGY4OC0zNDM2M2JjN2M0YzAiOnsiY3JlYXRlIjo1NDAwMDAwMDAwMDAwLCJkZWxldGUiOjU0MDAwMDAwMDAwMDAsInJlYWQiOjMwMDAwMDAwMDAwMCwidXBkYXRlIjo1NDAwMDAwMDAwMDAwfX0=",
          "dependencies": [
            "azurerm_container_app.aca-inspector-gadget",
            "azurerm_container_app_environment.env",
            "azurerm_key_vault.keyvault",
            "azurerm_key_vault_certificate.local_domain_certs",
            "azurerm_public_ip.pip-appgateway",
            "azurerm_resource_group.rg",
            "azurerm_role_assignment.role-certificates-officer",
            "azurerm_subnet.snet-aca",
            "azurerm_subnet.snet-appgw",
            "azurerm_user_assigned_identity.identity-appgw",
            "azurerm_virtual_network.vnet",
            "data.azurerm_client_config.current",
            "random_string.random"
          ]
        }
      ]
    },
    {
      "mode": "managed",
      "type": "azurerm_bastion_host",
      "name": "bastion",
      "provider": "provider[\"registry.terraform.io/hashicorp/azurerm\"]",
      "instances": [
        {
          "schema_version": 0,
          "attributes": {
            "copy_paste_enabled": true,
            "dns_name": "bst-db03cfdc-a56f-4e6f-ab34-8d1cae5d91a1.bastion.azure.com",
            "file_copy_enabled": false,
            "id": "/subscriptions/dcef7009-6b94-4382-afdc-17eb160d709a/resourceGroups/rg-aca-dns-appgw-27/providers/Microsoft.Network/bastionHosts/bastion",
            "ip_configuration": [
              {
                "name": "configuration",
                "public_ip_address_id": "/subscriptions/dcef7009-6b94-4382-afdc-17eb160d709a/resourceGroups/rg-aca-dns-appgw-27/providers/Microsoft.Network/publicIPAddresses/pip-bastion",
                "subnet_id": "/subscriptions/dcef7009-6b94-4382-afdc-17eb160d709a/resourceGroups/rg-aca-dns-appgw-27/providers/Microsoft.Network/virtualNetworks/vnet-internal/subnets/AzureBastionSubnet"
              }
            ],
            "ip_connect_enabled": false,
            "kerberos_enabled": false,
            "location": "swedencentral",
            "name": "bastion",
            "resource_group_name": "rg-aca-dns-appgw-27",
            "scale_units": 2,
            "session_recording_enabled": false,
            "shareable_link_enabled": false,
            "sku": "Basic",
            "tags": {},
            "timeouts": null,
            "tunneling_enabled": false,
            "virtual_network_id": "",
            "zones": []
          },
          "sensitive_attributes": [],
          "identity_schema_version": 0,
          "identity": {
            "name": "bastion",
            "resource_group_name": "rg-aca-dns-appgw-27",
            "subscription_id": "dcef7009-6b94-4382-afdc-17eb160d709a"
          },
          "private": "eyJlMmJmYjczMC1lY2FhLTExZTYtOGY4OC0zNDM2M2JjN2M0YzAiOnsiY3JlYXRlIjoxODAwMDAwMDAwMDAwLCJkZWxldGUiOjE4MDAwMDAwMDAwMDAsInJlYWQiOjMwMDAwMDAwMDAwMCwidXBkYXRlIjoxODAwMDAwMDAwMDAwfX0=",
          "dependencies": [
            "azurerm_public_ip.pip-bastion",
            "azurerm_resource_group.rg",
            "azurerm_subnet.snet-bastion",
            "azurerm_virtual_network.vnet"
          ]
        }
      ]
    },
    {
      "mode": "managed",
      "type": "azurerm_container_app",
      "name": "aca-inspector-gadget",
      "provider": "provider[\"registry.terraform.io/hashicorp/azurerm\"]",
      "instances": [
        {
          "schema_version": 0,
          "attributes": {
            "container_app_environment_id": "/subscriptions/dcef7009-6b94-4382-afdc-17eb160d709a/resourceGroups/rg-aca-dns-appgw-27/providers/Microsoft.App/managedEnvironments/aca-environment",
            "custom_domain_verification_id": "12A824F56ADC4DBFA2BAB33D11CF904692CB9810204E47093CF78548458D595C",
            "dapr": [],
            "id": "/subscriptions/dcef7009-6b94-4382-afdc-17eb160d709a/resourceGroups/rg-aca-dns-appgw-27/providers/Microsoft.App/containerApps/inspector-gadget",
            "identity": [],
            "ingress": [
              {
                "allow_insecure_connections": false,
                "client_certificate_mode": "",
                "cors": [],
                "custom_domain": [],
                "exposed_port": 0,
                "external_enabled": true,
                "fqdn": "inspector-gadget.livelypond-c563d156.swedencentral.azurecontainerapps.io",
                "ip_security_restriction": [],
                "target_port": 80,
                "traffic_weight": [
                  {
                    "label": "",
                    "latest_revision": true,
                    "percentage": 100,
                    "revision_suffix": ""
                  }
                ],
                "transport": "auto"
              }
            ],
            "latest_revision_fqdn": "inspector-gadget--uksjb84.livelypond-c563d156.swedencentral.azurecontainerapps.io",
            "latest_revision_name": "inspector-gadget--uksjb84",
            "location": "swedencentral",
            "max_inactive_revisions": 0,
            "name": "inspector-gadget",
            "outbound_ip_addresses": [
              "9.223.85.177"
            ],
            "registry": [],
            "resource_group_name": "rg-aca-dns-appgw-27",
            "revision_mode": "Single",
            "secret": [],
            "tags": {},
            "template": [
              {
                "azure_queue_scale_rule": [],
                "container": [
                  {
                    "args": [],
                    "command": [],
                    "cpu": 0.25,
                    "env": [],
                    "ephemeral_storage": "1Gi",
                    "image": "jelledruyts/inspectorgadget",
                    "liveness_probe": [],
                    "memory": "0.5Gi",
                    "name": "inspector-gadget",
                    "readiness_probe": [],
                    "startup_probe": [],
                    "volume_mounts": []
                  }
                ],
                "cooldown_period_in_seconds": 300,
                "custom_scale_rule": [],
                "http_scale_rule": [],
                "init_container": [],
                "max_replicas": 3,
                "min_replicas": 1,
                "polling_interval_in_seconds": 30,
                "revision_suffix": "",
                "tcp_scale_rule": [],
                "termination_grace_period_seconds": 0,
                "volume": []
              }
            ],
            "timeouts": null,
            "workload_profile_name": "profile-D4"
          },
          "sensitive_attributes": [
            [
              {
                "type": "get_attr",
                "value": "custom_domain_verification_id"
              }
            ]
          ],
          "identity_schema_version": 0,
          "private": "eyJlMmJmYjczMC1lY2FhLTExZTYtOGY4OC0zNDM2M2JjN2M0YzAiOnsiY3JlYXRlIjoxODAwMDAwMDAwMDAwLCJkZWxldGUiOjE4MDAwMDAwMDAwMDAsInJlYWQiOjMwMDAwMDAwMDAwMCwidXBkYXRlIjoxODAwMDAwMDAwMDAwfX0=",
          "dependencies": [
            "azurerm_container_app_environment.env",
            "azurerm_resource_group.rg",
            "azurerm_subnet.snet-aca",
            "azurerm_virtual_network.vnet"
          ]
        }
      ]
    },
    {
      "mode": "managed",
      "type": "azurerm_container_app",
      "name": "aca-nginx",
      "provider": "provider[\"registry.terraform.io/hashicorp/azurerm\"]",
      "instances": [
        {
          "schema_version": 0,
          "attributes": {
            "container_app_environment_id": "/subscriptions/dcef7009-6b94-4382-afdc-17eb160d709a/resourceGroups/rg-aca-dns-appgw-27/providers/Microsoft.App/managedEnvironments/aca-environment",
            "custom_domain_verification_id": "12A824F56ADC4DBFA2BAB33D11CF904692CB9810204E47093CF78548458D595C",
            "dapr": [],
            "id": "/subscriptions/dcef7009-6b94-4382-afdc-17eb160d709a/resourceGroups/rg-aca-dns-appgw-27/providers/Microsoft.App/containerApps/nginx",
            "identity": [],
            "ingress": [
              {
                "allow_insecure_connections": false,
                "client_certificate_mode": "",
                "cors": [],
                "custom_domain": [],
                "exposed_port": 0,
                "external_enabled": true,
                "fqdn": "nginx.livelypond-c563d156.swedencentral.azurecontainerapps.io",
                "ip_security_restriction": [],
                "target_port": 80,
                "traffic_weight": [
                  {
                    "label": "",
                    "latest_revision": true,
                    "percentage": 100,
                    "revision_suffix": ""
                  }
                ],
                "transport": "auto"
              }
            ],
            "latest_revision_fqdn": "nginx--8kn3m7w.livelypond-c563d156.swedencentral.azurecontainerapps.io",
            "latest_revision_name": "nginx--8kn3m7w",
            "location": "swedencentral",
            "max_inactive_revisions": 0,
            "name": "nginx",
            "outbound_ip_addresses": [
              "9.223.85.177"
            ],
            "registry": [],
            "resource_group_name": "rg-aca-dns-appgw-27",
            "revision_mode": "Single",
            "secret": [],
            "tags": {},
            "template": [
              {
                "azure_queue_scale_rule": [],
                "container": [
                  {
                    "args": [],
                    "command": [],
                    "cpu": 0.25,
                    "env": [],
                    "ephemeral_storage": "1Gi",
                    "image": "nginx:latest",
                    "liveness_probe": [],
                    "memory": "0.5Gi",
                    "name": "nginx",
                    "readiness_probe": [],
                    "startup_probe": [],
                    "volume_mounts": []
                  }
                ],
                "cooldown_period_in_seconds": 300,
                "custom_scale_rule": [],
                "http_scale_rule": [],
                "init_container": [],
                "max_replicas": 3,
                "min_replicas": 1,
                "polling_interval_in_seconds": 30,
                "revision_suffix": "",
                "tcp_scale_rule": [],
                "termination_grace_period_seconds": 0,
                "volume": []
              }
            ],
            "timeouts": null,
            "workload_profile_name": "profile-D4"
          },
          "sensitive_attributes": [
            [
              {
                "type": "get_attr",
                "value": "custom_domain_verification_id"
              }
            ]
          ],
          "identity_schema_version": 0,
          "private": "eyJlMmJmYjczMC1lY2FhLTExZTYtOGY4OC0zNDM2M2JjN2M0YzAiOnsiY3JlYXRlIjoxODAwMDAwMDAwMDAwLCJkZWxldGUiOjE4MDAwMDAwMDAwMDAsInJlYWQiOjMwMDAwMDAwMDAwMCwidXBkYXRlIjoxODAwMDAwMDAwMDAwfX0=",
          "dependencies": [
            "azurerm_container_app_environment.env",
            "azurerm_resource_group.rg",
            "azurerm_subnet.snet-aca",
            "azurerm_virtual_network.vnet"
          ]
        }
      ]
    },
    {
      "mode": "managed",
      "type": "azurerm_container_app_environment",
      "name": "env",
      "provider": "provider[\"registry.terraform.io/hashicorp/azurerm\"]",
      "instances": [
        {
          "schema_version": 0,
          "attributes": {
            "custom_domain_verification_id": "12A824F56ADC4DBFA2BAB33D11CF904692CB9810204E47093CF78548458D595C",
            "dapr_application_insights_connection_string": "",
            "default_domain": "livelypond-c563d156.swedencentral.azurecontainerapps.io",
            "docker_bridge_cidr": "",
            "id": "/subscriptions/dcef7009-6b94-4382-afdc-17eb160d709a/resourceGroups/rg-aca-dns-appgw-27/providers/Microsoft.App/managedEnvironments/aca-environment",
            "identity": [],
            "infrastructure_resource_group_name": "ME_aca-environment_rg-aca-dns-appgw-27_swedencentral",
            "infrastructure_subnet_id": "/subscriptions/dcef7009-6b94-4382-afdc-17eb160d709a/resourceGroups/rg-aca-dns-appgw-27/providers/Microsoft.Network/virtualNetworks/vnet-internal/subnets/snet-aca",
            "internal_load_balancer_enabled": true,
            "location": "swedencentral",
            "log_analytics_workspace_id": "",
            "logs_destination": "",
            "mutual_tls_enabled": false,
            "name": "aca-environment",
            "platform_reserved_cidr": "",
            "platform_reserved_dns_ip_address": "",
            "public_network_access": "Disabled",
            "resource_group_name": "rg-aca-dns-appgw-27",
            "static_ip_address": "10.0.1.10",
            "tags": {},
            "timeouts": null,
            "workload_profile": [
              {
                "maximum_count": 0,
                "minimum_count": 0,
                "name": "Consumption",
                "workload_profile_type": "Consumption"
              },
              {
                "maximum_count": 1,
                "minimum_count": 1,
                "name": "profile-D4",
                "workload_profile_type": "D4"
              }
            ],
            "zone_redundancy_enabled": true
          },
          "sensitive_attributes": [
            [
              {
                "type": "get_attr",
                "value": "dapr_application_insights_connection_string"
              }
            ]
          ],
          "identity_schema_version": 0,
          "private": "eyJlMmJmYjczMC1lY2FhLTExZTYtOGY4OC0zNDM2M2JjN2M0YzAiOnsiY3JlYXRlIjoxODAwMDAwMDAwMDAwLCJkZWxldGUiOjE4MDAwMDAwMDAwMDAsInJlYWQiOjMwMDAwMDAwMDAwMCwidXBkYXRlIjoxODAwMDAwMDAwMDAwfX0=",
          "dependencies": [
            "azurerm_resource_group.rg",
            "azurerm_subnet.snet-aca",
            "azurerm_virtual_network.vnet"
          ]
        }
      ]
    },
    {
      "mode": "managed",
      "type": "azurerm_dns_a_record",
      "name": "a-record-app",
      "provider": "provider[\"registry.terraform.io/hashicorp/azurerm\"]",
      "instances": [
        {
          "schema_version": 1,
          "attributes": {
            "fqdn": "aca-apps.com.",
            "id": "/subscriptions/dcef7009-6b94-4382-afdc-17eb160d709a/resourceGroups/rg-aca-dns-appgw-27/providers/Microsoft.Network/dnsZones/aca-apps.com/A/@",
            "name": "@",
            "records": [
              "135.225.4.219"
            ],
            "resource_group_name": "rg-aca-dns-appgw-27",
            "tags": {},
            "target_resource_id": "",
            "timeouts": null,
            "ttl": 300,
            "zone_name": "aca-apps.com"
          },
          "sensitive_attributes": [],
          "identity_schema_version": 0,
          "private": "eyJlMmJmYjczMC1lY2FhLTExZTYtOGY4OC0zNDM2M2JjN2M0YzAiOnsiY3JlYXRlIjoxODAwMDAwMDAwMDAwLCJkZWxldGUiOjE4MDAwMDAwMDAwMDAsInJlYWQiOjMwMDAwMDAwMDAwMCwidXBkYXRlIjoxODAwMDAwMDAwMDAwfSwic2NoZW1hX3ZlcnNpb24iOiIxIn0=",
          "dependencies": [
            "azurerm_dns_zone.dns-zone-apps",
            "azurerm_public_ip.pip-appgateway",
            "azurerm_resource_group.rg"
          ]
        }
      ]
    },
    {
      "mode": "managed",
      "type": "azurerm_dns_zone",
      "name": "dns-zone-apps",
      "provider": "provider[\"registry.terraform.io/hashicorp/azurerm\"]",
      "instances": [
        {
          "schema_version": 2,
          "attributes": {
            "id": "/subscriptions/dcef7009-6b94-4382-afdc-17eb160d709a/resourceGroups/rg-aca-dns-appgw-27/providers/Microsoft.Network/dnsZones/aca-apps.com",
            "max_number_of_record_sets": 10000,
            "name": "aca-apps.com",
            "name_servers": [
              "ns1-05.azure-dns.com.",
              "ns2-05.azure-dns.net.",
              "ns3-05.azure-dns.org.",
              "ns4-05.azure-dns.info."
            ],
            "number_of_record_sets": 3,
            "resource_group_name": "rg-aca-dns-appgw-27",
            "soa_record": [
              {
                "email": "azuredns-hostmaster.microsoft.com",
                "expire_time": 2419200,
                "fqdn": "aca-apps.com.",
                "host_name": "ns1-05.azure-dns.com.",
                "minimum_ttl": 300,
                "refresh_time": 3600,
                "retry_time": 300,
                "serial_number": 1,
                "tags": {},
                "ttl": 3600
              }
            ],
            "tags": {},
            "timeouts": null
          },
          "sensitive_attributes": [],
          "identity_schema_version": 0,
          "private": "eyJlMmJmYjczMC1lY2FhLTExZTYtOGY4OC0zNDM2M2JjN2M0YzAiOnsiY3JlYXRlIjoxODAwMDAwMDAwMDAwLCJkZWxldGUiOjE4MDAwMDAwMDAwMDAsInJlYWQiOjMwMDAwMDAwMDAwMCwidXBkYXRlIjoxODAwMDAwMDAwMDAwfSwic2NoZW1hX3ZlcnNpb24iOiIyIn0=",
          "dependencies": [
            "azurerm_resource_group.rg"
          ]
        }
      ]
    },
    {
      "mode": "managed",
      "type": "azurerm_key_vault",
      "name": "keyvault",
      "provider": "provider[\"registry.terraform.io/hashicorp/azurerm\"]",
      "instances": [
        {
          "schema_version": 2,
          "attributes": {
            "access_policy": [],
            "contact": [],
            "enable_rbac_authorization": true,
            "enabled_for_deployment": false,
            "enabled_for_disk_encryption": false,
            "enabled_for_template_deployment": false,
            "id": "/subscriptions/dcef7009-6b94-4382-afdc-17eb160d709a/resourceGroups/rg-aca-dns-appgw-27/providers/Microsoft.KeyVault/vaults/kv-appgw-s5bot",
            "location": "swedencentral",
            "name": "kv-appgw-s5bot",
            "network_acls": [
              {
                "bypass": "AzureServices",
                "default_action": "Allow",
                "ip_rules": [],
                "virtual_network_subnet_ids": []
              }
            ],
            "public_network_access_enabled": true,
            "purge_protection_enabled": false,
            "rbac_authorization_enabled": true,
            "resource_group_name": "rg-aca-dns-appgw-27",
            "sku_name": "standard",
            "soft_delete_retention_days": 7,
            "tags": {},
            "tenant_id": "93139d1e-a3c1-4d78-9ed5-878be090eba4",
            "timeouts": null,
            "vault_uri": "https://kv-appgw-s5bot.vault.azure.net/"
          },
          "sensitive_attributes": [],
          "identity_schema_version": 0,
          "private": "eyJlMmJmYjczMC1lY2FhLTExZTYtOGY4OC0zNDM2M2JjN2M0YzAiOnsiY3JlYXRlIjoxODAwMDAwMDAwMDAwLCJkZWxldGUiOjE4MDAwMDAwMDAwMDAsInJlYWQiOjMwMDAwMDAwMDAwMCwidXBkYXRlIjoxODAwMDAwMDAwMDAwfSwic2NoZW1hX3ZlcnNpb24iOiIyIn0=",
          "dependencies": [
            "azurerm_resource_group.rg",
            "data.azurerm_client_config.current",
            "random_string.random"
          ]
        }
      ]
    },
    {
      "mode": "managed",
      "type": "azurerm_key_vault_certificate",
      "name": "local_domain_certs",
      "provider": "provider[\"registry.terraform.io/hashicorp/azurerm\"]",
      "instances": [
        {
          "schema_version": 0,
          "attributes": {
            "certificate": [],
            "certificate_attribute": [
              {
                "created": "2025-11-24T07:57:23Z",
                "enabled": true,
                "expires": "2026-11-24T07:57:23Z",
                "not_before": "2025-11-24T07:47:23Z",
                "recovery_level": "CustomizedRecoverable+Purgeable",
                "updated": "2025-11-24T07:57:23Z"
              }
            ],
            "certificate_data": "308203453082022DA003020102021078580649078F4A9B844B2C7076B8ED8C300D06092A864886F70D01010B05003017311530130603550403130C6163612D617070732E636F6D301E170D3235313132343037343732335A170D3236313132343037353732335A3017311530130603550403130C6163612D617070732E636F6D30820122300D06092A864886F70D01010105000382010F003082010A0282010100E6CAB4CF82F65CE0D56E108A96398321BE16A2CA43936BE7F9E8E2399DCFFAD80653B3BCC1561D994178211F77BAD5B257905BF4BC3F8C32FB4B6F29CFE51648BEAFF14DC86A069C5142928783B88AA474ACBF8028DD304761B7ED24F5F619BE9B706067A1C3E59BB54FC19A1774EC5085D473255DAD3AC832054844FED958D45EFEF0ADF2C8F9D1271884AEAF905A5ECF7C15345C9661A8FBCEF5705B045CA5F02BE6352C2EA1986F2D0B12A8799B1A09D8CAB3CA0802B691591907AA52E9B7EE1A46E95066A74F7AF02E2B33E61E42701FDC2CD291B6AF44052474B6C638169B4FA6E73F02A410C9CCE0D475C031277D8D944FEAF94926BEFABBE4DDCE13710203010001A3818C308189300E0603551D0F0101FF0404030205A030090603551D130402300030130603551D25040C300A06082B0601050507030130170603551D110410300E820C6163612D617070732E636F6D301F0603551D23041830168014BBC8CD9CEDF6A80CE59B2C523ED07160BE326402301D0603551D0E04160414BBC8CD9CEDF6A80CE59B2C523ED07160BE326402300D06092A864886F70D01010B05000382010100562376ED77DC7F574546382FF662ED5BDB7F6941B3B5C8E680AF80265004F84CB8205A9FD9FF911666375EDD2A8CFF10BC3F4C997705AC00E9A60D6015F9FA83E0524E15976728082A6DD5D77D239CA7FADE248614D31C0420AB5850D2FCF0FC7356C9DEFCD98F573DC70BD41F044612A9B50D1718A04068630FC0B8AC721D9AB8DFF14D981270076C123CE87F4220144A6BD6D4E6A3C99D5D55208E85770798E2461234A89C0D51576BA744E247E9E12BA9CDF8377D92413339A1C6C4E2C23170C2DC3B44F93FB4A2D2E90DB461F51364E8F806C742E4D5A9AF5B3C1450A75303ABA7B08A64933105E609D857E9234FFFAC1230E20B981C3EF22F2EB3C853EB",
            "certificate_data_base64": "MIIDRTCCAi2gAwIBAgIQeFgGSQePSpuESyxwdrjtjDANBgkqhkiG9w0BAQsFADAXMRUwEwYDVQQDEwxhY2EtYXBwcy5jb20wHhcNMjUxMTI0MDc0NzIzWhcNMjYxMTI0MDc1NzIzWjAXMRUwEwYDVQQDEwxhY2EtYXBwcy5jb20wggEiMA0GCSqGSIb3DQEBAQUAA4IBDwAwggEKAoIBAQDmyrTPgvZc4NVuEIqWOYMhvhaiykOTa+f56OI5nc/62AZTs7zBVh2ZQXghH3e61bJXkFv0vD+MMvtLbynP5RZIvq/xTchqBpxRQpKHg7iKpHSsv4Ao3TBHYbftJPX2Gb6bcGBnocPlm7VPwZoXdOxQhdRzJV2tOsgyBUhE/tlY1F7+8K3yyPnRJxiErq+QWl7PfBU0XJZhqPvO9XBbBFyl8CvmNSwuoZhvLQsSqHmbGgnYyrPKCAK2kVkZB6pS6bfuGkbpUGanT3rwLisz5h5CcB/cLNKRtq9EBSR0tsY4FptPpuc/AqQQyczg1HXAMSd9jZRP6vlJJr76u+TdzhNxAgMBAAGjgYwwgYkwDgYDVR0PAQH/BAQDAgWgMAkGA1UdEwQCMAAwEwYDVR0lBAwwCgYIKwYBBQUHAwEwFwYDVR0RBBAwDoIMYWNhLWFwcHMuY29tMB8GA1UdIwQYMBaAFLvIzZzt9qgM5ZssUj7QcWC+MmQCMB0GA1UdDgQWBBS7yM2c7faoDOWbLFI+0HFgvjJkAjANBgkqhkiG9w0BAQsFAAOCAQEAViN27Xfcf1dFRjgv9mLtW9t/aUGztcjmgK+AJlAE+Ey4IFqf2f+RFmY3Xt0qjP8QvD9MmXcFrADppg1gFfn6g+BSThWXZygIKm3V130jnKf63iSGFNMcBCCrWFDS/PD8c1bJ3vzZj1c9xwvUHwRGEqm1DRcYoEBoYw/AuKxyHZq43/FNmBJwB2wSPOh/QiAUSmvW1OajyZ1dVSCOhXcHmOJGEjSonA1RV2unROJH6eErqc34N32SQTM5ocbE4sIxcMLcO0T5P7Si0ukNtGH1E2To+AbHQuTVqa9bPBRQp1MDq6ewimSTMQXmCdhX6SNP/6wSMOILmBw+8i8us8hT6w==",
            "certificate_policy": [
              {
                "issuer_parameters": [
                  {
                    "name": "Self"
                  }
                ],
                "key_properties": [
                  {
                    "curve": "",
                    "exportable": true,
                    "key_size": 2048,
                    "key_type": "RSA",
                    "reuse_key": true
                  }
                ],
                "lifetime_action": [
                  {
                    "action": [
                      {
                        "action_type": "AutoRenew"
                      }
                    ],
                    "trigger": [
                      {
                        "days_before_expiry": 30,
                        "lifetime_percentage": 0
                      }
                    ]
                  }
                ],
                "secret_properties": [
                  {
                    "content_type": "application/x-pkcs12"
                  }
                ],
                "x509_certificate_properties": [
                  {
                    "extended_key_usage": [
                      "1.3.6.1.5.5.7.3.1"
                    ],
                    "key_usage": [
                      "digitalSignature",
                      "keyEncipherment"
                    ],
                    "subject": "CN=aca-apps.com",
                    "subject_alternative_names": [
                      {
                        "dns_names": [
                          "aca-apps.com"
                        ],
                        "emails": [],
                        "upns": []
                      }
                    ],
                    "validity_in_months": 12
                  }
                ]
              }
            ],
            "id": "https://kv-appgw-s5bot.vault.azure.net/certificates/aca-apps-com/02071e72d3234602a05df706405dc596",
            "key_vault_id": "/subscriptions/dcef7009-6b94-4382-afdc-17eb160d709a/resourceGroups/rg-aca-dns-appgw-27/providers/Microsoft.KeyVault/vaults/kv-appgw-s5bot",
            "name": "aca-apps-com",
            "resource_manager_id": "/subscriptions/dcef7009-6b94-4382-afdc-17eb160d709a/resourceGroups/rg-aca-dns-appgw-27/providers/Microsoft.KeyVault/vaults/kv-appgw-s5bot/certificates/aca-apps-com/versions/02071e72d3234602a05df706405dc596",
            "resource_manager_versionless_id": "/subscriptions/dcef7009-6b94-4382-afdc-17eb160d709a/resourceGroups/rg-aca-dns-appgw-27/providers/Microsoft.KeyVault/vaults/kv-appgw-s5bot/certificates/aca-apps-com",
            "secret_id": "https://kv-appgw-s5bot.vault.azure.net/secrets/aca-apps-com/02071e72d3234602a05df706405dc596",
            "tags": {},
            "thumbprint": "A6AA2273399C3C11A69E8BFC951C83B12F73964F",
            "timeouts": null,
            "version": "02071e72d3234602a05df706405dc596",
            "versionless_id": "https://kv-appgw-s5bot.vault.azure.net/certificates/aca-apps-com",
            "versionless_secret_id": "https://kv-appgw-s5bot.vault.azure.net/secrets/aca-apps-com"
          },
          "sensitive_attributes": [],
          "identity_schema_version": 0,
          "private": "eyJlMmJmYjczMC1lY2FhLTExZTYtOGY4OC0zNDM2M2JjN2M0YzAiOnsiY3JlYXRlIjozNjAwMDAwMDAwMDAwLCJkZWxldGUiOjE4MDAwMDAwMDAwMDAsInJlYWQiOjE4MDAwMDAwMDAwMDAsInVwZGF0ZSI6MTgwMDAwMDAwMDAwMH19",
          "dependencies": [
            "azurerm_key_vault.keyvault",
            "azurerm_resource_group.rg",
            "azurerm_role_assignment.role-certificates-officer",
            "data.azurerm_client_config.current",
            "random_string.random"
          ]
        }
      ]
    },
    {
      "mode": "managed",
      "type": "azurerm_network_interface",
      "name": "nic-vm-windows",
      "provider": "provider[\"registry.terraform.io/hashicorp/azurerm\"]",
      "instances": [
        {
          "schema_version": 0,
          "attributes": {
            "accelerated_networking_enabled": false,
            "applied_dns_servers": [],
            "auxiliary_mode": "",
            "auxiliary_sku": "",
            "dns_servers": [],
            "edge_zone": "",
            "id": "/subscriptions/dcef7009-6b94-4382-afdc-17eb160d709a/resourceGroups/rg-aca-dns-appgw-27/providers/Microsoft.Network/networkInterfaces/nic-vm-windows",
            "internal_dns_name_label": "",
            "internal_domain_name_suffix": "gusrapnmefoujltimttabeum5h.gvxx.internal.cloudapp.net",
            "ip_configuration": [
              {
                "gateway_load_balancer_frontend_ip_configuration_id": "",
                "name": "internal",
                "primary": true,
                "private_ip_address": "10.0.3.4",
                "private_ip_address_allocation": "Dynamic",
                "private_ip_address_version": "IPv4",
                "public_ip_address_id": "",
                "subnet_id": "/subscriptions/dcef7009-6b94-4382-afdc-17eb160d709a/resourceGroups/rg-aca-dns-appgw-27/providers/Microsoft.Network/virtualNetworks/vnet-internal/subnets/snet-jumpbox"
              }
            ],
            "ip_forwarding_enabled": false,
            "location": "swedencentral",
            "mac_address": "7C-1E-52-3F-28-FA",
            "name": "nic-vm-windows",
            "private_ip_address": "10.0.3.4",
            "private_ip_addresses": [
              "10.0.3.4"
            ],
            "resource_group_name": "rg-aca-dns-appgw-27",
            "tags": {},
            "timeouts": null,
            "virtual_machine_id": "/subscriptions/dcef7009-6b94-4382-afdc-17eb160d709a/resourceGroups/rg-aca-dns-appgw-27/providers/Microsoft.Compute/virtualMachines/vm-windows-w11"
          },
          "sensitive_attributes": [],
          "identity_schema_version": 0,
          "identity": {
            "name": "nic-vm-windows",
            "resource_group_name": "rg-aca-dns-appgw-27",
            "subscription_id": "dcef7009-6b94-4382-afdc-17eb160d709a"
          },
          "private": "eyJlMmJmYjczMC1lY2FhLTExZTYtOGY4OC0zNDM2M2JjN2M0YzAiOnsiY3JlYXRlIjoxODAwMDAwMDAwMDAwLCJkZWxldGUiOjE4MDAwMDAwMDAwMDAsInJlYWQiOjMwMDAwMDAwMDAwMCwidXBkYXRlIjoxODAwMDAwMDAwMDAwfX0=",
          "dependencies": [
            "azurerm_resource_group.rg",
            "azurerm_subnet.snet-jumpbox",
            "azurerm_virtual_network.vnet"
          ]
        }
      ]
    },
    {
      "mode": "managed",
      "type": "azurerm_private_dns_a_record",
      "name": "a-record-aca",
      "provider": "provider[\"registry.terraform.io/hashicorp/azurerm\"]",
      "instances": [
        {
          "schema_version": 0,
          "attributes": {
            "fqdn": "livelypond-c563d156.swedencentral.azurecontainerapps.io.",
            "id": "/subscriptions/dcef7009-6b94-4382-afdc-17eb160d709a/resourceGroups/rg-aca-dns-appgw-27/providers/Microsoft.Network/privateDnsZones/livelypond-c563d156.swedencentral.azurecontainerapps.io/A/@",
            "name": "@",
            "records": [
              "10.0.1.10"
            ],
            "resource_group_name": "rg-aca-dns-appgw-27",
            "tags": {},
            "timeouts": null,
            "ttl": 300,
            "zone_name": "livelypond-c563d156.swedencentral.azurecontainerapps.io"
          },
          "sensitive_attributes": [],
          "identity_schema_version": 0,
          "private": "eyJlMmJmYjczMC1lY2FhLTExZTYtOGY4OC0zNDM2M2JjN2M0YzAiOnsiY3JlYXRlIjoxODAwMDAwMDAwMDAwLCJkZWxldGUiOjE4MDAwMDAwMDAwMDAsInJlYWQiOjMwMDAwMDAwMDAwMCwidXBkYXRlIjoxODAwMDAwMDAwMDAwfX0=",
          "dependencies": [
            "azurerm_container_app_environment.env",
            "azurerm_private_dns_zone.private-dns-zone-aca",
            "azurerm_resource_group.rg",
            "azurerm_subnet.snet-aca",
            "azurerm_virtual_network.vnet"
          ]
        }
      ]
    },
    {
      "mode": "managed",
      "type": "azurerm_private_dns_a_record",
      "name": "a-record-wild-card",
      "provider": "provider[\"registry.terraform.io/hashicorp/azurerm\"]",
      "instances": [
        {
          "schema_version": 0,
          "attributes": {
            "fqdn": "*.livelypond-c563d156.swedencentral.azurecontainerapps.io.",
            "id": "/subscriptions/dcef7009-6b94-4382-afdc-17eb160d709a/resourceGroups/rg-aca-dns-appgw-27/providers/Microsoft.Network/privateDnsZones/livelypond-c563d156.swedencentral.azurecontainerapps.io/A/*",
            "name": "*",
            "records": [
              "10.0.1.10"
            ],
            "resource_group_name": "rg-aca-dns-appgw-27",
            "tags": {},
            "timeouts": null,
            "ttl": 300,
            "zone_name": "livelypond-c563d156.swedencentral.azurecontainerapps.io"
          },
          "sensitive_attributes": [],
          "identity_schema_version": 0,
          "private": "eyJlMmJmYjczMC1lY2FhLTExZTYtOGY4OC0zNDM2M2JjN2M0YzAiOnsiY3JlYXRlIjoxODAwMDAwMDAwMDAwLCJkZWxldGUiOjE4MDAwMDAwMDAwMDAsInJlYWQiOjMwMDAwMDAwMDAwMCwidXBkYXRlIjoxODAwMDAwMDAwMDAwfX0=",
          "dependencies": [
            "azurerm_container_app_environment.env",
            "azurerm_private_dns_zone.private-dns-zone-aca",
            "azurerm_resource_group.rg",
            "azurerm_subnet.snet-aca",
            "azurerm_virtual_network.vnet"
          ]
        }
      ]
    },
    {
      "mode": "managed",
      "type": "azurerm_private_dns_zone",
      "name": "private-dns-zone-aca",
      "provider": "provider[\"registry.terraform.io/hashicorp/azurerm\"]",
      "instances": [
        {
          "schema_version": 0,
          "attributes": {
            "id": "/subscriptions/dcef7009-6b94-4382-afdc-17eb160d709a/resourceGroups/rg-aca-dns-appgw-27/providers/Microsoft.Network/privateDnsZones/livelypond-c563d156.swedencentral.azurecontainerapps.io",
            "max_number_of_record_sets": 25000,
            "max_number_of_virtual_network_links": 1000,
            "max_number_of_virtual_network_links_with_registration": 100,
            "name": "livelypond-c563d156.swedencentral.azurecontainerapps.io",
            "number_of_record_sets": 3,
            "resource_group_name": "rg-aca-dns-appgw-27",
            "soa_record": [
              {
                "email": "azureprivatedns-host.microsoft.com",
                "expire_time": 2419200,
                "fqdn": "livelypond-c563d156.swedencentral.azurecontainerapps.io.",
                "host_name": "azureprivatedns.net",
                "minimum_ttl": 10,
                "refresh_time": 3600,
                "retry_time": 300,
                "serial_number": 1,
                "tags": {},
                "ttl": 3600
              }
            ],
            "tags": {},
            "timeouts": null
          },
          "sensitive_attributes": [],
          "identity_schema_version": 0,
          "identity": {
            "name": "livelypond-c563d156.swedencentral.azurecontainerapps.io",
            "resource_group_name": "rg-aca-dns-appgw-27",
            "subscription_id": "dcef7009-6b94-4382-afdc-17eb160d709a"
          },
          "private": "eyJlMmJmYjczMC1lY2FhLTExZTYtOGY4OC0zNDM2M2JjN2M0YzAiOnsiY3JlYXRlIjoxODAwMDAwMDAwMDAwLCJkZWxldGUiOjE4MDAwMDAwMDAwMDAsInJlYWQiOjMwMDAwMDAwMDAwMCwidXBkYXRlIjoxODAwMDAwMDAwMDAwfX0=",
          "dependencies": [
            "azurerm_container_app_environment.env",
            "azurerm_resource_group.rg",
            "azurerm_subnet.snet-aca",
            "azurerm_virtual_network.vnet"
          ]
        }
      ]
    },
    {
      "mode": "managed",
      "type": "azurerm_private_dns_zone",
      "name": "private_dns_zone_keyvault",
      "provider": "provider[\"registry.terraform.io/hashicorp/azurerm\"]",
      "instances": [
        {
          "schema_version": 0,
          "attributes": {
            "id": "/subscriptions/dcef7009-6b94-4382-afdc-17eb160d709a/resourceGroups/rg-aca-dns-appgw-27/providers/Microsoft.Network/privateDnsZones/privatelink.vaultcore.azure.net",
            "max_number_of_record_sets": 25000,
            "max_number_of_virtual_network_links": 1000,
            "max_number_of_virtual_network_links_with_registration": 100,
            "name": "privatelink.vaultcore.azure.net",
            "number_of_record_sets": 2,
            "resource_group_name": "rg-aca-dns-appgw-27",
            "soa_record": [
              {
                "email": "azureprivatedns-host.microsoft.com",
                "expire_time": 2419200,
                "fqdn": "privatelink.vaultcore.azure.net.",
                "host_name": "azureprivatedns.net",
                "minimum_ttl": 10,
                "refresh_time": 3600,
                "retry_time": 300,
                "serial_number": 1,
                "tags": {},
                "ttl": 3600
              }
            ],
            "tags": {},
            "timeouts": null
          },
          "sensitive_attributes": [],
          "identity_schema_version": 0,
          "identity": {
            "name": "privatelink.vaultcore.azure.net",
            "resource_group_name": "rg-aca-dns-appgw-27",
            "subscription_id": "dcef7009-6b94-4382-afdc-17eb160d709a"
          },
          "private": "eyJlMmJmYjczMC1lY2FhLTExZTYtOGY4OC0zNDM2M2JjN2M0YzAiOnsiY3JlYXRlIjoxODAwMDAwMDAwMDAwLCJkZWxldGUiOjE4MDAwMDAwMDAwMDAsInJlYWQiOjMwMDAwMDAwMDAwMCwidXBkYXRlIjoxODAwMDAwMDAwMDAwfX0=",
          "dependencies": [
            "azurerm_resource_group.rg"
          ]
        }
      ]
    },
    {
      "mode": "managed",
      "type": "azurerm_private_dns_zone_virtual_network_link",
      "name": "dns-keyvault",
      "provider": "provider[\"registry.terraform.io/hashicorp/azurerm\"]",
      "instances": [
        {
          "schema_version": 0,
          "attributes": {
            "id": "/subscriptions/dcef7009-6b94-4382-afdc-17eb160d709a/resourceGroups/rg-aca-dns-appgw-27/providers/Microsoft.Network/privateDnsZones/privatelink.vaultcore.azure.net/virtualNetworkLinks/dns-keyvault",
            "name": "dns-keyvault",
            "private_dns_zone_name": "privatelink.vaultcore.azure.net",
            "registration_enabled": false,
            "resolution_policy": "Default",
            "resource_group_name": "rg-aca-dns-appgw-27",
            "tags": {},
            "timeouts": null,
            "virtual_network_id": "/subscriptions/dcef7009-6b94-4382-afdc-17eb160d709a/resourceGroups/rg-aca-dns-appgw-27/providers/Microsoft.Network/virtualNetworks/vnet-internal"
          },
          "sensitive_attributes": [],
          "identity_schema_version": 0,
          "identity": {
            "name": "dns-keyvault",
            "private_dns_zone_name": "privatelink.vaultcore.azure.net",
            "resource_group_name": "rg-aca-dns-appgw-27",
            "subscription_id": "dcef7009-6b94-4382-afdc-17eb160d709a"
          },
          "private": "eyJlMmJmYjczMC1lY2FhLTExZTYtOGY4OC0zNDM2M2JjN2M0YzAiOnsiY3JlYXRlIjoxODAwMDAwMDAwMDAwLCJkZWxldGUiOjE4MDAwMDAwMDAwMDAsInJlYWQiOjMwMDAwMDAwMDAwMCwidXBkYXRlIjoxODAwMDAwMDAwMDAwfX0=",
          "dependencies": [
            "azurerm_private_dns_zone.private_dns_zone_keyvault",
            "azurerm_resource_group.rg",
            "azurerm_virtual_network.vnet"
          ]
        }
      ]
    },
    {
      "mode": "managed",
      "type": "azurerm_private_dns_zone_virtual_network_link",
      "name": "link-dns-aca-vnet",
      "provider": "provider[\"registry.terraform.io/hashicorp/azurerm\"]",
      "instances": [
        {
          "schema_version": 0,
          "attributes": {
            "id": "/subscriptions/dcef7009-6b94-4382-afdc-17eb160d709a/resourceGroups/rg-aca-dns-appgw-27/providers/Microsoft.Network/privateDnsZones/livelypond-c563d156.swedencentral.azurecontainerapps.io/virtualNetworkLinks/link-dns-aca-vnet",
            "name": "link-dns-aca-vnet",
            "private_dns_zone_name": "livelypond-c563d156.swedencentral.azurecontainerapps.io",
            "registration_enabled": false,
            "resolution_policy": "",
            "resource_group_name": "rg-aca-dns-appgw-27",
            "tags": {},
            "timeouts": null,
            "virtual_network_id": "/subscriptions/dcef7009-6b94-4382-afdc-17eb160d709a/resourceGroups/rg-aca-dns-appgw-27/providers/Microsoft.Network/virtualNetworks/vnet-internal"
          },
          "sensitive_attributes": [],
          "identity_schema_version": 0,
          "identity": {
            "name": "link-dns-aca-vnet",
            "private_dns_zone_name": "livelypond-c563d156.swedencentral.azurecontainerapps.io",
            "resource_group_name": "rg-aca-dns-appgw-27",
            "subscription_id": "dcef7009-6b94-4382-afdc-17eb160d709a"
          },
          "private": "eyJlMmJmYjczMC1lY2FhLTExZTYtOGY4OC0zNDM2M2JjN2M0YzAiOnsiY3JlYXRlIjoxODAwMDAwMDAwMDAwLCJkZWxldGUiOjE4MDAwMDAwMDAwMDAsInJlYWQiOjMwMDAwMDAwMDAwMCwidXBkYXRlIjoxODAwMDAwMDAwMDAwfX0=",
          "dependencies": [
            "azurerm_container_app_environment.env",
            "azurerm_private_dns_zone.private-dns-zone-aca",
            "azurerm_resource_group.rg",
            "azurerm_subnet.snet-aca",
            "azurerm_virtual_network.vnet"
          ]
        }
      ]
    },
    {
      "mode": "managed",
      "type": "azurerm_private_endpoint",
      "name": "pe-keyvault",
      "provider": "provider[\"registry.terraform.io/hashicorp/azurerm\"]",
      "instances": [
        {
          "schema_version": 0,
          "attributes": {
            "custom_dns_configs": [],
            "custom_network_interface_name": "nic-pe-keyvault",
            "id": "/subscriptions/dcef7009-6b94-4382-afdc-17eb160d709a/resourceGroups/rg-aca-dns-appgw-27/providers/Microsoft.Network/privateEndpoints/pe-keyvault",
            "ip_configuration": [],
            "location": "swedencentral",
            "name": "pe-keyvault",
            "network_interface": [
              {
                "id": "/subscriptions/dcef7009-6b94-4382-afdc-17eb160d709a/resourceGroups/rg-aca-dns-appgw-27/providers/Microsoft.Network/networkInterfaces/nic-pe-keyvault",
                "name": "nic-pe-keyvault"
              }
            ],
            "private_dns_zone_configs": [
              {
                "id": "/subscriptions/dcef7009-6b94-4382-afdc-17eb160d709a/resourceGroups/rg-aca-dns-appgw-27/providers/Microsoft.Network/privateEndpoints/pe-keyvault/privateDnsZoneGroups/private-dns-zone-group-keyvault/privateDnsZoneConfigs/privatelink.vaultcore.azure.net",
                "name": "privatelink.vaultcore.azure.net",
                "private_dns_zone_id": "/subscriptions/dcef7009-6b94-4382-afdc-17eb160d709a/resourceGroups/rg-aca-dns-appgw-27/providers/Microsoft.Network/privateDnsZones/privatelink.vaultcore.azure.net",
                "record_sets": [
                  {
                    "fqdn": "kv-appgw-s5bot.privatelink.vaultcore.azure.net",
                    "ip_addresses": [
                      "10.0.2.4"
                    ],
                    "name": "kv-appgw-s5bot",
                    "ttl": 10,
                    "type": "A"
                  }
                ]
              }
            ],
            "private_dns_zone_group": [
              {
                "id": "/subscriptions/dcef7009-6b94-4382-afdc-17eb160d709a/resourceGroups/rg-aca-dns-appgw-27/providers/Microsoft.Network/privateEndpoints/pe-keyvault/privateDnsZoneGroups/private-dns-zone-group-keyvault",
                "name": "private-dns-zone-group-keyvault",
                "private_dns_zone_ids": [
                  "/subscriptions/dcef7009-6b94-4382-afdc-17eb160d709a/resourceGroups/rg-aca-dns-appgw-27/providers/Microsoft.Network/privateDnsZones/privatelink.vaultcore.azure.net"
                ]
              }
            ],
            "private_service_connection": [
              {
                "is_manual_connection": false,
                "name": "connection-keyvault",
                "private_connection_resource_alias": "",
                "private_connection_resource_id": "/subscriptions/dcef7009-6b94-4382-afdc-17eb160d709a/resourceGroups/rg-aca-dns-appgw-27/providers/Microsoft.KeyVault/vaults/kv-appgw-s5bot",
                "private_ip_address": "10.0.2.4",
                "request_message": "",
                "subresource_names": [
                  "vault"
                ]
              }
            ],
            "resource_group_name": "rg-aca-dns-appgw-27",
            "subnet_id": "/subscriptions/dcef7009-6b94-4382-afdc-17eb160d709a/resourceGroups/rg-aca-dns-appgw-27/providers/Microsoft.Network/virtualNetworks/vnet-internal/subnets/snet-pe",
            "tags": {},
            "timeouts": null
          },
          "sensitive_attributes": [],
          "identity_schema_version": 0,
          "identity": {
            "name": "pe-keyvault",
            "resource_group_name": "rg-aca-dns-appgw-27",
            "subscription_id": "dcef7009-6b94-4382-afdc-17eb160d709a"
          },
          "private": "eyJlMmJmYjczMC1lY2FhLTExZTYtOGY4OC0zNDM2M2JjN2M0YzAiOnsiY3JlYXRlIjozNjAwMDAwMDAwMDAwLCJkZWxldGUiOjM2MDAwMDAwMDAwMDAsInJlYWQiOjMwMDAwMDAwMDAwMCwidXBkYXRlIjozNjAwMDAwMDAwMDAwfX0=",
          "dependencies": [
            "azurerm_key_vault.keyvault",
            "azurerm_private_dns_zone.private_dns_zone_keyvault",
            "azurerm_resource_group.rg",
            "azurerm_subnet.snet-pe",
            "azurerm_virtual_network.vnet",
            "data.azurerm_client_config.current",
            "random_string.random"
          ]
        }
      ]
    },
    {
      "mode": "managed",
      "type": "azurerm_public_ip",
      "name": "pip-appgateway",
      "provider": "provider[\"registry.terraform.io/hashicorp/azurerm\"]",
      "instances": [
        {
          "schema_version": 0,
          "attributes": {
            "allocation_method": "Static",
            "ddos_protection_mode": "VirtualNetworkInherited",
            "ddos_protection_plan_id": null,
            "domain_name_label": null,
            "domain_name_label_scope": null,
            "edge_zone": "",
            "fqdn": null,
            "id": "/subscriptions/dcef7009-6b94-4382-afdc-17eb160d709a/resourceGroups/rg-aca-dns-appgw-27/providers/Microsoft.Network/publicIPAddresses/pip-appgateway",
            "idle_timeout_in_minutes": 4,
            "ip_address": "135.225.4.219",
            "ip_tags": null,
            "ip_version": "IPv4",
            "location": "swedencentral",
            "name": "pip-appgateway",
            "public_ip_prefix_id": null,
            "resource_group_name": "rg-aca-dns-appgw-27",
            "reverse_fqdn": null,
            "sku": "Standard",
            "sku_tier": "Regional",
            "tags": null,
            "timeouts": null,
            "zones": [
              "1",
              "2",
              "3"
            ]
          },
          "sensitive_attributes": [],
          "identity_schema_version": 0,
          "private": "eyJlMmJmYjczMC1lY2FhLTExZTYtOGY4OC0zNDM2M2JjN2M0YzAiOnsiY3JlYXRlIjoxODAwMDAwMDAwMDAwLCJkZWxldGUiOjE4MDAwMDAwMDAwMDAsInJlYWQiOjMwMDAwMDAwMDAwMCwidXBkYXRlIjoxODAwMDAwMDAwMDAwfX0=",
          "dependencies": [
            "azurerm_resource_group.rg"
          ]
        }
      ]
    },
    {
      "mode": "managed",
      "type": "azurerm_public_ip",
      "name": "pip-bastion",
      "provider": "provider[\"registry.terraform.io/hashicorp/azurerm\"]",
      "instances": [
        {
          "schema_version": 0,
          "attributes": {
            "allocation_method": "Static",
            "ddos_protection_mode": "VirtualNetworkInherited",
            "ddos_protection_plan_id": null,
            "domain_name_label": null,
            "domain_name_label_scope": null,
            "edge_zone": "",
            "fqdn": null,
            "id": "/subscriptions/dcef7009-6b94-4382-afdc-17eb160d709a/resourceGroups/rg-aca-dns-appgw-27/providers/Microsoft.Network/publicIPAddresses/pip-bastion",
            "idle_timeout_in_minutes": 4,
            "ip_address": "4.223.82.49",
            "ip_tags": {},
            "ip_version": "IPv4",
            "location": "swedencentral",
            "name": "pip-bastion",
            "public_ip_prefix_id": null,
            "resource_group_name": "rg-aca-dns-appgw-27",
            "reverse_fqdn": null,
            "sku": "Standard",
            "sku_tier": "Regional",
            "tags": {},
            "timeouts": null,
            "zones": []
          },
          "sensitive_attributes": [],
          "identity_schema_version": 0,
          "private": "eyJlMmJmYjczMC1lY2FhLTExZTYtOGY4OC0zNDM2M2JjN2M0YzAiOnsiY3JlYXRlIjoxODAwMDAwMDAwMDAwLCJkZWxldGUiOjE4MDAwMDAwMDAwMDAsInJlYWQiOjMwMDAwMDAwMDAwMCwidXBkYXRlIjoxODAwMDAwMDAwMDAwfX0=",
          "dependencies": [
            "azurerm_resource_group.rg"
          ]
        }
      ]
    },
    {
      "mode": "managed",
      "type": "azurerm_resource_group",
      "name": "rg",
      "provider": "provider[\"registry.terraform.io/hashicorp/azurerm\"]",
      "instances": [
        {
          "schema_version": 0,
          "attributes": {
            "id": "/subscriptions/dcef7009-6b94-4382-afdc-17eb160d709a/resourceGroups/rg-aca-dns-appgw-27",
            "location": "swedencentral",
            "managed_by": "",
            "name": "rg-aca-dns-appgw-27",
            "tags": {},
            "timeouts": null
          },
          "sensitive_attributes": [],
          "identity_schema_version": 0,
          "identity": {
            "name": "rg-aca-dns-appgw-27",
            "subscription_id": "dcef7009-6b94-4382-afdc-17eb160d709a"
          },
          "private": "eyJlMmJmYjczMC1lY2FhLTExZTYtOGY4OC0zNDM2M2JjN2M0YzAiOnsiY3JlYXRlIjo1NDAwMDAwMDAwMDAwLCJkZWxldGUiOjU0MDAwMDAwMDAwMDAsInJlYWQiOjMwMDAwMDAwMDAwMCwidXBkYXRlIjo1NDAwMDAwMDAwMDAwfX0="
        }
      ]
    },
    {
      "mode": "managed",
      "type": "azurerm_role_assignment",
      "name": "identity-appgw-secret-user",
      "provider": "provider[\"registry.terraform.io/hashicorp/azurerm\"]",
      "instances": [
        {
          "schema_version": 0,
          "attributes": {
            "condition": "",
            "condition_version": "",
            "delegated_managed_identity_resource_id": "",
            "description": "",
            "id": "/subscriptions/dcef7009-6b94-4382-afdc-17eb160d709a/resourceGroups/rg-aca-dns-appgw-27/providers/Microsoft.KeyVault/vaults/kv-appgw-s5bot/providers/Microsoft.Authorization/roleAssignments/086d1625-0382-b91b-a01c-0081a4b66176",
            "name": "086d1625-0382-b91b-a01c-0081a4b66176",
            "principal_id": "39f48566-5a96-4924-adcd-c6da2995d849",
            "principal_type": "ServicePrincipal",
            "role_definition_id": "/subscriptions/dcef7009-6b94-4382-afdc-17eb160d709a/providers/Microsoft.Authorization/roleDefinitions/4633458b-17de-408a-b874-0445c86b69e6",
            "role_definition_name": "Key Vault Secrets User",
            "scope": "/subscriptions/dcef7009-6b94-4382-afdc-17eb160d709a/resourceGroups/rg-aca-dns-appgw-27/providers/Microsoft.KeyVault/vaults/kv-appgw-s5bot",
            "skip_service_principal_aad_check": null,
            "timeouts": null
          },
          "sensitive_attributes": [],
          "identity_schema_version": 0,
          "private": "eyJlMmJmYjczMC1lY2FhLTExZTYtOGY4OC0zNDM2M2JjN2M0YzAiOnsiY3JlYXRlIjoxODAwMDAwMDAwMDAwLCJkZWxldGUiOjE4MDAwMDAwMDAwMDAsInJlYWQiOjMwMDAwMDAwMDAwMH19",
          "dependencies": [
            "azurerm_key_vault.keyvault",
            "azurerm_resource_group.rg",
            "azurerm_user_assigned_identity.identity-appgw",
            "data.azurerm_client_config.current",
            "random_string.random"
          ]
        }
      ]
    },
    {
      "mode": "managed",
      "type": "azurerm_role_assignment",
      "name": "role-certificates-officer",
      "provider": "provider[\"registry.terraform.io/hashicorp/azurerm\"]",
      "instances": [
        {
          "schema_version": 0,
          "attributes": {
            "condition": "",
            "condition_version": "",
            "delegated_managed_identity_resource_id": "",
            "description": "",
            "id": "/subscriptions/dcef7009-6b94-4382-afdc-17eb160d709a/resourceGroups/rg-aca-dns-appgw-27/providers/Microsoft.KeyVault/vaults/kv-appgw-s5bot/providers/Microsoft.Authorization/roleAssignments/f05c810d-bb32-703e-ee79-e76330c45c6a",
            "name": "f05c810d-bb32-703e-ee79-e76330c45c6a",
            "principal_id": "8173c45d-035e-4692-8f40-540cd5fc0f18",
            "principal_type": "User",
            "role_definition_id": "/subscriptions/dcef7009-6b94-4382-afdc-17eb160d709a/providers/Microsoft.Authorization/roleDefinitions/a4417e6f-fecd-4de8-b567-7b0420556985",
            "role_definition_name": "Key Vault Certificates Officer",
            "scope": "/subscriptions/dcef7009-6b94-4382-afdc-17eb160d709a/resourceGroups/rg-aca-dns-appgw-27/providers/Microsoft.KeyVault/vaults/kv-appgw-s5bot",
            "skip_service_principal_aad_check": null,
            "timeouts": null
          },
          "sensitive_attributes": [],
          "identity_schema_version": 0,
          "private": "eyJlMmJmYjczMC1lY2FhLTExZTYtOGY4OC0zNDM2M2JjN2M0YzAiOnsiY3JlYXRlIjoxODAwMDAwMDAwMDAwLCJkZWxldGUiOjE4MDAwMDAwMDAwMDAsInJlYWQiOjMwMDAwMDAwMDAwMH19",
          "dependencies": [
            "azurerm_key_vault.keyvault",
            "azurerm_resource_group.rg",
            "data.azurerm_client_config.current",
            "random_string.random"
          ]
        }
      ]
    },
    {
      "mode": "managed",
      "type": "azurerm_subnet",
      "name": "snet-aca",
      "provider": "provider[\"registry.terraform.io/hashicorp/azurerm\"]",
      "instances": [
        {
          "schema_version": 0,
          "attributes": {
            "address_prefixes": [
              "10.0.1.0/27"
            ],
            "default_outbound_access_enabled": true,
            "delegation": [
              {
                "name": "delegation",
                "service_delegation": [
                  {
                    "actions": [
                      "Microsoft.Network/virtualNetworks/subnets/join/action"
                    ],
                    "name": "Microsoft.App/environments"
                  }
                ]
              }
            ],
            "id": "/subscriptions/dcef7009-6b94-4382-afdc-17eb160d709a/resourceGroups/rg-aca-dns-appgw-27/providers/Microsoft.Network/virtualNetworks/vnet-internal/subnets/snet-aca",
            "ip_address_pool": [],
            "name": "snet-aca",
            "private_endpoint_network_policies": "Disabled",
            "private_link_service_network_policies_enabled": true,
            "resource_group_name": "rg-aca-dns-appgw-27",
            "service_endpoint_policy_ids": [],
            "service_endpoints": [],
            "sharing_scope": "",
            "timeouts": null,
            "virtual_network_name": "vnet-internal"
          },
          "sensitive_attributes": [],
          "identity_schema_version": 0,
          "identity": {
            "name": "snet-aca",
            "resource_group_name": "rg-aca-dns-appgw-27",
            "subscription_id": "dcef7009-6b94-4382-afdc-17eb160d709a",
            "virtual_network_name": "vnet-internal"
          },
          "private": "eyJlMmJmYjczMC1lY2FhLTExZTYtOGY4OC0zNDM2M2JjN2M0YzAiOnsiY3JlYXRlIjoxODAwMDAwMDAwMDAwLCJkZWxldGUiOjE4MDAwMDAwMDAwMDAsInJlYWQiOjMwMDAwMDAwMDAwMCwidXBkYXRlIjoxODAwMDAwMDAwMDAwfX0=",
          "dependencies": [
            "azurerm_resource_group.rg",
            "azurerm_virtual_network.vnet"
          ]
        }
      ]
    },
    {
      "mode": "managed",
      "type": "azurerm_subnet",
      "name": "snet-appgw",
      "provider": "provider[\"registry.terraform.io/hashicorp/azurerm\"]",
      "instances": [
        {
          "schema_version": 0,
          "attributes": {
            "address_prefixes": [
              "10.0.0.0/24"
            ],
            "default_outbound_access_enabled": true,
            "delegation": [
              {
                "name": "delegation",
                "service_delegation": [
                  {
                    "actions": [
                      "Microsoft.Network/virtualNetworks/subnets/join/action"
                    ],
                    "name": "Microsoft.Network/applicationGateways"
                  }
                ]
              }
            ],
            "id": "/subscriptions/dcef7009-6b94-4382-afdc-17eb160d709a/resourceGroups/rg-aca-dns-appgw-27/providers/Microsoft.Network/virtualNetworks/vnet-internal/subnets/snet-appgw",
            "ip_address_pool": [],
            "name": "snet-appgw",
            "private_endpoint_network_policies": "Disabled",
            "private_link_service_network_policies_enabled": true,
            "resource_group_name": "rg-aca-dns-appgw-27",
            "service_endpoint_policy_ids": [],
            "service_endpoints": [],
            "sharing_scope": "",
            "timeouts": null,
            "virtual_network_name": "vnet-internal"
          },
          "sensitive_attributes": [],
          "identity_schema_version": 0,
          "identity": {
            "name": "snet-appgw",
            "resource_group_name": "rg-aca-dns-appgw-27",
            "subscription_id": "dcef7009-6b94-4382-afdc-17eb160d709a",
            "virtual_network_name": "vnet-internal"
          },
          "private": "eyJlMmJmYjczMC1lY2FhLTExZTYtOGY4OC0zNDM2M2JjN2M0YzAiOnsiY3JlYXRlIjoxODAwMDAwMDAwMDAwLCJkZWxldGUiOjE4MDAwMDAwMDAwMDAsInJlYWQiOjMwMDAwMDAwMDAwMCwidXBkYXRlIjoxODAwMDAwMDAwMDAwfX0=",
          "dependencies": [
            "azurerm_resource_group.rg",
            "azurerm_virtual_network.vnet"
          ]
        }
      ]
    },
    {
      "mode": "managed",
      "type": "azurerm_subnet",
      "name": "snet-bastion",
      "provider": "provider[\"registry.terraform.io/hashicorp/azurerm\"]",
      "instances": [
        {
          "schema_version": 0,
          "attributes": {
            "address_prefixes": [
              "10.0.4.0/24"
            ],
            "default_outbound_access_enabled": true,
            "delegation": [],
            "id": "/subscriptions/dcef7009-6b94-4382-afdc-17eb160d709a/resourceGroups/rg-aca-dns-appgw-27/providers/Microsoft.Network/virtualNetworks/vnet-internal/subnets/AzureBastionSubnet",
            "ip_address_pool": [],
            "name": "AzureBastionSubnet",
            "private_endpoint_network_policies": "Disabled",
            "private_link_service_network_policies_enabled": true,
            "resource_group_name": "rg-aca-dns-appgw-27",
            "service_endpoint_policy_ids": [],
            "service_endpoints": [],
            "sharing_scope": "",
            "timeouts": null,
            "virtual_network_name": "vnet-internal"
          },
          "sensitive_attributes": [],
          "identity_schema_version": 0,
          "identity": {
            "name": "AzureBastionSubnet",
            "resource_group_name": "rg-aca-dns-appgw-27",
            "subscription_id": "dcef7009-6b94-4382-afdc-17eb160d709a",
            "virtual_network_name": "vnet-internal"
          },
          "private": "eyJlMmJmYjczMC1lY2FhLTExZTYtOGY4OC0zNDM2M2JjN2M0YzAiOnsiY3JlYXRlIjoxODAwMDAwMDAwMDAwLCJkZWxldGUiOjE4MDAwMDAwMDAwMDAsInJlYWQiOjMwMDAwMDAwMDAwMCwidXBkYXRlIjoxODAwMDAwMDAwMDAwfX0=",
          "dependencies": [
            "azurerm_resource_group.rg",
            "azurerm_virtual_network.vnet"
          ]
        }
      ]
    },
    {
      "mode": "managed",
      "type": "azurerm_subnet",
      "name": "snet-jumpbox",
      "provider": "provider[\"registry.terraform.io/hashicorp/azurerm\"]",
      "instances": [
        {
          "schema_version": 0,
          "attributes": {
            "address_prefixes": [
              "10.0.3.0/24"
            ],
            "default_outbound_access_enabled": true,
            "delegation": [],
            "id": "/subscriptions/dcef7009-6b94-4382-afdc-17eb160d709a/resourceGroups/rg-aca-dns-appgw-27/providers/Microsoft.Network/virtualNetworks/vnet-internal/subnets/snet-jumpbox",
            "ip_address_pool": [],
            "name": "snet-jumpbox",
            "private_endpoint_network_policies": "Disabled",
            "private_link_service_network_policies_enabled": true,
            "resource_group_name": "rg-aca-dns-appgw-27",
            "service_endpoint_policy_ids": [],
            "service_endpoints": [],
            "sharing_scope": "",
            "timeouts": null,
            "virtual_network_name": "vnet-internal"
          },
          "sensitive_attributes": [],
          "identity_schema_version": 0,
          "identity": {
            "name": "snet-jumpbox",
            "resource_group_name": "rg-aca-dns-appgw-27",
            "subscription_id": "dcef7009-6b94-4382-afdc-17eb160d709a",
            "virtual_network_name": "vnet-internal"
          },
          "private": "eyJlMmJmYjczMC1lY2FhLTExZTYtOGY4OC0zNDM2M2JjN2M0YzAiOnsiY3JlYXRlIjoxODAwMDAwMDAwMDAwLCJkZWxldGUiOjE4MDAwMDAwMDAwMDAsInJlYWQiOjMwMDAwMDAwMDAwMCwidXBkYXRlIjoxODAwMDAwMDAwMDAwfX0=",
          "dependencies": [
            "azurerm_resource_group.rg",
            "azurerm_virtual_network.vnet"
          ]
        }
      ]
    },
    {
      "mode": "managed",
      "type": "azurerm_subnet",
      "name": "snet-pe",
      "provider": "provider[\"registry.terraform.io/hashicorp/azurerm\"]",
      "instances": [
        {
          "schema_version": 0,
          "attributes": {
            "address_prefixes": [
              "10.0.2.0/24"
            ],
            "default_outbound_access_enabled": true,
            "delegation": [],
            "id": "/subscriptions/dcef7009-6b94-4382-afdc-17eb160d709a/resourceGroups/rg-aca-dns-appgw-27/providers/Microsoft.Network/virtualNetworks/vnet-internal/subnets/snet-pe",
            "ip_address_pool": [],
            "name": "snet-pe",
            "private_endpoint_network_policies": "Disabled",
            "private_link_service_network_policies_enabled": true,
            "resource_group_name": "rg-aca-dns-appgw-27",
            "service_endpoint_policy_ids": [],
            "service_endpoints": [],
            "sharing_scope": "",
            "timeouts": null,
            "virtual_network_name": "vnet-internal"
          },
          "sensitive_attributes": [],
          "identity_schema_version": 0,
          "identity": {
            "name": "snet-pe",
            "resource_group_name": "rg-aca-dns-appgw-27",
            "subscription_id": "dcef7009-6b94-4382-afdc-17eb160d709a",
            "virtual_network_name": "vnet-internal"
          },
          "private": "eyJlMmJmYjczMC1lY2FhLTExZTYtOGY4OC0zNDM2M2JjN2M0YzAiOnsiY3JlYXRlIjoxODAwMDAwMDAwMDAwLCJkZWxldGUiOjE4MDAwMDAwMDAwMDAsInJlYWQiOjMwMDAwMDAwMDAwMCwidXBkYXRlIjoxODAwMDAwMDAwMDAwfX0=",
          "dependencies": [
            "azurerm_resource_group.rg",
            "azurerm_virtual_network.vnet"
          ]
        }
      ]
    },
    {
      "mode": "managed",
      "type": "azurerm_user_assigned_identity",
      "name": "identity-appgw",
      "provider": "provider[\"registry.terraform.io/hashicorp/azurerm\"]",
      "instances": [
        {
          "schema_version": 1,
          "attributes": {
            "client_id": "287b59c0-9e10-46c2-8eaf-f7f24fa86efd",
            "id": "/subscriptions/dcef7009-6b94-4382-afdc-17eb160d709a/resourceGroups/rg-aca-dns-appgw-27/providers/Microsoft.ManagedIdentity/userAssignedIdentities/identity-appgw",
            "location": "swedencentral",
            "name": "identity-appgw",
            "principal_id": "39f48566-5a96-4924-adcd-c6da2995d849",
            "resource_group_name": "rg-aca-dns-appgw-27",
            "tags": {},
            "tenant_id": "93139d1e-a3c1-4d78-9ed5-878be090eba4",
            "timeouts": null
          },
          "sensitive_attributes": [],
          "identity_schema_version": 0,
          "private": "eyJlMmJmYjczMC1lY2FhLTExZTYtOGY4OC0zNDM2M2JjN2M0YzAiOnsiY3JlYXRlIjoxODAwMDAwMDAwMDAwLCJkZWxldGUiOjE4MDAwMDAwMDAwMDAsInJlYWQiOjMwMDAwMDAwMDAwMCwidXBkYXRlIjoxODAwMDAwMDAwMDAwfSwic2NoZW1hX3ZlcnNpb24iOiIxIn0=",
          "dependencies": [
            "azurerm_resource_group.rg"
          ]
        }
      ]
    },
    {
      "mode": "managed",
      "type": "azurerm_virtual_network",
      "name": "vnet",
      "provider": "provider[\"registry.terraform.io/hashicorp/azurerm\"]",
      "instances": [
        {
          "schema_version": 0,
          "attributes": {
            "address_space": [
              "10.0.0.0/16"
            ],
            "bgp_community": "",
            "ddos_protection_plan": [],
            "dns_servers": [],
            "edge_zone": "",
            "encryption": [],
            "flow_timeout_in_minutes": 0,
            "guid": "3d102535-21ac-445d-ae68-64e600928cff",
            "id": "/subscriptions/dcef7009-6b94-4382-afdc-17eb160d709a/resourceGroups/rg-aca-dns-appgw-27/providers/Microsoft.Network/virtualNetworks/vnet-internal",
            "ip_address_pool": [],
            "location": "swedencentral",
            "name": "vnet-internal",
            "private_endpoint_vnet_policies": "Disabled",
            "resource_group_name": "rg-aca-dns-appgw-27",
            "subnet": [
              {
                "address_prefixes": [
                  "10.0.0.0/24"
                ],
                "default_outbound_access_enabled": true,
                "delegation": [
                  {
                    "name": "delegation",
                    "service_delegation": [
                      {
                        "actions": [
                          "Microsoft.Network/virtualNetworks/subnets/join/action"
                        ],
                        "name": "Microsoft.Network/applicationGateways"
                      }
                    ]
                  }
                ],
                "id": "/subscriptions/dcef7009-6b94-4382-afdc-17eb160d709a/resourceGroups/rg-aca-dns-appgw-27/providers/Microsoft.Network/virtualNetworks/vnet-internal/subnets/snet-appgw",
                "name": "snet-appgw",
                "private_endpoint_network_policies": "Disabled",
                "private_link_service_network_policies_enabled": true,
                "route_table_id": "",
                "security_group": "",
                "service_endpoint_policy_ids": [],
                "service_endpoints": []
              },
              {
                "address_prefixes": [
                  "10.0.1.0/27"
                ],
                "default_outbound_access_enabled": true,
                "delegation": [
                  {
                    "name": "delegation",
                    "service_delegation": [
                      {
                        "actions": [
                          "Microsoft.Network/virtualNetworks/subnets/join/action"
                        ],
                        "name": "Microsoft.App/environments"
                      }
                    ]
                  }
                ],
                "id": "/subscriptions/dcef7009-6b94-4382-afdc-17eb160d709a/resourceGroups/rg-aca-dns-appgw-27/providers/Microsoft.Network/virtualNetworks/vnet-internal/subnets/snet-aca",
                "name": "snet-aca",
                "private_endpoint_network_policies": "Disabled",
                "private_link_service_network_policies_enabled": true,
                "route_table_id": "",
                "security_group": "",
                "service_endpoint_policy_ids": [],
                "service_endpoints": []
              },
              {
                "address_prefixes": [
                  "10.0.2.0/24"
                ],
                "default_outbound_access_enabled": true,
                "delegation": [],
                "id": "/subscriptions/dcef7009-6b94-4382-afdc-17eb160d709a/resourceGroups/rg-aca-dns-appgw-27/providers/Microsoft.Network/virtualNetworks/vnet-internal/subnets/snet-pe",
                "name": "snet-pe",
                "private_endpoint_network_policies": "Disabled",
                "private_link_service_network_policies_enabled": true,
                "route_table_id": "",
                "security_group": "",
                "service_endpoint_policy_ids": [],
                "service_endpoints": []
              },
              {
                "address_prefixes": [
                  "10.0.3.0/24"
                ],
                "default_outbound_access_enabled": true,
                "delegation": [],
                "id": "/subscriptions/dcef7009-6b94-4382-afdc-17eb160d709a/resourceGroups/rg-aca-dns-appgw-27/providers/Microsoft.Network/virtualNetworks/vnet-internal/subnets/snet-jumpbox",
                "name": "snet-jumpbox",
                "private_endpoint_network_policies": "Disabled",
                "private_link_service_network_policies_enabled": true,
                "route_table_id": "",
                "security_group": "",
                "service_endpoint_policy_ids": [],
                "service_endpoints": []
              },
              {
                "address_prefixes": [
                  "10.0.4.0/24"
                ],
                "default_outbound_access_enabled": true,
                "delegation": [],
                "id": "/subscriptions/dcef7009-6b94-4382-afdc-17eb160d709a/resourceGroups/rg-aca-dns-appgw-27/providers/Microsoft.Network/virtualNetworks/vnet-internal/subnets/AzureBastionSubnet",
                "name": "AzureBastionSubnet",
                "private_endpoint_network_policies": "Disabled",
                "private_link_service_network_policies_enabled": true,
                "route_table_id": "",
                "security_group": "",
                "service_endpoint_policy_ids": [],
                "service_endpoints": []
              }
            ],
            "tags": {},
            "timeouts": null
          },
          "sensitive_attributes": [],
          "identity_schema_version": 0,
          "identity": {
            "name": "vnet-internal",
            "resource_group_name": "rg-aca-dns-appgw-27",
            "subscription_id": "dcef7009-6b94-4382-afdc-17eb160d709a"
          },
          "private": "eyJlMmJmYjczMC1lY2FhLTExZTYtOGY4OC0zNDM2M2JjN2M0YzAiOnsiY3JlYXRlIjoxODAwMDAwMDAwMDAwLCJkZWxldGUiOjE4MDAwMDAwMDAwMDAsInJlYWQiOjMwMDAwMDAwMDAwMCwidXBkYXRlIjoxODAwMDAwMDAwMDAwfX0=",
          "dependencies": [
            "azurerm_resource_group.rg"
          ]
        }
      ]
    },
    {
      "mode": "managed",
      "type": "azurerm_windows_virtual_machine",
      "name": "jumpbox",
      "provider": "provider[\"registry.terraform.io/hashicorp/azurerm\"]",
      "instances": [
        {
          "schema_version": 0,
          "attributes": {
            "additional_capabilities": [],
            "additional_unattend_content": [],
            "admin_password": "@Aa123456789",
            "admin_username": "azureuser",
            "allow_extension_operations": true,
            "automatic_updates_enabled": true,
            "availability_set_id": "",
            "boot_diagnostics": [
              {
                "storage_account_uri": ""
              }
            ],
            "bypass_platform_safety_checks_on_user_schedule_enabled": false,
            "capacity_reservation_group_id": "",
            "computer_name": "vm-windows-w11",
            "custom_data": null,
            "dedicated_host_group_id": "",
            "dedicated_host_id": "",
            "disk_controller_type": "NVMe",
            "edge_zone": "",
            "enable_automatic_updates": true,
            "encryption_at_host_enabled": false,
            "eviction_policy": "Delete",
            "extensions_time_budget": "PT1H30M",
            "gallery_application": [],
            "hotpatching_enabled": false,
            "id": "/subscriptions/dcef7009-6b94-4382-afdc-17eb160d709a/resourceGroups/rg-aca-dns-appgw-27/providers/Microsoft.Compute/virtualMachines/vm-windows-w11",
            "identity": [
              {
                "identity_ids": [],
                "principal_id": "6d9093a6-d784-4263-a105-6ea59647030b",
                "tenant_id": "93139d1e-a3c1-4d78-9ed5-878be090eba4",
                "type": "SystemAssigned"
              }
            ],
            "license_type": "Windows_Client",
            "location": "swedencentral",
            "max_bid_price": -1,
            "name": "vm-windows-w11",
            "network_interface_ids": [
              "/subscriptions/dcef7009-6b94-4382-afdc-17eb160d709a/resourceGroups/rg-aca-dns-appgw-27/providers/Microsoft.Network/networkInterfaces/nic-vm-windows"
            ],
            "os_disk": [
              {
                "caching": "ReadOnly",
                "diff_disk_settings": [
                  {
                    "option": "Local",
                    "placement": "NvmeDisk"
                  }
                ],
                "disk_encryption_set_id": "",
                "disk_size_gb": 128,
                "id": "/subscriptions/dcef7009-6b94-4382-afdc-17eb160d709a/resourceGroups/rg-aca-dns-appgw-27/providers/Microsoft.Compute/disks/os-disk-vm-windows",
                "name": "os-disk-vm-windows",
                "secure_vm_disk_encryption_set_id": "",
                "security_encryption_type": "",
                "storage_account_type": "StandardSSD_LRS",
                "write_accelerator_enabled": false
              }
            ],
            "os_image_notification": [],
            "os_managed_disk_id": "/subscriptions/dcef7009-6b94-4382-afdc-17eb160d709a/resourceGroups/rg-aca-dns-appgw-27/providers/Microsoft.Compute/disks/os-disk-vm-windows",
            "patch_assessment_mode": "ImageDefault",
            "patch_mode": "AutomaticByOS",
            "plan": [],
            "platform_fault_domain": -1,
            "priority": "Spot",
            "private_ip_address": "10.0.3.4",
            "private_ip_addresses": [
              "10.0.3.4"
            ],
            "provision_vm_agent": true,
            "proximity_placement_group_id": "",
            "public_ip_address": "",
            "public_ip_addresses": [],
            "reboot_setting": "",
            "resource_group_name": "rg-aca-dns-appgw-27",
            "secret": [],
            "secure_boot_enabled": false,
            "size": "Standard_D4ads_v6",
            "source_image_id": "",
            "source_image_reference": [
              {
                "offer": "windows-11",
                "publisher": "MicrosoftWindowsDesktop",
                "sku": "win11-25h2-pro",
                "version": "latest"
              }
            ],
            "tags": {},
            "termination_notification": [],
            "timeouts": null,
            "timezone": "",
            "user_data": "",
            "virtual_machine_id": "25b8fb83-b2e6-4c1f-8cf2-ec459c390dcf",
            "virtual_machine_scale_set_id": "",
            "vm_agent_platform_updates_enabled": true,
            "vtpm_enabled": false,
            "winrm_listener": [],
            "zone": ""
          },
          "sensitive_attributes": [
            [
              {
                "type": "get_attr",
                "value": "admin_password"
              }
            ],
            [
              {
                "type": "get_attr",
                "value": "custom_data"
              }
            ]
          ],
          "identity_schema_version": 0,
          "private": "eyJlMmJmYjczMC1lY2FhLTExZTYtOGY4OC0zNDM2M2JjN2M0YzAiOnsiY3JlYXRlIjoyNzAwMDAwMDAwMDAwLCJkZWxldGUiOjI3MDAwMDAwMDAwMDAsInJlYWQiOjMwMDAwMDAwMDAwMCwidXBkYXRlIjoyNzAwMDAwMDAwMDAwfX0=",
          "dependencies": [
            "azurerm_network_interface.nic-vm-windows",
            "azurerm_resource_group.rg",
            "azurerm_subnet.snet-jumpbox",
            "azurerm_virtual_network.vnet"
          ]
        }
      ]
    },
    {
      "mode": "managed",
      "type": "random_string",
      "name": "random",
      "provider": "provider[\"registry.terraform.io/hashicorp/random\"]",
      "instances": [
        {
          "schema_version": 2,
          "attributes": {
            "id": "s5bot",
            "keepers": null,
            "length": 5,
            "lower": true,
            "min_lower": 0,
            "min_numeric": 0,
            "min_special": 0,
            "min_upper": 0,
            "number": true,
            "numeric": true,
            "override_special": null,
            "result": "s5bot",
            "special": false,
            "upper": false
          },
          "sensitive_attributes": [],
          "identity_schema_version": 0
        }
      ]
    },
    {
      "module": "module.appservice_domain",
      "mode": "managed",
      "type": "azapi_resource",
      "name": "appservice_domain",
      "provider": "provider[\"registry.terraform.io/azure/azapi\"]",
      "instances": [
        {
          "schema_version": 2,
          "attributes": {
            "body": {
              "value": {
                "properties": {
                  "autoRenew": false,
                  "consent": {
                    "agreedAt": "2024-01-01T9:00:00.000Z",
                    "agreedBy": "2a04:cec0:11d9:24c8:8898:3820:8631:d83",
                    "agreementKeys": [
                      "DNRA"
                    ]
                  },
                  "contactAdmin": {
                    "addressMailing": {
                      "address1": "123 Main St",
                      "city": "New York",
                      "country": "US",
                      "postalCode": "12345",
                      "state": "New York"
                    },
                    "email": "john.doe@example.com",
                    "nameFirst": "John",
                    "nameLast": "Doe",
                    "phone": "+1.762954328"
                  },
                  "contactBilling": {
                    "addressMailing": {
                      "address1": "123 Main St",
                      "city": "New York",
                      "country": "US",
                      "postalCode": "12345",
                      "state": "New York"
                    },
                    "email": "john.doe@example.com",
                    "nameFirst": "John",
                    "nameLast": "Doe",
                    "phone": "+1.762954328"
                  },
                  "contactRegistrant": {
                    "addressMailing": {
                      "address1": "123 Main St",
                      "city": "New York",
                      "country": "US",
                      "postalCode": "12345",
                      "state": "New York"
                    },
                    "email": "john.doe@example.com",
                    "nameFirst": "John",
                    "nameLast": "Doe",
                    "phone": "+1.762954328"
                  },
                  "contactTech": {
                    "addressMailing": {
                      "address1": "123 Main St",
                      "city": "New York",
                      "country": "US",
                      "postalCode": "12345",
                      "state": "New York"
                    },
                    "email": "john.doe@example.com",
                    "nameFirst": "John",
                    "nameLast": "Doe",
                    "phone": "+1.762954328"
                  },
                  "dnsType": "AzureDns",
                  "dnsZoneId": "/subscriptions/dcef7009-6b94-4382-afdc-17eb160d709a/resourceGroups/rg-aca-dns-appgw-27/providers/Microsoft.Network/dnsZones/aca-apps.com",
                  "privacy": false
                }
              },
              "type": [
                "object",
                {
                  "properties": [
                    "object",
                    {
                      "autoRenew": "bool",
                      "consent": [
                        "object",
                        {
                          "agreedAt": "string",
                          "agreedBy": "string",
                          "agreementKeys": [
                            "tuple",
                            [
                              "string"
                            ]
                          ]
                        }
                      ],
                      "contactAdmin": [
                        "object",
                        {
                          "addressMailing": [
                            "object",
                            {
                              "address1": "string",
                              "city": "string",
                              "country": "string",
                              "postalCode": "string",
                              "state": "string"
                            }
                          ],
                          "email": "string",
                          "nameFirst": "string",
                          "nameLast": "string",
                          "phone": "string"
                        }
                      ],
                      "contactBilling": [
                        "object",
                        {
                          "addressMailing": [
                            "object",
                            {
                              "address1": "string",
                              "city": "string",
                              "country": "string",
                              "postalCode": "string",
                              "state": "string"
                            }
                          ],
                          "email": "string",
                          "nameFirst": "string",
                          "nameLast": "string",
                          "phone": "string"
                        }
                      ],
                      "contactRegistrant": [
                        "object",
                        {
                          "addressMailing": [
                            "object",
                            {
                              "address1": "string",
                              "city": "string",
                              "country": "string",
                              "postalCode": "string",
                              "state": "string"
                            }
                          ],
                          "email": "string",
                          "nameFirst": "string",
                          "nameLast": "string",
                          "phone": "string"
                        }
                      ],
                      "contactTech": [
                        "object",
                        {
                          "addressMailing": [
                            "object",
                            {
                              "address1": "string",
                              "city": "string",
                              "country": "string",
                              "postalCode": "string",
                              "state": "string"
                            }
                          ],
                          "email": "string",
                          "nameFirst": "string",
                          "nameLast": "string",
                          "phone": "string"
                        }
                      ],
                      "dnsType": "string",
                      "dnsZoneId": "string",
                      "privacy": "bool"
                    }
                  ]
                }
              ]
            },
            "create_headers": null,
            "create_query_parameters": null,
            "delete_headers": null,
            "delete_query_parameters": null,
            "id": "/subscriptions/dcef7009-6b94-4382-afdc-17eb160d709a/resourceGroups/rg-aca-dns-appgw-27/providers/Microsoft.DomainRegistration/domains/aca-apps.com",
            "identity": [],
            "ignore_casing": false,
            "ignore_missing_property": true,
            "ignore_null_property": false,
            "location": "global",
            "locks": null,
            "name": "aca-apps.com",
            "output": {
              "value": {
                "id": "/subscriptions/dcef7009-6b94-4382-afdc-17eb160d709a/resourceGroups/rg-aca-dns-appgw-27/providers/Microsoft.DomainRegistration/domains/aca-apps.com",
                "location": "global",
                "name": "aca-apps.com",
                "properties": {
                  "autoRenew": false,
                  "createdTime": "2025-11-24T02:55:01",
                  "dnsType": "AzureDns",
                  "dnsZoneId": "/subscriptions/dcef7009-6b94-4382-afdc-17eb160d709a/resourceGroups/rg-aca-dns-appgw-27/providers/Microsoft.Network/dnsZones/aca-apps.com",
                  "domainNotRenewableReasons": [
                    "ExpirationNotInRenewalTimeRange",
                    "RegistrationStatusNotSupportedForRenewal"
                  ],
                  "expirationTime": "2026-11-24T02:55:01",
                  "isSoftDeleted": false,
                  "nameServers": [
                    "ns1-05.azure-dns.com",
                    "ns2-05.azure-dns.net",
                    "ns3-05.azure-dns.org",
                    "ns4-05.azure-dns.info"
                  ],
                  "privacy": false,
                  "provisioningState": "Succeeded",
                  "readyForDnsRecordManagement": false,
                  "registrationStatus": "Awaiting"
                },
                "type": "Microsoft.DomainRegistration/domains"
              },
              "type": [
                "object",
                {
                  "id": "string",
                  "location": "string",
                  "name": "string",
                  "properties": [
                    "object",
                    {
                      "autoRenew": "bool",
                      "createdTime": "string",
                      "dnsType": "string",
                      "dnsZoneId": "string",
                      "domainNotRenewableReasons": [
                        "tuple",
                        [
                          "string",
                          "string"
                        ]
                      ],
                      "expirationTime": "string",
                      "isSoftDeleted": "bool",
                      "nameServers": [
                        "tuple",
                        [
                          "string",
                          "string",
                          "string",
                          "string"
                        ]
                      ],
                      "privacy": "bool",
                      "provisioningState": "string",
                      "readyForDnsRecordManagement": "bool",
                      "registrationStatus": "string"
                    }
                  ],
                  "type": "string"
                }
              ]
            },
            "parent_id": "/subscriptions/dcef7009-6b94-4382-afdc-17eb160d709a/resourceGroups/rg-aca-dns-appgw-27",
            "read_headers": null,
            "read_query_parameters": null,
            "replace_triggers_external_values": null,
            "replace_triggers_refs": null,
            "response_export_values": {
              "value": [
                "*"
              ],
              "type": [
                "tuple",
                [
                  "string"
                ]
              ]
            },
            "retry": null,
            "schema_validation_enabled": true,
            "sensitive_body": null,
            "sensitive_body_version": null,
            "tags": null,
            "timeouts": null,
            "type": "Microsoft.DomainRegistration/domains@2024-04-01",
            "update_headers": null,
            "update_query_parameters": null
          },
          "sensitive_attributes": [],
          "identity_schema_version": 0,
          "private": "eyJzZW5zaXRpdmVfYm9keSI6ImV5Sm9ZWE5vSWpvaVpFTk9UMjFMTDI1VFdTc3hNblpJZW1GelRGaHBjM2Q2YkVkVU5WVklRVGRxUVVkWmEzWnRRM1ZSY3owaWZRPT0ifQ==",
          "dependencies": [
            "azurerm_dns_zone.dns-zone-apps",
            "azurerm_resource_group.rg"
          ]
        }
      ]
    }
  ],
  "check_results": [
    {
      "object_kind": "var",
      "config_addr": "module.appservice_domain.var.custom_domain_name",
      "status": "pass",
      "objects": [
        {
          "object_addr": "module.appservice_domain.var.custom_domain_name",
          "status": "pass"
        }
      ]
    }
  ]
}
