{
  "version": 4,
  "terraform_version": "1.12.2",
  "serial": 37,
  "lineage": "ea1ef515-9429-c86f-cb0a-e3786aeb7a95",
  "outputs": {
    "grafana_endpoint": {
      "value": "https://azure-grafana-21-cvfre2cffqcqejfd.cse.grafana.azure.com",
      "type": "string"
    }
  },
  "resources": [
    {
      "mode": "data",
      "type": "azurerm_client_config",
      "name": "current",
      "provider": "provider[\"registry.terraform.io/hashicorp/azurerm\"]",
      "instances": [
        {
          "schema_version": 0,
          "attributes": {
            "client_id": "04b07795-8ddb-461a-bbee-02f9e1bf7b46",
            "id": "Y2xpZW50Q29uZmlncy9jbGllbnRJZD0wNGIwNzc5NS04ZGRiLTQ2MWEtYmJlZS0wMmY5ZTFiZjdiNDY7b2JqZWN0SWQ9ODE3M2M0NWQtMDM1ZS00NjkyLThmNDAtNTQwY2Q1ZmMwZjE4O3N1YnNjcmlwdGlvbklkPWRjZWY3MDA5LTZiOTQtNDM4Mi1hZmRjLTE3ZWIxNjBkNzA5YTt0ZW5hbnRJZD05MzEzOWQxZS1hM2MxLTRkNzgtOWVkNS04NzhiZTA5MGViYTQ=",
            "object_id": "8173c45d-035e-4692-8f40-540cd5fc0f18",
            "subscription_id": "dcef7009-6b94-4382-afdc-17eb160d709a",
            "tenant_id": "93139d1e-a3c1-4d78-9ed5-878be090eba4",
            "timeouts": null
          },
          "sensitive_attributes": [],
          "identity_schema_version": 0
        }
      ]
    },
    {
      "mode": "data",
      "type": "azurerm_subscription",
      "name": "current",
      "provider": "provider[\"registry.terraform.io/hashicorp/azurerm\"]",
      "instances": [
        {
          "schema_version": 0,
          "attributes": {
            "display_name": "ME-MngEnvMCAP784683-hodellai-1",
            "id": "/subscriptions/dcef7009-6b94-4382-afdc-17eb160d709a",
            "location_placement_id": "Internal_2014-09-01",
            "quota_id": "Internal_2014-09-01",
            "spending_limit": "Off",
            "state": "Enabled",
            "subscription_id": "dcef7009-6b94-4382-afdc-17eb160d709a",
            "tags": {
              "Division": "Core",
              "Environment": "Hybrid",
              "Purpose": "UserTenant",
              "TimeZone": "_P29145_France_444350001"
            },
            "tenant_id": "93139d1e-a3c1-4d78-9ed5-878be090eba4",
            "timeouts": null
          },
          "sensitive_attributes": [],
          "identity_schema_version": 0
        }
      ]
    },
    {
      "mode": "managed",
      "type": "azurerm_container_app",
      "name": "app-counter",
      "provider": "provider[\"registry.terraform.io/hashicorp/azurerm\"]",
      "instances": [
        {
          "schema_version": 0,
          "attributes": {
            "container_app_environment_id": "/subscriptions/dcef7009-6b94-4382-afdc-17eb160d709a/resourceGroups/rg-containerapps-grafana-21/providers/Microsoft.App/managedEnvironments/aca-environment",
            "custom_domain_verification_id": "12A824F56ADC4DBFA2BAB33D11CF904692CB9810204E47093CF78548458D595C",
            "dapr": [],
            "id": "/subscriptions/dcef7009-6b94-4382-afdc-17eb160d709a/resourceGroups/rg-containerapps-grafana-21/providers/Microsoft.App/containerApps/containerapps-counter",
            "identity": [],
            "ingress": [
              {
                "allow_insecure_connections": false,
                "client_certificate_mode": "",
                "cors": [],
                "custom_domain": [],
                "exposed_port": 0,
                "external_enabled": true,
                "fqdn": "containerapps-counter.greencoast-dd97a543.swedencentral.azurecontainerapps.io",
                "ip_security_restriction": [],
                "target_port": 80,
                "traffic_weight": [
                  {
                    "label": "",
                    "latest_revision": true,
                    "percentage": 100,
                    "revision_suffix": ""
                  }
                ],
                "transport": "auto"
              }
            ],
            "latest_revision_fqdn": "containerapps-counter--kkvi6al.greencoast-dd97a543.swedencentral.azurecontainerapps.io",
            "latest_revision_name": "containerapps-counter--kkvi6al",
            "location": "swedencentral",
            "max_inactive_revisions": 0,
            "name": "containerapps-counter",
            "outbound_ip_addresses": [
              "9.223.242.29"
            ],
            "registry": [],
            "resource_group_name": "rg-containerapps-grafana-21",
            "revision_mode": "Single",
            "secret": [],
            "tags": {},
            "template": [
              {
                "azure_queue_scale_rule": [],
                "container": [
                  {
                    "args": [],
                    "command": [
                      "/bin/sh",
                      "-c",
                      "i=0; while true; do echo 'This is demo log $i: $(date)'; i=$((i+1)); sleep 10; done"
                    ],
                    "cpu": 0.25,
                    "env": [],
                    "ephemeral_storage": "1Gi",
                    "image": "busybox:latest",
                    "liveness_probe": [],
                    "memory": "0.5Gi",
                    "name": "counter-app",
                    "readiness_probe": [],
                    "startup_probe": [],
                    "volume_mounts": []
                  }
                ],
                "custom_scale_rule": [],
                "http_scale_rule": [],
                "init_container": [],
                "max_replicas": 3,
                "min_replicas": 1,
                "revision_suffix": "",
                "tcp_scale_rule": [],
                "termination_grace_period_seconds": 0,
                "volume": []
              }
            ],
            "timeouts": null,
            "workload_profile_name": ""
          },
          "sensitive_attributes": [
            [
              {
                "type": "get_attr",
                "value": "custom_domain_verification_id"
              }
            ]
          ],
          "identity_schema_version": 0,
          "private": "eyJlMmJmYjczMC1lY2FhLTExZTYtOGY4OC0zNDM2M2JjN2M0YzAiOnsiY3JlYXRlIjoxODAwMDAwMDAwMDAwLCJkZWxldGUiOjE4MDAwMDAwMDAwMDAsInJlYWQiOjMwMDAwMDAwMDAwMCwidXBkYXRlIjoxODAwMDAwMDAwMDAwfX0=",
          "dependencies": [
            "azurerm_container_app_environment.env",
            "azurerm_log_analytics_workspace.log_analytics",
            "azurerm_resource_group.rg"
          ]
        }
      ]
    },
    {
      "mode": "managed",
      "type": "azurerm_container_app",
      "name": "app-helloworld",
      "provider": "provider[\"registry.terraform.io/hashicorp/azurerm\"]",
      "instances": [
        {
          "schema_version": 0,
          "attributes": {
            "container_app_environment_id": "/subscriptions/dcef7009-6b94-4382-afdc-17eb160d709a/resourceGroups/rg-containerapps-grafana-21/providers/Microsoft.App/managedEnvironments/aca-environment",
            "custom_domain_verification_id": "12A824F56ADC4DBFA2BAB33D11CF904692CB9810204E47093CF78548458D595C",
            "dapr": [],
            "id": "/subscriptions/dcef7009-6b94-4382-afdc-17eb160d709a/resourceGroups/rg-containerapps-grafana-21/providers/Microsoft.App/containerApps/containerapps-helloworld",
            "identity": [],
            "ingress": [
              {
                "allow_insecure_connections": false,
                "client_certificate_mode": "",
                "cors": [],
                "custom_domain": [],
                "exposed_port": 0,
                "external_enabled": true,
                "fqdn": "containerapps-helloworld.greencoast-dd97a543.swedencentral.azurecontainerapps.io",
                "ip_security_restriction": [],
                "target_port": 80,
                "traffic_weight": [
                  {
                    "label": "",
                    "latest_revision": true,
                    "percentage": 100,
                    "revision_suffix": ""
                  }
                ],
                "transport": "auto"
              }
            ],
            "latest_revision_fqdn": "containerapps-helloworld--9fvs8hz.greencoast-dd97a543.swedencentral.azurecontainerapps.io",
            "latest_revision_name": "containerapps-helloworld--9fvs8hz",
            "location": "swedencentral",
            "max_inactive_revisions": 0,
            "name": "containerapps-helloworld",
            "outbound_ip_addresses": [
              "9.223.242.29"
            ],
            "registry": [],
            "resource_group_name": "rg-containerapps-grafana-21",
            "revision_mode": "Single",
            "secret": [],
            "tags": {},
            "template": [
              {
                "azure_queue_scale_rule": [],
                "container": [
                  {
                    "args": [],
                    "command": [],
                    "cpu": 0.25,
                    "env": [],
                    "ephemeral_storage": "1Gi",
                    "image": "mcr.microsoft.com/azuredocs/containerapps-helloworld:latest",
                    "liveness_probe": [],
                    "memory": "0.5Gi",
                    "name": "helloworld-app",
                    "readiness_probe": [],
                    "startup_probe": [],
                    "volume_mounts": []
                  }
                ],
                "custom_scale_rule": [],
                "http_scale_rule": [],
                "init_container": [],
                "max_replicas": 3,
                "min_replicas": 1,
                "revision_suffix": "",
                "tcp_scale_rule": [],
                "termination_grace_period_seconds": 0,
                "volume": []
              }
            ],
            "timeouts": null,
            "workload_profile_name": ""
          },
          "sensitive_attributes": [
            [
              {
                "type": "get_attr",
                "value": "custom_domain_verification_id"
              }
            ]
          ],
          "identity_schema_version": 0,
          "private": "eyJlMmJmYjczMC1lY2FhLTExZTYtOGY4OC0zNDM2M2JjN2M0YzAiOnsiY3JlYXRlIjoxODAwMDAwMDAwMDAwLCJkZWxldGUiOjE4MDAwMDAwMDAwMDAsInJlYWQiOjMwMDAwMDAwMDAwMCwidXBkYXRlIjoxODAwMDAwMDAwMDAwfX0=",
          "dependencies": [
            "azurerm_container_app_environment.env",
            "azurerm_log_analytics_workspace.log_analytics",
            "azurerm_resource_group.rg"
          ]
        }
      ]
    },
    {
      "mode": "managed",
      "type": "azurerm_container_app",
      "name": "app-nginx",
      "provider": "provider[\"registry.terraform.io/hashicorp/azurerm\"]",
      "instances": [
        {
          "schema_version": 0,
          "attributes": {
            "container_app_environment_id": "/subscriptions/dcef7009-6b94-4382-afdc-17eb160d709a/resourceGroups/rg-containerapps-grafana-21/providers/Microsoft.App/managedEnvironments/aca-environment",
            "custom_domain_verification_id": "12A824F56ADC4DBFA2BAB33D11CF904692CB9810204E47093CF78548458D595C",
            "dapr": [],
            "id": "/subscriptions/dcef7009-6b94-4382-afdc-17eb160d709a/resourceGroups/rg-containerapps-grafana-21/providers/Microsoft.App/containerApps/containerapps-nginx",
            "identity": [],
            "ingress": [
              {
                "allow_insecure_connections": false,
                "client_certificate_mode": "",
                "cors": [],
                "custom_domain": [],
                "exposed_port": 0,
                "external_enabled": true,
                "fqdn": "containerapps-nginx.greencoast-dd97a543.swedencentral.azurecontainerapps.io",
                "ip_security_restriction": [],
                "target_port": 80,
                "traffic_weight": [
                  {
                    "label": "",
                    "latest_revision": true,
                    "percentage": 100,
                    "revision_suffix": ""
                  }
                ],
                "transport": "auto"
              }
            ],
            "latest_revision_fqdn": "containerapps-nginx--qwtepv6.greencoast-dd97a543.swedencentral.azurecontainerapps.io",
            "latest_revision_name": "containerapps-nginx--qwtepv6",
            "location": "swedencentral",
            "max_inactive_revisions": 0,
            "name": "containerapps-nginx",
            "outbound_ip_addresses": [
              "9.223.242.29"
            ],
            "registry": [],
            "resource_group_name": "rg-containerapps-grafana-21",
            "revision_mode": "Single",
            "secret": [],
            "tags": {},
            "template": [
              {
                "azure_queue_scale_rule": [],
                "container": [
                  {
                    "args": [],
                    "command": [],
                    "cpu": 0.25,
                    "env": [],
                    "ephemeral_storage": "1Gi",
                    "image": "nginx:latest",
                    "liveness_probe": [],
                    "memory": "0.5Gi",
                    "name": "nginx-app",
                    "readiness_probe": [],
                    "startup_probe": [],
                    "volume_mounts": []
                  }
                ],
                "custom_scale_rule": [],
                "http_scale_rule": [],
                "init_container": [],
                "max_replicas": 3,
                "min_replicas": 1,
                "revision_suffix": "",
                "tcp_scale_rule": [],
                "termination_grace_period_seconds": 0,
                "volume": []
              }
            ],
            "timeouts": null,
            "workload_profile_name": ""
          },
          "sensitive_attributes": [
            [
              {
                "type": "get_attr",
                "value": "custom_domain_verification_id"
              }
            ]
          ],
          "identity_schema_version": 0,
          "private": "eyJlMmJmYjczMC1lY2FhLTExZTYtOGY4OC0zNDM2M2JjN2M0YzAiOnsiY3JlYXRlIjoxODAwMDAwMDAwMDAwLCJkZWxldGUiOjE4MDAwMDAwMDAwMDAsInJlYWQiOjMwMDAwMDAwMDAwMCwidXBkYXRlIjoxODAwMDAwMDAwMDAwfX0=",
          "dependencies": [
            "azurerm_container_app_environment.env",
            "azurerm_log_analytics_workspace.log_analytics",
            "azurerm_resource_group.rg"
          ]
        }
      ]
    },
    {
      "mode": "managed",
      "type": "azurerm_container_app_environment",
      "name": "env",
      "provider": "provider[\"registry.terraform.io/hashicorp/azurerm\"]",
      "instances": [
        {
          "schema_version": 0,
          "attributes": {
            "custom_domain_verification_id": "12A824F56ADC4DBFA2BAB33D11CF904692CB9810204E47093CF78548458D595C",
            "dapr_application_insights_connection_string": "",
            "default_domain": "greencoast-dd97a543.swedencentral.azurecontainerapps.io",
            "docker_bridge_cidr": "",
            "id": "/subscriptions/dcef7009-6b94-4382-afdc-17eb160d709a/resourceGroups/rg-containerapps-grafana-21/providers/Microsoft.App/managedEnvironments/aca-environment",
            "identity": [],
            "infrastructure_resource_group_name": "",
            "infrastructure_subnet_id": "",
            "internal_load_balancer_enabled": false,
            "location": "swedencentral",
            "log_analytics_workspace_id": "/subscriptions/dcef7009-6b94-4382-afdc-17eb160d709a/resourceGroups/rg-containerapps-grafana-21/providers/Microsoft.OperationalInsights/workspaces/log-analytics",
            "logs_destination": "log-analytics",
            "mutual_tls_enabled": false,
            "name": "aca-environment",
            "platform_reserved_cidr": "",
            "platform_reserved_dns_ip_address": "",
            "resource_group_name": "rg-containerapps-grafana-21",
            "static_ip_address": "135.116.4.233",
            "tags": {},
            "timeouts": null,
            "workload_profile": [],
            "zone_redundancy_enabled": false
          },
          "sensitive_attributes": [
            [
              {
                "type": "get_attr",
                "value": "dapr_application_insights_connection_string"
              }
            ]
          ],
          "identity_schema_version": 0,
          "private": "eyJlMmJmYjczMC1lY2FhLTExZTYtOGY4OC0zNDM2M2JjN2M0YzAiOnsiY3JlYXRlIjoxODAwMDAwMDAwMDAwLCJkZWxldGUiOjE4MDAwMDAwMDAwMDAsInJlYWQiOjMwMDAwMDAwMDAwMCwidXBkYXRlIjoxODAwMDAwMDAwMDAwfX0=",
          "dependencies": [
            "azurerm_log_analytics_workspace.log_analytics",
            "azurerm_resource_group.rg"
          ]
        }
      ]
    },
    {
      "mode": "managed",
      "type": "azurerm_dashboard_grafana",
      "name": "grafana",
      "provider": "provider[\"registry.terraform.io/hashicorp/azurerm\"]",
      "instances": [
        {
          "schema_version": 0,
          "attributes": {
            "api_key_enabled": true,
            "auto_generated_domain_name_label_scope": "TenantReuse",
            "azure_monitor_workspace_integrations": [],
            "deterministic_outbound_ip_enabled": true,
            "endpoint": "https://azure-grafana-21-cvfre2cffqcqejfd.cse.grafana.azure.com",
            "grafana_major_version": "11",
            "grafana_version": "11.6.3",
            "id": "/subscriptions/dcef7009-6b94-4382-afdc-17eb160d709a/resourceGroups/rg-containerapps-grafana-21/providers/Microsoft.Dashboard/grafana/azure-grafana-21",
            "identity": [
              {
                "identity_ids": [],
                "principal_id": "c344efd6-2855-425e-a8d0-a9b3aada2763",
                "tenant_id": "93139d1e-a3c1-4d78-9ed5-878be090eba4",
                "type": "SystemAssigned"
              }
            ],
            "location": "swedencentral",
            "name": "azure-grafana-21",
            "outbound_ip": [
              "135.116.14.76",
              "9.223.87.104"
            ],
            "public_network_access_enabled": true,
            "resource_group_name": "rg-containerapps-grafana-21",
            "sku": "Standard",
            "smtp": [],
            "tags": {},
            "timeouts": null,
            "zone_redundancy_enabled": false
          },
          "sensitive_attributes": [],
          "identity_schema_version": 0,
          "private": "eyJlMmJmYjczMC1lY2FhLTExZTYtOGY4OC0zNDM2M2JjN2M0YzAiOnsiY3JlYXRlIjoxODAwMDAwMDAwMDAwLCJkZWxldGUiOjE4MDAwMDAwMDAwMDAsInJlYWQiOjMwMDAwMDAwMDAwMCwidXBkYXRlIjoxODAwMDAwMDAwMDAwfX0=",
          "dependencies": [
            "azurerm_resource_group.rg"
          ]
        }
      ]
    },
    {
      "mode": "managed",
      "type": "azurerm_log_analytics_workspace",
      "name": "log_analytics",
      "provider": "provider[\"registry.terraform.io/hashicorp/azurerm\"]",
      "instances": [
        {
          "schema_version": 3,
          "attributes": {
            "allow_resource_only_permissions": true,
            "cmk_for_query_forced": false,
            "daily_quota_gb": -1,
            "data_collection_rule_id": "",
            "id": "/subscriptions/dcef7009-6b94-4382-afdc-17eb160d709a/resourceGroups/rg-containerapps-grafana-21/providers/Microsoft.OperationalInsights/workspaces/log-analytics",
            "identity": [],
            "immediate_data_purge_on_30_days_enabled": false,
            "internet_ingestion_enabled": true,
            "internet_query_enabled": true,
            "local_authentication_disabled": true,
            "local_authentication_enabled": false,
            "location": "swedencentral",
            "name": "log-analytics",
            "primary_shared_key": "Wvama8gfFMRwi+ozSA5jKM1zNRWlzfJNg1T2f8iDrFMqHTH72mHZrOhn711gxm8Orb2nRVQalIj+KTX12awz2A==",
            "reservation_capacity_in_gb_per_day": null,
            "resource_group_name": "rg-containerapps-grafana-21",
            "retention_in_days": 30,
            "secondary_shared_key": "C17ayLAKlTiOdFY0HYYmwDeesk1JmFFPP4q8Ry/LSD/kf+a6K+9R+Ect//UBdmNvPSl1A2RgoRqfmu624tQZfg==",
            "sku": "PerGB2018",
            "tags": {},
            "timeouts": null,
            "workspace_id": "44f8a278-fc65-459c-9a7d-78908a7a58f8"
          },
          "sensitive_attributes": [
            [
              {
                "type": "get_attr",
                "value": "primary_shared_key"
              }
            ],
            [
              {
                "type": "get_attr",
                "value": "secondary_shared_key"
              }
            ]
          ],
          "identity_schema_version": 0,
          "private": "eyJlMmJmYjczMC1lY2FhLTExZTYtOGY4OC0zNDM2M2JjN2M0YzAiOnsiY3JlYXRlIjoxODAwMDAwMDAwMDAwLCJkZWxldGUiOjE4MDAwMDAwMDAwMDAsInJlYWQiOjMwMDAwMDAwMDAwMCwidXBkYXRlIjoxODAwMDAwMDAwMDAwfSwic2NoZW1hX3ZlcnNpb24iOiIzIn0=",
          "dependencies": [
            "azurerm_resource_group.rg"
          ]
        }
      ]
    },
    {
      "mode": "managed",
      "type": "azurerm_resource_group",
      "name": "rg",
      "provider": "provider[\"registry.terraform.io/hashicorp/azurerm\"]",
      "instances": [
        {
          "schema_version": 0,
          "attributes": {
            "id": "/subscriptions/dcef7009-6b94-4382-afdc-17eb160d709a/resourceGroups/rg-containerapps-grafana-21",
            "location": "swedencentral",
            "managed_by": "",
            "name": "rg-containerapps-grafana-21",
            "tags": {},
            "timeouts": null
          },
          "sensitive_attributes": [],
          "identity_schema_version": 0,
          "private": "eyJlMmJmYjczMC1lY2FhLTExZTYtOGY4OC0zNDM2M2JjN2M0YzAiOnsiY3JlYXRlIjo1NDAwMDAwMDAwMDAwLCJkZWxldGUiOjU0MDAwMDAwMDAwMDAsInJlYWQiOjMwMDAwMDAwMDAwMCwidXBkYXRlIjo1NDAwMDAwMDAwMDAwfX0="
        }
      ]
    },
    {
      "mode": "managed",
      "type": "azurerm_role_assignment",
      "name": "role_grafana_admin",
      "provider": "provider[\"registry.terraform.io/hashicorp/azurerm\"]",
      "instances": [
        {
          "schema_version": 0,
          "attributes": {
            "condition": "",
            "condition_version": "",
            "delegated_managed_identity_resource_id": "",
            "description": "",
            "id": "/subscriptions/dcef7009-6b94-4382-afdc-17eb160d709a/resourceGroups/rg-containerapps-grafana-21/providers/Microsoft.Dashboard/grafana/azure-grafana-21/providers/Microsoft.Authorization/roleAssignments/d5a1db0a-52e8-9030-b67a-d40c4e8bc938",
            "name": "d5a1db0a-52e8-9030-b67a-d40c4e8bc938",
            "principal_id": "8173c45d-035e-4692-8f40-540cd5fc0f18",
            "principal_type": "User",
            "role_definition_id": "/subscriptions/dcef7009-6b94-4382-afdc-17eb160d709a/providers/Microsoft.Authorization/roleDefinitions/22926164-76b3-42b3-bc55-97df8dab3e41",
            "role_definition_name": "Grafana Admin",
            "scope": "/subscriptions/dcef7009-6b94-4382-afdc-17eb160d709a/resourceGroups/rg-containerapps-grafana-21/providers/Microsoft.Dashboard/grafana/azure-grafana-21",
            "skip_service_principal_aad_check": null,
            "timeouts": null
          },
          "sensitive_attributes": [],
          "identity_schema_version": 0,
          "private": "eyJlMmJmYjczMC1lY2FhLTExZTYtOGY4OC0zNDM2M2JjN2M0YzAiOnsiY3JlYXRlIjoxODAwMDAwMDAwMDAwLCJkZWxldGUiOjE4MDAwMDAwMDAwMDAsInJlYWQiOjMwMDAwMDAwMDAwMH19",
          "dependencies": [
            "azurerm_dashboard_grafana.grafana",
            "azurerm_resource_group.rg",
            "data.azurerm_client_config.current"
          ]
        }
      ]
    },
    {
      "mode": "managed",
      "type": "azurerm_role_assignment",
      "name": "role_monitoring_reader",
      "provider": "provider[\"registry.terraform.io/hashicorp/azurerm\"]",
      "instances": [
        {
          "schema_version": 0,
          "attributes": {
            "condition": "",
            "condition_version": "",
            "delegated_managed_identity_resource_id": "",
            "description": "",
            "id": "/subscriptions/dcef7009-6b94-4382-afdc-17eb160d709a/providers/Microsoft.Authorization/roleAssignments/247770ad-ccac-f9a1-0c3f-49865b91e487",
            "name": "247770ad-ccac-f9a1-0c3f-49865b91e487",
            "principal_id": "c344efd6-2855-425e-a8d0-a9b3aada2763",
            "principal_type": "ServicePrincipal",
            "role_definition_id": "/subscriptions/dcef7009-6b94-4382-afdc-17eb160d709a/providers/Microsoft.Authorization/roleDefinitions/43d0d8ad-25c7-4714-9337-8ba259a9fe05",
            "role_definition_name": "Monitoring Reader",
            "scope": "/subscriptions/dcef7009-6b94-4382-afdc-17eb160d709a",
            "skip_service_principal_aad_check": null,
            "timeouts": null
          },
          "sensitive_attributes": [],
          "identity_schema_version": 0,
          "private": "eyJlMmJmYjczMC1lY2FhLTExZTYtOGY4OC0zNDM2M2JjN2M0YzAiOnsiY3JlYXRlIjoxODAwMDAwMDAwMDAwLCJkZWxldGUiOjE4MDAwMDAwMDAwMDAsInJlYWQiOjMwMDAwMDAwMDAwMH19",
          "dependencies": [
            "azurerm_dashboard_grafana.grafana",
            "azurerm_resource_group.rg",
            "data.azurerm_subscription.current"
          ]
        }
      ]
    },
    {
      "mode": "managed",
      "type": "terraform_data",
      "name": "import_grafana_dashboard",
      "provider": "provider[\"terraform.io/builtin/terraform\"]",
      "instances": [
        {
          "status": "tainted",
          "schema_version": 0,
          "attributes": {
            "id": "abb49701-838c-a4c4-7096-fb7277d99a2d",
            "input": null,
            "output": null,
            "triggers_replace": {
              "value": {},
              "type": [
                "object",
                {}
              ]
            }
          },
          "sensitive_attributes": [],
          "identity_schema_version": 0,
          "dependencies": [
            "azurerm_dashboard_grafana.grafana",
            "azurerm_resource_group.rg"
          ]
        }
      ]
    }
  ],
  "check_results": null
}
