{
  "version": 4,
  "terraform_version": "1.12.2",
  "serial": 41,
  "lineage": "7cf7d9b0-acde-42e7-5591-69e35bbd5d1b",
  "outputs": {},
  "resources": [
    {
      "mode": "data",
      "type": "azurerm_client_config",
      "name": "current",
      "provider": "provider[\"registry.terraform.io/hashicorp/azurerm\"]",
      "instances": [
        {
          "schema_version": 0,
          "attributes": {
            "client_id": "04b07795-8ddb-461a-bbee-02f9e1bf7b46",
            "id": "Y2xpZW50Q29uZmlncy9jbGllbnRJZD0wNGIwNzc5NS04ZGRiLTQ2MWEtYmJlZS0wMmY5ZTFiZjdiNDY7b2JqZWN0SWQ9ODE3M2M0NWQtMDM1ZS00NjkyLThmNDAtNTQwY2Q1ZmMwZjE4O3N1YnNjcmlwdGlvbklkPWRjZWY3MDA5LTZiOTQtNDM4Mi1hZmRjLTE3ZWIxNjBkNzA5YTt0ZW5hbnRJZD05MzEzOWQxZS1hM2MxLTRkNzgtOWVkNS04NzhiZTA5MGViYTQ=",
            "object_id": "8173c45d-035e-4692-8f40-540cd5fc0f18",
            "subscription_id": "dcef7009-6b94-4382-afdc-17eb160d709a",
            "tenant_id": "93139d1e-a3c1-4d78-9ed5-878be090eba4",
            "timeouts": null
          },
          "sensitive_attributes": [],
          "identity_schema_version": 0
        }
      ]
    },
    {
      "mode": "managed",
      "type": "azurerm_container_app_environment",
      "name": "aca_environment",
      "provider": "provider[\"registry.terraform.io/hashicorp/azurerm\"]",
      "instances": [
        {
          "schema_version": 0,
          "attributes": {
            "custom_domain_verification_id": "12A824F56ADC4DBFA2BAB33D11CF904692CB9810204E47093CF78548458D595C",
            "dapr_application_insights_connection_string": "",
            "default_domain": "yellowmoss-137ec833.swedencentral.azurecontainerapps.io",
            "docker_bridge_cidr": "",
            "id": "/subscriptions/dcef7009-6b94-4382-afdc-17eb160d709a/resourceGroups/rg-containerapp-keda-16/providers/Microsoft.App/managedEnvironments/aca-environment",
            "identity": [],
            "infrastructure_resource_group_name": "",
            "infrastructure_subnet_id": "",
            "internal_load_balancer_enabled": false,
            "location": "swedencentral",
            "log_analytics_workspace_id": "/subscriptions/dcef7009-6b94-4382-afdc-17eb160d709a/resourceGroups/rg-containerapp-keda-16/providers/Microsoft.OperationalInsights/workspaces/log-analytics-aca",
            "logs_destination": "log-analytics",
            "mutual_tls_enabled": false,
            "name": "aca-environment",
            "platform_reserved_cidr": "",
            "platform_reserved_dns_ip_address": "",
            "resource_group_name": "rg-containerapp-keda-16",
            "static_ip_address": "9.223.13.193",
            "tags": null,
            "timeouts": null,
            "workload_profile": [],
            "zone_redundancy_enabled": false
          },
          "sensitive_attributes": [
            [
              {
                "type": "get_attr",
                "value": "dapr_application_insights_connection_string"
              }
            ]
          ],
          "identity_schema_version": 0,
          "private": "eyJlMmJmYjczMC1lY2FhLTExZTYtOGY4OC0zNDM2M2JjN2M0YzAiOnsiY3JlYXRlIjoxODAwMDAwMDAwMDAwLCJkZWxldGUiOjE4MDAwMDAwMDAwMDAsInJlYWQiOjMwMDAwMDAwMDAwMCwidXBkYXRlIjoxODAwMDAwMDAwMDAwfX0=",
          "dependencies": [
            "azurerm_log_analytics_workspace.la",
            "azurerm_resource_group.rg"
          ]
        }
      ]
    },
    {
      "mode": "managed",
      "type": "azurerm_container_app_job",
      "name": "aca-job",
      "provider": "provider[\"registry.terraform.io/hashicorp/azurerm\"]",
      "instances": [
        {
          "schema_version": 0,
          "attributes": {
            "container_app_environment_id": "/subscriptions/dcef7009-6b94-4382-afdc-17eb160d709a/resourceGroups/rg-containerapp-keda-16/providers/Microsoft.App/managedEnvironments/aca-environment",
            "event_stream_endpoint": "",
            "event_trigger_config": [
              {
                "parallelism": 1,
                "replica_completion_count": 1,
                "scale": [
                  {
                    "max_executions": 1,
                    "min_executions": 0,
                    "polling_interval_in_seconds": 30,
                    "rules": [
                      {
                        "authentication": [
                          {
                            "secret_name": "service-bus-connection-string",
                            "trigger_parameter": "connection"
                          }
                        ],
                        "custom_rule_type": "azure-servicebus",
                        "metadata": {
                          "messageCount": "1",
                          "namespace": "servicebus-ns-job",
                          "queueName": "queue-messages"
                        },
                        "name": "azure-servicebus-queue-rule"
                      }
                    ]
                  }
                ]
              }
            ],
            "id": "/subscriptions/dcef7009-6b94-4382-afdc-17eb160d709a/resourceGroups/rg-containerapp-keda-16/providers/Microsoft.App/jobs/aca-job-python",
            "identity": [
              {
                "identity_ids": [
                  "/subscriptions/dcef7009-6b94-4382-afdc-17eb160d709a/resourceGroups/rg-containerapp-keda-16/providers/Microsoft.ManagedIdentity/userAssignedIdentities/identity-aca"
                ],
                "principal_id": "",
                "tenant_id": "",
                "type": "UserAssigned"
              }
            ],
            "location": "swedencentral",
            "manual_trigger_config": [],
            "name": "aca-job-python",
            "outbound_ip_addresses": [],
            "registry": [
              {
                "identity": "/subscriptions/dcef7009-6b94-4382-afdc-17eb160d709a/resourceGroups/rg-containerapp-keda-16/providers/Microsoft.ManagedIdentity/userAssignedIdentities/identity-aca",
                "password_secret_name": "",
                "server": "acr4aca4keda123579.azurecr.io",
                "username": ""
              }
            ],
            "replica_retry_limit": 10,
            "replica_timeout_in_seconds": 300,
            "resource_group_name": "rg-containerapp-keda-16",
            "schedule_trigger_config": [],
            "secret": [
              {
                "identity": "",
                "key_vault_secret_id": "",
                "name": "service-bus-connection-string",
                "value": "Endpoint=sb://servicebus-ns-job.servicebus.windows.net/;SharedAccessKeyName=RootManageSharedAccessKey;SharedAccessKey=VReiIEn80690Y2vqKqH/Mm5Day306cUAM+ASbKzNxWw="
              }
            ],
            "tags": null,
            "template": [
              {
                "container": [
                  {
                    "args": null,
                    "command": null,
                    "cpu": 0.25,
                    "env": [
                      {
                        "name": "SERVICEBUS_FQDN",
                        "secret_name": "",
                        "value": "servicebus-ns-job.servicebus.windows.net"
                      },
                      {
                        "name": "MANAGED_IDENTITY_CLIENT_ID",
                        "secret_name": "",
                        "value": "e2c88841-76fd-4306-aaf5-37b45a2ecb3b"
                      },
                      {
                        "name": "SERVICEBUS_QUEUE_NAME",
                        "secret_name": "",
                        "value": "queue-messages"
                      }
                    ],
                    "ephemeral_storage": "1Gi",
                    "image": "acr4aca4keda123579.azurecr.io/job-python:1.0.0",
                    "liveness_probe": [],
                    "memory": "0.5Gi",
                    "name": "job-python",
                    "readiness_probe": [],
                    "startup_probe": [],
                    "volume_mounts": []
                  }
                ],
                "init_container": [],
                "volume": []
              }
            ],
            "timeouts": null,
            "workload_profile_name": ""
          },
          "sensitive_attributes": [
            [
              {
                "type": "get_attr",
                "value": "secret"
              }
            ]
          ],
          "identity_schema_version": 0,
          "private": "eyJlMmJmYjczMC1lY2FhLTExZTYtOGY4OC0zNDM2M2JjN2M0YzAiOnsiY3JlYXRlIjoxODAwMDAwMDAwMDAwLCJkZWxldGUiOjE4MDAwMDAwMDAwMDAsInJlYWQiOjMwMDAwMDAwMDAwMCwidXBkYXRlIjoxODAwMDAwMDAwMDAwfX0=",
          "dependencies": [
            "azurerm_container_app_environment.aca_environment",
            "azurerm_container_registry.acr",
            "azurerm_log_analytics_workspace.la",
            "azurerm_resource_group.rg",
            "azurerm_servicebus_namespace.service-bus",
            "azurerm_servicebus_queue.queue-messages",
            "azurerm_user_assigned_identity.identity_aca"
          ]
        }
      ]
    },
    {
      "mode": "managed",
      "type": "azurerm_container_registry",
      "name": "acr",
      "provider": "provider[\"registry.terraform.io/hashicorp/azurerm\"]",
      "instances": [
        {
          "schema_version": 2,
          "attributes": {
            "admin_enabled": false,
            "admin_password": "",
            "admin_username": "",
            "anonymous_pull_enabled": false,
            "data_endpoint_enabled": false,
            "data_endpoint_host_names": [],
            "encryption": [],
            "export_policy_enabled": true,
            "georeplications": [],
            "id": "/subscriptions/dcef7009-6b94-4382-afdc-17eb160d709a/resourceGroups/rg-containerapp-keda-16/providers/Microsoft.ContainerRegistry/registries/acr4aca4keda123579",
            "identity": [],
            "location": "swedencentral",
            "login_server": "acr4aca4keda123579.azurecr.io",
            "name": "acr4aca4keda123579",
            "network_rule_bypass_option": "AzureServices",
            "network_rule_set": [],
            "public_network_access_enabled": true,
            "quarantine_policy_enabled": false,
            "resource_group_name": "rg-containerapp-keda-16",
            "retention_policy_in_days": 0,
            "sku": "Basic",
            "tags": {},
            "timeouts": null,
            "trust_policy_enabled": false,
            "zone_redundancy_enabled": false
          },
          "sensitive_attributes": [
            [
              {
                "type": "get_attr",
                "value": "admin_password"
              }
            ]
          ],
          "identity_schema_version": 0,
          "private": "eyJlMmJmYjczMC1lY2FhLTExZTYtOGY4OC0zNDM2M2JjN2M0YzAiOnsiY3JlYXRlIjoxODAwMDAwMDAwMDAwLCJkZWxldGUiOjE4MDAwMDAwMDAwMDAsInJlYWQiOjMwMDAwMDAwMDAwMCwidXBkYXRlIjoxODAwMDAwMDAwMDAwfSwic2NoZW1hX3ZlcnNpb24iOiIyIn0=",
          "dependencies": [
            "azurerm_resource_group.rg"
          ]
        }
      ]
    },
    {
      "mode": "managed",
      "type": "azurerm_log_analytics_workspace",
      "name": "la",
      "provider": "provider[\"registry.terraform.io/hashicorp/azurerm\"]",
      "instances": [
        {
          "schema_version": 3,
          "attributes": {
            "allow_resource_only_permissions": true,
            "cmk_for_query_forced": false,
            "daily_quota_gb": -1,
            "data_collection_rule_id": "",
            "id": "/subscriptions/dcef7009-6b94-4382-afdc-17eb160d709a/resourceGroups/rg-containerapp-keda-16/providers/Microsoft.OperationalInsights/workspaces/log-analytics-aca",
            "identity": [],
            "immediate_data_purge_on_30_days_enabled": false,
            "internet_ingestion_enabled": true,
            "internet_query_enabled": true,
            "local_authentication_disabled": true,
            "local_authentication_enabled": false,
            "location": "swedencentral",
            "name": "log-analytics-aca",
            "primary_shared_key": "liL3Iy3xmWp0Sfdy1PWvaX2xQnE+yThM95pco1Lgea4im301xGHxT4TbAUQQJr6dUdf46Wilz/Mex9UFNeViFw==",
            "reservation_capacity_in_gb_per_day": null,
            "resource_group_name": "rg-containerapp-keda-16",
            "retention_in_days": 30,
            "secondary_shared_key": "8p3X3Bs5MCe2eOY/XcXoG1tXNy7YvoRnAIlYT3jKnE/4uN/JB1nfD58R0VxUcniJ6BcXGzqi4wYkrasWrpW+JA==",
            "sku": "PerGB2018",
            "tags": {},
            "timeouts": null,
            "workspace_id": "af5797e5-062f-4f8f-984a-897bdabda9d2"
          },
          "sensitive_attributes": [
            [
              {
                "type": "get_attr",
                "value": "primary_shared_key"
              }
            ],
            [
              {
                "type": "get_attr",
                "value": "secondary_shared_key"
              }
            ]
          ],
          "identity_schema_version": 0,
          "private": "eyJlMmJmYjczMC1lY2FhLTExZTYtOGY4OC0zNDM2M2JjN2M0YzAiOnsiY3JlYXRlIjoxODAwMDAwMDAwMDAwLCJkZWxldGUiOjE4MDAwMDAwMDAwMDAsInJlYWQiOjMwMDAwMDAwMDAwMCwidXBkYXRlIjoxODAwMDAwMDAwMDAwfSwic2NoZW1hX3ZlcnNpb24iOiIzIn0=",
          "dependencies": [
            "azurerm_resource_group.rg"
          ]
        }
      ]
    },
    {
      "mode": "managed",
      "type": "azurerm_resource_group",
      "name": "rg",
      "provider": "provider[\"registry.terraform.io/hashicorp/azurerm\"]",
      "instances": [
        {
          "schema_version": 0,
          "attributes": {
            "id": "/subscriptions/dcef7009-6b94-4382-afdc-17eb160d709a/resourceGroups/rg-containerapp-keda-16",
            "location": "swedencentral",
            "managed_by": "",
            "name": "rg-containerapp-keda-16",
            "tags": {},
            "timeouts": null
          },
          "sensitive_attributes": [],
          "identity_schema_version": 0,
          "private": "eyJlMmJmYjczMC1lY2FhLTExZTYtOGY4OC0zNDM2M2JjN2M0YzAiOnsiY3JlYXRlIjo1NDAwMDAwMDAwMDAwLCJkZWxldGUiOjU0MDAwMDAwMDAwMDAsInJlYWQiOjMwMDAwMDAwMDAwMCwidXBkYXRlIjo1NDAwMDAwMDAwMDAwfX0="
        }
      ]
    },
    {
      "mode": "managed",
      "type": "azurerm_role_assignment",
      "name": "role-receiver-queue-identity",
      "provider": "provider[\"registry.terraform.io/hashicorp/azurerm\"]",
      "instances": [
        {
          "schema_version": 0,
          "attributes": {
            "condition": "",
            "condition_version": "",
            "delegated_managed_identity_resource_id": "",
            "description": "",
            "id": "/subscriptions/dcef7009-6b94-4382-afdc-17eb160d709a/resourceGroups/rg-containerapp-keda-16/providers/Microsoft.ServiceBus/namespaces/servicebus-ns-job/queues/queue-messages/providers/Microsoft.Authorization/roleAssignments/09b5c69a-a104-09d5-54d3-50fb96d8610d",
            "name": "09b5c69a-a104-09d5-54d3-50fb96d8610d",
            "principal_id": "f77af92b-6501-4684-af10-e49a2ecdf531",
            "principal_type": "ServicePrincipal",
            "role_definition_id": "/subscriptions/dcef7009-6b94-4382-afdc-17eb160d709a/providers/Microsoft.Authorization/roleDefinitions/4f6d3b9b-027b-4f4c-9142-0e5a2a2247e0",
            "role_definition_name": "Azure Service Bus Data Receiver",
            "scope": "/subscriptions/dcef7009-6b94-4382-afdc-17eb160d709a/resourceGroups/rg-containerapp-keda-16/providers/Microsoft.ServiceBus/namespaces/servicebus-ns-job/queues/queue-messages",
            "skip_service_principal_aad_check": null,
            "timeouts": null
          },
          "sensitive_attributes": [],
          "identity_schema_version": 0,
          "private": "eyJlMmJmYjczMC1lY2FhLTExZTYtOGY4OC0zNDM2M2JjN2M0YzAiOnsiY3JlYXRlIjoxODAwMDAwMDAwMDAwLCJkZWxldGUiOjE4MDAwMDAwMDAwMDAsInJlYWQiOjMwMDAwMDAwMDAwMH19",
          "dependencies": [
            "azurerm_resource_group.rg",
            "azurerm_servicebus_namespace.service-bus",
            "azurerm_servicebus_queue.queue-messages",
            "azurerm_user_assigned_identity.identity_aca"
          ]
        }
      ]
    },
    {
      "mode": "managed",
      "type": "azurerm_role_assignment",
      "name": "role-receiver-queue-me",
      "provider": "provider[\"registry.terraform.io/hashicorp/azurerm\"]",
      "instances": [
        {
          "schema_version": 0,
          "attributes": {
            "condition": "",
            "condition_version": "",
            "delegated_managed_identity_resource_id": "",
            "description": "",
            "id": "/subscriptions/dcef7009-6b94-4382-afdc-17eb160d709a/resourceGroups/rg-containerapp-keda-16/providers/Microsoft.ServiceBus/namespaces/servicebus-ns-job/queues/queue-messages/providers/Microsoft.Authorization/roleAssignments/0f215a9d-0a5e-057b-f320-91435a43398b",
            "name": "0f215a9d-0a5e-057b-f320-91435a43398b",
            "principal_id": "8173c45d-035e-4692-8f40-540cd5fc0f18",
            "principal_type": "User",
            "role_definition_id": "/subscriptions/dcef7009-6b94-4382-afdc-17eb160d709a/providers/Microsoft.Authorization/roleDefinitions/4f6d3b9b-027b-4f4c-9142-0e5a2a2247e0",
            "role_definition_name": "Azure Service Bus Data Receiver",
            "scope": "/subscriptions/dcef7009-6b94-4382-afdc-17eb160d709a/resourceGroups/rg-containerapp-keda-16/providers/Microsoft.ServiceBus/namespaces/servicebus-ns-job/queues/queue-messages",
            "skip_service_principal_aad_check": null,
            "timeouts": null
          },
          "sensitive_attributes": [],
          "identity_schema_version": 0,
          "private": "eyJlMmJmYjczMC1lY2FhLTExZTYtOGY4OC0zNDM2M2JjN2M0YzAiOnsiY3JlYXRlIjoxODAwMDAwMDAwMDAwLCJkZWxldGUiOjE4MDAwMDAwMDAwMDAsInJlYWQiOjMwMDAwMDAwMDAwMH19",
          "dependencies": [
            "azurerm_resource_group.rg",
            "azurerm_servicebus_namespace.service-bus",
            "azurerm_servicebus_queue.queue-messages",
            "data.azurerm_client_config.current"
          ]
        }
      ]
    },
    {
      "mode": "managed",
      "type": "azurerm_role_assignment",
      "name": "role-sender-queue-identity",
      "provider": "provider[\"registry.terraform.io/hashicorp/azurerm\"]",
      "instances": [
        {
          "schema_version": 0,
          "attributes": {
            "condition": "",
            "condition_version": "",
            "delegated_managed_identity_resource_id": "",
            "description": "",
            "id": "/subscriptions/dcef7009-6b94-4382-afdc-17eb160d709a/resourceGroups/rg-containerapp-keda-16/providers/Microsoft.ServiceBus/namespaces/servicebus-ns-job/queues/queue-messages/providers/Microsoft.Authorization/roleAssignments/cbe4827d-c673-a48a-05e7-9db2c71d1e65",
            "name": "cbe4827d-c673-a48a-05e7-9db2c71d1e65",
            "principal_id": "f77af92b-6501-4684-af10-e49a2ecdf531",
            "principal_type": "ServicePrincipal",
            "role_definition_id": "/subscriptions/dcef7009-6b94-4382-afdc-17eb160d709a/providers/Microsoft.Authorization/roleDefinitions/69a216fc-b8fb-44d8-bc22-1f3c2cd27a39",
            "role_definition_name": "Azure Service Bus Data Sender",
            "scope": "/subscriptions/dcef7009-6b94-4382-afdc-17eb160d709a/resourceGroups/rg-containerapp-keda-16/providers/Microsoft.ServiceBus/namespaces/servicebus-ns-job/queues/queue-messages",
            "skip_service_principal_aad_check": null,
            "timeouts": null
          },
          "sensitive_attributes": [],
          "identity_schema_version": 0,
          "private": "eyJlMmJmYjczMC1lY2FhLTExZTYtOGY4OC0zNDM2M2JjN2M0YzAiOnsiY3JlYXRlIjoxODAwMDAwMDAwMDAwLCJkZWxldGUiOjE4MDAwMDAwMDAwMDAsInJlYWQiOjMwMDAwMDAwMDAwMH19",
          "dependencies": [
            "azurerm_resource_group.rg",
            "azurerm_servicebus_namespace.service-bus",
            "azurerm_servicebus_queue.queue-messages",
            "azurerm_user_assigned_identity.identity_aca"
          ]
        }
      ]
    },
    {
      "mode": "managed",
      "type": "azurerm_role_assignment",
      "name": "role-sender-queue-me",
      "provider": "provider[\"registry.terraform.io/hashicorp/azurerm\"]",
      "instances": [
        {
          "schema_version": 0,
          "attributes": {
            "condition": "",
            "condition_version": "",
            "delegated_managed_identity_resource_id": "",
            "description": "",
            "id": "/subscriptions/dcef7009-6b94-4382-afdc-17eb160d709a/resourceGroups/rg-containerapp-keda-16/providers/Microsoft.ServiceBus/namespaces/servicebus-ns-job/queues/queue-messages/providers/Microsoft.Authorization/roleAssignments/544f6773-4445-b7ec-2c90-951667021827",
            "name": "544f6773-4445-b7ec-2c90-951667021827",
            "principal_id": "8173c45d-035e-4692-8f40-540cd5fc0f18",
            "principal_type": "User",
            "role_definition_id": "/subscriptions/dcef7009-6b94-4382-afdc-17eb160d709a/providers/Microsoft.Authorization/roleDefinitions/69a216fc-b8fb-44d8-bc22-1f3c2cd27a39",
            "role_definition_name": "Azure Service Bus Data Sender",
            "scope": "/subscriptions/dcef7009-6b94-4382-afdc-17eb160d709a/resourceGroups/rg-containerapp-keda-16/providers/Microsoft.ServiceBus/namespaces/servicebus-ns-job/queues/queue-messages",
            "skip_service_principal_aad_check": null,
            "timeouts": null
          },
          "sensitive_attributes": [],
          "identity_schema_version": 0,
          "private": "eyJlMmJmYjczMC1lY2FhLTExZTYtOGY4OC0zNDM2M2JjN2M0YzAiOnsiY3JlYXRlIjoxODAwMDAwMDAwMDAwLCJkZWxldGUiOjE4MDAwMDAwMDAwMDAsInJlYWQiOjMwMDAwMDAwMDAwMH19",
          "dependencies": [
            "azurerm_resource_group.rg",
            "azurerm_servicebus_namespace.service-bus",
            "azurerm_servicebus_queue.queue-messages",
            "data.azurerm_client_config.current"
          ]
        }
      ]
    },
    {
      "mode": "managed",
      "type": "azurerm_role_assignment",
      "name": "role_acr_aca",
      "provider": "provider[\"registry.terraform.io/hashicorp/azurerm\"]",
      "instances": [
        {
          "schema_version": 0,
          "attributes": {
            "condition": "",
            "condition_version": "",
            "delegated_managed_identity_resource_id": "",
            "description": "",
            "id": "/subscriptions/dcef7009-6b94-4382-afdc-17eb160d709a/resourceGroups/rg-containerapp-keda-16/providers/Microsoft.ContainerRegistry/registries/acr4aca4keda123579/providers/Microsoft.Authorization/roleAssignments/62282bb2-008e-e72b-ab16-81832dd7ab67",
            "name": "62282bb2-008e-e72b-ab16-81832dd7ab67",
            "principal_id": "f77af92b-6501-4684-af10-e49a2ecdf531",
            "principal_type": "ServicePrincipal",
            "role_definition_id": "/subscriptions/dcef7009-6b94-4382-afdc-17eb160d709a/providers/Microsoft.Authorization/roleDefinitions/7f951dda-4ed3-4680-a7ca-43fe172d538d",
            "role_definition_name": "AcrPull",
            "scope": "/subscriptions/dcef7009-6b94-4382-afdc-17eb160d709a/resourceGroups/rg-containerapp-keda-16/providers/Microsoft.ContainerRegistry/registries/acr4aca4keda123579",
            "skip_service_principal_aad_check": null,
            "timeouts": null
          },
          "sensitive_attributes": [],
          "identity_schema_version": 0,
          "private": "eyJlMmJmYjczMC1lY2FhLTExZTYtOGY4OC0zNDM2M2JjN2M0YzAiOnsiY3JlYXRlIjoxODAwMDAwMDAwMDAwLCJkZWxldGUiOjE4MDAwMDAwMDAwMDAsInJlYWQiOjMwMDAwMDAwMDAwMH19",
          "dependencies": [
            "azurerm_container_registry.acr",
            "azurerm_resource_group.rg",
            "azurerm_user_assigned_identity.identity_aca"
          ]
        }
      ]
    },
    {
      "mode": "managed",
      "type": "azurerm_servicebus_namespace",
      "name": "service-bus",
      "provider": "provider[\"registry.terraform.io/hashicorp/azurerm\"]",
      "instances": [
        {
          "schema_version": 1,
          "attributes": {
            "capacity": 0,
            "customer_managed_key": [],
            "default_primary_connection_string": "Endpoint=sb://servicebus-ns-job.servicebus.windows.net/;SharedAccessKeyName=RootManageSharedAccessKey;SharedAccessKey=VReiIEn80690Y2vqKqH/Mm5Day306cUAM+ASbKzNxWw=",
            "default_primary_key": "VReiIEn80690Y2vqKqH/Mm5Day306cUAM+ASbKzNxWw=",
            "default_secondary_connection_string": "Endpoint=sb://servicebus-ns-job.servicebus.windows.net/;SharedAccessKeyName=RootManageSharedAccessKey;SharedAccessKey=JL9A0V8f+gZCG5cGldTc4F0WJTcW4+5DN+ASbKoqU/4=",
            "default_secondary_key": "JL9A0V8f+gZCG5cGldTc4F0WJTcW4+5DN+ASbKoqU/4=",
            "endpoint": "https://servicebus-ns-job.servicebus.windows.net:443/",
            "id": "/subscriptions/dcef7009-6b94-4382-afdc-17eb160d709a/resourceGroups/rg-containerapp-keda-16/providers/Microsoft.ServiceBus/namespaces/servicebus-ns-job",
            "identity": [],
            "local_auth_enabled": true,
            "location": "swedencentral",
            "minimum_tls_version": "1.2",
            "name": "servicebus-ns-job",
            "network_rule_set": [
              {
                "default_action": "Allow",
                "ip_rules": [],
                "network_rules": [],
                "public_network_access_enabled": true,
                "trusted_services_allowed": false
              }
            ],
            "premium_messaging_partitions": 0,
            "public_network_access_enabled": true,
            "resource_group_name": "rg-containerapp-keda-16",
            "sku": "Standard",
            "tags": {},
            "timeouts": null
          },
          "sensitive_attributes": [
            [
              {
                "type": "get_attr",
                "value": "default_primary_connection_string"
              }
            ],
            [
              {
                "type": "get_attr",
                "value": "default_primary_key"
              }
            ],
            [
              {
                "type": "get_attr",
                "value": "default_secondary_connection_string"
              }
            ],
            [
              {
                "type": "get_attr",
                "value": "default_secondary_key"
              }
            ]
          ],
          "identity_schema_version": 0,
          "private": "eyJlMmJmYjczMC1lY2FhLTExZTYtOGY4OC0zNDM2M2JjN2M0YzAiOnsiY3JlYXRlIjoxODAwMDAwMDAwMDAwLCJkZWxldGUiOjE4MDAwMDAwMDAwMDAsInJlYWQiOjMwMDAwMDAwMDAwMCwidXBkYXRlIjoxODAwMDAwMDAwMDAwfSwic2NoZW1hX3ZlcnNpb24iOiIxIn0=",
          "dependencies": [
            "azurerm_resource_group.rg"
          ]
        }
      ]
    },
    {
      "mode": "managed",
      "type": "azurerm_servicebus_queue",
      "name": "queue-messages",
      "provider": "provider[\"registry.terraform.io/hashicorp/azurerm\"]",
      "instances": [
        {
          "schema_version": 0,
          "attributes": {
            "auto_delete_on_idle": "P10675199DT2H48M5.4775807S",
            "batched_operations_enabled": true,
            "dead_lettering_on_message_expiration": false,
            "default_message_ttl": "P10675199DT2H48M5.4775807S",
            "duplicate_detection_history_time_window": "PT10M",
            "express_enabled": false,
            "forward_dead_lettered_messages_to": "",
            "forward_to": "",
            "id": "/subscriptions/dcef7009-6b94-4382-afdc-17eb160d709a/resourceGroups/rg-containerapp-keda-16/providers/Microsoft.ServiceBus/namespaces/servicebus-ns-job/queues/queue-messages",
            "lock_duration": "PT5M",
            "max_delivery_count": 1,
            "max_message_size_in_kilobytes": 256,
            "max_size_in_megabytes": 5120,
            "name": "queue-messages",
            "namespace_id": "/subscriptions/dcef7009-6b94-4382-afdc-17eb160d709a/resourceGroups/rg-containerapp-keda-16/providers/Microsoft.ServiceBus/namespaces/servicebus-ns-job",
            "partitioning_enabled": false,
            "requires_duplicate_detection": false,
            "requires_session": false,
            "status": "Active",
            "timeouts": null
          },
          "sensitive_attributes": [],
          "identity_schema_version": 0,
          "private": "eyJlMmJmYjczMC1lY2FhLTExZTYtOGY4OC0zNDM2M2JjN2M0YzAiOnsiY3JlYXRlIjoxODAwMDAwMDAwMDAwLCJkZWxldGUiOjE4MDAwMDAwMDAwMDAsInJlYWQiOjMwMDAwMDAwMDAwMCwidXBkYXRlIjoxODAwMDAwMDAwMDAwfX0=",
          "dependencies": [
            "azurerm_resource_group.rg",
            "azurerm_servicebus_namespace.service-bus"
          ]
        }
      ]
    },
    {
      "mode": "managed",
      "type": "azurerm_user_assigned_identity",
      "name": "identity_aca",
      "provider": "provider[\"registry.terraform.io/hashicorp/azurerm\"]",
      "instances": [
        {
          "schema_version": 1,
          "attributes": {
            "client_id": "e2c88841-76fd-4306-aaf5-37b45a2ecb3b",
            "id": "/subscriptions/dcef7009-6b94-4382-afdc-17eb160d709a/resourceGroups/rg-containerapp-keda-16/providers/Microsoft.ManagedIdentity/userAssignedIdentities/identity-aca",
            "location": "swedencentral",
            "name": "identity-aca",
            "principal_id": "f77af92b-6501-4684-af10-e49a2ecdf531",
            "resource_group_name": "rg-containerapp-keda-16",
            "tags": {},
            "tenant_id": "93139d1e-a3c1-4d78-9ed5-878be090eba4",
            "timeouts": null
          },
          "sensitive_attributes": [],
          "identity_schema_version": 0,
          "private": "eyJlMmJmYjczMC1lY2FhLTExZTYtOGY4OC0zNDM2M2JjN2M0YzAiOnsiY3JlYXRlIjoxODAwMDAwMDAwMDAwLCJkZWxldGUiOjE4MDAwMDAwMDAwMDAsInJlYWQiOjMwMDAwMDAwMDAwMCwidXBkYXRlIjoxODAwMDAwMDAwMDAwfSwic2NoZW1hX3ZlcnNpb24iOiIxIn0=",
          "dependencies": [
            "azurerm_resource_group.rg"
          ]
        }
      ]
    }
  ],
  "check_results": null
}
