{
  "version": 4,
  "terraform_version": "1.9.8",
  "serial": 42,
  "lineage": "8c31b1d7-2616-9871-5a8c-4ff767dd3b6d",
  "outputs": {
    "app_fqdn": {
      "value": "inspector-gadget.bluedune-060cc901.swedencentral.azurecontainerapps.io",
      "type": "string"
    },
    "custom_domain_name": {
      "value": "app1.internal",
      "type": "string"
    }
  },
  "resources": [
    {
      "mode": "data",
      "type": "azurerm_client_config",
      "name": "current",
      "provider": "provider[\"registry.terraform.io/hashicorp/azurerm\"]",
      "instances": [
        {
          "schema_version": 0,
          "attributes": {
            "client_id": "04b07795-8ddb-461a-bbee-02f9e1bf7b46",
            "id": "Y2xpZW50Q29uZmlncy9jbGllbnRJZD0wNGIwNzc5NS04ZGRiLTQ2MWEtYmJlZS0wMmY5ZTFiZjdiNDY7b2JqZWN0SWQ9ODE3M2M0NWQtMDM1ZS00NjkyLThmNDAtNTQwY2Q1ZmMwZjE4O3N1YnNjcmlwdGlvbklkPWRjZWY3MDA5LTZiOTQtNDM4Mi1hZmRjLTE3ZWIxNjBkNzA5YTt0ZW5hbnRJZD05MzEzOWQxZS1hM2MxLTRkNzgtOWVkNS04NzhiZTA5MGViYTQ=",
            "object_id": "8173c45d-035e-4692-8f40-540cd5fc0f18",
            "subscription_id": "dcef7009-6b94-4382-afdc-17eb160d709a",
            "tenant_id": "93139d1e-a3c1-4d78-9ed5-878be090eba4",
            "timeouts": null
          },
          "sensitive_attributes": []
        }
      ]
    },
    {
      "mode": "managed",
      "type": "azurerm_bastion_host",
      "name": "bastion",
      "provider": "provider[\"registry.terraform.io/hashicorp/azurerm\"]",
      "instances": [
        {
          "schema_version": 0,
          "attributes": {
            "copy_paste_enabled": true,
            "dns_name": "bst-f0597ca4-6440-43fe-b3f2-c5545ec1e076.bastion.azure.com",
            "file_copy_enabled": false,
            "id": "/subscriptions/dcef7009-6b94-4382-afdc-17eb160d709a/resourceGroups/rg-aca-dns-appgw-23/providers/Microsoft.Network/bastionHosts/bastion",
            "ip_configuration": [
              {
                "name": "configuration",
                "public_ip_address_id": "/subscriptions/dcef7009-6b94-4382-afdc-17eb160d709a/resourceGroups/rg-aca-dns-appgw-23/providers/Microsoft.Network/publicIPAddresses/pip-bastion",
                "subnet_id": "/subscriptions/dcef7009-6b94-4382-afdc-17eb160d709a/resourceGroups/rg-aca-dns-appgw-23/providers/Microsoft.Network/virtualNetworks/vnet-internal/subnets/AzureBastionSubnet"
              }
            ],
            "ip_connect_enabled": false,
            "kerberos_enabled": false,
            "location": "swedencentral",
            "name": "bastion",
            "resource_group_name": "rg-aca-dns-appgw-23",
            "scale_units": 2,
            "session_recording_enabled": false,
            "shareable_link_enabled": false,
            "sku": "Basic",
            "tags": {},
            "timeouts": null,
            "tunneling_enabled": false,
            "virtual_network_id": ""
          },
          "sensitive_attributes": [],
          "private": "eyJlMmJmYjczMC1lY2FhLTExZTYtOGY4OC0zNDM2M2JjN2M0YzAiOnsiY3JlYXRlIjoxODAwMDAwMDAwMDAwLCJkZWxldGUiOjE4MDAwMDAwMDAwMDAsInJlYWQiOjMwMDAwMDAwMDAwMCwidXBkYXRlIjoxODAwMDAwMDAwMDAwfX0=",
          "dependencies": [
            "azurerm_public_ip.pip-bastion",
            "azurerm_resource_group.rg",
            "azurerm_subnet.snet-bastion",
            "azurerm_virtual_network.vnet"
          ]
        }
      ]
    },
    {
      "mode": "managed",
      "type": "azurerm_container_app",
      "name": "app",
      "provider": "provider[\"registry.terraform.io/hashicorp/azurerm\"]",
      "instances": [
        {
          "schema_version": 0,
          "attributes": {
            "container_app_environment_id": "/subscriptions/dcef7009-6b94-4382-afdc-17eb160d709a/resourceGroups/rg-aca-dns-appgw-23/providers/Microsoft.App/managedEnvironments/aca-environment",
            "custom_domain_verification_id": "12A824F56ADC4DBFA2BAB33D11CF904692CB9810204E47093CF78548458D595C",
            "dapr": [],
            "id": "/subscriptions/dcef7009-6b94-4382-afdc-17eb160d709a/resourceGroups/rg-aca-dns-appgw-23/providers/Microsoft.App/containerApps/inspector-gadget",
            "identity": [],
            "ingress": [
              {
                "allow_insecure_connections": false,
                "custom_domain": [],
                "exposed_port": 0,
                "external_enabled": true,
                "fqdn": "inspector-gadget.bluedune-060cc901.swedencentral.azurecontainerapps.io",
                "ip_security_restriction": [],
                "target_port": 80,
                "traffic_weight": [
                  {
                    "label": "",
                    "latest_revision": true,
                    "percentage": 100,
                    "revision_suffix": ""
                  }
                ],
                "transport": "auto"
              }
            ],
            "latest_revision_fqdn": "inspector-gadget--4rniuiz.bluedune-060cc901.swedencentral.azurecontainerapps.io",
            "latest_revision_name": "inspector-gadget--4rniuiz",
            "location": "swedencentral",
            "max_inactive_revisions": 0,
            "name": "inspector-gadget",
            "outbound_ip_addresses": [],
            "registry": [],
            "resource_group_name": "rg-aca-dns-appgw-23",
            "revision_mode": "Single",
            "secret": [],
            "tags": {},
            "template": [
              {
                "azure_queue_scale_rule": [],
                "container": [
                  {
                    "args": [],
                    "command": [],
                    "cpu": 0.25,
                    "env": [],
                    "ephemeral_storage": "1Gi",
                    "image": "jelledruyts/inspectorgadget",
                    "liveness_probe": [],
                    "memory": "0.5Gi",
                    "name": "inspector-gadget",
                    "readiness_probe": [],
                    "startup_probe": [],
                    "volume_mounts": []
                  }
                ],
                "custom_scale_rule": [],
                "http_scale_rule": [],
                "init_container": [],
                "max_replicas": 3,
                "min_replicas": 1,
                "revision_suffix": "",
                "tcp_scale_rule": [],
                "volume": []
              }
            ],
            "timeouts": null,
            "workload_profile_name": "profile-D4"
          },
          "sensitive_attributes": [
            [
              {
                "type": "get_attr",
                "value": "custom_domain_verification_id"
              }
            ]
          ],
          "private": "eyJlMmJmYjczMC1lY2FhLTExZTYtOGY4OC0zNDM2M2JjN2M0YzAiOnsiY3JlYXRlIjoxODAwMDAwMDAwMDAwLCJkZWxldGUiOjE4MDAwMDAwMDAwMDAsInJlYWQiOjMwMDAwMDAwMDAwMCwidXBkYXRlIjoxODAwMDAwMDAwMDAwfX0=",
          "dependencies": [
            "azurerm_container_app_environment.env",
            "azurerm_resource_group.rg",
            "azurerm_subnet.snet-aca",
            "azurerm_virtual_network.vnet"
          ]
        }
      ]
    },
    {
      "mode": "managed",
      "type": "azurerm_container_app",
      "name": "app-consumption",
      "provider": "provider[\"registry.terraform.io/hashicorp/azurerm\"]",
      "instances": [
        {
          "schema_version": 0,
          "attributes": {
            "container_app_environment_id": "/subscriptions/dcef7009-6b94-4382-afdc-17eb160d709a/resourceGroups/rg-aca-dns-appgw-23/providers/Microsoft.App/managedEnvironments/aca-environment",
            "custom_domain_verification_id": "12A824F56ADC4DBFA2BAB33D11CF904692CB9810204E47093CF78548458D595C",
            "dapr": [],
            "id": "/subscriptions/dcef7009-6b94-4382-afdc-17eb160d709a/resourceGroups/rg-aca-dns-appgw-23/providers/Microsoft.App/containerApps/nginx-consumption",
            "identity": [],
            "ingress": [
              {
                "allow_insecure_connections": false,
                "custom_domain": [],
                "exposed_port": 0,
                "external_enabled": true,
                "fqdn": "nginx-consumption.bluedune-060cc901.swedencentral.azurecontainerapps.io",
                "ip_security_restriction": [],
                "target_port": 80,
                "traffic_weight": [
                  {
                    "label": "",
                    "latest_revision": true,
                    "percentage": 100,
                    "revision_suffix": ""
                  }
                ],
                "transport": "auto"
              }
            ],
            "latest_revision_fqdn": "nginx-consumption--7u7unuj.bluedune-060cc901.swedencentral.azurecontainerapps.io",
            "latest_revision_name": "nginx-consumption--7u7unuj",
            "location": "swedencentral",
            "max_inactive_revisions": 0,
            "name": "nginx-consumption",
            "outbound_ip_addresses": [],
            "registry": [],
            "resource_group_name": "rg-aca-dns-appgw-23",
            "revision_mode": "Single",
            "secret": [],
            "tags": null,
            "template": [
              {
                "azure_queue_scale_rule": [],
                "container": [
                  {
                    "args": null,
                    "command": null,
                    "cpu": 0.25,
                    "env": [],
                    "ephemeral_storage": "1Gi",
                    "image": "nginx",
                    "liveness_probe": [],
                    "memory": "0.5Gi",
                    "name": "nginx",
                    "readiness_probe": [],
                    "startup_probe": [],
                    "volume_mounts": []
                  }
                ],
                "custom_scale_rule": [],
                "http_scale_rule": [],
                "init_container": [],
                "max_replicas": 3,
                "min_replicas": 1,
                "revision_suffix": "",
                "tcp_scale_rule": [],
                "volume": []
              }
            ],
            "timeouts": null,
            "workload_profile_name": "Consumption"
          },
          "sensitive_attributes": [
            [
              {
                "type": "get_attr",
                "value": "custom_domain_verification_id"
              }
            ]
          ],
          "private": "eyJlMmJmYjczMC1lY2FhLTExZTYtOGY4OC0zNDM2M2JjN2M0YzAiOnsiY3JlYXRlIjoxODAwMDAwMDAwMDAwLCJkZWxldGUiOjE4MDAwMDAwMDAwMDAsInJlYWQiOjMwMDAwMDAwMDAwMCwidXBkYXRlIjoxODAwMDAwMDAwMDAwfX0=",
          "dependencies": [
            "azurerm_container_app_environment.env",
            "azurerm_resource_group.rg",
            "azurerm_subnet.snet-aca",
            "azurerm_virtual_network.vnet"
          ]
        }
      ]
    },
    {
      "mode": "managed",
      "type": "azurerm_container_app_environment",
      "name": "env",
      "provider": "provider[\"registry.terraform.io/hashicorp/azurerm\"]",
      "instances": [
        {
          "schema_version": 0,
          "attributes": {
            "custom_domain_verification_id": "12A824F56ADC4DBFA2BAB33D11CF904692CB9810204E47093CF78548458D595C",
            "dapr_application_insights_connection_string": "",
            "default_domain": "bluedune-060cc901.swedencentral.azurecontainerapps.io",
            "docker_bridge_cidr": "",
            "id": "/subscriptions/dcef7009-6b94-4382-afdc-17eb160d709a/resourceGroups/rg-aca-dns-appgw-23/providers/Microsoft.App/managedEnvironments/aca-environment",
            "infrastructure_resource_group_name": "ME_aca-environment_rg-aca-dns-appgw-23_swedencentral",
            "infrastructure_subnet_id": "/subscriptions/dcef7009-6b94-4382-afdc-17eb160d709a/resourceGroups/rg-aca-dns-appgw-23/providers/Microsoft.Network/virtualNetworks/vnet-internal/subnets/snet-aca",
            "internal_load_balancer_enabled": true,
            "location": "swedencentral",
            "log_analytics_workspace_id": "",
            "mutual_tls_enabled": false,
            "name": "aca-environment",
            "platform_reserved_cidr": "",
            "platform_reserved_dns_ip_address": "",
            "resource_group_name": "rg-aca-dns-appgw-23",
            "static_ip_address": "10.0.1.13",
            "tags": {},
            "timeouts": null,
            "workload_profile": [
              {
                "maximum_count": 1,
                "minimum_count": 1,
                "name": "profile-D4",
                "workload_profile_type": "D4"
              }
            ],
            "zone_redundancy_enabled": true
          },
          "sensitive_attributes": [
            [
              {
                "type": "get_attr",
                "value": "dapr_application_insights_connection_string"
              }
            ]
          ],
          "private": "eyJlMmJmYjczMC1lY2FhLTExZTYtOGY4OC0zNDM2M2JjN2M0YzAiOnsiY3JlYXRlIjoxODAwMDAwMDAwMDAwLCJkZWxldGUiOjE4MDAwMDAwMDAwMDAsInJlYWQiOjMwMDAwMDAwMDAwMCwidXBkYXRlIjoxODAwMDAwMDAwMDAwfX0=",
          "dependencies": [
            "azurerm_resource_group.rg",
            "azurerm_subnet.snet-aca",
            "azurerm_virtual_network.vnet"
          ]
        }
      ]
    },
    {
      "mode": "managed",
      "type": "azurerm_key_vault",
      "name": "keyvault",
      "provider": "provider[\"registry.terraform.io/hashicorp/azurerm\"]",
      "instances": [
        {
          "schema_version": 2,
          "attributes": {
            "access_policy": [],
            "contact": [],
            "enable_rbac_authorization": true,
            "enabled_for_deployment": false,
            "enabled_for_disk_encryption": false,
            "enabled_for_template_deployment": false,
            "id": "/subscriptions/dcef7009-6b94-4382-afdc-17eb160d709a/resourceGroups/rg-aca-dns-appgw-23/providers/Microsoft.KeyVault/vaults/kv-appgw-glb87",
            "location": "swedencentral",
            "name": "kv-appgw-glb87",
            "network_acls": [
              {
                "bypass": "AzureServices",
                "default_action": "Allow",
                "ip_rules": [],
                "virtual_network_subnet_ids": []
              }
            ],
            "public_network_access_enabled": true,
            "purge_protection_enabled": false,
            "resource_group_name": "rg-aca-dns-appgw-23",
            "sku_name": "standard",
            "soft_delete_retention_days": 7,
            "tags": {},
            "tenant_id": "93139d1e-a3c1-4d78-9ed5-878be090eba4",
            "timeouts": null,
            "vault_uri": "https://kv-appgw-glb87.vault.azure.net/"
          },
          "sensitive_attributes": [],
          "private": "eyJlMmJmYjczMC1lY2FhLTExZTYtOGY4OC0zNDM2M2JjN2M0YzAiOnsiY3JlYXRlIjoxODAwMDAwMDAwMDAwLCJkZWxldGUiOjE4MDAwMDAwMDAwMDAsInJlYWQiOjMwMDAwMDAwMDAwMCwidXBkYXRlIjoxODAwMDAwMDAwMDAwfSwic2NoZW1hX3ZlcnNpb24iOiIyIn0=",
          "dependencies": [
            "azurerm_resource_group.rg",
            "data.azurerm_client_config.current",
            "random_string.random"
          ]
        }
      ]
    },
    {
      "mode": "managed",
      "type": "azurerm_key_vault_certificate",
      "name": "local_domain_certs",
      "provider": "provider[\"registry.terraform.io/hashicorp/azurerm\"]",
      "instances": [
        {
          "schema_version": 0,
          "attributes": {
            "certificate": [],
            "certificate_attribute": [
              {
                "created": "2024-10-22T08:06:35Z",
                "enabled": true,
                "expires": "2025-10-22T08:06:35Z",
                "not_before": "2024-10-22T07:56:35Z",
                "recovery_level": "CustomizedRecoverable+Purgeable",
                "updated": "2024-10-22T08:06:35Z"
              }
            ],
            "certificate_data": "3082034830820230A00302010202104DEF53A1ADCF49FCB517CB07F03949C4300D06092A864886F70D01010B05003018311630140603550403130D617070312E696E7465726E616C301E170D3234313032323037353633355A170D3235313032323038303633355A3018311630140603550403130D617070312E696E7465726E616C30820122300D06092A864886F70D01010105000382010F003082010A0282010100D348D903E232F89437E1B57985652CD9ED528E036506877E376B6220C794D0CA04DF9DB2256C7909EA94CEB27ABB184CF436C41F9C197A9C57525682952633AD12E938D3BE590B96D80275419784E4C3D20962423D5C3AD1C99DB4C7053E8DAB8F5FACF9ACC758287F75F092F873611FE3D2B02003E9A342C03DDB15C07E51A91F419BE1767729CC8ED4374FE163A96DC01ECB3A7B668D669DC854A6FC1A7E6B82F14B23BF054239433E28A08BCDE64EF20C35E5157A62421803A4180B305CAF55D081CF5C0DEB23478609263BFE93EF6A42D51F1C8B5C330A06D13B4BF98D354D00A197F0FDB35803AEBECE2B3B2867ED1C344111CEB493EC6CAF584022B87D0203010001A3818D30818A300E0603551D0F0101FF0404030205A030090603551D130402300030130603551D25040C300A06082B0601050507030130180603551D110411300F820D617070312E696E7465726E616C301F0603551D230418301680144146AAF0E59484D433320465DFC9D32576D4D0E6301D0603551D0E041604144146AAF0E59484D433320465DFC9D32576D4D0E6300D06092A864886F70D01010B050003820101008293C47F2B7267F1A490815B067DEAFF4E0BBA160C262A08BCE60F5A0168A4E63A318465C0406F9AD04806D5D32790069C694CD6A0CE6113781AC49E7E064BCEE0CD7EB28AAB7D2E31943E3E4C42C3028087251B3BBD88BCE0BA491DCCEA8BA8547E2FAF58DCC8581DFBF3C9F4152EAF9C4745B81D9F1F14B5A02FDD526ECB3F4105E3C0FEBB2A9501D5B7CE5094275388523AA80F8AA30686B33C50EFD5B6E16E18BC4924A1EA08BFE147323933C66C5FBE1F551AFFE72328249C984512079E7F6152E3775E65CF81039E5189C1ABD436221E0528016F5C90A48B91E2F6923222A78ADD93013C096E1E7A34AB202C0070FB9AFBB9EA811A30A51C90DC6EA2AA",
            "certificate_data_base64": "MIIDSDCCAjCgAwIBAgIQTe9Toa3PSfy1F8sH8DlJxDANBgkqhkiG9w0BAQsFADAYMRYwFAYDVQQDEw1hcHAxLmludGVybmFsMB4XDTI0MTAyMjA3NTYzNVoXDTI1MTAyMjA4MDYzNVowGDEWMBQGA1UEAxMNYXBwMS5pbnRlcm5hbDCCASIwDQYJKoZIhvcNAQEBBQADggEPADCCAQoCggEBANNI2QPiMviUN+G1eYVlLNntUo4DZQaHfjdrYiDHlNDKBN+dsiVseQnqlM6yersYTPQ2xB+cGXqcV1JWgpUmM60S6TjTvlkLltgCdUGXhOTD0gliQj1cOtHJnbTHBT6Nq49frPmsx1gof3XwkvhzYR/j0rAgA+mjQsA92xXAflGpH0Gb4XZ3KcyO1DdP4WOpbcAeyzp7Zo1mnchUpvwafmuC8UsjvwVCOUM+KKCLzeZO8gw15RV6YkIYA6QYCzBcr1XQgc9cDesjR4YJJjv+k+9qQtUfHItcMwoG0TtL+Y01TQChl/D9s1gDrr7OKzsoZ+0cNEERzrST7GyvWEAiuH0CAwEAAaOBjTCBijAOBgNVHQ8BAf8EBAMCBaAwCQYDVR0TBAIwADATBgNVHSUEDDAKBggrBgEFBQcDATAYBgNVHREEETAPgg1hcHAxLmludGVybmFsMB8GA1UdIwQYMBaAFEFGqvDllITUMzIEZd/J0yV21NDmMB0GA1UdDgQWBBRBRqrw5ZSE1DMyBGXfydMldtTQ5jANBgkqhkiG9w0BAQsFAAOCAQEAgpPEfytyZ/GkkIFbBn3q/04LuhYMJioIvOYPWgFopOY6MYRlwEBvmtBIBtXTJ5AGnGlM1qDOYRN4GsSefgZLzuDNfrKKq30uMZQ+PkxCwwKAhyUbO72IvOC6SR3M6ouoVH4vr1jcyFgd+/PJ9BUur5xHRbgdnx8UtaAv3VJuyz9BBePA/rsqlQHVt85QlCdTiFI6qA+KowaGszxQ79W24W4YvEkkoeoIv+FHMjkzxmxfvh9VGv/nIygknJhFEgeef2FS43deZc+BA55RicGr1DYiHgUoAW9ckKSLkeL2kjIip4rdkwE8CW4eejSrICwAcPua+7nqgRowpRyQ3G6iqg==",
            "certificate_policy": [
              {
                "issuer_parameters": [
                  {
                    "name": "Self"
                  }
                ],
                "key_properties": [
                  {
                    "curve": "",
                    "exportable": true,
                    "key_size": 2048,
                    "key_type": "RSA",
                    "reuse_key": true
                  }
                ],
                "lifetime_action": [
                  {
                    "action": [
                      {
                        "action_type": "AutoRenew"
                      }
                    ],
                    "trigger": [
                      {
                        "days_before_expiry": 30,
                        "lifetime_percentage": 0
                      }
                    ]
                  }
                ],
                "secret_properties": [
                  {
                    "content_type": "application/x-pkcs12"
                  }
                ],
                "x509_certificate_properties": [
                  {
                    "extended_key_usage": [
                      "1.3.6.1.5.5.7.3.1"
                    ],
                    "key_usage": [
                      "digitalSignature",
                      "keyEncipherment"
                    ],
                    "subject": "CN=app1.internal",
                    "subject_alternative_names": [
                      {
                        "dns_names": [
                          "app1.internal"
                        ],
                        "emails": [],
                        "upns": []
                      }
                    ],
                    "validity_in_months": 12
                  }
                ]
              }
            ],
            "id": "https://kv-appgw-glb87.vault.azure.net/certificates/app1-internal/c89468a5da324ca2a03828a87bd0a931",
            "key_vault_id": "/subscriptions/dcef7009-6b94-4382-afdc-17eb160d709a/resourceGroups/rg-aca-dns-appgw-23/providers/Microsoft.KeyVault/vaults/kv-appgw-glb87",
            "name": "app1-internal",
            "resource_manager_id": "/subscriptions/dcef7009-6b94-4382-afdc-17eb160d709a/resourceGroups/rg-aca-dns-appgw-23/providers/Microsoft.KeyVault/vaults/kv-appgw-glb87/certificates/app1-internal/versions/c89468a5da324ca2a03828a87bd0a931",
            "resource_manager_versionless_id": "/subscriptions/dcef7009-6b94-4382-afdc-17eb160d709a/resourceGroups/rg-aca-dns-appgw-23/providers/Microsoft.KeyVault/vaults/kv-appgw-glb87/certificates/app1-internal",
            "secret_id": "https://kv-appgw-glb87.vault.azure.net/secrets/app1-internal/c89468a5da324ca2a03828a87bd0a931",
            "tags": {},
            "thumbprint": "37C2C3D48CA873839FA0F94F1EED2C9CD052B6CC",
            "timeouts": null,
            "version": "c89468a5da324ca2a03828a87bd0a931",
            "versionless_id": "https://kv-appgw-glb87.vault.azure.net/certificates/app1-internal",
            "versionless_secret_id": "https://kv-appgw-glb87.vault.azure.net/secrets/app1-internal"
          },
          "sensitive_attributes": [],
          "private": "eyJlMmJmYjczMC1lY2FhLTExZTYtOGY4OC0zNDM2M2JjN2M0YzAiOnsiY3JlYXRlIjozNjAwMDAwMDAwMDAwLCJkZWxldGUiOjE4MDAwMDAwMDAwMDAsInJlYWQiOjE4MDAwMDAwMDAwMDAsInVwZGF0ZSI6MTgwMDAwMDAwMDAwMH19",
          "dependencies": [
            "azurerm_key_vault.keyvault",
            "azurerm_resource_group.rg",
            "azurerm_role_assignment.role-certificates-officer",
            "data.azurerm_client_config.current",
            "random_string.random"
          ]
        }
      ]
    },
    {
      "mode": "managed",
      "type": "azurerm_network_interface",
      "name": "nic-vm-windows",
      "provider": "provider[\"registry.terraform.io/hashicorp/azurerm\"]",
      "instances": [
        {
          "schema_version": 0,
          "attributes": {
            "accelerated_networking_enabled": false,
            "applied_dns_servers": [],
            "auxiliary_mode": "",
            "auxiliary_sku": "",
            "dns_servers": [],
            "edge_zone": "",
            "id": "/subscriptions/dcef7009-6b94-4382-afdc-17eb160d709a/resourceGroups/rg-aca-dns-appgw-23/providers/Microsoft.Network/networkInterfaces/nic-vm-windows",
            "internal_dns_name_label": "",
            "internal_domain_name_suffix": "1u1kf1rxpdqetlfi43ansjolkb.gvxx.internal.cloudapp.net",
            "ip_configuration": [
              {
                "gateway_load_balancer_frontend_ip_configuration_id": "",
                "name": "internal",
                "primary": true,
                "private_ip_address": "10.0.3.4",
                "private_ip_address_allocation": "Dynamic",
                "private_ip_address_version": "IPv4",
                "public_ip_address_id": "",
                "subnet_id": "/subscriptions/dcef7009-6b94-4382-afdc-17eb160d709a/resourceGroups/rg-aca-dns-appgw-23/providers/Microsoft.Network/virtualNetworks/vnet-internal/subnets/snet-jumpbox"
              }
            ],
            "ip_forwarding_enabled": false,
            "location": "swedencentral",
            "mac_address": "7C-1E-52-33-C3-22",
            "name": "nic-vm-windows",
            "private_ip_address": "10.0.3.4",
            "private_ip_addresses": [
              "10.0.3.4"
            ],
            "resource_group_name": "rg-aca-dns-appgw-23",
            "tags": {},
            "timeouts": null,
            "virtual_machine_id": "/subscriptions/dcef7009-6b94-4382-afdc-17eb160d709a/resourceGroups/rg-aca-dns-appgw-23/providers/Microsoft.Compute/virtualMachines/vm-windows-w11"
          },
          "sensitive_attributes": [],
          "private": "eyJlMmJmYjczMC1lY2FhLTExZTYtOGY4OC0zNDM2M2JjN2M0YzAiOnsiY3JlYXRlIjoxODAwMDAwMDAwMDAwLCJkZWxldGUiOjE4MDAwMDAwMDAwMDAsInJlYWQiOjMwMDAwMDAwMDAwMCwidXBkYXRlIjoxODAwMDAwMDAwMDAwfX0=",
          "dependencies": [
            "azurerm_resource_group.rg",
            "azurerm_subnet.snet-jumpbox",
            "azurerm_virtual_network.vnet"
          ]
        }
      ]
    },
    {
      "mode": "managed",
      "type": "azurerm_private_dns_a_record",
      "name": "a-record-aca",
      "provider": "provider[\"registry.terraform.io/hashicorp/azurerm\"]",
      "instances": [
        {
          "schema_version": 0,
          "attributes": {
            "fqdn": "bluedune-060cc901.swedencentral.azurecontainerapps.io.",
            "id": "/subscriptions/dcef7009-6b94-4382-afdc-17eb160d709a/resourceGroups/rg-aca-dns-appgw-23/providers/Microsoft.Network/privateDnsZones/bluedune-060cc901.swedencentral.azurecontainerapps.io/A/@",
            "name": "@",
            "records": [
              "10.0.1.13"
            ],
            "resource_group_name": "rg-aca-dns-appgw-23",
            "tags": {},
            "timeouts": null,
            "ttl": 300,
            "zone_name": "bluedune-060cc901.swedencentral.azurecontainerapps.io"
          },
          "sensitive_attributes": [],
          "private": "eyJlMmJmYjczMC1lY2FhLTExZTYtOGY4OC0zNDM2M2JjN2M0YzAiOnsiY3JlYXRlIjoxODAwMDAwMDAwMDAwLCJkZWxldGUiOjE4MDAwMDAwMDAwMDAsInJlYWQiOjMwMDAwMDAwMDAwMCwidXBkYXRlIjoxODAwMDAwMDAwMDAwfX0=",
          "dependencies": [
            "azurerm_container_app_environment.env",
            "azurerm_private_dns_zone.private-dns-zone-aca",
            "azurerm_resource_group.rg",
            "azurerm_subnet.snet-aca",
            "azurerm_virtual_network.vnet"
          ]
        }
      ]
    },
    {
      "mode": "managed",
      "type": "azurerm_private_dns_a_record",
      "name": "a-record-app",
      "provider": "provider[\"registry.terraform.io/hashicorp/azurerm\"]",
      "instances": [
        {
          "schema_version": 0,
          "attributes": {
            "fqdn": "app1.internal.",
            "id": "/subscriptions/dcef7009-6b94-4382-afdc-17eb160d709a/resourceGroups/rg-aca-dns-appgw-23/providers/Microsoft.Network/privateDnsZones/app1.internal/A/@",
            "name": "@",
            "records": [
              "10.0.0.10"
            ],
            "resource_group_name": "rg-aca-dns-appgw-23",
            "tags": {},
            "timeouts": null,
            "ttl": 300,
            "zone_name": "app1.internal"
          },
          "sensitive_attributes": [],
          "private": "eyJlMmJmYjczMC1lY2FhLTExZTYtOGY4OC0zNDM2M2JjN2M0YzAiOnsiY3JlYXRlIjoxODAwMDAwMDAwMDAwLCJkZWxldGUiOjE4MDAwMDAwMDAwMDAsInJlYWQiOjMwMDAwMDAwMDAwMCwidXBkYXRlIjoxODAwMDAwMDAwMDAwfX0=",
          "dependencies": [
            "azurerm_private_dns_zone.private-dns-zone-apps",
            "azurerm_resource_group.rg"
          ]
        }
      ]
    },
    {
      "mode": "managed",
      "type": "azurerm_private_dns_a_record",
      "name": "a-record-wild-card",
      "provider": "provider[\"registry.terraform.io/hashicorp/azurerm\"]",
      "instances": [
        {
          "schema_version": 0,
          "attributes": {
            "fqdn": "*.bluedune-060cc901.swedencentral.azurecontainerapps.io.",
            "id": "/subscriptions/dcef7009-6b94-4382-afdc-17eb160d709a/resourceGroups/rg-aca-dns-appgw-23/providers/Microsoft.Network/privateDnsZones/bluedune-060cc901.swedencentral.azurecontainerapps.io/A/*",
            "name": "*",
            "records": [
              "10.0.1.13"
            ],
            "resource_group_name": "rg-aca-dns-appgw-23",
            "tags": {},
            "timeouts": null,
            "ttl": 300,
            "zone_name": "bluedune-060cc901.swedencentral.azurecontainerapps.io"
          },
          "sensitive_attributes": [],
          "private": "eyJlMmJmYjczMC1lY2FhLTExZTYtOGY4OC0zNDM2M2JjN2M0YzAiOnsiY3JlYXRlIjoxODAwMDAwMDAwMDAwLCJkZWxldGUiOjE4MDAwMDAwMDAwMDAsInJlYWQiOjMwMDAwMDAwMDAwMCwidXBkYXRlIjoxODAwMDAwMDAwMDAwfX0=",
          "dependencies": [
            "azurerm_container_app_environment.env",
            "azurerm_private_dns_zone.private-dns-zone-aca",
            "azurerm_resource_group.rg",
            "azurerm_subnet.snet-aca",
            "azurerm_virtual_network.vnet"
          ]
        }
      ]
    },
    {
      "mode": "managed",
      "type": "azurerm_private_dns_zone",
      "name": "private-dns-zone-aca",
      "provider": "provider[\"registry.terraform.io/hashicorp/azurerm\"]",
      "instances": [
        {
          "schema_version": 0,
          "attributes": {
            "id": "/subscriptions/dcef7009-6b94-4382-afdc-17eb160d709a/resourceGroups/rg-aca-dns-appgw-23/providers/Microsoft.Network/privateDnsZones/bluedune-060cc901.swedencentral.azurecontainerapps.io",
            "max_number_of_record_sets": 25000,
            "max_number_of_virtual_network_links": 1000,
            "max_number_of_virtual_network_links_with_registration": 100,
            "name": "bluedune-060cc901.swedencentral.azurecontainerapps.io",
            "number_of_record_sets": 3,
            "resource_group_name": "rg-aca-dns-appgw-23",
            "soa_record": [
              {
                "email": "azureprivatedns-host.microsoft.com",
                "expire_time": 2419200,
                "fqdn": "bluedune-060cc901.swedencentral.azurecontainerapps.io.",
                "host_name": "azureprivatedns.net",
                "minimum_ttl": 10,
                "refresh_time": 3600,
                "retry_time": 300,
                "serial_number": 1,
                "tags": {},
                "ttl": 3600
              }
            ],
            "tags": {},
            "timeouts": null
          },
          "sensitive_attributes": [],
          "private": "eyJlMmJmYjczMC1lY2FhLTExZTYtOGY4OC0zNDM2M2JjN2M0YzAiOnsiY3JlYXRlIjoxODAwMDAwMDAwMDAwLCJkZWxldGUiOjE4MDAwMDAwMDAwMDAsInJlYWQiOjMwMDAwMDAwMDAwMCwidXBkYXRlIjoxODAwMDAwMDAwMDAwfX0=",
          "dependencies": [
            "azurerm_container_app_environment.env",
            "azurerm_resource_group.rg",
            "azurerm_subnet.snet-aca",
            "azurerm_virtual_network.vnet"
          ]
        }
      ]
    },
    {
      "mode": "managed",
      "type": "azurerm_private_dns_zone",
      "name": "private-dns-zone-apps",
      "provider": "provider[\"registry.terraform.io/hashicorp/azurerm\"]",
      "instances": [
        {
          "schema_version": 0,
          "attributes": {
            "id": "/subscriptions/dcef7009-6b94-4382-afdc-17eb160d709a/resourceGroups/rg-aca-dns-appgw-23/providers/Microsoft.Network/privateDnsZones/app1.internal",
            "max_number_of_record_sets": 25000,
            "max_number_of_virtual_network_links": 1000,
            "max_number_of_virtual_network_links_with_registration": 100,
            "name": "app1.internal",
            "number_of_record_sets": 2,
            "resource_group_name": "rg-aca-dns-appgw-23",
            "soa_record": [
              {
                "email": "azureprivatedns-host.microsoft.com",
                "expire_time": 2419200,
                "fqdn": "app1.internal.",
                "host_name": "azureprivatedns.net",
                "minimum_ttl": 10,
                "refresh_time": 3600,
                "retry_time": 300,
                "serial_number": 1,
                "tags": {},
                "ttl": 3600
              }
            ],
            "tags": {},
            "timeouts": null
          },
          "sensitive_attributes": [],
          "private": "eyJlMmJmYjczMC1lY2FhLTExZTYtOGY4OC0zNDM2M2JjN2M0YzAiOnsiY3JlYXRlIjoxODAwMDAwMDAwMDAwLCJkZWxldGUiOjE4MDAwMDAwMDAwMDAsInJlYWQiOjMwMDAwMDAwMDAwMCwidXBkYXRlIjoxODAwMDAwMDAwMDAwfX0=",
          "dependencies": [
            "azurerm_resource_group.rg"
          ]
        }
      ]
    },
    {
      "mode": "managed",
      "type": "azurerm_private_dns_zone",
      "name": "private_dns_zone_keyvault",
      "provider": "provider[\"registry.terraform.io/hashicorp/azurerm\"]",
      "instances": [
        {
          "schema_version": 0,
          "attributes": {
            "id": "/subscriptions/dcef7009-6b94-4382-afdc-17eb160d709a/resourceGroups/rg-aca-dns-appgw-23/providers/Microsoft.Network/privateDnsZones/privatelink.vaultcore.azure.net",
            "max_number_of_record_sets": 25000,
            "max_number_of_virtual_network_links": 1000,
            "max_number_of_virtual_network_links_with_registration": 100,
            "name": "privatelink.vaultcore.azure.net",
            "number_of_record_sets": 2,
            "resource_group_name": "rg-aca-dns-appgw-23",
            "soa_record": [
              {
                "email": "azureprivatedns-host.microsoft.com",
                "expire_time": 2419200,
                "fqdn": "privatelink.vaultcore.azure.net.",
                "host_name": "azureprivatedns.net",
                "minimum_ttl": 10,
                "refresh_time": 3600,
                "retry_time": 300,
                "serial_number": 1,
                "tags": {},
                "ttl": 3600
              }
            ],
            "tags": {},
            "timeouts": null
          },
          "sensitive_attributes": [],
          "private": "eyJlMmJmYjczMC1lY2FhLTExZTYtOGY4OC0zNDM2M2JjN2M0YzAiOnsiY3JlYXRlIjoxODAwMDAwMDAwMDAwLCJkZWxldGUiOjE4MDAwMDAwMDAwMDAsInJlYWQiOjMwMDAwMDAwMDAwMCwidXBkYXRlIjoxODAwMDAwMDAwMDAwfX0=",
          "dependencies": [
            "azurerm_resource_group.rg"
          ]
        }
      ]
    },
    {
      "mode": "managed",
      "type": "azurerm_private_dns_zone_virtual_network_link",
      "name": "dns-keyvault",
      "provider": "provider[\"registry.terraform.io/hashicorp/azurerm\"]",
      "instances": [
        {
          "schema_version": 0,
          "attributes": {
            "id": "/subscriptions/dcef7009-6b94-4382-afdc-17eb160d709a/resourceGroups/rg-aca-dns-appgw-23/providers/Microsoft.Network/privateDnsZones/privatelink.vaultcore.azure.net/virtualNetworkLinks/dns-keyvault",
            "name": "dns-keyvault",
            "private_dns_zone_name": "privatelink.vaultcore.azure.net",
            "registration_enabled": false,
            "resource_group_name": "rg-aca-dns-appgw-23",
            "tags": {},
            "timeouts": null,
            "virtual_network_id": "/subscriptions/dcef7009-6b94-4382-afdc-17eb160d709a/resourceGroups/rg-aca-dns-appgw-23/providers/Microsoft.Network/virtualNetworks/vnet-internal"
          },
          "sensitive_attributes": [],
          "private": "eyJlMmJmYjczMC1lY2FhLTExZTYtOGY4OC0zNDM2M2JjN2M0YzAiOnsiY3JlYXRlIjoxODAwMDAwMDAwMDAwLCJkZWxldGUiOjE4MDAwMDAwMDAwMDAsInJlYWQiOjMwMDAwMDAwMDAwMCwidXBkYXRlIjoxODAwMDAwMDAwMDAwfX0=",
          "dependencies": [
            "azurerm_private_dns_zone.private_dns_zone_keyvault",
            "azurerm_resource_group.rg",
            "azurerm_virtual_network.vnet"
          ]
        }
      ]
    },
    {
      "mode": "managed",
      "type": "azurerm_private_dns_zone_virtual_network_link",
      "name": "link-dns-aca-vnet",
      "provider": "provider[\"registry.terraform.io/hashicorp/azurerm\"]",
      "instances": [
        {
          "schema_version": 0,
          "attributes": {
            "id": "/subscriptions/dcef7009-6b94-4382-afdc-17eb160d709a/resourceGroups/rg-aca-dns-appgw-23/providers/Microsoft.Network/privateDnsZones/bluedune-060cc901.swedencentral.azurecontainerapps.io/virtualNetworkLinks/link-dns-aca-vnet",
            "name": "link-dns-aca-vnet",
            "private_dns_zone_name": "bluedune-060cc901.swedencentral.azurecontainerapps.io",
            "registration_enabled": false,
            "resource_group_name": "rg-aca-dns-appgw-23",
            "tags": {},
            "timeouts": null,
            "virtual_network_id": "/subscriptions/dcef7009-6b94-4382-afdc-17eb160d709a/resourceGroups/rg-aca-dns-appgw-23/providers/Microsoft.Network/virtualNetworks/vnet-internal"
          },
          "sensitive_attributes": [],
          "private": "eyJlMmJmYjczMC1lY2FhLTExZTYtOGY4OC0zNDM2M2JjN2M0YzAiOnsiY3JlYXRlIjoxODAwMDAwMDAwMDAwLCJkZWxldGUiOjE4MDAwMDAwMDAwMDAsInJlYWQiOjMwMDAwMDAwMDAwMCwidXBkYXRlIjoxODAwMDAwMDAwMDAwfX0=",
          "dependencies": [
            "azurerm_container_app_environment.env",
            "azurerm_private_dns_zone.private-dns-zone-aca",
            "azurerm_resource_group.rg",
            "azurerm_subnet.snet-aca",
            "azurerm_virtual_network.vnet"
          ]
        }
      ]
    },
    {
      "mode": "managed",
      "type": "azurerm_private_dns_zone_virtual_network_link",
      "name": "link-dns-apps-vnet",
      "provider": "provider[\"registry.terraform.io/hashicorp/azurerm\"]",
      "instances": [
        {
          "schema_version": 0,
          "attributes": {
            "id": "/subscriptions/dcef7009-6b94-4382-afdc-17eb160d709a/resourceGroups/rg-aca-dns-appgw-23/providers/Microsoft.Network/privateDnsZones/app1.internal/virtualNetworkLinks/link-dns-apps-vnet",
            "name": "link-dns-apps-vnet",
            "private_dns_zone_name": "app1.internal",
            "registration_enabled": false,
            "resource_group_name": "rg-aca-dns-appgw-23",
            "tags": {},
            "timeouts": null,
            "virtual_network_id": "/subscriptions/dcef7009-6b94-4382-afdc-17eb160d709a/resourceGroups/rg-aca-dns-appgw-23/providers/Microsoft.Network/virtualNetworks/vnet-internal"
          },
          "sensitive_attributes": [],
          "private": "eyJlMmJmYjczMC1lY2FhLTExZTYtOGY4OC0zNDM2M2JjN2M0YzAiOnsiY3JlYXRlIjoxODAwMDAwMDAwMDAwLCJkZWxldGUiOjE4MDAwMDAwMDAwMDAsInJlYWQiOjMwMDAwMDAwMDAwMCwidXBkYXRlIjoxODAwMDAwMDAwMDAwfX0=",
          "dependencies": [
            "azurerm_private_dns_zone.private-dns-zone-apps",
            "azurerm_resource_group.rg",
            "azurerm_virtual_network.vnet"
          ]
        }
      ]
    },
    {
      "mode": "managed",
      "type": "azurerm_private_endpoint",
      "name": "pe-keyvault",
      "provider": "provider[\"registry.terraform.io/hashicorp/azurerm\"]",
      "instances": [
        {
          "schema_version": 0,
          "attributes": {
            "custom_dns_configs": [],
            "custom_network_interface_name": "",
            "id": "/subscriptions/dcef7009-6b94-4382-afdc-17eb160d709a/resourceGroups/rg-aca-dns-appgw-23/providers/Microsoft.Network/privateEndpoints/pe-keyvault",
            "ip_configuration": [],
            "location": "swedencentral",
            "name": "pe-keyvault",
            "network_interface": [
              {
                "id": "/subscriptions/dcef7009-6b94-4382-afdc-17eb160d709a/resourceGroups/rg-aca-dns-appgw-23/providers/Microsoft.Network/networkInterfaces/pe-keyvault.nic.a53da6df-e91f-42d5-a5b2-c32c5b8a9872",
                "name": "pe-keyvault.nic.a53da6df-e91f-42d5-a5b2-c32c5b8a9872"
              }
            ],
            "private_dns_zone_configs": [
              {
                "id": "/subscriptions/dcef7009-6b94-4382-afdc-17eb160d709a/resourceGroups/rg-aca-dns-appgw-23/providers/Microsoft.Network/privateEndpoints/pe-keyvault/privateDnsZoneGroups/private-dns-zone-group-keyvault/privateDnsZoneConfigs/privatelink.vaultcore.azure.net",
                "name": "privatelink.vaultcore.azure.net",
                "private_dns_zone_id": "/subscriptions/dcef7009-6b94-4382-afdc-17eb160d709a/resourceGroups/rg-aca-dns-appgw-23/providers/Microsoft.Network/privateDnsZones/privatelink.vaultcore.azure.net",
                "record_sets": [
                  {
                    "fqdn": "kv-appgw-glb87.privatelink.vaultcore.azure.net",
                    "ip_addresses": [
                      "10.0.2.4"
                    ],
                    "name": "kv-appgw-glb87",
                    "ttl": 10,
                    "type": "A"
                  }
                ]
              }
            ],
            "private_dns_zone_group": [
              {
                "id": "/subscriptions/dcef7009-6b94-4382-afdc-17eb160d709a/resourceGroups/rg-aca-dns-appgw-23/providers/Microsoft.Network/privateEndpoints/pe-keyvault/privateDnsZoneGroups/private-dns-zone-group-keyvault",
                "name": "private-dns-zone-group-keyvault",
                "private_dns_zone_ids": [
                  "/subscriptions/dcef7009-6b94-4382-afdc-17eb160d709a/resourceGroups/rg-aca-dns-appgw-23/providers/Microsoft.Network/privateDnsZones/privatelink.vaultcore.azure.net"
                ]
              }
            ],
            "private_service_connection": [
              {
                "is_manual_connection": false,
                "name": "connection-keyvault",
                "private_connection_resource_alias": "",
                "private_connection_resource_id": "/subscriptions/dcef7009-6b94-4382-afdc-17eb160d709a/resourceGroups/rg-aca-dns-appgw-23/providers/Microsoft.KeyVault/vaults/kv-appgw-glb87",
                "private_ip_address": "10.0.2.4",
                "request_message": "",
                "subresource_names": [
                  "vault"
                ]
              }
            ],
            "resource_group_name": "rg-aca-dns-appgw-23",
            "subnet_id": "/subscriptions/dcef7009-6b94-4382-afdc-17eb160d709a/resourceGroups/rg-aca-dns-appgw-23/providers/Microsoft.Network/virtualNetworks/vnet-internal/subnets/snet-pe",
            "tags": {},
            "timeouts": null
          },
          "sensitive_attributes": [],
          "private": "eyJlMmJmYjczMC1lY2FhLTExZTYtOGY4OC0zNDM2M2JjN2M0YzAiOnsiY3JlYXRlIjozNjAwMDAwMDAwMDAwLCJkZWxldGUiOjM2MDAwMDAwMDAwMDAsInJlYWQiOjMwMDAwMDAwMDAwMCwidXBkYXRlIjozNjAwMDAwMDAwMDAwfX0=",
          "dependencies": [
            "azurerm_key_vault.keyvault",
            "azurerm_private_dns_zone.private_dns_zone_keyvault",
            "azurerm_resource_group.rg",
            "azurerm_subnet.snet-pe",
            "azurerm_virtual_network.vnet",
            "data.azurerm_client_config.current",
            "random_string.random"
          ]
        }
      ]
    },
    {
      "mode": "managed",
      "type": "azurerm_public_ip",
      "name": "pip-bastion",
      "provider": "provider[\"registry.terraform.io/hashicorp/azurerm\"]",
      "instances": [
        {
          "schema_version": 0,
          "attributes": {
            "allocation_method": "Static",
            "ddos_protection_mode": "VirtualNetworkInherited",
            "ddos_protection_plan_id": null,
            "domain_name_label": null,
            "edge_zone": "",
            "fqdn": null,
            "id": "/subscriptions/dcef7009-6b94-4382-afdc-17eb160d709a/resourceGroups/rg-aca-dns-appgw-23/providers/Microsoft.Network/publicIPAddresses/pip-bastion",
            "idle_timeout_in_minutes": 4,
            "ip_address": "20.91.137.85",
            "ip_tags": {},
            "ip_version": "IPv4",
            "location": "swedencentral",
            "name": "pip-bastion",
            "public_ip_prefix_id": null,
            "resource_group_name": "rg-aca-dns-appgw-23",
            "reverse_fqdn": null,
            "sku": "Standard",
            "sku_tier": "Regional",
            "tags": {},
            "timeouts": null,
            "zones": []
          },
          "sensitive_attributes": [],
          "private": "eyJlMmJmYjczMC1lY2FhLTExZTYtOGY4OC0zNDM2M2JjN2M0YzAiOnsiY3JlYXRlIjoxODAwMDAwMDAwMDAwLCJkZWxldGUiOjE4MDAwMDAwMDAwMDAsInJlYWQiOjMwMDAwMDAwMDAwMCwidXBkYXRlIjoxODAwMDAwMDAwMDAwfX0=",
          "dependencies": [
            "azurerm_resource_group.rg"
          ]
        }
      ]
    },
    {
      "mode": "managed",
      "type": "azurerm_resource_group",
      "name": "rg",
      "provider": "provider[\"registry.terraform.io/hashicorp/azurerm\"]",
      "instances": [
        {
          "schema_version": 0,
          "attributes": {
            "id": "/subscriptions/dcef7009-6b94-4382-afdc-17eb160d709a/resourceGroups/rg-aca-dns-appgw-23",
            "location": "swedencentral",
            "managed_by": "",
            "name": "rg-aca-dns-appgw-23",
            "tags": {},
            "timeouts": null
          },
          "sensitive_attributes": [],
          "private": "eyJlMmJmYjczMC1lY2FhLTExZTYtOGY4OC0zNDM2M2JjN2M0YzAiOnsiY3JlYXRlIjo1NDAwMDAwMDAwMDAwLCJkZWxldGUiOjU0MDAwMDAwMDAwMDAsInJlYWQiOjMwMDAwMDAwMDAwMCwidXBkYXRlIjo1NDAwMDAwMDAwMDAwfX0="
        }
      ]
    },
    {
      "mode": "managed",
      "type": "azurerm_role_assignment",
      "name": "identity-appgw-secret-user",
      "provider": "provider[\"registry.terraform.io/hashicorp/azurerm\"]",
      "instances": [
        {
          "schema_version": 0,
          "attributes": {
            "condition": "",
            "condition_version": "",
            "delegated_managed_identity_resource_id": "",
            "description": "",
            "id": "/subscriptions/dcef7009-6b94-4382-afdc-17eb160d709a/resourceGroups/rg-aca-dns-appgw-23/providers/Microsoft.KeyVault/vaults/kv-appgw-glb87/providers/Microsoft.Authorization/roleAssignments/748a5ed4-11b8-d8f4-a1e8-45d284e33286",
            "name": "748a5ed4-11b8-d8f4-a1e8-45d284e33286",
            "principal_id": "afe24fca-a9c5-43b3-bfe7-c4fec260bc8b",
            "principal_type": "ServicePrincipal",
            "role_definition_id": "/subscriptions/dcef7009-6b94-4382-afdc-17eb160d709a/providers/Microsoft.Authorization/roleDefinitions/4633458b-17de-408a-b874-0445c86b69e6",
            "role_definition_name": "Key Vault Secrets User",
            "scope": "/subscriptions/dcef7009-6b94-4382-afdc-17eb160d709a/resourceGroups/rg-aca-dns-appgw-23/providers/Microsoft.KeyVault/vaults/kv-appgw-glb87",
            "skip_service_principal_aad_check": null,
            "timeouts": null
          },
          "sensitive_attributes": [],
          "private": "eyJlMmJmYjczMC1lY2FhLTExZTYtOGY4OC0zNDM2M2JjN2M0YzAiOnsiY3JlYXRlIjoxODAwMDAwMDAwMDAwLCJkZWxldGUiOjE4MDAwMDAwMDAwMDAsInJlYWQiOjMwMDAwMDAwMDAwMH19",
          "dependencies": [
            "azurerm_key_vault.keyvault",
            "azurerm_resource_group.rg",
            "azurerm_user_assigned_identity.identity-appgw",
            "data.azurerm_client_config.current",
            "random_string.random"
          ]
        }
      ]
    },
    {
      "mode": "managed",
      "type": "azurerm_role_assignment",
      "name": "role-certificates-officer",
      "provider": "provider[\"registry.terraform.io/hashicorp/azurerm\"]",
      "instances": [
        {
          "schema_version": 0,
          "attributes": {
            "condition": "",
            "condition_version": "",
            "delegated_managed_identity_resource_id": "",
            "description": "",
            "id": "/subscriptions/dcef7009-6b94-4382-afdc-17eb160d709a/resourceGroups/rg-aca-dns-appgw-23/providers/Microsoft.KeyVault/vaults/kv-appgw-glb87/providers/Microsoft.Authorization/roleAssignments/2d332b14-f20d-6b83-d77e-a5492605b02b",
            "name": "2d332b14-f20d-6b83-d77e-a5492605b02b",
            "principal_id": "8173c45d-035e-4692-8f40-540cd5fc0f18",
            "principal_type": "User",
            "role_definition_id": "/subscriptions/dcef7009-6b94-4382-afdc-17eb160d709a/providers/Microsoft.Authorization/roleDefinitions/a4417e6f-fecd-4de8-b567-7b0420556985",
            "role_definition_name": "Key Vault Certificates Officer",
            "scope": "/subscriptions/dcef7009-6b94-4382-afdc-17eb160d709a/resourceGroups/rg-aca-dns-appgw-23/providers/Microsoft.KeyVault/vaults/kv-appgw-glb87",
            "skip_service_principal_aad_check": null,
            "timeouts": null
          },
          "sensitive_attributes": [],
          "private": "eyJlMmJmYjczMC1lY2FhLTExZTYtOGY4OC0zNDM2M2JjN2M0YzAiOnsiY3JlYXRlIjoxODAwMDAwMDAwMDAwLCJkZWxldGUiOjE4MDAwMDAwMDAwMDAsInJlYWQiOjMwMDAwMDAwMDAwMH19",
          "dependencies": [
            "azurerm_key_vault.keyvault",
            "azurerm_resource_group.rg",
            "data.azurerm_client_config.current",
            "random_string.random"
          ]
        }
      ]
    },
    {
      "mode": "managed",
      "type": "azurerm_subnet",
      "name": "snet-aca",
      "provider": "provider[\"registry.terraform.io/hashicorp/azurerm\"]",
      "instances": [
        {
          "schema_version": 0,
          "attributes": {
            "address_prefixes": [
              "10.0.1.0/27"
            ],
            "default_outbound_access_enabled": true,
            "delegation": [
              {
                "name": "delegation",
                "service_delegation": [
                  {
                    "actions": [
                      "Microsoft.Network/virtualNetworks/subnets/join/action"
                    ],
                    "name": "Microsoft.App/environments"
                  }
                ]
              }
            ],
            "id": "/subscriptions/dcef7009-6b94-4382-afdc-17eb160d709a/resourceGroups/rg-aca-dns-appgw-23/providers/Microsoft.Network/virtualNetworks/vnet-internal/subnets/snet-aca",
            "name": "snet-aca",
            "private_endpoint_network_policies": "Disabled",
            "private_link_service_network_policies_enabled": true,
            "resource_group_name": "rg-aca-dns-appgw-23",
            "service_endpoint_policy_ids": [],
            "service_endpoints": [],
            "timeouts": null,
            "virtual_network_name": "vnet-internal"
          },
          "sensitive_attributes": [],
          "private": "eyJlMmJmYjczMC1lY2FhLTExZTYtOGY4OC0zNDM2M2JjN2M0YzAiOnsiY3JlYXRlIjoxODAwMDAwMDAwMDAwLCJkZWxldGUiOjE4MDAwMDAwMDAwMDAsInJlYWQiOjMwMDAwMDAwMDAwMCwidXBkYXRlIjoxODAwMDAwMDAwMDAwfX0=",
          "dependencies": [
            "azurerm_resource_group.rg",
            "azurerm_virtual_network.vnet"
          ]
        }
      ]
    },
    {
      "mode": "managed",
      "type": "azurerm_subnet",
      "name": "snet-appgw",
      "provider": "provider[\"registry.terraform.io/hashicorp/azurerm\"]",
      "instances": [
        {
          "schema_version": 0,
          "attributes": {
            "address_prefixes": [
              "10.0.0.0/24"
            ],
            "default_outbound_access_enabled": true,
            "delegation": [],
            "id": "/subscriptions/dcef7009-6b94-4382-afdc-17eb160d709a/resourceGroups/rg-aca-dns-appgw-23/providers/Microsoft.Network/virtualNetworks/vnet-internal/subnets/snet-appgw",
            "name": "snet-appgw",
            "private_endpoint_network_policies": "Disabled",
            "private_link_service_network_policies_enabled": true,
            "resource_group_name": "rg-aca-dns-appgw-23",
            "service_endpoint_policy_ids": [],
            "service_endpoints": [],
            "timeouts": null,
            "virtual_network_name": "vnet-internal"
          },
          "sensitive_attributes": [],
          "private": "eyJlMmJmYjczMC1lY2FhLTExZTYtOGY4OC0zNDM2M2JjN2M0YzAiOnsiY3JlYXRlIjoxODAwMDAwMDAwMDAwLCJkZWxldGUiOjE4MDAwMDAwMDAwMDAsInJlYWQiOjMwMDAwMDAwMDAwMCwidXBkYXRlIjoxODAwMDAwMDAwMDAwfX0=",
          "dependencies": [
            "azurerm_resource_group.rg",
            "azurerm_virtual_network.vnet"
          ]
        }
      ]
    },
    {
      "mode": "managed",
      "type": "azurerm_subnet",
      "name": "snet-bastion",
      "provider": "provider[\"registry.terraform.io/hashicorp/azurerm\"]",
      "instances": [
        {
          "schema_version": 0,
          "attributes": {
            "address_prefixes": [
              "10.0.4.0/24"
            ],
            "default_outbound_access_enabled": true,
            "delegation": [],
            "id": "/subscriptions/dcef7009-6b94-4382-afdc-17eb160d709a/resourceGroups/rg-aca-dns-appgw-23/providers/Microsoft.Network/virtualNetworks/vnet-internal/subnets/AzureBastionSubnet",
            "name": "AzureBastionSubnet",
            "private_endpoint_network_policies": "Disabled",
            "private_link_service_network_policies_enabled": true,
            "resource_group_name": "rg-aca-dns-appgw-23",
            "service_endpoint_policy_ids": [],
            "service_endpoints": [],
            "timeouts": null,
            "virtual_network_name": "vnet-internal"
          },
          "sensitive_attributes": [],
          "private": "eyJlMmJmYjczMC1lY2FhLTExZTYtOGY4OC0zNDM2M2JjN2M0YzAiOnsiY3JlYXRlIjoxODAwMDAwMDAwMDAwLCJkZWxldGUiOjE4MDAwMDAwMDAwMDAsInJlYWQiOjMwMDAwMDAwMDAwMCwidXBkYXRlIjoxODAwMDAwMDAwMDAwfX0=",
          "dependencies": [
            "azurerm_resource_group.rg",
            "azurerm_virtual_network.vnet"
          ]
        }
      ]
    },
    {
      "mode": "managed",
      "type": "azurerm_subnet",
      "name": "snet-jumpbox",
      "provider": "provider[\"registry.terraform.io/hashicorp/azurerm\"]",
      "instances": [
        {
          "schema_version": 0,
          "attributes": {
            "address_prefixes": [
              "10.0.3.0/24"
            ],
            "default_outbound_access_enabled": true,
            "delegation": [],
            "id": "/subscriptions/dcef7009-6b94-4382-afdc-17eb160d709a/resourceGroups/rg-aca-dns-appgw-23/providers/Microsoft.Network/virtualNetworks/vnet-internal/subnets/snet-jumpbox",
            "name": "snet-jumpbox",
            "private_endpoint_network_policies": "Disabled",
            "private_link_service_network_policies_enabled": true,
            "resource_group_name": "rg-aca-dns-appgw-23",
            "service_endpoint_policy_ids": [],
            "service_endpoints": [],
            "timeouts": null,
            "virtual_network_name": "vnet-internal"
          },
          "sensitive_attributes": [],
          "private": "eyJlMmJmYjczMC1lY2FhLTExZTYtOGY4OC0zNDM2M2JjN2M0YzAiOnsiY3JlYXRlIjoxODAwMDAwMDAwMDAwLCJkZWxldGUiOjE4MDAwMDAwMDAwMDAsInJlYWQiOjMwMDAwMDAwMDAwMCwidXBkYXRlIjoxODAwMDAwMDAwMDAwfX0=",
          "dependencies": [
            "azurerm_resource_group.rg",
            "azurerm_virtual_network.vnet"
          ]
        }
      ]
    },
    {
      "mode": "managed",
      "type": "azurerm_subnet",
      "name": "snet-pe",
      "provider": "provider[\"registry.terraform.io/hashicorp/azurerm\"]",
      "instances": [
        {
          "schema_version": 0,
          "attributes": {
            "address_prefixes": [
              "10.0.2.0/24"
            ],
            "default_outbound_access_enabled": true,
            "delegation": [],
            "id": "/subscriptions/dcef7009-6b94-4382-afdc-17eb160d709a/resourceGroups/rg-aca-dns-appgw-23/providers/Microsoft.Network/virtualNetworks/vnet-internal/subnets/snet-pe",
            "name": "snet-pe",
            "private_endpoint_network_policies": "Disabled",
            "private_link_service_network_policies_enabled": true,
            "resource_group_name": "rg-aca-dns-appgw-23",
            "service_endpoint_policy_ids": [],
            "service_endpoints": [],
            "timeouts": null,
            "virtual_network_name": "vnet-internal"
          },
          "sensitive_attributes": [],
          "private": "eyJlMmJmYjczMC1lY2FhLTExZTYtOGY4OC0zNDM2M2JjN2M0YzAiOnsiY3JlYXRlIjoxODAwMDAwMDAwMDAwLCJkZWxldGUiOjE4MDAwMDAwMDAwMDAsInJlYWQiOjMwMDAwMDAwMDAwMCwidXBkYXRlIjoxODAwMDAwMDAwMDAwfX0=",
          "dependencies": [
            "azurerm_resource_group.rg",
            "azurerm_virtual_network.vnet"
          ]
        }
      ]
    },
    {
      "mode": "managed",
      "type": "azurerm_user_assigned_identity",
      "name": "identity-appgw",
      "provider": "provider[\"registry.terraform.io/hashicorp/azurerm\"]",
      "instances": [
        {
          "schema_version": 1,
          "attributes": {
            "client_id": "b4ef4326-54a7-416a-b8c8-bf80f5009c54",
            "id": "/subscriptions/dcef7009-6b94-4382-afdc-17eb160d709a/resourceGroups/rg-aca-dns-appgw-23/providers/Microsoft.ManagedIdentity/userAssignedIdentities/identity-appgw",
            "location": "swedencentral",
            "name": "identity-appgw",
            "principal_id": "afe24fca-a9c5-43b3-bfe7-c4fec260bc8b",
            "resource_group_name": "rg-aca-dns-appgw-23",
            "tags": {},
            "tenant_id": "93139d1e-a3c1-4d78-9ed5-878be090eba4",
            "timeouts": null
          },
          "sensitive_attributes": [],
          "private": "eyJlMmJmYjczMC1lY2FhLTExZTYtOGY4OC0zNDM2M2JjN2M0YzAiOnsiY3JlYXRlIjoxODAwMDAwMDAwMDAwLCJkZWxldGUiOjE4MDAwMDAwMDAwMDAsInJlYWQiOjMwMDAwMDAwMDAwMCwidXBkYXRlIjoxODAwMDAwMDAwMDAwfSwic2NoZW1hX3ZlcnNpb24iOiIxIn0=",
          "dependencies": [
            "azurerm_resource_group.rg"
          ]
        }
      ]
    },
    {
      "mode": "managed",
      "type": "azurerm_virtual_network",
      "name": "vnet",
      "provider": "provider[\"registry.terraform.io/hashicorp/azurerm\"]",
      "instances": [
        {
          "schema_version": 0,
          "attributes": {
            "address_space": [
              "10.0.0.0/16"
            ],
            "bgp_community": "",
            "ddos_protection_plan": [],
            "dns_servers": [],
            "edge_zone": "",
            "encryption": [],
            "flow_timeout_in_minutes": 0,
            "guid": "eea236dd-7837-49e0-aca8-f740d925cb51",
            "id": "/subscriptions/dcef7009-6b94-4382-afdc-17eb160d709a/resourceGroups/rg-aca-dns-appgw-23/providers/Microsoft.Network/virtualNetworks/vnet-internal",
            "location": "swedencentral",
            "name": "vnet-internal",
            "resource_group_name": "rg-aca-dns-appgw-23",
            "subnet": [
              {
                "address_prefixes": [
                  "10.0.0.0/24"
                ],
                "default_outbound_access_enabled": true,
                "delegation": [],
                "id": "/subscriptions/dcef7009-6b94-4382-afdc-17eb160d709a/resourceGroups/rg-aca-dns-appgw-23/providers/Microsoft.Network/virtualNetworks/vnet-internal/subnets/snet-appgw",
                "name": "snet-appgw",
                "private_endpoint_network_policies": "Disabled",
                "private_link_service_network_policies_enabled": true,
                "route_table_id": "",
                "security_group": "",
                "service_endpoint_policy_ids": [],
                "service_endpoints": []
              },
              {
                "address_prefixes": [
                  "10.0.1.0/27"
                ],
                "default_outbound_access_enabled": true,
                "delegation": [
                  {
                    "name": "delegation",
                    "service_delegation": [
                      {
                        "actions": [
                          "Microsoft.Network/virtualNetworks/subnets/join/action"
                        ],
                        "name": "Microsoft.App/environments"
                      }
                    ]
                  }
                ],
                "id": "/subscriptions/dcef7009-6b94-4382-afdc-17eb160d709a/resourceGroups/rg-aca-dns-appgw-23/providers/Microsoft.Network/virtualNetworks/vnet-internal/subnets/snet-aca",
                "name": "snet-aca",
                "private_endpoint_network_policies": "Disabled",
                "private_link_service_network_policies_enabled": true,
                "route_table_id": "",
                "security_group": "",
                "service_endpoint_policy_ids": [],
                "service_endpoints": []
              },
              {
                "address_prefixes": [
                  "10.0.2.0/24"
                ],
                "default_outbound_access_enabled": true,
                "delegation": [],
                "id": "/subscriptions/dcef7009-6b94-4382-afdc-17eb160d709a/resourceGroups/rg-aca-dns-appgw-23/providers/Microsoft.Network/virtualNetworks/vnet-internal/subnets/snet-pe",
                "name": "snet-pe",
                "private_endpoint_network_policies": "Disabled",
                "private_link_service_network_policies_enabled": true,
                "route_table_id": "",
                "security_group": "",
                "service_endpoint_policy_ids": [],
                "service_endpoints": []
              },
              {
                "address_prefixes": [
                  "10.0.3.0/24"
                ],
                "default_outbound_access_enabled": true,
                "delegation": [],
                "id": "/subscriptions/dcef7009-6b94-4382-afdc-17eb160d709a/resourceGroups/rg-aca-dns-appgw-23/providers/Microsoft.Network/virtualNetworks/vnet-internal/subnets/snet-jumpbox",
                "name": "snet-jumpbox",
                "private_endpoint_network_policies": "Disabled",
                "private_link_service_network_policies_enabled": true,
                "route_table_id": "",
                "security_group": "",
                "service_endpoint_policy_ids": [],
                "service_endpoints": []
              },
              {
                "address_prefixes": [
                  "10.0.4.0/24"
                ],
                "default_outbound_access_enabled": true,
                "delegation": [],
                "id": "/subscriptions/dcef7009-6b94-4382-afdc-17eb160d709a/resourceGroups/rg-aca-dns-appgw-23/providers/Microsoft.Network/virtualNetworks/vnet-internal/subnets/AzureBastionSubnet",
                "name": "AzureBastionSubnet",
                "private_endpoint_network_policies": "Disabled",
                "private_link_service_network_policies_enabled": true,
                "route_table_id": "",
                "security_group": "",
                "service_endpoint_policy_ids": [],
                "service_endpoints": []
              }
            ],
            "tags": {},
            "timeouts": null
          },
          "sensitive_attributes": [],
          "private": "eyJlMmJmYjczMC1lY2FhLTExZTYtOGY4OC0zNDM2M2JjN2M0YzAiOnsiY3JlYXRlIjoxODAwMDAwMDAwMDAwLCJkZWxldGUiOjE4MDAwMDAwMDAwMDAsInJlYWQiOjMwMDAwMDAwMDAwMCwidXBkYXRlIjoxODAwMDAwMDAwMDAwfX0=",
          "dependencies": [
            "azurerm_resource_group.rg"
          ]
        }
      ]
    },
    {
      "mode": "managed",
      "type": "azurerm_windows_virtual_machine",
      "name": "jumpbox",
      "provider": "provider[\"registry.terraform.io/hashicorp/azurerm\"]",
      "instances": [
        {
          "schema_version": 0,
          "attributes": {
            "additional_capabilities": [],
            "additional_unattend_content": [],
            "admin_password": "@Aa123456789",
            "admin_username": "azureuser",
            "allow_extension_operations": true,
            "availability_set_id": "",
            "boot_diagnostics": [
              {
                "storage_account_uri": ""
              }
            ],
            "bypass_platform_safety_checks_on_user_schedule_enabled": false,
            "capacity_reservation_group_id": "",
            "computer_name": "vm-windows-w11",
            "custom_data": null,
            "dedicated_host_group_id": "",
            "dedicated_host_id": "",
            "disk_controller_type": "SCSI",
            "edge_zone": "",
            "enable_automatic_updates": true,
            "encryption_at_host_enabled": false,
            "eviction_policy": "Deallocate",
            "extensions_time_budget": "PT1H30M",
            "gallery_application": [],
            "hotpatching_enabled": false,
            "id": "/subscriptions/dcef7009-6b94-4382-afdc-17eb160d709a/resourceGroups/rg-aca-dns-appgw-23/providers/Microsoft.Compute/virtualMachines/vm-windows-w11",
            "identity": [
              {
                "identity_ids": [],
                "principal_id": "f5608562-60ed-4724-9ced-00c17d93c382",
                "tenant_id": "93139d1e-a3c1-4d78-9ed5-878be090eba4",
                "type": "SystemAssigned"
              }
            ],
            "license_type": "",
            "location": "swedencentral",
            "max_bid_price": -1,
            "name": "vm-windows-w11",
            "network_interface_ids": [
              "/subscriptions/dcef7009-6b94-4382-afdc-17eb160d709a/resourceGroups/rg-aca-dns-appgw-23/providers/Microsoft.Network/networkInterfaces/nic-vm-windows"
            ],
            "os_disk": [
              {
                "caching": "ReadWrite",
                "diff_disk_settings": [],
                "disk_encryption_set_id": "",
                "disk_size_gb": 127,
                "name": "disk-os-vm-windows11",
                "secure_vm_disk_encryption_set_id": "",
                "security_encryption_type": "",
                "storage_account_type": "Standard_LRS",
                "write_accelerator_enabled": false
              }
            ],
            "os_image_notification": [],
            "patch_assessment_mode": "ImageDefault",
            "patch_mode": "AutomaticByOS",
            "plan": [],
            "platform_fault_domain": -1,
            "priority": "Spot",
            "private_ip_address": "10.0.3.4",
            "private_ip_addresses": [
              "10.0.3.4"
            ],
            "provision_vm_agent": true,
            "proximity_placement_group_id": "",
            "public_ip_address": "",
            "public_ip_addresses": [],
            "reboot_setting": "",
            "resource_group_name": "rg-aca-dns-appgw-23",
            "secret": [],
            "secure_boot_enabled": false,
            "size": "Standard_B2als_v2",
            "source_image_id": "",
            "source_image_reference": [
              {
                "offer": "windows-11",
                "publisher": "MicrosoftWindowsDesktop",
                "sku": "win11-24h2-pro",
                "version": "latest"
              }
            ],
            "tags": {},
            "termination_notification": [],
            "timeouts": null,
            "timezone": "",
            "user_data": "",
            "virtual_machine_id": "13d645db-45d4-43a6-9dea-71d92833faee",
            "virtual_machine_scale_set_id": "",
            "vm_agent_platform_updates_enabled": true,
            "vtpm_enabled": false,
            "winrm_listener": [],
            "zone": ""
          },
          "sensitive_attributes": [
            [
              {
                "type": "get_attr",
                "value": "custom_data"
              }
            ],
            [
              {
                "type": "get_attr",
                "value": "admin_password"
              }
            ]
          ],
          "private": "eyJlMmJmYjczMC1lY2FhLTExZTYtOGY4OC0zNDM2M2JjN2M0YzAiOnsiY3JlYXRlIjoyNzAwMDAwMDAwMDAwLCJkZWxldGUiOjI3MDAwMDAwMDAwMDAsInJlYWQiOjMwMDAwMDAwMDAwMCwidXBkYXRlIjoyNzAwMDAwMDAwMDAwfX0=",
          "dependencies": [
            "azurerm_network_interface.nic-vm-windows",
            "azurerm_resource_group.rg",
            "azurerm_subnet.snet-jumpbox",
            "azurerm_virtual_network.vnet"
          ]
        }
      ]
    },
    {
      "mode": "managed",
      "type": "random_string",
      "name": "random",
      "provider": "provider[\"registry.terraform.io/hashicorp/random\"]",
      "instances": [
        {
          "schema_version": 2,
          "attributes": {
            "id": "glb87",
            "keepers": null,
            "length": 5,
            "lower": true,
            "min_lower": 0,
            "min_numeric": 0,
            "min_special": 0,
            "min_upper": 0,
            "number": true,
            "numeric": true,
            "override_special": null,
            "result": "glb87",
            "special": false,
            "upper": false
          },
          "sensitive_attributes": []
        }
      ]
    }
  ],
  "check_results": null
}
