{
  "version": 4,
  "terraform_version": "1.14.7",
  "serial": 76,
  "lineage": "b229322b-ee2a-cc50-b7e0-9605a08aa6f4",
  "outputs": {
    "aca_job_outbound_ip_addresses": {
      "value": [],
      "type": [
        "list",
        "string"
      ]
    },
    "pip_prefix_nat_gateway": {
      "value": "172.160.232.112/30",
      "type": "string"
    },
    "service_bus_endpoint": {
      "value": "https://servicebus-ns-std-16.servicebus.windows.net:443/",
      "type": "string"
    }
  },
  "resources": [
    {
      "mode": "data",
      "type": "azurerm_client_config",
      "name": "current",
      "provider": "provider[\"registry.terraform.io/hashicorp/azurerm\"]",
      "instances": [
        {
          "schema_version": 0,
          "attributes": {
            "client_id": "04b07795-8ddb-461a-bbee-02f9e1bf7b46",
            "id": "Y2xpZW50Q29uZmlncy9jbGllbnRJZD0wNGIwNzc5NS04ZGRiLTQ2MWEtYmJlZS0wMmY5ZTFiZjdiNDY7b2JqZWN0SWQ9ODE3M2M0NWQtMDM1ZS00NjkyLThmNDAtNTQwY2Q1ZmMwZjE4O3N1YnNjcmlwdGlvbklkPWRjZWY3MDA5LTZiOTQtNDM4Mi1hZmRjLTE3ZWIxNjBkNzA5YTt0ZW5hbnRJZD05MzEzOWQxZS1hM2MxLTRkNzgtOWVkNS04NzhiZTA5MGViYTQ=",
            "object_id": "8173c45d-035e-4692-8f40-540cd5fc0f18",
            "subscription_id": "dcef7009-6b94-4382-afdc-17eb160d709a",
            "tenant_id": "93139d1e-a3c1-4d78-9ed5-878be090eba4",
            "timeouts": null
          },
          "sensitive_attributes": [],
          "identity_schema_version": 0
        }
      ]
    },
    {
      "mode": "managed",
      "type": "azurerm_container_app_environment",
      "name": "aca_environment",
      "provider": "provider[\"registry.terraform.io/hashicorp/azurerm\"]",
      "instances": [
        {
          "schema_version": 0,
          "attributes": {
            "custom_domain_verification_id": "12A824F56ADC4DBFA2BAB33D11CF904692CB9810204E47093CF78548458D595C",
            "dapr_application_insights_connection_string": "",
            "default_domain": "braveriver-e183dffd.swedencentral.azurecontainerapps.io",
            "docker_bridge_cidr": "",
            "id": "/subscriptions/dcef7009-6b94-4382-afdc-17eb160d709a/resourceGroups/rg-containerapp-keda-service-bus-16/providers/Microsoft.App/managedEnvironments/aca-environment",
            "identity": [],
            "infrastructure_resource_group_name": "ME_aca-environment_rg-containerapp-keda-service-bus-16_swedencentral",
            "infrastructure_subnet_id": "/subscriptions/dcef7009-6b94-4382-afdc-17eb160d709a/resourceGroups/rg-containerapp-keda-service-bus-16/providers/Microsoft.Network/virtualNetworks/vnet-internal/subnets/snet-aca",
            "internal_load_balancer_enabled": false,
            "location": "swedencentral",
            "log_analytics_workspace_id": "/subscriptions/dcef7009-6b94-4382-afdc-17eb160d709a/resourceGroups/rg-containerapp-keda-service-bus-16/providers/Microsoft.OperationalInsights/workspaces/log-analytics-aca",
            "logs_destination": "log-analytics",
            "mutual_tls_enabled": false,
            "name": "aca-environment",
            "platform_reserved_cidr": "",
            "platform_reserved_dns_ip_address": "",
            "public_network_access": "Enabled",
            "resource_group_name": "rg-containerapp-keda-service-bus-16",
            "static_ip_address": "4.166.62.34",
            "tags": {},
            "timeouts": null,
            "workload_profile": [
              {
                "maximum_count": 0,
                "minimum_count": 0,
                "name": "Consumption",
                "workload_profile_type": "Consumption"
              }
            ],
            "zone_redundancy_enabled": false
          },
          "sensitive_attributes": [
            [
              {
                "type": "get_attr",
                "value": "dapr_application_insights_connection_string"
              }
            ]
          ],
          "identity_schema_version": 0,
          "private": "eyJlMmJmYjczMC1lY2FhLTExZTYtOGY4OC0zNDM2M2JjN2M0YzAiOnsiY3JlYXRlIjoxODAwMDAwMDAwMDAwLCJkZWxldGUiOjE4MDAwMDAwMDAwMDAsInJlYWQiOjMwMDAwMDAwMDAwMCwidXBkYXRlIjoxODAwMDAwMDAwMDAwfX0=",
          "dependencies": [
            "azurerm_log_analytics_workspace.la",
            "azurerm_resource_group.rg",
            "azurerm_subnet.snet_aca",
            "azurerm_virtual_network.vnet"
          ]
        }
      ]
    },
    {
      "mode": "managed",
      "type": "azurerm_container_app_job",
      "name": "aca_job",
      "provider": "provider[\"registry.terraform.io/hashicorp/azurerm\"]",
      "instances": [
        {
          "schema_version": 0,
          "attributes": {
            "container_app_environment_id": "/subscriptions/dcef7009-6b94-4382-afdc-17eb160d709a/resourceGroups/rg-containerapp-keda-service-bus-16/providers/Microsoft.App/managedEnvironments/aca-environment",
            "event_stream_endpoint": "",
            "event_trigger_config": [
              {
                "parallelism": 1,
                "replica_completion_count": 1,
                "scale": [
                  {
                    "max_executions": 1,
                    "min_executions": 0,
                    "polling_interval_in_seconds": 30,
                    "rules": [
                      {
                        "authentication": [],
                        "custom_rule_type": "azure-servicebus",
                        "identity_id": "/subscriptions/dcef7009-6b94-4382-afdc-17eb160d709a/resourceGroups/rg-containerapp-keda-service-bus-16/providers/Microsoft.ManagedIdentity/userAssignedIdentities/identity-aca-servicebus",
                        "metadata": {
                          "messageCount": "1",
                          "namespace": "servicebus-ns-std-16",
                          "queueName": "queue-messages"
                        },
                        "name": "azure-servicebus-queue-rule"
                      }
                    ]
                  }
                ]
              }
            ],
            "id": "/subscriptions/dcef7009-6b94-4382-afdc-17eb160d709a/resourceGroups/rg-containerapp-keda-service-bus-16/providers/Microsoft.App/jobs/aca-job-python",
            "identity": [
              {
                "identity_ids": [
                  "/subscriptions/dcef7009-6b94-4382-afdc-17eb160d709a/resourceGroups/rg-containerapp-keda-service-bus-16/providers/Microsoft.ManagedIdentity/userAssignedIdentities/identity-aca-acr",
                  "/subscriptions/dcef7009-6b94-4382-afdc-17eb160d709a/resourceGroups/rg-containerapp-keda-service-bus-16/providers/Microsoft.ManagedIdentity/userAssignedIdentities/identity-aca-servicebus"
                ],
                "principal_id": "",
                "tenant_id": "",
                "type": "UserAssigned"
              }
            ],
            "location": "swedencentral",
            "manual_trigger_config": [],
            "name": "aca-job-python",
            "outbound_ip_addresses": [],
            "registry": [
              {
                "identity": "/subscriptions/dcef7009-6b94-4382-afdc-17eb160d709a/resourceGroups/rg-containerapp-keda-service-bus-16/providers/Microsoft.ManagedIdentity/userAssignedIdentities/identity-aca-acr",
                "password_secret_name": "",
                "server": "acr4aca4keda12316.azurecr.io",
                "username": ""
              }
            ],
            "replica_retry_limit": 10,
            "replica_timeout_in_seconds": 300,
            "resource_group_name": "rg-containerapp-keda-service-bus-16",
            "schedule_trigger_config": [],
            "secret": [],
            "tags": {},
            "template": [
              {
                "container": [
                  {
                    "args": [],
                    "command": [],
                    "cpu": 0.25,
                    "env": [
                      {
                        "name": "SERVICEBUS_FQDN",
                        "secret_name": "",
                        "value": "servicebus-ns-std-16.servicebus.windows.net"
                      },
                      {
                        "name": "MANAGED_IDENTITY_CLIENT_ID",
                        "secret_name": "",
                        "value": "4f4abafb-6384-4238-a655-eaae0404e12a"
                      },
                      {
                        "name": "SERVICEBUS_QUEUE_NAME",
                        "secret_name": "",
                        "value": "queue-messages"
                      }
                    ],
                    "ephemeral_storage": "",
                    "image": "acr4aca4keda12316.azurecr.io/job-python:1.0.0",
                    "liveness_probe": [],
                    "memory": "0.5Gi",
                    "name": "job-python",
                    "readiness_probe": [],
                    "startup_probe": [],
                    "volume_mounts": []
                  }
                ],
                "init_container": [],
                "volume": []
              }
            ],
            "timeouts": null,
            "workload_profile_name": "Consumption"
          },
          "sensitive_attributes": [],
          "identity_schema_version": 0,
          "private": "eyJlMmJmYjczMC1lY2FhLTExZTYtOGY4OC0zNDM2M2JjN2M0YzAiOnsiY3JlYXRlIjoxODAwMDAwMDAwMDAwLCJkZWxldGUiOjE4MDAwMDAwMDAwMDAsInJlYWQiOjMwMDAwMDAwMDAwMCwidXBkYXRlIjoxODAwMDAwMDAwMDAwfX0=",
          "dependencies": [
            "azurerm_container_app_environment.aca_environment",
            "azurerm_container_registry.acr",
            "azurerm_log_analytics_workspace.la",
            "azurerm_public_ip_prefix.pip_prefix_nat_gateway",
            "azurerm_resource_group.rg",
            "azurerm_servicebus_namespace.service_bus",
            "azurerm_servicebus_queue.queue_messages",
            "azurerm_subnet.snet_aca",
            "azurerm_user_assigned_identity.identity_aca_acr",
            "azurerm_user_assigned_identity.identity_aca_servicebus",
            "azurerm_virtual_network.vnet"
          ]
        }
      ]
    },
    {
      "mode": "managed",
      "type": "azurerm_container_registry",
      "name": "acr",
      "provider": "provider[\"registry.terraform.io/hashicorp/azurerm\"]",
      "instances": [
        {
          "schema_version": 2,
          "attributes": {
            "admin_enabled": false,
            "admin_password": "",
            "admin_username": "",
            "anonymous_pull_enabled": false,
            "data_endpoint_enabled": false,
            "data_endpoint_host_names": [],
            "encryption": [],
            "export_policy_enabled": true,
            "georeplications": [],
            "id": "/subscriptions/dcef7009-6b94-4382-afdc-17eb160d709a/resourceGroups/rg-containerapp-keda-service-bus-16/providers/Microsoft.ContainerRegistry/registries/acr4aca4keda12316",
            "identity": [],
            "location": "swedencentral",
            "login_server": "acr4aca4keda12316.azurecr.io",
            "name": "acr4aca4keda12316",
            "network_rule_bypass_option": "AzureServices",
            "network_rule_set": [],
            "public_network_access_enabled": true,
            "quarantine_policy_enabled": false,
            "resource_group_name": "rg-containerapp-keda-service-bus-16",
            "retention_policy_in_days": 0,
            "sku": "Basic",
            "tags": {},
            "timeouts": null,
            "trust_policy_enabled": false,
            "zone_redundancy_enabled": false
          },
          "sensitive_attributes": [
            [
              {
                "type": "get_attr",
                "value": "admin_password"
              }
            ]
          ],
          "identity_schema_version": 0,
          "private": "eyJlMmJmYjczMC1lY2FhLTExZTYtOGY4OC0zNDM2M2JjN2M0YzAiOnsiY3JlYXRlIjoxODAwMDAwMDAwMDAwLCJkZWxldGUiOjE4MDAwMDAwMDAwMDAsInJlYWQiOjMwMDAwMDAwMDAwMCwidXBkYXRlIjoxODAwMDAwMDAwMDAwfSwic2NoZW1hX3ZlcnNpb24iOiIyIn0=",
          "dependencies": [
            "azurerm_resource_group.rg"
          ]
        }
      ]
    },
    {
      "mode": "managed",
      "type": "azurerm_log_analytics_workspace",
      "name": "la",
      "provider": "provider[\"registry.terraform.io/hashicorp/azurerm\"]",
      "instances": [
        {
          "schema_version": 3,
          "attributes": {
            "allow_resource_only_permissions": true,
            "cmk_for_query_forced": false,
            "daily_quota_gb": -1,
            "data_collection_rule_id": "",
            "id": "/subscriptions/dcef7009-6b94-4382-afdc-17eb160d709a/resourceGroups/rg-containerapp-keda-service-bus-16/providers/Microsoft.OperationalInsights/workspaces/log-analytics-aca",
            "identity": [],
            "immediate_data_purge_on_30_days_enabled": false,
            "internet_ingestion_enabled": true,
            "internet_query_enabled": true,
            "local_authentication_disabled": false,
            "local_authentication_enabled": true,
            "location": "swedencentral",
            "name": "log-analytics-aca",
            "primary_shared_key": "18kOCQMWft4zbfUhXnAWTTpSMSRto3Y4WBshyEFVrukGYVI1dKrdiYhO3nQkajO/PQtSnug5tDtqIDKbLKNeog==",
            "reservation_capacity_in_gb_per_day": null,
            "resource_group_name": "rg-containerapp-keda-service-bus-16",
            "retention_in_days": 30,
            "secondary_shared_key": "TNXkEYOhMCDMehVrrtKNTwmW/k9eeXQSenEErvyahjn8szzD/QF5KKCATWCYioON3YWy1ik7DmwCc7Li2ubBaA==",
            "sku": "PerGB2018",
            "tags": {},
            "timeouts": null,
            "workspace_id": "9f3b66e8-6b98-4cc1-a8fa-a290edc62feb"
          },
          "sensitive_attributes": [
            [
              {
                "type": "get_attr",
                "value": "primary_shared_key"
              }
            ],
            [
              {
                "type": "get_attr",
                "value": "secondary_shared_key"
              }
            ]
          ],
          "identity_schema_version": 0,
          "private": "eyJlMmJmYjczMC1lY2FhLTExZTYtOGY4OC0zNDM2M2JjN2M0YzAiOnsiY3JlYXRlIjoxODAwMDAwMDAwMDAwLCJkZWxldGUiOjE4MDAwMDAwMDAwMDAsInJlYWQiOjMwMDAwMDAwMDAwMCwidXBkYXRlIjoxODAwMDAwMDAwMDAwfSwic2NoZW1hX3ZlcnNpb24iOiIzIn0=",
          "dependencies": [
            "azurerm_resource_group.rg"
          ]
        }
      ]
    },
    {
      "mode": "managed",
      "type": "azurerm_nat_gateway",
      "name": "nat_gateway",
      "provider": "provider[\"registry.terraform.io/hashicorp/azurerm\"]",
      "instances": [
        {
          "schema_version": 0,
          "attributes": {
            "id": "/subscriptions/dcef7009-6b94-4382-afdc-17eb160d709a/resourceGroups/rg-containerapp-keda-service-bus-16/providers/Microsoft.Network/natGateways/nat-gateway",
            "idle_timeout_in_minutes": 10,
            "location": "swedencentral",
            "name": "nat-gateway",
            "resource_group_name": "rg-containerapp-keda-service-bus-16",
            "resource_guid": "dda8ae64-8890-4007-879f-9f59363716b2",
            "sku_name": "StandardV2",
            "tags": {},
            "timeouts": null,
            "zones": []
          },
          "sensitive_attributes": [],
          "identity_schema_version": 0,
          "identity": {
            "name": "nat-gateway",
            "resource_group_name": "rg-containerapp-keda-service-bus-16",
            "subscription_id": "dcef7009-6b94-4382-afdc-17eb160d709a"
          },
          "private": "eyJlMmJmYjczMC1lY2FhLTExZTYtOGY4OC0zNDM2M2JjN2M0YzAiOnsiY3JlYXRlIjozNjAwMDAwMDAwMDAwLCJkZWxldGUiOjM2MDAwMDAwMDAwMDAsInJlYWQiOjMwMDAwMDAwMDAwMCwidXBkYXRlIjozNjAwMDAwMDAwMDAwfX0=",
          "dependencies": [
            "azurerm_resource_group.rg"
          ]
        }
      ]
    },
    {
      "mode": "managed",
      "type": "azurerm_nat_gateway_public_ip_prefix_association",
      "name": "association_pip_prefix_nat_gateway",
      "provider": "provider[\"registry.terraform.io/hashicorp/azurerm\"]",
      "instances": [
        {
          "schema_version": 0,
          "attributes": {
            "id": "/subscriptions/dcef7009-6b94-4382-afdc-17eb160d709a/resourceGroups/rg-containerapp-keda-service-bus-16/providers/Microsoft.Network/natGateways/nat-gateway|/subscriptions/dcef7009-6b94-4382-afdc-17eb160d709a/resourceGroups/rg-containerapp-keda-service-bus-16/providers/Microsoft.Network/publicIPPrefixes/pip-prefix-nat-gateway",
            "nat_gateway_id": "/subscriptions/dcef7009-6b94-4382-afdc-17eb160d709a/resourceGroups/rg-containerapp-keda-service-bus-16/providers/Microsoft.Network/natGateways/nat-gateway",
            "public_ip_prefix_id": "/subscriptions/dcef7009-6b94-4382-afdc-17eb160d709a/resourceGroups/rg-containerapp-keda-service-bus-16/providers/Microsoft.Network/publicIPPrefixes/pip-prefix-nat-gateway",
            "timeouts": null
          },
          "sensitive_attributes": [],
          "identity_schema_version": 0,
          "private": "eyJlMmJmYjczMC1lY2FhLTExZTYtOGY4OC0zNDM2M2JjN2M0YzAiOnsiY3JlYXRlIjoxODAwMDAwMDAwMDAwLCJkZWxldGUiOjE4MDAwMDAwMDAwMDAsInJlYWQiOjMwMDAwMDAwMDAwMH19",
          "dependencies": [
            "azurerm_nat_gateway.nat_gateway",
            "azurerm_public_ip_prefix.pip_prefix_nat_gateway",
            "azurerm_resource_group.rg"
          ]
        }
      ]
    },
    {
      "mode": "managed",
      "type": "azurerm_network_security_group",
      "name": "nsg_aca",
      "provider": "provider[\"registry.terraform.io/hashicorp/azurerm\"]",
      "instances": [
        {
          "schema_version": 0,
          "attributes": {
            "id": "/subscriptions/dcef7009-6b94-4382-afdc-17eb160d709a/resourceGroups/rg-containerapp-keda-service-bus-16/providers/Microsoft.Network/networkSecurityGroups/nsg-aca",
            "location": "swedencentral",
            "name": "nsg-aca",
            "resource_group_name": "rg-containerapp-keda-service-bus-16",
            "security_rule": [
              {
                "access": "Allow",
                "description": "",
                "destination_address_prefix": "*",
                "destination_address_prefixes": [],
                "destination_application_security_group_ids": [],
                "destination_port_range": "*",
                "destination_port_ranges": [],
                "direction": "Inbound",
                "name": "allow-all-inbound",
                "priority": 100,
                "protocol": "*",
                "source_address_prefix": "*",
                "source_address_prefixes": [],
                "source_application_security_group_ids": [],
                "source_port_range": "*",
                "source_port_ranges": []
              },
              {
                "access": "Allow",
                "description": "",
                "destination_address_prefix": "ServiceBus.SwedenCentral",
                "destination_address_prefixes": [],
                "destination_application_security_group_ids": [],
                "destination_port_range": "443",
                "destination_port_ranges": [],
                "direction": "Outbound",
                "name": "allow-outbound-service-bus",
                "priority": 100,
                "protocol": "*",
                "source_address_prefix": "*",
                "source_address_prefixes": [],
                "source_application_security_group_ids": [],
                "source_port_range": "*",
                "source_port_ranges": []
              }
            ],
            "tags": {},
            "timeouts": null
          },
          "sensitive_attributes": [],
          "identity_schema_version": 0,
          "identity": {
            "name": "nsg-aca",
            "resource_group_name": "rg-containerapp-keda-service-bus-16",
            "subscription_id": "dcef7009-6b94-4382-afdc-17eb160d709a"
          },
          "private": "eyJlMmJmYjczMC1lY2FhLTExZTYtOGY4OC0zNDM2M2JjN2M0YzAiOnsiY3JlYXRlIjoxODAwMDAwMDAwMDAwLCJkZWxldGUiOjE4MDAwMDAwMDAwMDAsInJlYWQiOjMwMDAwMDAwMDAwMCwidXBkYXRlIjoxODAwMDAwMDAwMDAwfX0=",
          "dependencies": [
            "azurerm_resource_group.rg"
          ]
        }
      ]
    },
    {
      "mode": "managed",
      "type": "azurerm_network_security_rule",
      "name": "allow_all_inbound",
      "provider": "provider[\"registry.terraform.io/hashicorp/azurerm\"]",
      "instances": [
        {
          "schema_version": 0,
          "attributes": {
            "access": "Allow",
            "description": "",
            "destination_address_prefix": "*",
            "destination_address_prefixes": [],
            "destination_application_security_group_ids": [],
            "destination_port_range": "*",
            "destination_port_ranges": [],
            "direction": "Inbound",
            "id": "/subscriptions/dcef7009-6b94-4382-afdc-17eb160d709a/resourceGroups/rg-containerapp-keda-service-bus-16/providers/Microsoft.Network/networkSecurityGroups/nsg-aca/securityRules/allow-all-inbound",
            "name": "allow-all-inbound",
            "network_security_group_name": "nsg-aca",
            "priority": 100,
            "protocol": "*",
            "resource_group_name": "rg-containerapp-keda-service-bus-16",
            "source_address_prefix": "*",
            "source_address_prefixes": [],
            "source_application_security_group_ids": [],
            "source_port_range": "*",
            "source_port_ranges": [],
            "timeouts": null
          },
          "sensitive_attributes": [],
          "identity_schema_version": 0,
          "identity": {
            "name": "allow-all-inbound",
            "network_security_group_name": "nsg-aca",
            "resource_group_name": "rg-containerapp-keda-service-bus-16",
            "subscription_id": "dcef7009-6b94-4382-afdc-17eb160d709a"
          },
          "private": "eyJlMmJmYjczMC1lY2FhLTExZTYtOGY4OC0zNDM2M2JjN2M0YzAiOnsiY3JlYXRlIjoxODAwMDAwMDAwMDAwLCJkZWxldGUiOjE4MDAwMDAwMDAwMDAsInJlYWQiOjMwMDAwMDAwMDAwMCwidXBkYXRlIjoxODAwMDAwMDAwMDAwfX0=",
          "dependencies": [
            "azurerm_network_security_group.nsg_aca",
            "azurerm_resource_group.rg"
          ]
        }
      ]
    },
    {
      "mode": "managed",
      "type": "azurerm_network_security_rule",
      "name": "allow_outbound_service_bus",
      "provider": "provider[\"registry.terraform.io/hashicorp/azurerm\"]",
      "instances": [
        {
          "schema_version": 0,
          "attributes": {
            "access": "Allow",
            "description": "",
            "destination_address_prefix": "ServiceBus.SwedenCentral",
            "destination_address_prefixes": [],
            "destination_application_security_group_ids": [],
            "destination_port_range": "443",
            "destination_port_ranges": [],
            "direction": "Outbound",
            "id": "/subscriptions/dcef7009-6b94-4382-afdc-17eb160d709a/resourceGroups/rg-containerapp-keda-service-bus-16/providers/Microsoft.Network/networkSecurityGroups/nsg-aca/securityRules/allow-outbound-service-bus",
            "name": "allow-outbound-service-bus",
            "network_security_group_name": "nsg-aca",
            "priority": 100,
            "protocol": "Tcp",
            "resource_group_name": "rg-containerapp-keda-service-bus-16",
            "source_address_prefix": "10.0.0.0/24",
            "source_address_prefixes": [],
            "source_application_security_group_ids": [],
            "source_port_range": "*",
            "source_port_ranges": [],
            "timeouts": null
          },
          "sensitive_attributes": [],
          "identity_schema_version": 0,
          "identity": {
            "name": "allow-outbound-service-bus",
            "network_security_group_name": "nsg-aca",
            "resource_group_name": "rg-containerapp-keda-service-bus-16",
            "subscription_id": "dcef7009-6b94-4382-afdc-17eb160d709a"
          },
          "private": "eyJlMmJmYjczMC1lY2FhLTExZTYtOGY4OC0zNDM2M2JjN2M0YzAiOnsiY3JlYXRlIjoxODAwMDAwMDAwMDAwLCJkZWxldGUiOjE4MDAwMDAwMDAwMDAsInJlYWQiOjMwMDAwMDAwMDAwMCwidXBkYXRlIjoxODAwMDAwMDAwMDAwfX0=",
          "dependencies": [
            "azurerm_network_security_group.nsg_aca",
            "azurerm_resource_group.rg",
            "azurerm_subnet.snet_aca",
            "azurerm_virtual_network.vnet"
          ]
        }
      ]
    },
    {
      "mode": "managed",
      "type": "azurerm_public_ip_prefix",
      "name": "pip_prefix_nat_gateway",
      "provider": "provider[\"registry.terraform.io/hashicorp/azurerm\"]",
      "instances": [
        {
          "schema_version": 0,
          "attributes": {
            "custom_ip_prefix_id": "",
            "id": "/subscriptions/dcef7009-6b94-4382-afdc-17eb160d709a/resourceGroups/rg-containerapp-keda-service-bus-16/providers/Microsoft.Network/publicIPPrefixes/pip-prefix-nat-gateway",
            "ip_prefix": "172.160.232.112/30",
            "ip_version": "IPv4",
            "location": "swedencentral",
            "name": "pip-prefix-nat-gateway",
            "prefix_length": 30,
            "resource_group_name": "rg-containerapp-keda-service-bus-16",
            "sku": "StandardV2",
            "sku_tier": "Regional",
            "tags": {},
            "timeouts": null,
            "zones": []
          },
          "sensitive_attributes": [],
          "identity_schema_version": 0,
          "identity": {
            "name": "pip-prefix-nat-gateway",
            "resource_group_name": "rg-containerapp-keda-service-bus-16",
            "subscription_id": "dcef7009-6b94-4382-afdc-17eb160d709a"
          },
          "private": "eyJlMmJmYjczMC1lY2FhLTExZTYtOGY4OC0zNDM2M2JjN2M0YzAiOnsiY3JlYXRlIjoxODAwMDAwMDAwMDAwLCJkZWxldGUiOjE4MDAwMDAwMDAwMDAsInJlYWQiOjMwMDAwMDAwMDAwMCwidXBkYXRlIjoxODAwMDAwMDAwMDAwfX0=",
          "dependencies": [
            "azurerm_resource_group.rg"
          ]
        }
      ]
    },
    {
      "mode": "managed",
      "type": "azurerm_resource_group",
      "name": "rg",
      "provider": "provider[\"registry.terraform.io/hashicorp/azurerm\"]",
      "instances": [
        {
          "schema_version": 0,
          "attributes": {
            "id": "/subscriptions/dcef7009-6b94-4382-afdc-17eb160d709a/resourceGroups/rg-containerapp-keda-service-bus-16",
            "location": "swedencentral",
            "managed_by": "",
            "name": "rg-containerapp-keda-service-bus-16",
            "tags": {},
            "timeouts": null
          },
          "sensitive_attributes": [],
          "identity_schema_version": 0,
          "identity": {
            "name": "rg-containerapp-keda-service-bus-16",
            "subscription_id": "dcef7009-6b94-4382-afdc-17eb160d709a"
          },
          "private": "eyJlMmJmYjczMC1lY2FhLTExZTYtOGY4OC0zNDM2M2JjN2M0YzAiOnsiY3JlYXRlIjo1NDAwMDAwMDAwMDAwLCJkZWxldGUiOjU0MDAwMDAwMDAwMDAsInJlYWQiOjMwMDAwMDAwMDAwMCwidXBkYXRlIjo1NDAwMDAwMDAwMDAwfX0="
        }
      ]
    },
    {
      "mode": "managed",
      "type": "azurerm_role_assignment",
      "name": "role_acr_aca",
      "provider": "provider[\"registry.terraform.io/hashicorp/azurerm\"]",
      "instances": [
        {
          "schema_version": 0,
          "attributes": {
            "condition": "",
            "condition_version": "",
            "delegated_managed_identity_resource_id": "",
            "description": "",
            "id": "/subscriptions/dcef7009-6b94-4382-afdc-17eb160d709a/resourceGroups/rg-containerapp-keda-service-bus-16/providers/Microsoft.ContainerRegistry/registries/acr4aca4keda12316/providers/Microsoft.Authorization/roleAssignments/06f84592-f587-83c4-2241-4dc303d41b40",
            "name": "06f84592-f587-83c4-2241-4dc303d41b40",
            "principal_id": "72bcbdb5-21e8-4232-a099-b11efd4238cd",
            "principal_type": "ServicePrincipal",
            "role_definition_id": "/subscriptions/dcef7009-6b94-4382-afdc-17eb160d709a/providers/Microsoft.Authorization/roleDefinitions/7f951dda-4ed3-4680-a7ca-43fe172d538d",
            "role_definition_name": "AcrPull",
            "scope": "/subscriptions/dcef7009-6b94-4382-afdc-17eb160d709a/resourceGroups/rg-containerapp-keda-service-bus-16/providers/Microsoft.ContainerRegistry/registries/acr4aca4keda12316",
            "skip_service_principal_aad_check": null,
            "timeouts": null
          },
          "sensitive_attributes": [],
          "identity_schema_version": 0,
          "private": "eyJlMmJmYjczMC1lY2FhLTExZTYtOGY4OC0zNDM2M2JjN2M0YzAiOnsiY3JlYXRlIjoxODAwMDAwMDAwMDAwLCJkZWxldGUiOjE4MDAwMDAwMDAwMDAsInJlYWQiOjMwMDAwMDAwMDAwMH19",
          "dependencies": [
            "azurerm_container_registry.acr",
            "azurerm_resource_group.rg",
            "azurerm_user_assigned_identity.identity_aca_acr"
          ]
        }
      ]
    },
    {
      "mode": "managed",
      "type": "azurerm_role_assignment",
      "name": "role_receiver_queue_me",
      "provider": "provider[\"registry.terraform.io/hashicorp/azurerm\"]",
      "instances": [
        {
          "schema_version": 0,
          "attributes": {
            "condition": "",
            "condition_version": "",
            "delegated_managed_identity_resource_id": "",
            "description": "",
            "id": "/subscriptions/dcef7009-6b94-4382-afdc-17eb160d709a/resourceGroups/rg-containerapp-keda-service-bus-16/providers/Microsoft.ServiceBus/namespaces/servicebus-ns-std-16/queues/queue-messages/providers/Microsoft.Authorization/roleAssignments/61d92e01-512e-d922-5384-c9c6b1272bc0",
            "name": "61d92e01-512e-d922-5384-c9c6b1272bc0",
            "principal_id": "8173c45d-035e-4692-8f40-540cd5fc0f18",
            "principal_type": "User",
            "role_definition_id": "/subscriptions/dcef7009-6b94-4382-afdc-17eb160d709a/providers/Microsoft.Authorization/roleDefinitions/4f6d3b9b-027b-4f4c-9142-0e5a2a2247e0",
            "role_definition_name": "Azure Service Bus Data Receiver",
            "scope": "/subscriptions/dcef7009-6b94-4382-afdc-17eb160d709a/resourceGroups/rg-containerapp-keda-service-bus-16/providers/Microsoft.ServiceBus/namespaces/servicebus-ns-std-16/queues/queue-messages",
            "skip_service_principal_aad_check": null,
            "timeouts": null
          },
          "sensitive_attributes": [],
          "identity_schema_version": 0,
          "private": "eyJlMmJmYjczMC1lY2FhLTExZTYtOGY4OC0zNDM2M2JjN2M0YzAiOnsiY3JlYXRlIjoxODAwMDAwMDAwMDAwLCJkZWxldGUiOjE4MDAwMDAwMDAwMDAsInJlYWQiOjMwMDAwMDAwMDAwMH19",
          "dependencies": [
            "azurerm_public_ip_prefix.pip_prefix_nat_gateway",
            "azurerm_resource_group.rg",
            "azurerm_servicebus_namespace.service_bus",
            "azurerm_servicebus_queue.queue_messages",
            "data.azurerm_client_config.current"
          ]
        }
      ]
    },
    {
      "mode": "managed",
      "type": "azurerm_role_assignment",
      "name": "role_sender_queue_me",
      "provider": "provider[\"registry.terraform.io/hashicorp/azurerm\"]",
      "instances": [
        {
          "schema_version": 0,
          "attributes": {
            "condition": "",
            "condition_version": "",
            "delegated_managed_identity_resource_id": "",
            "description": "",
            "id": "/subscriptions/dcef7009-6b94-4382-afdc-17eb160d709a/resourceGroups/rg-containerapp-keda-service-bus-16/providers/Microsoft.ServiceBus/namespaces/servicebus-ns-std-16/queues/queue-messages/providers/Microsoft.Authorization/roleAssignments/ac962f42-4e71-7810-80a8-2bf5134c3780",
            "name": "ac962f42-4e71-7810-80a8-2bf5134c3780",
            "principal_id": "8173c45d-035e-4692-8f40-540cd5fc0f18",
            "principal_type": "User",
            "role_definition_id": "/subscriptions/dcef7009-6b94-4382-afdc-17eb160d709a/providers/Microsoft.Authorization/roleDefinitions/69a216fc-b8fb-44d8-bc22-1f3c2cd27a39",
            "role_definition_name": "Azure Service Bus Data Sender",
            "scope": "/subscriptions/dcef7009-6b94-4382-afdc-17eb160d709a/resourceGroups/rg-containerapp-keda-service-bus-16/providers/Microsoft.ServiceBus/namespaces/servicebus-ns-std-16/queues/queue-messages",
            "skip_service_principal_aad_check": null,
            "timeouts": null
          },
          "sensitive_attributes": [],
          "identity_schema_version": 0,
          "private": "eyJlMmJmYjczMC1lY2FhLTExZTYtOGY4OC0zNDM2M2JjN2M0YzAiOnsiY3JlYXRlIjoxODAwMDAwMDAwMDAwLCJkZWxldGUiOjE4MDAwMDAwMDAwMDAsInJlYWQiOjMwMDAwMDAwMDAwMH19",
          "dependencies": [
            "azurerm_public_ip_prefix.pip_prefix_nat_gateway",
            "azurerm_resource_group.rg",
            "azurerm_servicebus_namespace.service_bus",
            "azurerm_servicebus_queue.queue_messages",
            "data.azurerm_client_config.current"
          ]
        }
      ]
    },
    {
      "mode": "managed",
      "type": "azurerm_role_assignment",
      "name": "role_servicebus_aca",
      "provider": "provider[\"registry.terraform.io/hashicorp/azurerm\"]",
      "instances": [
        {
          "schema_version": 0,
          "attributes": {
            "condition": "",
            "condition_version": "",
            "delegated_managed_identity_resource_id": "",
            "description": "",
            "id": "/subscriptions/dcef7009-6b94-4382-afdc-17eb160d709a/resourceGroups/rg-containerapp-keda-service-bus-16/providers/Microsoft.ServiceBus/namespaces/servicebus-ns-std-16/providers/Microsoft.Authorization/roleAssignments/3c38e872-3670-ab08-76ef-f4d187ebeec9",
            "name": "3c38e872-3670-ab08-76ef-f4d187ebeec9",
            "principal_id": "04d26bbb-b3ed-41a2-b5bd-627d8881c6fe",
            "principal_type": "ServicePrincipal",
            "role_definition_id": "/subscriptions/dcef7009-6b94-4382-afdc-17eb160d709a/providers/Microsoft.Authorization/roleDefinitions/4f6d3b9b-027b-4f4c-9142-0e5a2a2247e0",
            "role_definition_name": "Azure Service Bus Data Receiver",
            "scope": "/subscriptions/dcef7009-6b94-4382-afdc-17eb160d709a/resourceGroups/rg-containerapp-keda-service-bus-16/providers/Microsoft.ServiceBus/namespaces/servicebus-ns-std-16",
            "skip_service_principal_aad_check": null,
            "timeouts": null
          },
          "sensitive_attributes": [],
          "identity_schema_version": 0,
          "private": "eyJlMmJmYjczMC1lY2FhLTExZTYtOGY4OC0zNDM2M2JjN2M0YzAiOnsiY3JlYXRlIjoxODAwMDAwMDAwMDAwLCJkZWxldGUiOjE4MDAwMDAwMDAwMDAsInJlYWQiOjMwMDAwMDAwMDAwMH19",
          "dependencies": [
            "azurerm_public_ip_prefix.pip_prefix_nat_gateway",
            "azurerm_resource_group.rg",
            "azurerm_servicebus_namespace.service_bus",
            "azurerm_user_assigned_identity.identity_aca_servicebus"
          ]
        }
      ]
    },
    {
      "mode": "managed",
      "type": "azurerm_servicebus_namespace",
      "name": "service_bus",
      "provider": "provider[\"registry.terraform.io/hashicorp/azurerm\"]",
      "instances": [
        {
          "schema_version": 1,
          "attributes": {
            "capacity": 0,
            "customer_managed_key": [],
            "default_primary_connection_string": "Endpoint=sb://servicebus-ns-std-16.servicebus.windows.net/;SharedAccessKeyName=RootManageSharedAccessKey;SharedAccessKey=z1WMVatlwQq6h3Wc26s+CaW7+d31v3Iwb+ASbFBzEEE=",
            "default_primary_key": "z1WMVatlwQq6h3Wc26s+CaW7+d31v3Iwb+ASbFBzEEE=",
            "default_secondary_connection_string": "Endpoint=sb://servicebus-ns-std-16.servicebus.windows.net/;SharedAccessKeyName=RootManageSharedAccessKey;SharedAccessKey=KcpgrjlpjzeRFLenTyrHxYNgAZhfqYhOM+ASbCKkVtQ=",
            "default_secondary_key": "KcpgrjlpjzeRFLenTyrHxYNgAZhfqYhOM+ASbCKkVtQ=",
            "endpoint": "https://servicebus-ns-std-16.servicebus.windows.net:443/",
            "id": "/subscriptions/dcef7009-6b94-4382-afdc-17eb160d709a/resourceGroups/rg-containerapp-keda-service-bus-16/providers/Microsoft.ServiceBus/namespaces/servicebus-ns-std-16",
            "identity": [],
            "local_auth_enabled": true,
            "location": "swedencentral",
            "minimum_tls_version": "1.2",
            "name": "servicebus-ns-std-16",
            "network_rule_set": [
              {
                "default_action": "Deny",
                "ip_rules": [
                  "172.160.232.112/30",
                  "9.160.9.0/24"
                ],
                "network_rules": [],
                "public_network_access_enabled": true,
                "trusted_services_allowed": true
              }
            ],
            "premium_messaging_partitions": 0,
            "public_network_access_enabled": true,
            "resource_group_name": "rg-containerapp-keda-service-bus-16",
            "sku": "Standard",
            "tags": {
              "SecurityControl": "Ignore"
            },
            "timeouts": null
          },
          "sensitive_attributes": [
            [
              {
                "type": "get_attr",
                "value": "default_primary_connection_string"
              }
            ],
            [
              {
                "type": "get_attr",
                "value": "default_primary_key"
              }
            ],
            [
              {
                "type": "get_attr",
                "value": "default_secondary_connection_string"
              }
            ],
            [
              {
                "type": "get_attr",
                "value": "default_secondary_key"
              }
            ]
          ],
          "identity_schema_version": 0,
          "identity": {
            "name": "servicebus-ns-std-16",
            "resource_group_name": "rg-containerapp-keda-service-bus-16",
            "subscription_id": "dcef7009-6b94-4382-afdc-17eb160d709a"
          },
          "private": "eyJlMmJmYjczMC1lY2FhLTExZTYtOGY4OC0zNDM2M2JjN2M0YzAiOnsiY3JlYXRlIjoxODAwMDAwMDAwMDAwLCJkZWxldGUiOjE4MDAwMDAwMDAwMDAsInJlYWQiOjMwMDAwMDAwMDAwMCwidXBkYXRlIjoxODAwMDAwMDAwMDAwfSwic2NoZW1hX3ZlcnNpb24iOiIxIn0=",
          "dependencies": [
            "azurerm_public_ip_prefix.pip_prefix_nat_gateway",
            "azurerm_resource_group.rg"
          ]
        }
      ]
    },
    {
      "mode": "managed",
      "type": "azurerm_servicebus_queue",
      "name": "queue_messages",
      "provider": "provider[\"registry.terraform.io/hashicorp/azurerm\"]",
      "instances": [
        {
          "schema_version": 0,
          "attributes": {
            "auto_delete_on_idle": "P10675199DT2H48M5.4775807S",
            "batched_operations_enabled": true,
            "dead_lettering_on_message_expiration": false,
            "default_message_ttl": "P10675199DT2H48M5.4775807S",
            "duplicate_detection_history_time_window": "PT10M",
            "express_enabled": false,
            "forward_dead_lettered_messages_to": "",
            "forward_to": "",
            "id": "/subscriptions/dcef7009-6b94-4382-afdc-17eb160d709a/resourceGroups/rg-containerapp-keda-service-bus-16/providers/Microsoft.ServiceBus/namespaces/servicebus-ns-std-16/queues/queue-messages",
            "lock_duration": "PT5M",
            "max_delivery_count": 1,
            "max_message_size_in_kilobytes": 256,
            "max_size_in_megabytes": 5120,
            "name": "queue-messages",
            "namespace_id": "/subscriptions/dcef7009-6b94-4382-afdc-17eb160d709a/resourceGroups/rg-containerapp-keda-service-bus-16/providers/Microsoft.ServiceBus/namespaces/servicebus-ns-std-16",
            "partitioning_enabled": false,
            "requires_duplicate_detection": false,
            "requires_session": false,
            "status": "Active",
            "timeouts": null
          },
          "sensitive_attributes": [],
          "identity_schema_version": 0,
          "private": "eyJlMmJmYjczMC1lY2FhLTExZTYtOGY4OC0zNDM2M2JjN2M0YzAiOnsiY3JlYXRlIjoxODAwMDAwMDAwMDAwLCJkZWxldGUiOjE4MDAwMDAwMDAwMDAsInJlYWQiOjMwMDAwMDAwMDAwMCwidXBkYXRlIjoxODAwMDAwMDAwMDAwfX0=",
          "dependencies": [
            "azurerm_public_ip_prefix.pip_prefix_nat_gateway",
            "azurerm_resource_group.rg",
            "azurerm_servicebus_namespace.service_bus"
          ]
        }
      ]
    },
    {
      "mode": "managed",
      "type": "azurerm_subnet",
      "name": "snet_aca",
      "provider": "provider[\"registry.terraform.io/hashicorp/azurerm\"]",
      "instances": [
        {
          "schema_version": 0,
          "attributes": {
            "address_prefixes": [
              "10.0.0.0/24"
            ],
            "default_outbound_access_enabled": true,
            "delegation": [
              {
                "name": "delegation",
                "service_delegation": [
                  {
                    "actions": [
                      "Microsoft.Network/virtualNetworks/subnets/join/action"
                    ],
                    "name": "Microsoft.App/environments"
                  }
                ]
              }
            ],
            "id": "/subscriptions/dcef7009-6b94-4382-afdc-17eb160d709a/resourceGroups/rg-containerapp-keda-service-bus-16/providers/Microsoft.Network/virtualNetworks/vnet-internal/subnets/snet-aca",
            "ip_address_pool": [],
            "name": "snet-aca",
            "private_endpoint_network_policies": "Disabled",
            "private_link_service_network_policies_enabled": true,
            "resource_group_name": "rg-containerapp-keda-service-bus-16",
            "service_endpoint_policy_ids": [],
            "service_endpoints": [],
            "sharing_scope": "",
            "timeouts": null,
            "virtual_network_name": "vnet-internal"
          },
          "sensitive_attributes": [],
          "identity_schema_version": 0,
          "identity": {
            "name": "snet-aca",
            "resource_group_name": "rg-containerapp-keda-service-bus-16",
            "subscription_id": "dcef7009-6b94-4382-afdc-17eb160d709a",
            "virtual_network_name": "vnet-internal"
          },
          "private": "eyJlMmJmYjczMC1lY2FhLTExZTYtOGY4OC0zNDM2M2JjN2M0YzAiOnsiY3JlYXRlIjoxODAwMDAwMDAwMDAwLCJkZWxldGUiOjE4MDAwMDAwMDAwMDAsInJlYWQiOjMwMDAwMDAwMDAwMCwidXBkYXRlIjoxODAwMDAwMDAwMDAwfX0=",
          "dependencies": [
            "azurerm_resource_group.rg",
            "azurerm_virtual_network.vnet"
          ]
        }
      ]
    },
    {
      "mode": "managed",
      "type": "azurerm_subnet_nat_gateway_association",
      "name": "snet_natgw",
      "provider": "provider[\"registry.terraform.io/hashicorp/azurerm\"]",
      "instances": [
        {
          "schema_version": 0,
          "attributes": {
            "id": "/subscriptions/dcef7009-6b94-4382-afdc-17eb160d709a/resourceGroups/rg-containerapp-keda-service-bus-16/providers/Microsoft.Network/virtualNetworks/vnet-internal/subnets/snet-aca",
            "nat_gateway_id": "/subscriptions/dcef7009-6b94-4382-afdc-17eb160d709a/resourceGroups/rg-containerapp-keda-service-bus-16/providers/Microsoft.Network/natGateways/nat-gateway",
            "subnet_id": "/subscriptions/dcef7009-6b94-4382-afdc-17eb160d709a/resourceGroups/rg-containerapp-keda-service-bus-16/providers/Microsoft.Network/virtualNetworks/vnet-internal/subnets/snet-aca",
            "timeouts": null
          },
          "sensitive_attributes": [],
          "identity_schema_version": 0,
          "private": "eyJlMmJmYjczMC1lY2FhLTExZTYtOGY4OC0zNDM2M2JjN2M0YzAiOnsiY3JlYXRlIjoxODAwMDAwMDAwMDAwLCJkZWxldGUiOjE4MDAwMDAwMDAwMDAsInJlYWQiOjMwMDAwMDAwMDAwMH19",
          "dependencies": [
            "azurerm_nat_gateway.nat_gateway",
            "azurerm_resource_group.rg",
            "azurerm_subnet.snet_aca",
            "azurerm_virtual_network.vnet"
          ]
        }
      ]
    },
    {
      "mode": "managed",
      "type": "azurerm_subnet_network_security_group_association",
      "name": "association_nsg_snet_aca",
      "provider": "provider[\"registry.terraform.io/hashicorp/azurerm\"]",
      "instances": [
        {
          "schema_version": 0,
          "attributes": {
            "id": "/subscriptions/dcef7009-6b94-4382-afdc-17eb160d709a/resourceGroups/rg-containerapp-keda-service-bus-16/providers/Microsoft.Network/virtualNetworks/vnet-internal/subnets/snet-aca",
            "network_security_group_id": "/subscriptions/dcef7009-6b94-4382-afdc-17eb160d709a/resourceGroups/rg-containerapp-keda-service-bus-16/providers/Microsoft.Network/networkSecurityGroups/nsg-aca",
            "subnet_id": "/subscriptions/dcef7009-6b94-4382-afdc-17eb160d709a/resourceGroups/rg-containerapp-keda-service-bus-16/providers/Microsoft.Network/virtualNetworks/vnet-internal/subnets/snet-aca",
            "timeouts": null
          },
          "sensitive_attributes": [],
          "identity_schema_version": 0,
          "private": "eyJlMmJmYjczMC1lY2FhLTExZTYtOGY4OC0zNDM2M2JjN2M0YzAiOnsiY3JlYXRlIjoxODAwMDAwMDAwMDAwLCJkZWxldGUiOjE4MDAwMDAwMDAwMDAsInJlYWQiOjMwMDAwMDAwMDAwMH19",
          "dependencies": [
            "azurerm_network_security_group.nsg_aca",
            "azurerm_resource_group.rg",
            "azurerm_subnet.snet_aca",
            "azurerm_virtual_network.vnet"
          ]
        }
      ]
    },
    {
      "mode": "managed",
      "type": "azurerm_user_assigned_identity",
      "name": "identity_aca_acr",
      "provider": "provider[\"registry.terraform.io/hashicorp/azurerm\"]",
      "instances": [
        {
          "schema_version": 1,
          "attributes": {
            "client_id": "d8027d73-9050-4c71-9f4d-1c73807c8c39",
            "id": "/subscriptions/dcef7009-6b94-4382-afdc-17eb160d709a/resourceGroups/rg-containerapp-keda-service-bus-16/providers/Microsoft.ManagedIdentity/userAssignedIdentities/identity-aca-acr",
            "isolation_scope": "",
            "location": "swedencentral",
            "name": "identity-aca-acr",
            "principal_id": "72bcbdb5-21e8-4232-a099-b11efd4238cd",
            "resource_group_name": "rg-containerapp-keda-service-bus-16",
            "tags": {},
            "tenant_id": "93139d1e-a3c1-4d78-9ed5-878be090eba4",
            "timeouts": null
          },
          "sensitive_attributes": [],
          "identity_schema_version": 0,
          "private": "eyJlMmJmYjczMC1lY2FhLTExZTYtOGY4OC0zNDM2M2JjN2M0YzAiOnsiY3JlYXRlIjoxODAwMDAwMDAwMDAwLCJkZWxldGUiOjE4MDAwMDAwMDAwMDAsInJlYWQiOjMwMDAwMDAwMDAwMCwidXBkYXRlIjoxODAwMDAwMDAwMDAwfSwic2NoZW1hX3ZlcnNpb24iOiIxIn0=",
          "dependencies": [
            "azurerm_resource_group.rg"
          ]
        }
      ]
    },
    {
      "mode": "managed",
      "type": "azurerm_user_assigned_identity",
      "name": "identity_aca_servicebus",
      "provider": "provider[\"registry.terraform.io/hashicorp/azurerm\"]",
      "instances": [
        {
          "schema_version": 1,
          "attributes": {
            "client_id": "4f4abafb-6384-4238-a655-eaae0404e12a",
            "id": "/subscriptions/dcef7009-6b94-4382-afdc-17eb160d709a/resourceGroups/rg-containerapp-keda-service-bus-16/providers/Microsoft.ManagedIdentity/userAssignedIdentities/identity-aca-servicebus",
            "isolation_scope": "",
            "location": "swedencentral",
            "name": "identity-aca-servicebus",
            "principal_id": "04d26bbb-b3ed-41a2-b5bd-627d8881c6fe",
            "resource_group_name": "rg-containerapp-keda-service-bus-16",
            "tags": {},
            "tenant_id": "93139d1e-a3c1-4d78-9ed5-878be090eba4",
            "timeouts": null
          },
          "sensitive_attributes": [],
          "identity_schema_version": 0,
          "private": "eyJlMmJmYjczMC1lY2FhLTExZTYtOGY4OC0zNDM2M2JjN2M0YzAiOnsiY3JlYXRlIjoxODAwMDAwMDAwMDAwLCJkZWxldGUiOjE4MDAwMDAwMDAwMDAsInJlYWQiOjMwMDAwMDAwMDAwMCwidXBkYXRlIjoxODAwMDAwMDAwMDAwfSwic2NoZW1hX3ZlcnNpb24iOiIxIn0=",
          "dependencies": [
            "azurerm_resource_group.rg"
          ]
        }
      ]
    },
    {
      "mode": "managed",
      "type": "azurerm_virtual_network",
      "name": "vnet",
      "provider": "provider[\"registry.terraform.io/hashicorp/azurerm\"]",
      "instances": [
        {
          "schema_version": 0,
          "attributes": {
            "address_space": [
              "10.0.0.0/16"
            ],
            "bgp_community": "",
            "ddos_protection_plan": [],
            "dns_servers": [],
            "edge_zone": "",
            "encryption": [],
            "flow_timeout_in_minutes": 0,
            "guid": "b40efa7f-3ab4-436d-a36b-a42055915df6",
            "id": "/subscriptions/dcef7009-6b94-4382-afdc-17eb160d709a/resourceGroups/rg-containerapp-keda-service-bus-16/providers/Microsoft.Network/virtualNetworks/vnet-internal",
            "ip_address_pool": [],
            "location": "swedencentral",
            "name": "vnet-internal",
            "private_endpoint_vnet_policies": "Disabled",
            "resource_group_name": "rg-containerapp-keda-service-bus-16",
            "subnet": [
              {
                "address_prefixes": [
                  "10.0.0.0/24"
                ],
                "default_outbound_access_enabled": true,
                "delegation": [
                  {
                    "name": "delegation",
                    "service_delegation": [
                      {
                        "actions": [
                          "Microsoft.Network/virtualNetworks/subnets/join/action"
                        ],
                        "name": "Microsoft.App/environments"
                      }
                    ]
                  }
                ],
                "id": "/subscriptions/dcef7009-6b94-4382-afdc-17eb160d709a/resourceGroups/rg-containerapp-keda-service-bus-16/providers/Microsoft.Network/virtualNetworks/vnet-internal/subnets/snet-aca",
                "name": "snet-aca",
                "private_endpoint_network_policies": "Disabled",
                "private_link_service_network_policies_enabled": true,
                "route_table_id": "",
                "security_group": "/subscriptions/dcef7009-6b94-4382-afdc-17eb160d709a/resourceGroups/rg-containerapp-keda-service-bus-16/providers/Microsoft.Network/networkSecurityGroups/nsg-aca",
                "service_endpoint_policy_ids": [],
                "service_endpoints": []
              }
            ],
            "tags": {},
            "timeouts": null
          },
          "sensitive_attributes": [],
          "identity_schema_version": 0,
          "identity": {
            "name": "vnet-internal",
            "resource_group_name": "rg-containerapp-keda-service-bus-16",
            "subscription_id": "dcef7009-6b94-4382-afdc-17eb160d709a"
          },
          "private": "eyJlMmJmYjczMC1lY2FhLTExZTYtOGY4OC0zNDM2M2JjN2M0YzAiOnsiY3JlYXRlIjoxODAwMDAwMDAwMDAwLCJkZWxldGUiOjE4MDAwMDAwMDAwMDAsInJlYWQiOjMwMDAwMDAwMDAwMCwidXBkYXRlIjoxODAwMDAwMDAwMDAwfX0=",
          "dependencies": [
            "azurerm_resource_group.rg"
          ]
        }
      ]
    }
  ],
  "check_results": null
}
