{
  "version": 4,
  "terraform_version": "1.8.2",
  "serial": 17,
  "lineage": "b6c47f26-ac84-299a-36f1-d77ff872fe28",
  "outputs": {},
  "resources": [
    {
      "mode": "data",
      "type": "azurerm_client_config",
      "name": "current",
      "provider": "provider[\"registry.terraform.io/hashicorp/azurerm\"]",
      "instances": [
        {
          "schema_version": 0,
          "attributes": {
            "client_id": "04b07795-8ddb-461a-bbee-02f9e1bf7b46",
            "id": "Y2xpZW50Q29uZmlncy9jbGllbnRJZD0wNGIwNzc5NS04ZGRiLTQ2MWEtYmJlZS0wMmY5ZTFiZjdiNDY7b2JqZWN0SWQ9MGE4NjQ4YmYtMjhlYy00YTdmLWJlNjUtMGQ2ZDhhMTcyMjgyO3N1YnNjcmlwdGlvbklkPTM4OTc3YjcwLTQ3YmYtNGRhNS1hNDkyLTg4NzEyZmNlODcyNTt0ZW5hbnRJZD1hOGY3ZmFhMS0zZTJlLTRkODQtYTZjYi1kYWY3ZWI5N2Q2ZTQ=",
            "object_id": "0a8648bf-28ec-4a7f-be65-0d6d8a172282",
            "subscription_id": "38977b70-47bf-4da5-a492-88712fce8725",
            "tenant_id": "a8f7faa1-3e2e-4d84-a6cb-daf7eb97d6e4",
            "timeouts": null
          },
          "sensitive_attributes": []
        }
      ]
    },
    {
      "mode": "managed",
      "type": "azapi_resource",
      "name": "appservice_domain",
      "provider": "provider[\"registry.terraform.io/azure/azapi\"]",
      "instances": [
        {
          "schema_version": 1,
          "attributes": {
            "body": {
              "value": "{\"properties\":{\"autoRenew\":false,\"consent\":{\"agreedAt\":\"2023-08-10T11:50:59.264Z\",\"agreedBy\":\"2a04:cec0:11d9:24c8:8898:3820:8631:d83\",\"agreementKeys\":[\"DNRA\"]},\"contactAdmin\":{\"addressMailing\":{\"address1\":\"1 Microsoft Way\",\"city\":\"Redmond\",\"country\":\"US\",\"postalCode\":\"98052\",\"state\":\"WA\"},\"email\":\"houssem.dellai@live.com\",\"nameFirst\":\"Houssem\",\"nameLast\":\"Dellai\",\"phone\":\"+33.762954328\"},\"contactBilling\":{\"addressMailing\":{\"address1\":\"1 Microsoft Way\",\"city\":\"Redmond\",\"country\":\"US\",\"postalCode\":\"98052\",\"state\":\"WA\"},\"email\":\"houssem.dellai@live.com\",\"nameFirst\":\"Houssem\",\"nameLast\":\"Dellai\",\"phone\":\"+33.762954328\"},\"contactRegistrant\":{\"addressMailing\":{\"address1\":\"1 Microsoft Way\",\"city\":\"Redmond\",\"country\":\"US\",\"postalCode\":\"98052\",\"state\":\"WA\"},\"email\":\"houssem.dellai@live.com\",\"nameFirst\":\"Houssem\",\"nameLast\":\"Dellai\",\"phone\":\"+33.762954328\"},\"contactTech\":{\"addressMailing\":{\"address1\":\"1 Microsoft Way\",\"city\":\"Redmond\",\"country\":\"US\",\"postalCode\":\"98052\",\"state\":\"WA\"},\"email\":\"houssem.dellai@live.com\",\"nameFirst\":\"Houssem\",\"nameLast\":\"Dellai\",\"phone\":\"+33.762954328\"},\"dnsType\":\"AzureDns\",\"dnsZoneId\":\"/subscriptions/38977b70-47bf-4da5-a492-88712fce8725/resourceGroups/rg-aca-custom-domain-18/providers/Microsoft.Network/dnsZones/aca-app.com\",\"privacy\":false}}",
              "type": "string"
            },
            "id": "/subscriptions/38977b70-47bf-4da5-a492-88712fce8725/resourceGroups/rg-aca-custom-domain-18/providers/Microsoft.DomainRegistration/domains/aca-app.com",
            "identity": [],
            "ignore_body_changes": null,
            "ignore_casing": false,
            "ignore_missing_property": true,
            "location": "global",
            "locks": null,
            "name": "aca-app.com",
            "output": {
              "value": "{}",
              "type": "string"
            },
            "parent_id": "/subscriptions/38977b70-47bf-4da5-a492-88712fce8725/resourceGroups/rg-aca-custom-domain-18",
            "removing_special_chars": false,
            "response_export_values": null,
            "schema_validation_enabled": true,
            "tags": null,
            "timeouts": null,
            "type": "Microsoft.DomainRegistration/domains@2022-09-01"
          },
          "sensitive_attributes": [],
          "dependencies": [
            "azurerm_dns_zone.dns_zone",
            "azurerm_resource_group.rg"
          ]
        }
      ]
    },
    {
      "mode": "managed",
      "type": "azurerm_container_app",
      "name": "inspactor-gadget",
      "provider": "provider[\"registry.terraform.io/hashicorp/azurerm\"]",
      "instances": [
        {
          "schema_version": 0,
          "attributes": {
            "container_app_environment_id": "/subscriptions/38977b70-47bf-4da5-a492-88712fce8725/resourceGroups/rg-aca-custom-domain-18/providers/Microsoft.App/managedEnvironments/aca-environment",
            "custom_domain_verification_id": "2AE36349F34CF07C26682CAB69940DF26614B5B61797CA2B82A7EC6564045909",
            "dapr": [],
            "id": "/subscriptions/38977b70-47bf-4da5-a492-88712fce8725/resourceGroups/rg-aca-custom-domain-18/providers/Microsoft.App/containerApps/inspactor-gadget",
            "identity": [],
            "ingress": [
              {
                "allow_insecure_connections": true,
                "custom_domain": [],
                "exposed_port": 0,
                "external_enabled": true,
                "fqdn": "inspactor-gadget.wonderfulmeadow-481b9bfc.swedencentral.azurecontainerapps.io",
                "ip_security_restriction": [],
                "target_port": 80,
                "traffic_weight": [
                  {
                    "label": "",
                    "latest_revision": true,
                    "percentage": 100,
                    "revision_suffix": ""
                  }
                ],
                "transport": "auto"
              }
            ],
            "latest_revision_fqdn": "inspactor-gadget--87fh7t9.wonderfulmeadow-481b9bfc.swedencentral.azurecontainerapps.io",
            "latest_revision_name": "inspactor-gadget--87fh7t9",
            "location": "swedencentral",
            "name": "inspactor-gadget",
            "outbound_ip_addresses": [
              "74.241.161.230"
            ],
            "registry": [],
            "resource_group_name": "rg-aca-custom-domain-18",
            "revision_mode": "Single",
            "secret": [],
            "tags": {},
            "template": [
              {
                "azure_queue_scale_rule": [],
                "container": [
                  {
                    "args": [],
                    "command": [],
                    "cpu": 0.25,
                    "env": [],
                    "ephemeral_storage": "1Gi",
                    "image": "jelledruyts/inspectorgadget",
                    "liveness_probe": [],
                    "memory": "0.5Gi",
                    "name": "app",
                    "readiness_probe": [],
                    "startup_probe": [],
                    "volume_mounts": []
                  }
                ],
                "custom_scale_rule": [],
                "http_scale_rule": [],
                "init_container": [],
                "max_replicas": 10,
                "min_replicas": 0,
                "revision_suffix": "",
                "tcp_scale_rule": [],
                "volume": []
              }
            ],
            "timeouts": null,
            "workload_profile_name": ""
          },
          "sensitive_attributes": [
            [
              {
                "type": "get_attr",
                "value": "custom_domain_verification_id"
              }
            ]
          ],
          "private": "eyJlMmJmYjczMC1lY2FhLTExZTYtOGY4OC0zNDM2M2JjN2M0YzAiOnsiY3JlYXRlIjoxODAwMDAwMDAwMDAwLCJkZWxldGUiOjE4MDAwMDAwMDAwMDAsInJlYWQiOjMwMDAwMDAwMDAwMCwidXBkYXRlIjoxODAwMDAwMDAwMDAwfX0=",
          "dependencies": [
            "azurerm_container_app_environment.env",
            "azurerm_resource_group.rg"
          ]
        }
      ]
    },
    {
      "mode": "managed",
      "type": "azurerm_container_app_environment",
      "name": "env",
      "provider": "provider[\"registry.terraform.io/hashicorp/azurerm\"]",
      "instances": [
        {
          "schema_version": 0,
          "attributes": {
            "dapr_application_insights_connection_string": "",
            "default_domain": "wonderfulmeadow-481b9bfc.swedencentral.azurecontainerapps.io",
            "docker_bridge_cidr": "",
            "id": "/subscriptions/38977b70-47bf-4da5-a492-88712fce8725/resourceGroups/rg-aca-custom-domain-18/providers/Microsoft.App/managedEnvironments/aca-environment",
            "infrastructure_resource_group_name": "",
            "infrastructure_subnet_id": "",
            "internal_load_balancer_enabled": false,
            "location": "swedencentral",
            "log_analytics_workspace_id": "",
            "name": "aca-environment",
            "platform_reserved_cidr": "",
            "platform_reserved_dns_ip_address": "",
            "resource_group_name": "rg-aca-custom-domain-18",
            "static_ip_address": "74.241.162.126",
            "tags": {},
            "timeouts": null,
            "workload_profile": [],
            "zone_redundancy_enabled": false
          },
          "sensitive_attributes": [
            [
              {
                "type": "get_attr",
                "value": "dapr_application_insights_connection_string"
              }
            ]
          ],
          "private": "eyJlMmJmYjczMC1lY2FhLTExZTYtOGY4OC0zNDM2M2JjN2M0YzAiOnsiY3JlYXRlIjoxODAwMDAwMDAwMDAwLCJkZWxldGUiOjE4MDAwMDAwMDAwMDAsInJlYWQiOjMwMDAwMDAwMDAwMCwidXBkYXRlIjoxODAwMDAwMDAwMDAwfX0=",
          "dependencies": [
            "azurerm_resource_group.rg"
          ]
        }
      ]
    },
    {
      "mode": "managed",
      "type": "azurerm_dns_a_record",
      "name": "dns_a_record_aca_app",
      "provider": "provider[\"registry.terraform.io/hashicorp/azurerm\"]",
      "instances": [
        {
          "schema_version": 1,
          "attributes": {
            "fqdn": "aca-app.com.",
            "id": "/subscriptions/38977b70-47bf-4da5-a492-88712fce8725/resourceGroups/rg-aca-custom-domain-18/providers/Microsoft.Network/dnsZones/aca-app.com/A/@",
            "name": "@",
            "records": [
              "74.241.162.126"
            ],
            "resource_group_name": "rg-aca-custom-domain-18",
            "tags": {},
            "target_resource_id": "",
            "timeouts": null,
            "ttl": 300,
            "zone_name": "aca-app.com"
          },
          "sensitive_attributes": [],
          "private": "eyJlMmJmYjczMC1lY2FhLTExZTYtOGY4OC0zNDM2M2JjN2M0YzAiOnsiY3JlYXRlIjoxODAwMDAwMDAwMDAwLCJkZWxldGUiOjE4MDAwMDAwMDAwMDAsInJlYWQiOjMwMDAwMDAwMDAwMCwidXBkYXRlIjoxODAwMDAwMDAwMDAwfSwic2NoZW1hX3ZlcnNpb24iOiIxIn0=",
          "dependencies": [
            "azurerm_container_app_environment.env",
            "azurerm_dns_zone.dns_zone",
            "azurerm_resource_group.rg"
          ]
        }
      ]
    },
    {
      "mode": "managed",
      "type": "azurerm_dns_txt_record",
      "name": "dns_txt_record",
      "provider": "provider[\"registry.terraform.io/hashicorp/azurerm\"]",
      "instances": [
        {
          "schema_version": 1,
          "attributes": {
            "fqdn": "asuid.aca-app.com.",
            "id": "/subscriptions/38977b70-47bf-4da5-a492-88712fce8725/resourceGroups/rg-aca-custom-domain-18/providers/Microsoft.Network/dnsZones/aca-app.com/TXT/asuid",
            "name": "asuid",
            "record": [
              {
                "value": "2AE36349F34CF07C26682CAB69940DF26614B5B61797CA2B82A7EC6564045909"
              }
            ],
            "resource_group_name": "rg-aca-custom-domain-18",
            "tags": {},
            "timeouts": null,
            "ttl": 300,
            "zone_name": "aca-app.com"
          },
          "sensitive_attributes": [
            [
              {
                "type": "get_attr",
                "value": "record"
              }
            ]
          ],
          "private": "eyJlMmJmYjczMC1lY2FhLTExZTYtOGY4OC0zNDM2M2JjN2M0YzAiOnsiY3JlYXRlIjoxODAwMDAwMDAwMDAwLCJkZWxldGUiOjE4MDAwMDAwMDAwMDAsInJlYWQiOjMwMDAwMDAwMDAwMCwidXBkYXRlIjoxODAwMDAwMDAwMDAwfSwic2NoZW1hX3ZlcnNpb24iOiIxIn0=",
          "dependencies": [
            "azurerm_container_app.inspactor-gadget",
            "azurerm_container_app_environment.env",
            "azurerm_dns_zone.dns_zone",
            "azurerm_resource_group.rg"
          ]
        }
      ]
    },
    {
      "mode": "managed",
      "type": "azurerm_dns_zone",
      "name": "dns_zone",
      "provider": "provider[\"registry.terraform.io/hashicorp/azurerm\"]",
      "instances": [
        {
          "schema_version": 2,
          "attributes": {
            "id": "/subscriptions/38977b70-47bf-4da5-a492-88712fce8725/resourceGroups/rg-aca-custom-domain-18/providers/Microsoft.Network/dnsZones/aca-app.com",
            "max_number_of_record_sets": 10000,
            "name": "aca-app.com",
            "name_servers": [
              "ns1-36.azure-dns.com.",
              "ns2-36.azure-dns.net.",
              "ns3-36.azure-dns.org.",
              "ns4-36.azure-dns.info."
            ],
            "number_of_record_sets": 4,
            "resource_group_name": "rg-aca-custom-domain-18",
            "soa_record": [
              {
                "email": "azuredns-hostmaster.microsoft.com",
                "expire_time": 2419200,
                "fqdn": "aca-app.com.",
                "host_name": "ns1-36.azure-dns.com.",
                "minimum_ttl": 300,
                "refresh_time": 3600,
                "retry_time": 300,
                "serial_number": 1,
                "tags": {},
                "ttl": 3600
              }
            ],
            "tags": {},
            "timeouts": null
          },
          "sensitive_attributes": [],
          "private": "eyJlMmJmYjczMC1lY2FhLTExZTYtOGY4OC0zNDM2M2JjN2M0YzAiOnsiY3JlYXRlIjoxODAwMDAwMDAwMDAwLCJkZWxldGUiOjE4MDAwMDAwMDAwMDAsInJlYWQiOjMwMDAwMDAwMDAwMCwidXBkYXRlIjoxODAwMDAwMDAwMDAwfSwic2NoZW1hX3ZlcnNpb24iOiIyIn0=",
          "dependencies": [
            "azurerm_resource_group.rg"
          ]
        }
      ]
    },
    {
      "mode": "managed",
      "type": "azurerm_key_vault",
      "name": "keyvault",
      "provider": "provider[\"registry.terraform.io/hashicorp/azurerm\"]",
      "instances": [
        {
          "schema_version": 2,
          "attributes": {
            "access_policy": [],
            "contact": [],
            "enable_rbac_authorization": true,
            "enabled_for_deployment": false,
            "enabled_for_disk_encryption": false,
            "enabled_for_template_deployment": false,
            "id": "/subscriptions/38977b70-47bf-4da5-a492-88712fce8725/resourceGroups/rg-aca-custom-domain-18/providers/Microsoft.KeyVault/vaults/kv-aca-cert-69btt",
            "location": "swedencentral",
            "name": "kv-aca-cert-69btt",
            "network_acls": [
              {
                "bypass": "AzureServices",
                "default_action": "Allow",
                "ip_rules": [],
                "virtual_network_subnet_ids": []
              }
            ],
            "public_network_access_enabled": true,
            "purge_protection_enabled": false,
            "resource_group_name": "rg-aca-custom-domain-18",
            "sku_name": "standard",
            "soft_delete_retention_days": 7,
            "tags": {},
            "tenant_id": "a8f7faa1-3e2e-4d84-a6cb-daf7eb97d6e4",
            "timeouts": null,
            "vault_uri": "https://kv-aca-cert-69btt.vault.azure.net/"
          },
          "sensitive_attributes": [],
          "private": "eyJlMmJmYjczMC1lY2FhLTExZTYtOGY4OC0zNDM2M2JjN2M0YzAiOnsiY3JlYXRlIjoxODAwMDAwMDAwMDAwLCJkZWxldGUiOjE4MDAwMDAwMDAwMDAsInJlYWQiOjMwMDAwMDAwMDAwMCwidXBkYXRlIjoxODAwMDAwMDAwMDAwfSwic2NoZW1hX3ZlcnNpb24iOiIyIn0=",
          "dependencies": [
            "azurerm_resource_group.rg",
            "data.azurerm_client_config.current",
            "random_string.random"
          ]
        }
      ]
    },
    {
      "mode": "managed",
      "type": "azurerm_key_vault_certificate",
      "name": "cert-self-signed",
      "provider": "provider[\"registry.terraform.io/hashicorp/azurerm\"]",
      "instances": [
        {
          "schema_version": 0,
          "attributes": {
            "certificate": [],
            "certificate_attribute": [
              {
                "created": "2024-05-04T11:29:33Z",
                "enabled": true,
                "expires": "2025-05-04T11:29:32Z",
                "not_before": "2024-05-04T11:19:32Z",
                "recovery_level": "CustomizedRecoverable+Purgeable",
                "updated": "2024-05-04T11:29:33Z"
              }
            ],
            "certificate_data": "3082034830820230A00302010202104F073EC1B0404565B6F211D38A564C6E300D06092A864886F70D01010B050030183116301406035504030C0D2A2E6163612D6170702E636F6D301E170D3234303530343131313933325A170D3235303530343131323933325A30183116301406035504030C0D2A2E6163612D6170702E636F6D30820122300D06092A864886F70D01010105000382010F003082010A0282010100CFB5338EBEAF60D055863D5CD40B61DEFF9B199DBD554330B2BE7BED11F20B551B937E4196DC01FF8C2916BDD9A6031C64381C4F363BF2D7036781C035B876EB284813453662CAFD63ED3FFD95C37F74C5C513D72BB95CBCF030F7C23F0FE8FA33E835B114C784B928EF61BAD84107946FE77053F45583C2F514F7C4A253976F2FF91BB56E7188403852EF91D9C2AE13846C9147B9DFA55FD3AEB47CA3209B7A73F4177DDD56A60A38B2AB87230B9079AD48F4D72EC65C7DCA34001C31790F6D11D44D1F3B5E4C65B9061AEF46237AB98D3BCF0F382374B5B580F23DB8333350DCA16ECE67EB4DC13AFF328A4284FDD8F1EE8C50C28A33D157D766291952C2650203010001A3818D30818A300E0603551D0F0101FF0404030205A030090603551D130402300030130603551D25040C300A06082B0601050507030130180603551D110411300F820D2A2E6163612D6170702E636F6D301F0603551D230418301680144583A39E5457BC6F5C45EF7F9F2E357AD487182E301D0603551D0E041604144583A39E5457BC6F5C45EF7F9F2E357AD487182E300D06092A864886F70D01010B050003820101007A47358B645C231AD789FC7265A70D4988F99D9552190101CA5B055271A523BFDE44EC9A11A1EF41C3C5E4D85459ED445E8DEA76A083A44373D720E453EACA91AECF6CAC01A20D14D7439EA4A35C0F149C4E4BDE2581DBE3F6F50C61B22F194F8891A69BE56201837F3C835254659B49F425652F5C22BBA470EE2E2B247190895CC3C128DC9CE581F5CD6581D3B0EFB936233DFFFF603A68253F341CE8CD4A18BE37AC40AC19C705C6B76247F33F96094BC66AF00005E5C25F95781BB0ACE8E10974F6ECBF851AB3D5127FBE0A1FED9B8EA57AC58859CE954B39854E7CB3988F891E3F5E3D6B5D3DD6E26440D04A0937D018893A497C92FA4907E479AFA481C5",
            "certificate_data_base64": "MIIDSDCCAjCgAwIBAgIQTwc+wbBARWW28hHTilZMbjANBgkqhkiG9w0BAQsFADAYMRYwFAYDVQQDDA0qLmFjYS1hcHAuY29tMB4XDTI0MDUwNDExMTkzMloXDTI1MDUwNDExMjkzMlowGDEWMBQGA1UEAwwNKi5hY2EtYXBwLmNvbTCCASIwDQYJKoZIhvcNAQEBBQADggEPADCCAQoCggEBAM+1M46+r2DQVYY9XNQLYd7/mxmdvVVDMLK+e+0R8gtVG5N+QZbcAf+MKRa92aYDHGQ4HE82O/LXA2eBwDW4dusoSBNFNmLK/WPtP/2Vw390xcUT1yu5XLzwMPfCPw/o+jPoNbEUx4S5KO9huthBB5Rv53BT9FWDwvUU98SiU5dvL/kbtW5xiEA4Uu+R2cKuE4RskUe536Vf0660fKMgm3pz9Bd93VamCjiyq4cjC5B5rUj01y7GXH3KNAAcMXkPbRHUTR87XkxluQYa70YjermNO88POCN0tbWA8j24MzNQ3KFuzmfrTcE6/zKKQoT92PHujFDCijPRV9dmKRlSwmUCAwEAAaOBjTCBijAOBgNVHQ8BAf8EBAMCBaAwCQYDVR0TBAIwADATBgNVHSUEDDAKBggrBgEFBQcDATAYBgNVHREEETAPgg0qLmFjYS1hcHAuY29tMB8GA1UdIwQYMBaAFEWDo55UV7xvXEXvf58uNXrUhxguMB0GA1UdDgQWBBRFg6OeVFe8b1xF73+fLjV61IcYLjANBgkqhkiG9w0BAQsFAAOCAQEAekc1i2RcIxrXifxyZacNSYj5nZVSGQEBylsFUnGlI7/eROyaEaHvQcPF5NhUWe1EXo3qdqCDpENz1yDkU+rKka7PbKwBog0U10OepKNcDxScTkveJYHb4/b1DGGyLxlPiJGmm+ViAYN/PINSVGWbSfQlZS9cIrukcO4uKyRxkIlcw8Eo3JzlgfXNZYHTsO+5NiM9//9gOmglPzQc6M1KGL43rECsGccFxrdiR/M/lglLxmrwAAXlwl+VeBuwrOjhCXT27L+FGrPVEn++Ch/tm46lesWIWc6VSzmFTnyzmI+JHj9ePWtdPdbiZEDQSgk30BiJOkl8kvpJB+R5r6SBxQ==",
            "certificate_policy": [
              {
                "issuer_parameters": [
                  {
                    "name": "Self"
                  }
                ],
                "key_properties": [
                  {
                    "curve": "",
                    "exportable": true,
                    "key_size": 2048,
                    "key_type": "RSA",
                    "reuse_key": true
                  }
                ],
                "lifetime_action": [
                  {
                    "action": [
                      {
                        "action_type": "AutoRenew"
                      }
                    ],
                    "trigger": [
                      {
                        "days_before_expiry": 30,
                        "lifetime_percentage": 0
                      }
                    ]
                  }
                ],
                "secret_properties": [
                  {
                    "content_type": "application/x-pkcs12"
                  }
                ],
                "x509_certificate_properties": [
                  {
                    "extended_key_usage": [
                      "1.3.6.1.5.5.7.3.1"
                    ],
                    "key_usage": [
                      "digitalSignature",
                      "keyEncipherment"
                    ],
                    "subject": "CN=*.aca-app.com",
                    "subject_alternative_names": [
                      {
                        "dns_names": [
                          "*.aca-app.com"
                        ],
                        "emails": [],
                        "upns": []
                      }
                    ],
                    "validity_in_months": 12
                  }
                ]
              }
            ],
            "id": "https://kv-aca-cert-69btt.vault.azure.net/certificates/aca-app-com/fbd925b20beb4815b910a71575428d87",
            "key_vault_id": "/subscriptions/38977b70-47bf-4da5-a492-88712fce8725/resourceGroups/rg-aca-custom-domain-18/providers/Microsoft.KeyVault/vaults/kv-aca-cert-69btt",
            "name": "aca-app-com",
            "resource_manager_id": "/subscriptions/38977b70-47bf-4da5-a492-88712fce8725/resourceGroups/rg-aca-custom-domain-18/providers/Microsoft.KeyVault/vaults/kv-aca-cert-69btt/certificates/aca-app-com/versions/fbd925b20beb4815b910a71575428d87",
            "resource_manager_versionless_id": "/subscriptions/38977b70-47bf-4da5-a492-88712fce8725/resourceGroups/rg-aca-custom-domain-18/providers/Microsoft.KeyVault/vaults/kv-aca-cert-69btt/certificates/aca-app-com",
            "secret_id": "https://kv-aca-cert-69btt.vault.azure.net/secrets/aca-app-com/fbd925b20beb4815b910a71575428d87",
            "tags": {},
            "thumbprint": "ADB5CA0079464FF716C49773059072B07A0C1347",
            "timeouts": null,
            "version": "fbd925b20beb4815b910a71575428d87",
            "versionless_id": "https://kv-aca-cert-69btt.vault.azure.net/certificates/aca-app-com",
            "versionless_secret_id": "https://kv-aca-cert-69btt.vault.azure.net/secrets/aca-app-com"
          },
          "sensitive_attributes": [],
          "private": "eyJlMmJmYjczMC1lY2FhLTExZTYtOGY4OC0zNDM2M2JjN2M0YzAiOnsiY3JlYXRlIjozNjAwMDAwMDAwMDAwLCJkZWxldGUiOjE4MDAwMDAwMDAwMDAsInJlYWQiOjE4MDAwMDAwMDAwMDAsInVwZGF0ZSI6MTgwMDAwMDAwMDAwMH19",
          "dependencies": [
            "azurerm_key_vault.keyvault",
            "azurerm_resource_group.rg",
            "azurerm_role_assignment.role-certificates-officer",
            "data.azurerm_client_config.current",
            "random_string.random"
          ]
        }
      ]
    },
    {
      "mode": "managed",
      "type": "azurerm_resource_group",
      "name": "rg",
      "provider": "provider[\"registry.terraform.io/hashicorp/azurerm\"]",
      "instances": [
        {
          "schema_version": 0,
          "attributes": {
            "id": "/subscriptions/38977b70-47bf-4da5-a492-88712fce8725/resourceGroups/rg-aca-custom-domain-18",
            "location": "swedencentral",
            "managed_by": "",
            "name": "rg-aca-custom-domain-18",
            "tags": {},
            "timeouts": null
          },
          "sensitive_attributes": [],
          "private": "eyJlMmJmYjczMC1lY2FhLTExZTYtOGY4OC0zNDM2M2JjN2M0YzAiOnsiY3JlYXRlIjo1NDAwMDAwMDAwMDAwLCJkZWxldGUiOjU0MDAwMDAwMDAwMDAsInJlYWQiOjMwMDAwMDAwMDAwMCwidXBkYXRlIjo1NDAwMDAwMDAwMDAwfX0="
        }
      ]
    },
    {
      "mode": "managed",
      "type": "azurerm_role_assignment",
      "name": "role-certificates-officer",
      "provider": "provider[\"registry.terraform.io/hashicorp/azurerm\"]",
      "instances": [
        {
          "schema_version": 0,
          "attributes": {
            "condition": "",
            "condition_version": "",
            "delegated_managed_identity_resource_id": "",
            "description": "",
            "id": "/subscriptions/38977b70-47bf-4da5-a492-88712fce8725/resourceGroups/rg-aca-custom-domain-18/providers/Microsoft.KeyVault/vaults/kv-aca-cert-69btt/providers/Microsoft.Authorization/roleAssignments/d4691339-6caa-0a1d-d86f-e0a6b86af552",
            "name": "d4691339-6caa-0a1d-d86f-e0a6b86af552",
            "principal_id": "0a8648bf-28ec-4a7f-be65-0d6d8a172282",
            "principal_type": "User",
            "role_definition_id": "/subscriptions/38977b70-47bf-4da5-a492-88712fce8725/providers/Microsoft.Authorization/roleDefinitions/a4417e6f-fecd-4de8-b567-7b0420556985",
            "role_definition_name": "Key Vault Certificates Officer",
            "scope": "/subscriptions/38977b70-47bf-4da5-a492-88712fce8725/resourceGroups/rg-aca-custom-domain-18/providers/Microsoft.KeyVault/vaults/kv-aca-cert-69btt",
            "skip_service_principal_aad_check": null,
            "timeouts": null
          },
          "sensitive_attributes": [],
          "private": "eyJlMmJmYjczMC1lY2FhLTExZTYtOGY4OC0zNDM2M2JjN2M0YzAiOnsiY3JlYXRlIjoxODAwMDAwMDAwMDAwLCJkZWxldGUiOjE4MDAwMDAwMDAwMDAsInJlYWQiOjMwMDAwMDAwMDAwMH19",
          "dependencies": [
            "azurerm_key_vault.keyvault",
            "azurerm_resource_group.rg",
            "data.azurerm_client_config.current",
            "random_string.random"
          ]
        }
      ]
    },
    {
      "mode": "managed",
      "type": "random_string",
      "name": "random",
      "provider": "provider[\"registry.terraform.io/hashicorp/random\"]",
      "instances": [
        {
          "schema_version": 2,
          "attributes": {
            "id": "69btt",
            "keepers": null,
            "length": 5,
            "lower": true,
            "min_lower": 0,
            "min_numeric": 0,
            "min_special": 0,
            "min_upper": 0,
            "number": true,
            "numeric": true,
            "override_special": null,
            "result": "69btt",
            "special": false,
            "upper": false
          },
          "sensitive_attributes": []
        }
      ]
    }
  ],
  "check_results": [
    {
      "object_kind": "var",
      "config_addr": "var.custom_domain_name",
      "status": "pass",
      "objects": [
        {
          "object_addr": "var.custom_domain_name",
          "status": "pass"
        }
      ]
    }
  ]
}
